{
  "version": 4,
  "terraform_version": "0.12.29",
  "serial": 8288,
  "lineage": "b56c0cf0-8b63-a99c-d604-8bb86ba5d6be",
  "outputs": {
    "cgw-common-db-instance-id": {
      "value": "i-00975873156ca6ecc",
      "type": "string"
    },
    "cgw-common-db-instance-ip": {
      "value": "3.20.89.105",
      "type": "string"
    },
    "georged-k8s-host-ip": {
      "value": "3.21.177.184",
      "type": "string"
    }
  },
  "resources": [
    {
      "mode": "data",
      "type": "aws_ami",
      "name": "amzn-linux-2",
      "provider": "provider.aws",
      "instances": [
        {
          "schema_version": 0,
          "attributes": {
            "architecture": "x86_64",
            "arn": "arn:aws:ec2:us-east-2::image/ami-0953b12010457d3c3",
            "block_device_mappings": [
              {
                "device_name": "/dev/xvda",
                "ebs": {
                  "delete_on_termination": "true",
                  "encrypted": "false",
                  "iops": "0",
                  "snapshot_id": "snap-0a8446011e94e69cd",
                  "volume_size": "8",
                  "volume_type": "standard"
                },
                "no_device": "",
                "virtual_name": ""
              }
            ],
            "creation_date": "2020-09-04T02:25:09.000Z",
            "description": "Amazon Linux 2 AMI 2.0.20200904.0 x86_64 HVM ebs",
            "executable_users": null,
            "filter": [
              {
                "name": "name",
                "values": [
                  "amzn2-ami-hvm-*-x86_64-ebs"
                ]
              },
              {
                "name": "root-device-type",
                "values": [
                  "ebs"
                ]
              },
              {
                "name": "virtualization-type",
                "values": [
                  "hvm"
                ]
              }
            ],
            "hypervisor": "xen",
            "id": "ami-0953b12010457d3c3",
            "image_id": "ami-0953b12010457d3c3",
            "image_location": "amazon/amzn2-ami-hvm-2.0.20200904.0-x86_64-ebs",
            "image_owner_alias": "amazon",
            "image_type": "machine",
            "kernel_id": null,
            "most_recent": true,
            "name": "amzn2-ami-hvm-2.0.20200904.0-x86_64-ebs",
            "name_regex": null,
            "owner_id": "137112412989",
            "owners": [
              "amazon"
            ],
            "platform": null,
            "product_codes": [],
            "public": true,
            "ramdisk_id": null,
            "root_device_name": "/dev/xvda",
            "root_device_type": "ebs",
            "root_snapshot_id": "snap-0a8446011e94e69cd",
            "sriov_net_support": "simple",
            "state": "available",
            "state_reason": {
              "code": "UNSET",
              "message": "UNSET"
            },
            "tags": {},
            "virtualization_type": "hvm"
          }
        }
      ]
    },
    {
      "mode": "data",
      "type": "aws_ami",
      "name": "ubuntu-1804",
      "provider": "provider.aws",
      "instances": [
        {
          "schema_version": 0,
          "attributes": {
            "architecture": "x86_64",
            "arn": "arn:aws:ec2:us-east-2::image/ami-f4f4cf91",
            "block_device_mappings": [
              {
                "device_name": "/dev/sda1",
                "ebs": {
                  "delete_on_termination": "true",
                  "encrypted": "false",
                  "iops": "0",
                  "snapshot_id": "snap-011fc9d52368bac53",
                  "volume_size": "8",
                  "volume_type": "gp2"
                },
                "no_device": "",
                "virtual_name": ""
              }
            ],
            "creation_date": "2018-07-14T01:18:32.000Z",
            "description": "Ubuntu 18.04 AMI with .NET Core 2.1",
            "executable_users": null,
            "filter": [
              {
                "name": "name",
                "values": [
                  "*ubuntu-bionic-*-amd64-server-*"
                ]
              },
              {
                "name": "root-device-type",
                "values": [
                  "ebs"
                ]
              },
              {
                "name": "virtualization-type",
                "values": [
                  "hvm"
                ]
              }
            ],
            "hypervisor": "xen",
            "id": "ami-f4f4cf91",
            "image_id": "ami-f4f4cf91",
            "image_location": "amazon/ubuntu-bionic-18.04-amd64-server-20180522-dotnetcore-2018.07.11",
            "image_owner_alias": "amazon",
            "image_type": "machine",
            "kernel_id": null,
            "most_recent": true,
            "name": "ubuntu-bionic-18.04-amd64-server-20180522-dotnetcore-2018.07.11",
            "name_regex": null,
            "owner_id": "801119661308",
            "owners": [
              "amazon"
            ],
            "platform": null,
            "product_codes": [],
            "public": true,
            "ramdisk_id": null,
            "root_device_name": "/dev/sda1",
            "root_device_type": "ebs",
            "root_snapshot_id": "snap-011fc9d52368bac53",
            "sriov_net_support": "simple",
            "state": "available",
            "state_reason": {
              "code": "UNSET",
              "message": "UNSET"
            },
            "tags": {},
            "virtualization_type": "hvm"
          }
        }
      ]
    },
    {
      "module": "module.cgw-team8",
      "mode": "data",
      "type": "aws_iam_policy_document",
      "name": "cgw-aws-sns-policy-doc",
      "provider": "provider.aws",
      "instances": [
        {
          "schema_version": 0,
          "attributes": {
            "id": "1118034033",
            "json": "{\n  \"Version\": \"2012-10-17\",\n  \"Statement\": [\n    {\n      \"Sid\": \"CGWConformityCrossAccountRolemfvc8ks5\",\n      \"Effect\": \"Allow\",\n      \"Action\": \"SNS:Publish\",\n      \"Resource\": \"arn:aws:sns:us-east-2:666402644145:cgw-aws-sns-mfvc8ks5-EmailSNSTopic-1KZNVVJ9I52I2\",\n      \"Principal\": {\n        \"AWS\": \"arn:aws:iam::717210094962:root\"\n      }\n    },\n    {\n      \"Sid\": \"CGWSnsRolemfvc8ks5\",\n      \"Effect\": \"Allow\",\n      \"Action\": [\n        \"SNS:Subscribe\",\n        \"SNS:SetTopicAttributes\",\n        \"SNS:RemovePermission\",\n        \"SNS:Receive\",\n        \"SNS:Publish\",\n        \"SNS:ListSubscriptionsByTopic\",\n        \"SNS:GetTopicAttributes\",\n        \"SNS:DeleteTopic\",\n        \"SNS:AddPermission\"\n      ],\n      \"Resource\": \"arn:aws:sns:us-east-2:666402644145:cgw-aws-sns-mfvc8ks5-EmailSNSTopic-1KZNVVJ9I52I2\",\n      \"Principal\": {\n        \"AWS\": \"arn:aws:iam::666402644145:user/georged\"\n      }\n    }\n  ]\n}",
            "override_json": null,
            "policy_id": null,
            "source_json": null,
            "statement": [
              {
                "actions": [
                  "SNS:Publish"
                ],
                "condition": [],
                "effect": "Allow",
                "not_actions": [],
                "not_principals": [],
                "not_resources": [],
                "principals": [
                  {
                    "identifiers": [
                      "arn:aws:iam::717210094962:root"
                    ],
                    "type": "AWS"
                  }
                ],
                "resources": [
                  "arn:aws:sns:us-east-2:666402644145:cgw-aws-sns-mfvc8ks5-EmailSNSTopic-1KZNVVJ9I52I2"
                ],
                "sid": "CGWConformityCrossAccountRolemfvc8ks5"
              },
              {
                "actions": [
                  "SNS:AddPermission",
                  "SNS:DeleteTopic",
                  "SNS:GetTopicAttributes",
                  "SNS:ListSubscriptionsByTopic",
                  "SNS:Publish",
                  "SNS:Receive",
                  "SNS:RemovePermission",
                  "SNS:SetTopicAttributes",
                  "SNS:Subscribe"
                ],
                "condition": [],
                "effect": "Allow",
                "not_actions": [],
                "not_principals": [],
                "not_resources": [],
                "principals": [
                  {
                    "identifiers": [
                      "arn:aws:iam::666402644145:user/georged"
                    ],
                    "type": "AWS"
                  }
                ],
                "resources": [
                  "arn:aws:sns:us-east-2:666402644145:cgw-aws-sns-mfvc8ks5-EmailSNSTopic-1KZNVVJ9I52I2"
                ],
                "sid": "CGWSnsRolemfvc8ks5"
              }
            ],
            "version": "2012-10-17"
          }
        }
      ]
    },
    {
      "module": "module.cgw-team8",
      "mode": "data",
      "type": "azuread_users",
      "name": "cgw-az-owners",
      "provider": "provider.azuread",
      "instances": [
        {
          "schema_version": 0,
          "attributes": {
            "id": "users#JzLIyy-d-TNEtm-9MJM_HLl1faM=",
            "ignore_missing": false,
            "mail_nicknames": [
              "georged",
              "yamas"
            ],
            "object_ids": [
              "eed639c8-f8b4-404a-bef5-0a102f558e6d",
              "d68049da-8185-445a-a3c2-2dda215f1f12"
            ],
            "user_principal_names": [
              "george_davis@trendmicro.com",
              "yama_saadat@trendmicro.com"
            ],
            "users": [
              {
                "account_enabled": true,
                "display_name": "George Davis (SE-CA)",
                "immutable_id": "o0bhxrRQP0q45HZmNhSIQQ==",
                "mail": "george_davis@trendmicro.com",
                "mail_nickname": "georged",
                "object_id": "eed639c8-f8b4-404a-bef5-0a102f558e6d",
                "onpremises_sam_account_name": "",
                "onpremises_user_principal_name": "",
                "usage_location": "US",
                "user_principal_name": "george_davis@trendmicro.com"
              },
              {
                "account_enabled": true,
                "display_name": "Yama Saadat (SE-CA)",
                "immutable_id": "ZIwS4BiD6EC+Hg9BAWFszQ==",
                "mail": "Yama_Saadat@trendmicro.com",
                "mail_nickname": "yamas",
                "object_id": "d68049da-8185-445a-a3c2-2dda215f1f12",
                "onpremises_sam_account_name": "",
                "onpremises_user_principal_name": "",
                "usage_location": "US",
                "user_principal_name": "yama_saadat@trendmicro.com"
              }
            ]
          }
        }
      ]
    },
    {
      "module": "module.cgw-team8",
      "mode": "data",
      "type": "azurerm_client_config",
      "name": "current",
      "provider": "provider.azurerm",
      "instances": [
        {
          "schema_version": 0,
          "attributes": {
            "client_id": "04b07795-8ddb-461a-bbee-02f9e1bf7b46",
            "id": "2020-09-21 15:24:37.850305 +0000 UTC",
            "object_id": "eed639c8-f8b4-404a-bef5-0a102f558e6d",
            "subscription_id": "18cb46c3-ea58-41c2-8cc6-71d8662f1203",
            "tenant_id": "3e04753a-ae5b-42d4-a86d-d6f05460f9e4",
            "timeouts": null
          }
        }
      ]
    },
    {
      "module": "module.cgw-team8",
      "mode": "data",
      "type": "azurerm_resource_group",
      "name": "cgw-az-rg",
      "provider": "provider.azurerm",
      "instances": [
        {
          "schema_version": 0,
          "attributes": {
            "id": "/subscriptions/18cb46c3-ea58-41c2-8cc6-71d8662f1203/resourceGroups/CGW",
            "location": "eastus",
            "name": "CGW",
            "tags": {
              "description": "cgw"
            },
            "timeouts": null
          }
        }
      ]
    },
    {
      "module": "module.cgw-team8",
      "mode": "managed",
      "type": "aws_cloudformation_stack",
      "name": "cgw-aws-sns",
      "provider": "provider.aws",
      "instances": [
        {
          "schema_version": 0,
          "attributes": {
            "capabilities": null,
            "disable_rollback": false,
            "iam_role_arn": "",
            "id": "arn:aws:cloudformation:us-east-2:666402644145:stack/cgw-aws-sns-mfvc8ks5/897f5650-fba9-11ea-bbe1-069ab1824cbc",
            "name": "cgw-aws-sns-mfvc8ks5",
            "notification_arns": null,
            "on_failure": null,
            "outputs": {
              "ARN": "arn:aws:sns:us-east-2:666402644145:cgw-aws-sns-mfvc8ks5-EmailSNSTopic-1KZNVVJ9I52I2"
            },
            "parameters": {},
            "policy_body": null,
            "policy_url": null,
            "tags": {
              "Name": "cgw-aws-sns-mfvc8ks5",
              "Owner": "george_davis@trendmicro.com",
              "Project": "cgw",
              "Team": "team8",
              "Team-UUID": "cgw-az-mfvc8ks5"
            },
            "template_body": "{\"AWSTemplateFormatVersion\":\"2010-09-09\",\"Outputs\":{\"ARN\":{\"Description\":\"Email SNS Topic ARN\",\"Value\":{\"Ref\":\"EmailSNSTopic\"}}},\"Resources\":{\"EmailSNSTopic\":{\"Properties\":{\"DisplayName\":\"cgw-aws-sns-mfvc8ks5\",\"Subscription\":[{\"Endpoint\":\"george_davis@trendmicro.com\",\"Protocol\":\"email\"}]},\"Type\":\"AWS::SNS::Topic\"}}}",
            "template_url": null,
            "timeout_in_minutes": null,
            "timeouts": null
          },
          "private": "eyJlMmJmYjczMC1lY2FhLTExZTYtOGY4OC0zNDM2M2JjN2M0YzAiOnsiY3JlYXRlIjoxODAwMDAwMDAwMDAwLCJkZWxldGUiOjE4MDAwMDAwMDAwMDAsInVwZGF0ZSI6MTgwMDAwMDAwMDAwMH19",
          "dependencies": [
            "module.cgw-team8.random_string.unique-id"
          ]
        }
      ]
    },
    {
      "mode": "managed",
      "type": "aws_eip",
      "name": "cgw-common-db-instance-public-ip",
      "provider": "provider.aws",
      "instances": [
        {
          "schema_version": 0,
          "attributes": {
            "allocation_id": null,
            "associate_with_private_ip": null,
            "association_id": "eipassoc-08ff8e2aeae615426",
            "customer_owned_ip": "",
            "customer_owned_ipv4_pool": "",
            "domain": "vpc",
            "id": "eipalloc-0b446d11d3cce8684",
            "instance": "i-00975873156ca6ecc",
            "network_interface": "eni-07b81ffb7a935d892",
            "private_dns": "ip-172-31-11-211.us-east-2.compute.internal",
            "private_ip": "172.31.11.211",
            "public_dns": "ec2-3-20-89-105.us-east-2.compute.amazonaws.com",
            "public_ip": "3.20.89.105",
            "public_ipv4_pool": "amazon",
            "tags": {
              "Name": "cgw-common-db-instance-public-ip",
              "Owner": "george_davis@trendmicro.com",
              "Project": "cgw-common"
            },
            "timeouts": null,
            "vpc": true
          },
          "private": "eyJlMmJmYjczMC1lY2FhLTExZTYtOGY4OC0zNDM2M2JjN2M0YzAiOnsiZGVsZXRlIjoxODAwMDAwMDAwMDAsInJlYWQiOjkwMDAwMDAwMDAwMCwidXBkYXRlIjozMDAwMDAwMDAwMDB9fQ==",
          "dependencies": [
            "aws_instance.cgw-common-db-instance"
          ]
        }
      ]
    },
    {
      "mode": "managed",
      "type": "aws_eip",
      "name": "georged-k8s-host-public-ip",
      "provider": "provider.aws",
      "instances": [
        {
          "schema_version": 0,
          "attributes": {
            "allocation_id": null,
            "associate_with_private_ip": null,
            "association_id": "eipassoc-0d9e497749a24a422",
            "customer_owned_ip": "",
            "customer_owned_ipv4_pool": "",
            "domain": "vpc",
            "id": "eipalloc-060efc6e98e504b87",
            "instance": "i-03fac6ecaae81be42",
            "network_interface": "eni-0c35e2528705a9768",
            "private_dns": "ip-172-31-6-145.us-east-2.compute.internal",
            "private_ip": "172.31.6.145",
            "public_dns": "ec2-3-21-177-184.us-east-2.compute.amazonaws.com",
            "public_ip": "3.21.177.184",
            "public_ipv4_pool": "amazon",
            "tags": {
              "Name": "georged-k8s-host-public-ip",
              "Owner": "george_davis@trendmicro.com"
            },
            "timeouts": null,
            "vpc": true
          },
          "private": "eyJlMmJmYjczMC1lY2FhLTExZTYtOGY4OC0zNDM2M2JjN2M0YzAiOnsiZGVsZXRlIjoxODAwMDAwMDAwMDAsInJlYWQiOjkwMDAwMDAwMDAwMCwidXBkYXRlIjozMDAwMDAwMDAwMDB9fQ==",
          "dependencies": [
            "aws_instance.georged-k8s-host",
            "aws_security_group.georged-ssh-sg"
          ]
        }
      ]
    },
    {
      "module": "module.cgw-team2",
      "mode": "managed",
      "type": "aws_iam_user",
      "name": "cgw-aws-iam-user",
      "provider": "provider.aws.use1",
      "instances": [
        {
          "schema_version": 0,
          "attributes": {
            "arn": "arn:aws:iam::666402644145:user/cgw-aws-iam-user-kk86xis2",
            "force_destroy": false,
            "id": "cgw-aws-iam-user-kk86xis2",
            "name": "cgw-aws-iam-user-kk86xis2",
            "path": "/",
            "permissions_boundary": null,
            "tags": {
              "Name": "cgw-aws-iam-user-kk86xis2",
              "Owner": "george_davis@trendmicro.com",
              "Project": "cgw",
              "Team": "team2",
              "Team-UUID": "cgw-aws-kk86xis2"
            },
            "unique_id": "AIDAZWKFRMCY72COSG2E6"
          }
        }
      ]
    },
    {
      "mode": "managed",
      "type": "aws_instance",
      "name": "cgw-common-db-instance",
      "provider": "provider.aws",
      "instances": [
        {
          "schema_version": 1,
          "attributes": {
            "ami": "ami-0f4665edc97a93bea",
            "arn": "arn:aws:ec2:us-east-2:666402644145:instance/i-00975873156ca6ecc",
            "associate_public_ip_address": true,
            "availability_zone": "us-east-2a",
            "cpu_core_count": 2,
            "cpu_threads_per_core": 1,
            "credit_specification": [
              {
                "cpu_credits": "standard"
              }
            ],
            "disable_api_termination": false,
            "ebs_block_device": [],
            "ebs_optimized": false,
            "ephemeral_block_device": [],
            "get_password_data": false,
            "hibernation": false,
            "host_id": null,
            "iam_instance_profile": "",
            "id": "i-00975873156ca6ecc",
            "instance_initiated_shutdown_behavior": null,
            "instance_state": "running",
            "instance_type": "t2.medium",
            "ipv6_address_count": 0,
            "ipv6_addresses": [],
            "key_name": "CloudOne",
            "metadata_options": [
              {
                "http_endpoint": "enabled",
                "http_put_response_hop_limit": 1,
                "http_tokens": "optional"
              }
            ],
            "monitoring": false,
            "network_interface": [],
            "network_interface_id": null,
            "outpost_arn": "",
            "password_data": "",
            "placement_group": "",
            "primary_network_interface_id": "eni-07b81ffb7a935d892",
            "private_dns": "ip-172-31-11-211.us-east-2.compute.internal",
            "private_ip": "172.31.11.211",
            "public_dns": "ec2-3-20-89-105.us-east-2.compute.amazonaws.com",
            "public_ip": "3.20.89.105",
            "root_block_device": [
              {
                "delete_on_termination": true,
                "device_name": "/dev/xvda",
                "encrypted": false,
                "iops": 120,
                "kms_key_id": "",
                "volume_id": "vol-08a255998f25479e4",
                "volume_size": 40,
                "volume_type": "gp2"
              }
            ],
            "security_groups": [
              "cgw-common-db-sg",
              "cgw-common-web-sg",
              "georged-ssh-sg"
            ],
            "source_dest_check": true,
            "subnet_id": "subnet-c1dc41a8",
            "tags": {
              "Name": "cgw-common-db-ec2-instance",
              "Owner": "george_davis@trendmicro.com",
              "Project": "cgw-common"
            },
            "tenancy": "default",
            "timeouts": null,
            "user_data": null,
            "user_data_base64": null,
            "volume_tags": {},
            "vpc_security_group_ids": [
              "sg-0674451093c4a63e8",
              "sg-06ef143246683e438",
              "sg-07f60225ce03d424a"
            ]
          },
          "private": "eyJlMmJmYjczMC1lY2FhLTExZTYtOGY4OC0zNDM2M2JjN2M0YzAiOnsiY3JlYXRlIjo2MDAwMDAwMDAwMDAsImRlbGV0ZSI6MTIwMDAwMDAwMDAwMCwidXBkYXRlIjo2MDAwMDAwMDAwMDB9LCJzY2hlbWFfdmVyc2lvbiI6IjEifQ==",
          "dependencies": [
            "aws_security_group.cgw-common-db-sg",
            "aws_security_group.cgw-common-web-sg",
            "aws_security_group.georged-ssh-sg"
          ]
        }
      ]
    },
    {
      "mode": "managed",
      "type": "aws_instance",
      "name": "georged-k8s-host",
      "provider": "provider.aws",
      "instances": [
        {
          "schema_version": 1,
          "attributes": {
            "ami": "ami-f4f4cf91",
            "arn": "arn:aws:ec2:us-east-2:666402644145:instance/i-03fac6ecaae81be42",
            "associate_public_ip_address": true,
            "availability_zone": "us-east-2a",
            "cpu_core_count": 2,
            "cpu_threads_per_core": 1,
            "credit_specification": [
              {
                "cpu_credits": "standard"
              }
            ],
            "disable_api_termination": false,
            "ebs_block_device": [],
            "ebs_optimized": false,
            "ephemeral_block_device": [],
            "get_password_data": false,
            "hibernation": false,
            "host_id": null,
            "iam_instance_profile": "Cloud1",
            "id": "i-03fac6ecaae81be42",
            "instance_initiated_shutdown_behavior": null,
            "instance_state": "running",
            "instance_type": "t2.medium",
            "ipv6_address_count": 0,
            "ipv6_addresses": [],
            "key_name": "CloudOne",
            "metadata_options": [
              {
                "http_endpoint": "enabled",
                "http_put_response_hop_limit": 1,
                "http_tokens": "optional"
              }
            ],
            "monitoring": false,
            "network_interface": [],
            "network_interface_id": null,
            "outpost_arn": "",
            "password_data": "",
            "placement_group": "",
            "primary_network_interface_id": "eni-0c35e2528705a9768",
            "private_dns": "ip-172-31-6-145.us-east-2.compute.internal",
            "private_ip": "172.31.6.145",
            "public_dns": "ec2-3-21-177-184.us-east-2.compute.amazonaws.com",
            "public_ip": "3.21.177.184",
            "root_block_device": [
              {
                "delete_on_termination": true,
                "device_name": "/dev/sda1",
                "encrypted": false,
                "iops": 240,
                "kms_key_id": "",
                "volume_id": "vol-0a30c718b16d3b647",
                "volume_size": 80,
                "volume_type": "gp2"
              }
            ],
            "security_groups": [
              "georged-k8s-sg",
              "georged-ssh-sg"
            ],
            "source_dest_check": true,
            "subnet_id": "subnet-c1dc41a8",
            "tags": {
              "Name": "georged-k8s-host",
              "Owner": "george_davis@trendmicro.com"
            },
            "tenancy": "default",
            "timeouts": null,
            "user_data": null,
            "user_data_base64": null,
            "volume_tags": {
              "Name": "georged-k8s-host-vol"
            },
            "vpc_security_group_ids": [
              "sg-0674451093c4a63e8",
              "sg-0d55827be351fff41"
            ]
          },
          "private": "eyJlMmJmYjczMC1lY2FhLTExZTYtOGY4OC0zNDM2M2JjN2M0YzAiOnsiY3JlYXRlIjo2MDAwMDAwMDAwMDAsImRlbGV0ZSI6MTIwMDAwMDAwMDAwMCwidXBkYXRlIjo2MDAwMDAwMDAwMDB9LCJzY2hlbWFfdmVyc2lvbiI6IjEifQ==",
          "dependencies": [
            "aws_security_group.georged-k8s-sg",
            "aws_security_group.georged-ssh-sg"
          ]
        }
      ]
    },
    {
      "mode": "managed",
      "type": "aws_security_group",
      "name": "cgw-common-db-sg",
      "provider": "provider.aws",
      "instances": [
        {
          "schema_version": 1,
          "attributes": {
            "arn": "arn:aws:ec2:us-east-2:666402644145:security-group/sg-07f60225ce03d424a",
            "description": "Allow CGW DB \u0026 Services traffic",
            "egress": [
              {
                "cidr_blocks": [
                  "0.0.0.0/0"
                ],
                "description": "",
                "from_port": 0,
                "ipv6_cidr_blocks": [],
                "prefix_list_ids": [],
                "protocol": "-1",
                "security_groups": [],
                "self": false,
                "to_port": 0
              }
            ],
            "id": "sg-07f60225ce03d424a",
            "ingress": [
              {
                "cidr_blocks": [
                  "99.251.105.233/32",
                  "99.250.30.127/32",
                  "99.246.229.245/32"
                ],
                "description": "",
                "from_port": 3306,
                "ipv6_cidr_blocks": [],
                "prefix_list_ids": [],
                "protocol": "tcp",
                "security_groups": [],
                "self": false,
                "to_port": 3306
              },
              {
                "cidr_blocks": [
                  "99.251.105.233/32",
                  "99.250.30.127/32",
                  "99.246.229.245/32"
                ],
                "description": "",
                "from_port": 443,
                "ipv6_cidr_blocks": [],
                "prefix_list_ids": [],
                "protocol": "tcp",
                "security_groups": [],
                "self": false,
                "to_port": 443
              },
              {
                "cidr_blocks": [
                  "99.251.105.233/32",
                  "99.250.30.127/32",
                  "99.246.229.245/32"
                ],
                "description": "",
                "from_port": 8080,
                "ipv6_cidr_blocks": [],
                "prefix_list_ids": [],
                "protocol": "tcp",
                "security_groups": [],
                "self": false,
                "to_port": 8080
              }
            ],
            "name": "cgw-common-db-sg",
            "name_prefix": null,
            "owner_id": "666402644145",
            "revoke_rules_on_delete": false,
            "tags": {
              "Name": "cgw-common-db-sg",
              "Owner": "george_davis@trendmicro.com",
              "Project": "cgw-common"
            },
            "timeouts": null,
            "vpc_id": "vpc-67cf400e"
          },
          "private": "eyJlMmJmYjczMC1lY2FhLTExZTYtOGY4OC0zNDM2M2JjN2M0YzAiOnsiY3JlYXRlIjo2MDAwMDAwMDAwMDAsImRlbGV0ZSI6NjAwMDAwMDAwMDAwfSwic2NoZW1hX3ZlcnNpb24iOiIxIn0="
        }
      ]
    },
    {
      "mode": "managed",
      "type": "aws_security_group",
      "name": "cgw-common-web-sg",
      "provider": "provider.aws",
      "instances": [
        {
          "schema_version": 1,
          "attributes": {
            "arn": "arn:aws:ec2:us-east-2:666402644145:security-group/sg-06ef143246683e438",
            "description": "Allow CGW Web traffic",
            "egress": [
              {
                "cidr_blocks": [
                  "0.0.0.0/0"
                ],
                "description": "",
                "from_port": 0,
                "ipv6_cidr_blocks": [],
                "prefix_list_ids": [],
                "protocol": "-1",
                "security_groups": [],
                "self": false,
                "to_port": 0
              }
            ],
            "id": "sg-06ef143246683e438",
            "ingress": [
              {
                "cidr_blocks": [
                  "0.0.0.0/0"
                ],
                "description": "",
                "from_port": 443,
                "ipv6_cidr_blocks": [],
                "prefix_list_ids": [],
                "protocol": "tcp",
                "security_groups": [],
                "self": false,
                "to_port": 443
              },
              {
                "cidr_blocks": [
                  "0.0.0.0/0"
                ],
                "description": "",
                "from_port": 8080,
                "ipv6_cidr_blocks": [],
                "prefix_list_ids": [],
                "protocol": "tcp",
                "security_groups": [],
                "self": false,
                "to_port": 8080
              }
            ],
            "name": "cgw-common-web-sg",
            "name_prefix": null,
            "owner_id": "666402644145",
            "revoke_rules_on_delete": false,
            "tags": {
              "Name": "cgw-common-web-sg",
              "Owner": "george_davis@trendmicro.com",
              "Project": "cgw-common"
            },
            "timeouts": null,
            "vpc_id": "vpc-67cf400e"
          },
          "private": "eyJlMmJmYjczMC1lY2FhLTExZTYtOGY4OC0zNDM2M2JjN2M0YzAiOnsiY3JlYXRlIjo2MDAwMDAwMDAwMDAsImRlbGV0ZSI6NjAwMDAwMDAwMDAwfSwic2NoZW1hX3ZlcnNpb24iOiIxIn0="
        }
      ]
    },
    {
      "mode": "managed",
      "type": "aws_security_group",
      "name": "georged-http-sg",
      "provider": "provider.aws",
      "instances": [
        {
          "schema_version": 1,
          "attributes": {
            "arn": "arn:aws:ec2:us-east-2:666402644145:security-group/sg-0370ebaeed2d310b4",
            "description": "Allow HTTP traffic",
            "egress": [
              {
                "cidr_blocks": [
                  "0.0.0.0/0"
                ],
                "description": "",
                "from_port": 0,
                "ipv6_cidr_blocks": [],
                "prefix_list_ids": [],
                "protocol": "-1",
                "security_groups": [],
                "self": false,
                "to_port": 0
              }
            ],
            "id": "sg-0370ebaeed2d310b4",
            "ingress": [
              {
                "cidr_blocks": [
                  "0.0.0.0/0"
                ],
                "description": "",
                "from_port": 80,
                "ipv6_cidr_blocks": [],
                "prefix_list_ids": [],
                "protocol": "tcp",
                "security_groups": [],
                "self": false,
                "to_port": 80
              }
            ],
            "name": "georged-http-sg",
            "name_prefix": null,
            "owner_id": "666402644145",
            "revoke_rules_on_delete": false,
            "tags": {
              "Name": "georged-http-sg",
              "Owner": "george_davis@trendmicro.com"
            },
            "timeouts": null,
            "vpc_id": "vpc-67cf400e"
          },
          "private": "eyJlMmJmYjczMC1lY2FhLTExZTYtOGY4OC0zNDM2M2JjN2M0YzAiOnsiY3JlYXRlIjo2MDAwMDAwMDAwMDAsImRlbGV0ZSI6NjAwMDAwMDAwMDAwfSwic2NoZW1hX3ZlcnNpb24iOiIxIn0="
        }
      ]
    },
    {
      "mode": "managed",
      "type": "aws_security_group",
      "name": "georged-https-sg",
      "provider": "provider.aws",
      "instances": [
        {
          "schema_version": 1,
          "attributes": {
            "arn": "arn:aws:ec2:us-east-2:666402644145:security-group/sg-082da6ab61abfd8dd",
            "description": "Allow HTTPS traffic",
            "egress": [
              {
                "cidr_blocks": [
                  "0.0.0.0/0"
                ],
                "description": "",
                "from_port": 0,
                "ipv6_cidr_blocks": [],
                "prefix_list_ids": [],
                "protocol": "-1",
                "security_groups": [],
                "self": false,
                "to_port": 0
              }
            ],
            "id": "sg-082da6ab61abfd8dd",
            "ingress": [
              {
                "cidr_blocks": [
                  "0.0.0.0/0"
                ],
                "description": "",
                "from_port": 443,
                "ipv6_cidr_blocks": [],
                "prefix_list_ids": [],
                "protocol": "tcp",
                "security_groups": [],
                "self": false,
                "to_port": 443
              }
            ],
            "name": "georged-https-sg",
            "name_prefix": null,
            "owner_id": "666402644145",
            "revoke_rules_on_delete": false,
            "tags": {
              "Name": "georged-https-sg",
              "Owner": "george_davis@trendmicro.com"
            },
            "timeouts": null,
            "vpc_id": "vpc-67cf400e"
          },
          "private": "eyJlMmJmYjczMC1lY2FhLTExZTYtOGY4OC0zNDM2M2JjN2M0YzAiOnsiY3JlYXRlIjo2MDAwMDAwMDAwMDAsImRlbGV0ZSI6NjAwMDAwMDAwMDAwfSwic2NoZW1hX3ZlcnNpb24iOiIxIn0="
        }
      ]
    },
    {
      "mode": "managed",
      "type": "aws_security_group",
      "name": "georged-k8s-sg",
      "provider": "provider.aws",
      "instances": [
        {
          "schema_version": 1,
          "attributes": {
            "arn": "arn:aws:ec2:us-east-2:666402644145:security-group/sg-0d55827be351fff41",
            "description": "Allow k8s traffic",
            "egress": [
              {
                "cidr_blocks": [
                  "0.0.0.0/0"
                ],
                "description": "",
                "from_port": 0,
                "ipv6_cidr_blocks": [],
                "prefix_list_ids": [],
                "protocol": "-1",
                "security_groups": [],
                "self": false,
                "to_port": 0
              }
            ],
            "id": "sg-0d55827be351fff41",
            "ingress": [
              {
                "cidr_blocks": [
                  "99.251.105.233/32",
                  "99.250.30.127/32",
                  "99.246.229.245/32"
                ],
                "description": "",
                "from_port": 8000,
                "ipv6_cidr_blocks": [],
                "prefix_list_ids": [],
                "protocol": "tcp",
                "security_groups": [],
                "self": false,
                "to_port": 8000
              }
            ],
            "name": "georged-k8s-sg",
            "name_prefix": null,
            "owner_id": "666402644145",
            "revoke_rules_on_delete": false,
            "tags": {
              "Name": "georged-k8s-sg",
              "Owner": "george_davis@trendmicro.com"
            },
            "timeouts": null,
            "vpc_id": "vpc-67cf400e"
          },
          "private": "eyJlMmJmYjczMC1lY2FhLTExZTYtOGY4OC0zNDM2M2JjN2M0YzAiOnsiY3JlYXRlIjo2MDAwMDAwMDAwMDAsImRlbGV0ZSI6NjAwMDAwMDAwMDAwfSwic2NoZW1hX3ZlcnNpb24iOiIxIn0="
        }
      ]
    },
    {
      "mode": "managed",
      "type": "aws_security_group",
      "name": "georged-nodejs-sg",
      "provider": "provider.aws",
      "instances": [
        {
          "schema_version": 1,
          "attributes": {
            "arn": "arn:aws:ec2:us-east-2:666402644145:security-group/sg-0280537564d3133f7",
            "description": "Allow NodeJs traffic",
            "egress": [
              {
                "cidr_blocks": [
                  "0.0.0.0/0"
                ],
                "description": "",
                "from_port": 0,
                "ipv6_cidr_blocks": [],
                "prefix_list_ids": [],
                "protocol": "-1",
                "security_groups": [],
                "self": false,
                "to_port": 0
              }
            ],
            "id": "sg-0280537564d3133f7",
            "ingress": [
              {
                "cidr_blocks": [
                  "99.251.105.233/32",
                  "99.250.30.127/32",
                  "99.246.229.245/32"
                ],
                "description": "",
                "from_port": 22,
                "ipv6_cidr_blocks": [],
                "prefix_list_ids": [],
                "protocol": "tcp",
                "security_groups": [],
                "self": false,
                "to_port": 22
              },
              {
                "cidr_blocks": [
                  "99.251.105.233/32",
                  "99.250.30.127/32",
                  "99.246.229.245/32"
                ],
                "description": "",
                "from_port": 3000,
                "ipv6_cidr_blocks": [],
                "prefix_list_ids": [],
                "protocol": "tcp",
                "security_groups": [],
                "self": false,
                "to_port": 3000
              },
              {
                "cidr_blocks": [
                  "99.251.105.233/32",
                  "99.250.30.127/32",
                  "99.246.229.245/32"
                ],
                "description": "",
                "from_port": 8080,
                "ipv6_cidr_blocks": [],
                "prefix_list_ids": [],
                "protocol": "tcp",
                "security_groups": [],
                "self": false,
                "to_port": 8080
              }
            ],
            "name": "georged-nodejs-sg",
            "name_prefix": null,
            "owner_id": "666402644145",
            "revoke_rules_on_delete": false,
            "tags": {
              "Name": "georged-nodejs-sg",
              "Owner": "george_davis@trendmicro.com"
            },
            "timeouts": null,
            "vpc_id": "vpc-67cf400e"
          },
          "private": "eyJlMmJmYjczMC1lY2FhLTExZTYtOGY4OC0zNDM2M2JjN2M0YzAiOnsiY3JlYXRlIjo2MDAwMDAwMDAwMDAsImRlbGV0ZSI6NjAwMDAwMDAwMDAwfSwic2NoZW1hX3ZlcnNpb24iOiIxIn0="
        }
      ]
    },
    {
      "mode": "managed",
      "type": "aws_security_group",
      "name": "georged-ssh-sg",
      "provider": "provider.aws",
      "instances": [
        {
          "schema_version": 1,
          "attributes": {
            "arn": "arn:aws:ec2:us-east-2:666402644145:security-group/sg-0674451093c4a63e8",
            "description": "Allow SSH traffic",
            "egress": [
              {
                "cidr_blocks": [
                  "0.0.0.0/0"
                ],
                "description": "",
                "from_port": 0,
                "ipv6_cidr_blocks": [],
                "prefix_list_ids": [],
                "protocol": "-1",
                "security_groups": [],
                "self": false,
                "to_port": 0
              }
            ],
            "id": "sg-0674451093c4a63e8",
            "ingress": [
              {
                "cidr_blocks": [
                  "99.251.105.233/32",
                  "99.250.30.127/32",
                  "99.246.229.245/32"
                ],
                "description": "",
                "from_port": 22,
                "ipv6_cidr_blocks": [],
                "prefix_list_ids": [],
                "protocol": "tcp",
                "security_groups": [],
                "self": false,
                "to_port": 22
              }
            ],
            "name": "georged-ssh-sg",
            "name_prefix": null,
            "owner_id": "666402644145",
            "revoke_rules_on_delete": false,
            "tags": {
              "Name": "georged-ssh-sg",
              "Owner": "george_davis@trendmicro.com"
            },
            "timeouts": null,
            "vpc_id": "vpc-67cf400e"
          },
          "private": "eyJlMmJmYjczMC1lY2FhLTExZTYtOGY4OC0zNDM2M2JjN2M0YzAiOnsiY3JlYXRlIjo2MDAwMDAwMDAwMDAsImRlbGV0ZSI6NjAwMDAwMDAwMDAwfSwic2NoZW1hX3ZlcnNpb24iOiIxIn0="
        }
      ]
    },
    {
      "mode": "managed",
      "type": "aws_ses_configuration_set",
      "name": "cgw-aws-conformity-ses-config-set",
      "provider": "provider.aws.use1",
      "instances": [
        {
          "schema_version": 0,
          "attributes": {
            "id": "CgwConformitySesConfigSet",
            "name": "CgwConformitySesConfigSet"
          },
          "private": "bnVsbA=="
        }
      ]
    },
    {
      "mode": "managed",
      "type": "aws_ses_configuration_set",
      "name": "cgw-aws-iam-user-ses-config-set",
      "provider": "provider.aws.use1",
      "instances": [
        {
          "schema_version": 0,
          "attributes": {
            "id": "CgwIamUserSesConfigSet",
            "name": "CgwIamUserSesConfigSet"
          },
          "private": "bnVsbA=="
        }
      ]
    },
    {
      "mode": "managed",
      "type": "aws_ses_email_identity",
      "name": "cgw-aws-ses-email-identity",
      "each": "list",
      "provider": "provider.aws.use1",
      "instances": [
        {
          "index_key": 0,
          "schema_version": 0,
          "attributes": {
            "arn": "arn:aws:ses:us-east-1:666402644145:identity/george_davis@trendmicro.com",
            "email": "george_davis@trendmicro.com",
            "id": "george_davis@trendmicro.com"
          },
          "private": "bnVsbA=="
        },
        {
          "index_key": 1,
          "schema_version": 0,
          "attributes": {
            "arn": "arn:aws:ses:us-east-1:666402644145:identity/yama_saadat@trendmicro.com",
            "email": "yama_saadat@trendmicro.com",
            "id": "yama_saadat@trendmicro.com"
          },
          "private": "bnVsbA=="
        },
        {
          "index_key": 2,
          "schema_version": 0,
          "attributes": {
            "arn": "arn:aws:ses:us-east-1:666402644145:identity/todd_mccullough@trendmicro.com",
            "email": "todd_mccullough@trendmicro.com",
            "id": "todd_mccullough@trendmicro.com"
          },
          "private": "bnVsbA=="
        },
        {
          "index_key": 3,
          "schema_version": 0,
          "attributes": {
            "arn": "arn:aws:ses:us-east-1:666402644145:identity/gabriel_smyth@trendmicro.com",
            "email": "gabriel_smyth@trendmicro.com",
            "id": "gabriel_smyth@trendmicro.com"
          },
          "private": "bnVsbA=="
        },
        {
          "index_key": 4,
          "schema_version": 0,
          "attributes": {
            "arn": "arn:aws:ses:us-east-1:666402644145:identity/antoine_saikaley@trendmicro.com",
            "email": "antoine_saikaley@trendmicro.com",
            "id": "antoine_saikaley@trendmicro.com"
          },
          "private": "bnVsbA=="
        },
        {
          "index_key": 5,
          "schema_version": 0,
          "attributes": {
            "arn": "arn:aws:ses:us-east-1:666402644145:identity/jay_kammerer@trendmicro.com",
            "email": "jay_kammerer@trendmicro.com",
            "id": "jay_kammerer@trendmicro.com"
          },
          "private": "bnVsbA=="
        },
        {
          "index_key": 6,
          "schema_version": 0,
          "attributes": {
            "arn": "arn:aws:ses:us-east-1:666402644145:identity/yama_saadat@tclabs.ca",
            "email": "yama_saadat@tclabs.ca",
            "id": "yama_saadat@tclabs.ca"
          },
          "private": "bnVsbA=="
        }
      ]
    },
    {
      "mode": "managed",
      "type": "aws_ses_template",
      "name": "cgw-aws-conformity-ses-template",
      "provider": "provider.aws.use1",
      "instances": [
        {
          "schema_version": 0,
          "attributes": {
            "html": "\u003c!DOCTYPE html PUBLIC '-//W3C//DTD XHTML 1.0 Transitional//EN' 'http://www.w3.org/TR/xhtml1/DTD/xhtml1-transitional.dtd'\u003e\u003chtml xmlns='http://www.w3.org/1999/xhtml' xmlns:v='urn:schemas-microsoft-com:vml' xmlns:o='urn:schemas-microsoft-com:office:office' style='width: 100%;'\u003e\u003chead\u003e\u003c!--[if gte mso 9]\u003e\u003cxml\u003e \u003co:OfficeDocumentSettings\u003e \u003co:AllowPNG/\u003e \u003co:PixelsPerInch\u003e96/o:PixelsPerInch /o:OfficeDocumentSettings \u003c/xml\u003e\u003c![endif]--\u003e \u003ctitle\u003eTrend Micro\u003c/title\u003e \u003clink rel='shortcut icon' href='/favicon.ico' type='image/x-icon'/\u003e \u003clink rel='icon' href='/favicon.ico' type='image/x-icon'/\u003e \u003cmeta http-equiv='Content-Type' content='text/html; charset=UTF-8'/\u003e \u003cmeta name='viewport' content='width=device-width, initial-scale=1, minimum-scale=1, maximum-scale=1'/\u003e \u003cmeta name='robots' content='noindex,nofollow'/\u003e \u003cmeta http-equiv='X-UA-Compatible' content='IE=edge'/\u003e \u003cstyle\u003ehtml,body{height:100%; margin:0; padding:0; font-family:Arial, sans-serif;}p{padding-top: 0px; margin-top: 0px; margin-bottom: 7px;}a{color:#cc0000; text-decoration: none;}.w30{width:30%;}.w40{width:40%;}.m_hero2 .background{background-size: cover !important;}/*.td_footer a{color:#333333 !important; font-weight:bold;}*/ .td_black_footer a{color:#ffffff !important; font-weight:bold;}#c3c1Text img{width:100% !important;}@media (max-width: 600px){.banner_tb{height:65% !important;}.banner_tb_space{height:65% !important;}#centralContainer{width:100% !important;}.cta{padding-right:0px !important;}.c1{margin-bottom:20px !important;}.w50{width:33%;padding:20px 0px 0px 20px !important;}.w30{padding: 10px 0px 10px 0px !important;}.w40{padding: 10px 0px 10px 0px !important;}.w100{width:100% !important;display:block !important;}.w90{width: 90% !important;}.mobCenter{text-align: center !important;padding-left:0 !important;padding-right:0 !important;margin: auto !important;}.mobPadding{padding-left: 20px !important;padding-right: 20px !important;}.mobBtnPad{width:10px !important;}.mobBottomPad{margin-bottom: 20px !important;}.mobBottomPadImg{margin-bottom: 20px !important;}.mobBackground{background-image:none !important;height:auto !important;}.full, .t100, .p100, .p100.spaced{width: 100% !important;}.imgBanner100{width:100% !important;}#rightLogoHeader{padding-top:50px !important;}.headerTextc{margin-bottom:25px !important;}.headerImgwithText{padding-bottom:10px !important;}.mobMarginT{padding-top:20px !important;}.mobMarginB{padding-bottom:20px !important;}.mobMarginTopZero{margin-top:0px !important;}.mobPLZ{padding-left:0px !important;}.mobPRZ{padding-right:0px !important;}}@media (max-width: 300px){.mobBottomPadImg{width: 100% !important;}}\u003c/style\u003e \u003c/head\u003e \u003cbody style='background-color:#F3F3F3;'\u003e\u003cdiv id='preheader' style='display:none; font-size:1px; color:#ffffff; line-height:1px; max-height:0px; max-width:0px; opacity:0; overflow:hidden; '\u003e{{my.preheader}}\u0026nbsp;‌ \u0026nbsp;‌ \u0026nbsp;‌ \u0026nbsp;‌ \u0026nbsp;‌ \u0026nbsp;‌ \u0026nbsp;‌ \u0026nbsp;‌ \u0026nbsp;‌ \u0026nbsp;‌ \u0026nbsp;‌ \u0026nbsp;‌ \u0026nbsp;‌ \u0026nbsp;‌ \u0026nbsp;‌ \u0026nbsp;‌ \u0026nbsp;‌ \u0026nbsp;‌ \u0026nbsp;‌ \u0026nbsp;‌ \u0026nbsp;‌ \u0026nbsp;‌ \u0026nbsp;‌ \u0026nbsp;‌ \u0026nbsp;‌ \u0026nbsp;‌ \u0026nbsp;‌ \u0026nbsp;‌ \u0026nbsp;‌ \u0026nbsp;‌ \u0026nbsp;‌ \u0026nbsp;‌ \u0026nbsp;‌ \u0026nbsp;‌ \u0026nbsp;‌ \u0026nbsp;‌ \u0026nbsp;‌ \u0026nbsp;‌ \u0026nbsp;‌ \u0026nbsp;‌ \u0026nbsp;‌ \u0026nbsp;‌ \u0026nbsp;‌ \u0026nbsp;‌ \u0026nbsp;‌ \u0026nbsp;‌ \u0026nbsp;‌ \u0026nbsp;‌ \u0026nbsp;‌ \u0026nbsp;‌ \u0026nbsp;‌ \u0026nbsp;‌ \u0026nbsp;‌ \u0026nbsp;‌ \u0026nbsp;‌ \u0026nbsp;‌ \u0026nbsp;‌ \u0026nbsp;‌ \u0026nbsp;‌ \u0026nbsp;‌ \u0026nbsp;‌ \u0026nbsp;‌ \u0026nbsp;‌ \u0026nbsp;‌ \u0026nbsp;‌ \u0026nbsp;‌ \u0026nbsp;‌ \u0026nbsp;‌ \u0026nbsp;‌ \u0026nbsp;‌ \u0026nbsp;‌ \u0026nbsp;‌ \u0026nbsp;‌ \u0026nbsp;‌ \u0026nbsp;‌ \u0026nbsp;‌ \u0026nbsp;‌ \u0026nbsp;‌ \u0026nbsp;‌ \u0026nbsp;‌ \u0026nbsp;‌ \u0026nbsp;‌ \u0026nbsp;‌ \u0026nbsp;‌ \u0026nbsp;‌ \u0026nbsp;‌ \u0026nbsp;‌ \u0026nbsp;‌ \u0026nbsp;‌ \u0026nbsp;‌ \u0026nbsp;‌ \u0026nbsp;‌ \u0026nbsp;‌ \u0026nbsp;‌ \u0026nbsp;‌ \u0026nbsp;‌ \u0026nbsp;‌ \u0026nbsp;‌ \u0026nbsp;‌ \u0026nbsp;‌ \u0026nbsp;‌ \u0026nbsp;‌ \u0026nbsp;‌ \u0026nbsp;‌ \u0026nbsp;‌ \u0026nbsp;‌ \u0026nbsp;‌ \u0026nbsp;‌ \u0026nbsp;‌ \u0026nbsp;‌ \u0026nbsp;‌ \u0026nbsp;‌ \u0026nbsp;‌ \u0026nbsp;‌ \u0026nbsp;‌ \u0026nbsp;‌ \u0026nbsp;‌ \u0026nbsp;‌ \u0026nbsp;‌ \u0026nbsp;‌ \u0026nbsp;‌ \u0026nbsp;‌ \u0026nbsp;‌ \u0026nbsp;‌ \u0026nbsp;‌ \u0026nbsp;‌ \u0026nbsp;‌ \u0026nbsp;‌ \u0026nbsp;‌ \u0026nbsp;‌ \u0026nbsp;‌ \u0026nbsp;‌ \u0026nbsp;‌ \u0026nbsp;‌ \u0026nbsp;‌ \u0026nbsp;‌ \u0026nbsp;‌ \u0026nbsp;‌ \u0026nbsp;‌ \u0026nbsp;‌ \u0026nbsp;‌ \u0026nbsp;‌ \u0026nbsp;‌ \u0026nbsp;‌ \u0026nbsp;‌ \u0026nbsp;‌ \u0026nbsp;‌ \u0026nbsp;‌ \u0026nbsp;‌ \u0026nbsp;‌ \u0026nbsp;‌ \u0026nbsp;‌ \u0026nbsp;‌ \u0026nbsp;‌ \u0026nbsp;‌ \u0026nbsp;‌ \u0026nbsp;‌ \u0026nbsp;‌ \u0026nbsp;‌ \u0026nbsp;‌ \u0026nbsp;‌ \u0026nbsp;‌ \u0026nbsp;‌ \u0026nbsp;‌ \u0026nbsp;‌ \u0026nbsp;‌ \u0026nbsp;‌ \u0026nbsp;‌ \u0026nbsp;‌ \u0026nbsp;‌ \u0026nbsp;‌ \u0026nbsp;‌ \u0026nbsp;‌ \u0026nbsp;‌ \u0026nbsp;‌ \u0026nbsp;‌ \u0026nbsp;‌ \u0026nbsp;‌ \u0026nbsp;‌ \u0026nbsp;‌ \u0026nbsp;‌ \u0026nbsp;‌ \u0026nbsp;‌ \u0026nbsp;‌ \u0026nbsp;‌ \u0026nbsp;‌ \u0026nbsp;‌ \u0026nbsp;‌ \u0026nbsp;‌\u003c/div\u003e\u003ctable id='outer' border='0' cellspacing='0' cellpadding='0' width='100%'\u003e \u003ctbody\u003e \u003ctr\u003e \u003ctd\u003e \u003ctable id='centralContainer' border='0' cellspacing='0' cellpadding='0' width='600' align='center'\u003e \u003ctbody\u003e \u003ctr\u003e \u003ctd\u003e \u003ctable border='0' cellspacing='0' cellpadding='0' width='100%' style='background-color:#ffffffFFF;'\u003e \u003ctbody class='mktoContainer' id='mktoContainer'\u003e\u003ctr class='mktoModule' id='logoAndText'\u003e \u003ctd\u003e \u003ctable border='0' cellspacing='0' cellpadding='0' width='100%' style='background-color:#ffffff;'\u003e \u003ctbody\u003e \u003ctr\u003e \u003ctd class='w100 mobCenter' style='text-align:left; padding:20px 0px 20px 20px;'\u003e\u003ca href='{{my.home_page}}'\u003e \u003cimg src='https://resources.trendmicro.com/rs/945-CXD-062/images/logo-email.png' width='140' border='0'/\u003e\u003c/a\u003e \u003c/td\u003e\u003ctd class='mktoText w100 mobCenter headerTextc' id='headerText' style='padding: 0 20px; text-align:right; font-size: 14px;'\u003e\u003cp\u003e\u003cspan style='font-size: 18px;'\u003e\u003cstrong\u003eCloud Governance Workshop\u003c/strong\u003e\u003c/span\u003e\u003cbr/\u003e\u003c/p\u003e\u003c/td\u003e\u003c/tr\u003e\u003c/tbody\u003e \u003c/table\u003e \u003c/td\u003e\u003c/tr\u003e\u003ctr class='mktoModule m_hero' id='hero'\u003e \u003ctd class='banner_tb' width='100%'\u003e \u003cdiv class='mktoImg' id='bannerImage' mktolockimgsize='true'\u003e\u003ca\u003e\u003cimg border='0' style='border:none;' width='600' src='https://resources.trendmicro.com/rs/945-CXD-062/images/Corporate Workshop Email Banner.png' class='w100'/\u003e\u003c/a\u003e\u003c/div\u003e\u003c/td\u003e\u003c/tr\u003e\u003ctr class='mktoModule' id='oneColModuleCTA'\u003e \u003ctd style='padding: 20px 20px 20px 20px; background-color:#ffffff;'\u003e \u003ctable cellspacing='0' cellpadding='0' border='0' width='100%'\u003e \u003ctbody\u003e \u003ctr\u003e \u003ctd class='w100' width='100%' style='vertical-align:top;'\u003e \u003ctable cellspacing='0' cellpadding='0' border='0' width='100%'\u003e \u003ctbody\u003e \u003ctr\u003e \u003ctd style='text-align:left; padding:0px; color: #4d4d4f; font-size: 14px; line-height:24px;'\u003e\u003ch3\u003e Trend Micro Cloud One Conformity Alert\u003c/h3\u003e\u003ctable cellspacing='0' cellpadding='0' border='0' width='534' id='ext4-ext-gen2675' height='134' style='caret-color: #000000; color: #000000; font-family: Arial, sans-serif; font-style: normal; font-variant-caps: normal; font-weight: normal; letter-spacing: normal; orphans: auto; text-align: start; text-indent: 0px; text-transform: none; white-space: normal; widows: auto; word-spacing: 0px; -webkit-text-size-adjust: auto; -webkit-text-stroke-width: 0px; text-decoration: none;'\u003e \u003ctbody id='ext4-ext-gen2674'\u003e \u003ctr id='ext4-ext-gen2683'\u003e \u003ctd id='ext4-ext-gen2682' style='text-align: left; padding: 0px; color: #4d4d4f; font-size: 14px; line-height: 24px;'\u003e \u003cdiv class='mktoText pointerCursor' id='7606469' mktoname='Column1 - Text' style='cursor: pointer !important; line-height: 24px;'\u003e \u003ctable width='530' height='124' style='height: 124px; background-color: #333333; float: left;' border='0'\u003e \u003ctbody\u003e\u003ctr style='background-color: #cccccc;'\u003e \u003ctd style='font-family: Verdana, Arial, Helvetica, sans-serif; font-size: 11px; border: 1px dashed #bbbbbb; text-align: left;'\u003e\u003cspan style='color: #ffffff; font-size: 12px;'\u003e\u003cstrong\u003eTeam Name\u003c/strong\u003e\u003c/span\u003e\u003c/td\u003e\u003ctd style='font-family: Verdana, Arial, Helvetica, sans-serif; font-size: 11px; border: 1px dashed #bbbbbb; text-align: left;'\u003e\u003cspan style='color: #ffffff; font-size: 12px;'\u003e\u0026nbsp;{{teamUuid}}\u003c/span\u003e\u003c/td\u003e\u003c/tr\u003e\u003ctr style='background-color: #a6a1a1;'\u003e \u003ctd style='font-family: Verdana, Arial, Helvetica, sans-serif; font-size: 11px; border: 1px dashed #bbbbbb; text-align: left;'\u003e\u003cspan style='font-size: 12px;'\u003e\u003cstrong\u003e\u003cspan style='color: #ffffff;'\u003eRule Id\u003c/span\u003e\u003c/strong\u003e\u003c/span\u003e\u003c/td\u003e\u003ctd style='font-family: Verdana, Arial, Helvetica, sans-serif; font-size: 11px; border: 1px dashed #bbbbbb; text-align: left;'\u003e\u003cspan style='color: #ffffff; font-size: 12px;'\u003e\u0026nbsp;\u003ca href='{{resolutionPageUrl}}' target='_blank' id='' style='color: #ffffff; text-decoration: none; cursor: pointer !important;'\u003e{{ruleId}}\u003c/a\u003e\u003c/span\u003e\u003c/td\u003e\u003c/tr\u003e\u003ctr style='background-color: #cccccc;'\u003e \u003ctd style='font-family: Verdana, Arial, Helvetica, sans-serif; font-size: 11px; border: 1px dashed #bbbbbb; text-align: left;'\u003e\u003cspan style='font-size: 12px;'\u003e\u003cstrong\u003e\u003cspan style='color: #ffffff;'\u003eRule Title\u003c/span\u003e\u003c/strong\u003e\u003c/span\u003e\u003c/td\u003e\u003ctd style='font-family: Verdana, Arial, Helvetica, sans-serif; font-size: 11px; border: 1px dashed #bbbbbb; text-align: left;'\u003e\u003cspan style='color: #ffffff; font-size: 12px;'\u003e\u0026nbsp;{{ruleTitle}}\u003c/span\u003e\u003c/td\u003e\u003c/tr\u003e\u003ctr style='background-color: #a6a1a1;'\u003e\u003ctd style='font-family: Verdana, Arial, Helvetica, sans-serif; font-size: 11px; border: 1px dashed #bbbbbb; text-align: left;'\u003e\u003cspan style='font-size: 12px;'\u003e\u003cstrong\u003e\u003cspan style='color: #ffffff;'\u003eResource\u003c/span\u003e\u003c/strong\u003e\u003c/span\u003e\u003c/td\u003e\u003ctd style='font-family: Verdana, Arial, Helvetica, sans-serif; font-size: 11px; border: 1px dashed #bbbbbb; text-align: left;'\u003e\u003cspan style='color: #ffffff; font-size: 12px;'\u003e\u0026nbsp;\u003ca href='{{link}}' target='_blank' id='' style='color: #ffffff; text-decoration: none; cursor: pointer !important;'\u003e{{resource}}\u003c/a\u003e\u003c/span\u003e\u003c/td\u003e\u003c/tr\u003e\u003ctr style='background-color: #cccccc;'\u003e \u003ctd style='font-family: Verdana, Arial, Helvetica, sans-serif; font-size: 11px; border: 1px dashed #bbbbbb; text-align: left;'\u003e\u003cspan style='color: #ffffff; font-size: 12px;'\u003e\u003cstrong\u003eStatus\u003c/strong\u003e\u003c/span\u003e\u003c/td\u003e\u003ctd style='font-family: Verdana, Arial, Helvetica, sans-serif; font-size: 11px; border: 1px dashed #bbbbbb; text-align: left;'\u003e\u003cspan style='color: #ffffff; font-size: 12px;'\u003e\u0026nbsp;{{status}}\u003c/span\u003e\u003c/td\u003e\u003c/tr\u003e\u003ctr style='background-color: #a6a1a1;'\u003e \u003ctd style='font-family: Verdana, Arial, Helvetica, sans-serif; font-size: 11px; border: 1px dashed #bbbbbb; text-align: left;'\u003e\u003cspan style='color: #ffffff; font-size: 12px;'\u003e\u003cstrong\u003eMessage\u003c/strong\u003e\u003c/span\u003e\u003c/td\u003e\u003ctd style='font-family: Verdana, Arial, Helvetica, sans-serif; font-size: 11px; border: 1px dashed #bbbbbb; text-align: left;'\u003e\u003cspan style='color: #ffffff; font-size: 12px;'\u003e\u0026nbsp;{{message}}\u003c/span\u003e\u003c/td\u003e\u003c/tr\u003e\u003ctr style='background-color: #cccccc;'\u003e \u003ctd style='font-family: Verdana, Arial, Helvetica, sans-serif; font-size: 11px; border: 1px dashed #bbbbbb; text-align: left;'\u003e\u003cspan style='color: #ffffff; font-size: 12px;'\u003e\u003cstrong\u003eRisk Level\u003c/strong\u003e\u003c/span\u003e\u003c/td\u003e\u003ctd style='font-family: Verdana, Arial, Helvetica, sans-serif; font-size: 11px; border: 1px dashed #bbbbbb; text-align: left;'\u003e\u003cspan style='color: #ffffff; font-size: 12px;'\u003e\u0026nbsp;{{riskLevel}}\u003c/span\u003e\u003c/td\u003e\u003c/tr\u003e\u003ctr style='background-color: #a6a1a1;'\u003e \u003ctd style='font-family: Verdana, Arial, Helvetica, sans-serif; font-size: 11px; border: 1px dashed #bbbbbb; text-align: left;'\u003e\u003cspan style='color: #ffffff; font-size: 12px;'\u003e\u003cstrong\u003eCategory\u003c/strong\u003e\u003c/span\u003e\u003c/td\u003e\u003ctd style='font-family: Verdana, Arial, Helvetica, sans-serif; font-size: 11px; border: 1px dashed #bbbbbb; text-align: left;'\u003e\u003cspan style='color: #ffffff; font-size: 12px;'\u003e\u0026nbsp;{{categories}}\u003c/span\u003e\u003c/td\u003e\u003c/tr\u003e\u003c/tbody\u003e \u003c/table\u003e\u003c/div\u003e\u003c/td\u003e\u003c/tr\u003e\u003c/tbody\u003e \u003c/table\u003e \u003c/div\u003e\u003c/td\u003e\u003c/tr\u003e\u003c/tbody\u003e \u003c/table\u003e \u003c/td\u003e\u003c/tr\u003e\u003c/tbody\u003e \u003c/table\u003e\u003cdiv style='margin-top: 2rem;'\u003e\u003ch4\u003e\u003ca href='{{resolutionPageUrl}}' class='link' target='_blank'\u003eClick here to open Trend Micro Cloud One Conformity \u0026#187;\u003c/a\u003e\u003c/h4\u003e\u003c/div\u003e\u003c/td\u003e\u003c/tr\u003e\u003ctr class='mktoModule' id='footerSocial'\u003e \u003ctd style='background-color: #333333; padding: 10px 20px;'\u003e \u003ctable align='left' style='text-align:left;'\u003e \u003ctbody\u003e \u003ctr height='20'\u003e \u003ctd width='40' style='width:40px; text-align:left;'\u003e\u003ca href='{{my.linkedin_URL}}'\u003e\u003cimg src='https://resources.trendmicro.com/rs/945-CXD-062/images/email_social_footer_linkedin.png' height='20' width='20' style='height:20px; width:20px;'/\u003e\u003c/a\u003e\u003c/td\u003e\u003ctd width='40' style='width:40px; text-align:left;'\u003e\u003ca href='{{my.twitter_URL}}'\u003e\u003cimg src='https://resources.trendmicro.com/rs/945-CXD-062/images/email_social_footer_tw.png' height='20' width='20' style='height:20px; width:20px;'/\u003e\u003c/a\u003e\u003c/td\u003e\u003ctd width='40' style='width:40px; text-align:left;'\u003e\u003ca href='{{my.facebook_URL}}'\u003e\u003cimg src='https://resources.trendmicro.com/rs/945-CXD-062/images/email_social_footer_fb.png' height='20' width='20' style='height:20px; width:20px;'/\u003e\u003c/a\u003e\u003c/td\u003e\u003ctd width='40' style='width:40px; text-align:left;'\u003e\u003ca href='{{my.youtube_URL}}'\u003e\u003cimg src='https://resources.trendmicro.com/rs/945-CXD-062/images/email_social_footer_yt.png' height='20' width='20' style='height:20px; width:20px;'/\u003e\u003c/a\u003e\u003c/td\u003e\u003ctd width='40' style='width:40px; text-align:left;'\u003e\u003ca href='{{my.rss_URL}}'\u003e\u003cimg src='https://resources.trendmicro.com/rs/945-CXD-062/images/email_social_footer_rss.png' height='20' width='20' style='height:20px; width:20px;'/\u003e\u003c/a\u003e\u003c/td\u003e\u003c/tr\u003e\u003c/tbody\u003e \u003c/table\u003e \u003c/td\u003e\u003c/tr\u003e\u003c/tbody\u003e \u003c/table\u003e \u003c/td\u003e\u003c/tr\u003e\u003c/tbody\u003e \u003c/table\u003e \u003c/td\u003e\u003c/tr\u003e\u003c/tbody\u003e \u003c/table\u003e \u003c/body\u003e\u003c/html\u003e",
            "id": "CgwConformitySesTemplate",
            "name": "CgwConformitySesTemplate",
            "subject": "Cloud One Conformity Alert! - Cloud Governance Workshop",
            "text": "\nCloud Governance Workshop\n\n\tTrend Micro Cloud One Conformity Alert!\n\n\tTeam ID - {{teamUuid}}\n\tRule ID - {{ruleId}} [{{resolutionPageUrl}}]\n\tRule Title - {{ruleTitle}}\n\tResource - {{resource}} [{{link}}]\n\tStatus - {{status}}\n\tMessage - {{message}}\n\tRisk Level - {{riskLevel}}\n\tCategory - {{categories}}\n\n\nCopy this URL to open Trend Micro Cloud One Conformity for the related audit and remediation knowledge base - {{resolutionPageUrl}}\n"
          },
          "private": "bnVsbA=="
        }
      ]
    },
    {
      "mode": "managed",
      "type": "aws_ses_template",
      "name": "cgw-aws-iam-user-ses-template",
      "provider": "provider.aws.use1",
      "instances": [
        {
          "schema_version": 0,
          "attributes": {
            "html": "\u003c!DOCTYPE html PUBLIC '-//W3C//DTD XHTML 1.0 Transitional//EN' 'http://www.w3.org/TR/xhtml1/DTD/xhtml1-transitional.dtd'\u003e\u003chtml xmlns='http://www.w3.org/1999/xhtml' xmlns:v='urn:schemas-microsoft-com:vml' xmlns:o='urn:schemas-microsoft-com:office:office' style='width: 100%;'\u003e\u003chead\u003e\u003c!--[if gte mso 9]\u003e\u003cxml\u003e \u003co:OfficeDocumentSettings\u003e \u003co:AllowPNG/\u003e \u003co:PixelsPerInch\u003e96/o:PixelsPerInch /o:OfficeDocumentSettings \u003c/xml\u003e\u003c![endif]--\u003e \u003ctitle\u003eTrend Micro\u003c/title\u003e \u003clink rel='shortcut icon' href='/favicon.ico' type='image/x-icon'/\u003e \u003clink rel='icon' href='/favicon.ico' type='image/x-icon'/\u003e \u003cmeta http-equiv='Content-Type' content='text/html; charset=UTF-8'/\u003e \u003cmeta name='viewport' content='width=device-width, initial-scale=1, minimum-scale=1, maximum-scale=1'/\u003e \u003cmeta name='robots' content='noindex,nofollow'/\u003e \u003cmeta http-equiv='X-UA-Compatible' content='IE=edge'/\u003e \u003cstyle\u003ehtml,body{height:100%; margin:0; padding:0; font-family:Arial, sans-serif;}p{padding-top: 0px; margin-top: 0px; margin-bottom: 7px;}a{color:#cc0000; text-decoration: none;}.w30{width:30%;}.w40{width:40%;}.m_hero2 .background{background-size: cover !important;}/*.td_footer a{color:#333333 !important; font-weight:bold;}*/ .td_black_footer a{color:#ffffff !important; font-weight:bold;}#c3c1Text img{width:100% !important;}@media (max-width: 600px){.banner_tb{height:65% !important;}.banner_tb_space{height:65% !important;}#centralContainer{width:100% !important;}.cta{padding-right:0px !important;}.c1{margin-bottom:20px !important;}.w50{width:33%;padding:20px 0px 0px 20px !important;}.w30{padding: 10px 0px 10px 0px !important;}.w40{padding: 10px 0px 10px 0px !important;}.w100{width:100% !important;display:block !important;}.w90{width: 90% !important;}.mobCenter{text-align: center !important;padding-left:0 !important;padding-right:0 !important;margin: auto !important;}.mobPadding{padding-left: 20px !important;padding-right: 20px !important;}.mobBtnPad{width:10px !important;}.mobBottomPad{margin-bottom: 20px !important;}.mobBottomPadImg{margin-bottom: 20px !important;}.mobBackground{background-image:none !important;height:auto !important;}.full, .t100, .p100, .p100.spaced{width: 100% !important;}.imgBanner100{width:100% !important;}#rightLogoHeader{padding-top:50px !important;}.headerTextc{margin-bottom:25px !important;}.headerImgwithText{padding-bottom:10px !important;}.mobMarginT{padding-top:20px !important;}.mobMarginB{padding-bottom:20px !important;}.mobMarginTopZero{margin-top:0px !important;}.mobPLZ{padding-left:0px !important;}.mobPRZ{padding-right:0px !important;}}@media (max-width: 300px){.mobBottomPadImg{width: 100% !important;}}\u003c/style\u003e \u003c/head\u003e \u003cbody style='background-color:#F3F3F3;'\u003e \u003cdiv id='preheader' style='display:none; font-size:1px; color:#ffffff; line-height:1px; max-height:0px; max-width:0px; opacity:0; overflow:hidden; '\u003e{{my.preheader}}\u0026nbsp;‌ \u0026nbsp;‌ \u0026nbsp;‌ \u0026nbsp;‌ \u0026nbsp;‌ \u0026nbsp;‌ \u0026nbsp;‌ \u0026nbsp;‌ \u0026nbsp;‌ \u0026nbsp;‌ \u0026nbsp;‌ \u0026nbsp;‌ \u0026nbsp;‌ \u0026nbsp;‌ \u0026nbsp;‌ \u0026nbsp;‌ \u0026nbsp;‌ \u0026nbsp;‌ \u0026nbsp;‌ \u0026nbsp;‌ \u0026nbsp;‌ \u0026nbsp;‌ \u0026nbsp;‌ \u0026nbsp;‌ \u0026nbsp;‌ \u0026nbsp;‌ \u0026nbsp;‌ \u0026nbsp;‌ \u0026nbsp;‌ \u0026nbsp;‌ \u0026nbsp;‌ \u0026nbsp;‌ \u0026nbsp;‌ \u0026nbsp;‌ \u0026nbsp;‌ \u0026nbsp;‌ \u0026nbsp;‌ \u0026nbsp;‌ \u0026nbsp;‌ \u0026nbsp;‌ \u0026nbsp;‌ \u0026nbsp;‌ \u0026nbsp;‌ \u0026nbsp;‌ \u0026nbsp;‌ \u0026nbsp;‌ \u0026nbsp;‌ \u0026nbsp;‌ \u0026nbsp;‌ \u0026nbsp;‌ \u0026nbsp;‌ \u0026nbsp;‌ \u0026nbsp;‌ \u0026nbsp;‌ \u0026nbsp;‌ \u0026nbsp;‌ \u0026nbsp;‌ \u0026nbsp;‌ \u0026nbsp;‌ \u0026nbsp;‌ \u0026nbsp;‌ \u0026nbsp;‌ \u0026nbsp;‌ \u0026nbsp;‌ \u0026nbsp;‌ \u0026nbsp;‌ \u0026nbsp;‌ \u0026nbsp;‌ \u0026nbsp;‌ \u0026nbsp;‌ \u0026nbsp;‌ \u0026nbsp;‌ \u0026nbsp;‌ \u0026nbsp;‌ \u0026nbsp;‌ \u0026nbsp;‌ \u0026nbsp;‌ \u0026nbsp;‌ \u0026nbsp;‌ \u0026nbsp;‌ \u0026nbsp;‌ \u0026nbsp;‌ \u0026nbsp;‌ \u0026nbsp;‌ \u0026nbsp;‌ \u0026nbsp;‌ \u0026nbsp;‌ \u0026nbsp;‌ \u0026nbsp;‌ \u0026nbsp;‌ \u0026nbsp;‌ \u0026nbsp;‌ \u0026nbsp;‌ \u0026nbsp;‌ \u0026nbsp;‌ \u0026nbsp;‌ \u0026nbsp;‌ \u0026nbsp;‌ \u0026nbsp;‌ \u0026nbsp;‌ \u0026nbsp;‌ \u0026nbsp;‌ \u0026nbsp;‌ \u0026nbsp;‌ \u0026nbsp;‌ \u0026nbsp;‌ \u0026nbsp;‌ \u0026nbsp;‌ \u0026nbsp;‌ \u0026nbsp;‌ \u0026nbsp;‌ \u0026nbsp;‌ \u0026nbsp;‌ \u0026nbsp;‌ \u0026nbsp;‌ \u0026nbsp;‌ \u0026nbsp;‌ \u0026nbsp;‌ \u0026nbsp;‌ \u0026nbsp;‌ \u0026nbsp;‌ \u0026nbsp;‌ \u0026nbsp;‌ \u0026nbsp;‌ \u0026nbsp;‌ \u0026nbsp;‌ \u0026nbsp;‌ \u0026nbsp;‌ \u0026nbsp;‌ \u0026nbsp;‌ \u0026nbsp;‌ \u0026nbsp;‌ \u0026nbsp;‌ \u0026nbsp;‌ \u0026nbsp;‌ \u0026nbsp;‌ \u0026nbsp;‌ \u0026nbsp;‌ \u0026nbsp;‌ \u0026nbsp;‌ \u0026nbsp;‌ \u0026nbsp;‌ \u0026nbsp;‌ \u0026nbsp;‌ \u0026nbsp;‌ \u0026nbsp;‌ \u0026nbsp;‌ \u0026nbsp;‌ \u0026nbsp;‌ \u0026nbsp;‌ \u0026nbsp;‌ \u0026nbsp;‌ \u0026nbsp;‌ \u0026nbsp;‌ \u0026nbsp;‌ \u0026nbsp;‌ \u0026nbsp;‌ \u0026nbsp;‌ \u0026nbsp;‌ \u0026nbsp;‌ \u0026nbsp;‌ \u0026nbsp;‌ \u0026nbsp;‌ \u0026nbsp;‌ \u0026nbsp;‌ \u0026nbsp;‌ \u0026nbsp;‌ \u0026nbsp;‌ \u0026nbsp;‌ \u0026nbsp;‌ \u0026nbsp;‌ \u0026nbsp;‌ \u0026nbsp;‌ \u0026nbsp;‌ \u0026nbsp;‌ \u0026nbsp;‌ \u0026nbsp;‌ \u0026nbsp;‌ \u0026nbsp;‌ \u0026nbsp;‌ \u0026nbsp;‌ \u0026nbsp;‌ \u0026nbsp;‌ \u0026nbsp;‌ \u0026nbsp;‌ \u0026nbsp;‌ \u0026nbsp;‌ \u0026nbsp;‌ \u0026nbsp;‌\u003c/div\u003e\u003ctable id='outer' border='0' cellspacing='0' cellpadding='0' width='100%'\u003e \u003ctbody\u003e \u003ctr\u003e \u003ctd\u003e \u003ctable id='centralContainer' border='0' cellspacing='0' cellpadding='0' width='600' align='center'\u003e \u003ctbody\u003e \u003ctr\u003e \u003ctd\u003e \u003ctable border='0' cellspacing='0' cellpadding='0' width='100%' style='background-color:#ffffffFFF;'\u003e \u003ctbody class='mktoContainer' id='mktoContainer'\u003e\u003ctr class='mktoModule' id='logoAndText'\u003e \u003ctd\u003e \u003ctable border='0' cellspacing='0' cellpadding='0' width='100%' style='background-color:#ffffff;'\u003e \u003ctbody\u003e \u003ctr\u003e \u003ctd class='w100 mobCenter' style='text-align:left; padding:20px 0px 20px 20px;'\u003e\u003ca href='{{my.home_page}}'\u003e \u003cimg src='https://resources.trendmicro.com/rs/945-CXD-062/images/logo-email.png' width='140' border='0'/\u003e\u003c/a\u003e \u003c/td\u003e\u003ctd class='mktoText w100 mobCenter headerTextc' id='headerText' style='padding: 0 20px; text-align:right; font-size: 14px;'\u003e\u003cp\u003e\u003cspan style='font-size: 18px;'\u003e\u003cstrong\u003eCloud Governance Workshop\u003c/strong\u003e\u003c/span\u003e\u003cbr/\u003e\u003c/p\u003e\u003c/td\u003e\u003c/tr\u003e\u003c/tbody\u003e \u003c/table\u003e \u003c/td\u003e\u003c/tr\u003e\u003ctr class='mktoModule m_hero' id='hero'\u003e \u003ctd class='banner_tb' width='100%'\u003e \u003cdiv class='mktoImg' id='bannerImage' mktolockimgsize='true'\u003e\u003ca\u003e\u003cimg border='0' style='border:none;' width='600' src='https://resources.trendmicro.com/rs/945-CXD-062/images/Corporate Workshop Email Banner.png' class='w100'/\u003e\u003c/a\u003e\u003c/div\u003e\u003c/td\u003e\u003c/tr\u003e\u003ctr class='mktoModule' id='oneColModuleCTA'\u003e \u003ctd style='padding: 20px 20px 20px 20px; background-color:#ffffff;'\u003e \u003ctable cellspacing='0' cellpadding='0' border='0' width='100%'\u003e \u003ctbody\u003e \u003ctr\u003e \u003ctd class='w100' width='100%' style='vertical-align:top;'\u003e \u003ctable cellspacing='0' cellpadding='0' border='0' width='100%'\u003e \u003ctbody\u003e \u003ctr\u003e \u003ctd style='text-align:left; padding:0px; color: #4d4d4f; font-size: 14px; line-height:24px;'\u003e \u003cdiv class='mktoText' id='c1c1Titlec' style='color:#cc0000; font-weight:bold; font-size:19px;'\u003e \u003cp\u003eWelcome to the workshop hosted by Trend Micro\u003c/p\u003e\u003c/div\u003e\u003c/td\u003e\u003c/tr\u003e\u003ctr height='0' style='line-height: 0px; height:0px;'\u003e \u003ctd\u003e\u003c/td\u003e\u003c/tr\u003e\u003ctr\u003e \u003ctd style='text-align:left; padding:0px; color: #4d4d4f; font-size: 14px; line-height:24px;'\u003e \u003cdiv class='mktoText' id='c1c1Textc' style='line-height:24px;'\u003e \u003cp\u003eDuring the workshop, you will need to find and fix security issues in your cloud infrastructure.\u0026nbsp;Keep in mind, you can't fix what you cant see.\u0026nbsp;Now let's get started!\u003c/p\u003e\u003c/div\u003e\u003c/td\u003e\u003c/tr\u003e\u003ctr\u003e \u003ctd style='padding:15px 0px 0px 0px;'\u003e \u003ccenter\u003e \u003cdiv class='mobMarginTopZero' style='text-align: left;'\u003e \u003cdiv\u003e\u003c!--[if mso]\u003e \u003ca:rect xmlns:a='urn:schemas-microsoft-com:vml' xmlns:w='urn:schemas-microsoft-com:office:word' href='{{cgwWorkshopWebUrl}}' style='height:40px;v-text-anchor:middle;width:200px;' strokecolor='#cc0000' fillcolor='#cc0000'\u003e \u003cw:anchorlock/\u003e \u003ccenter style='font-family:Arial,sans-serif;color:#ffffff;font-size:14px;'\u003eAccess the Workshop\u003c/center\u003e \u003c/a:rect\u003e\u003c![endif]--\u003e \u003ca href='{{cgwWorkshopWebUrl}}' style='padding:9px 0px; font-weight:bold; background-color:#cc0000;border:1px solid #cc0000;color:#ffffff;display:inline-block;font-size:14px;text-align:center;text-decoration:none;width:200px;-webkit-text-size-adjust:none;'\u003eAccess the Workshop\u003c/a\u003e \u003c/div\u003e\u003c/div\u003e\u003c/center\u003e \u003c/td\u003e\u003c/tr\u003e\u003c/tbody\u003e \u003c/table\u003e \u003c/td\u003e\u003c/tr\u003e\u003c/tbody\u003e \u003c/table\u003e \u003c/td\u003e\u003c/tr\u003e\u003ctr class='mktoModule' id='oneColModule6dd984cb-3e80-464b-b271-6934c3fa8f10'\u003e \u003ctd style='padding: 20px 20px 20px 20px; background-color:#ffffff;'\u003e \u003ctable cellspacing='0' cellpadding='0' border='0' width='100%'\u003e \u003ctbody\u003e \u003ctr\u003e \u003ctd class='w100' width='100%' style='vertical-align:top;'\u003e \u003ctable cellspacing='0' cellpadding='0' border='0' width='100%'\u003e \u003ctbody\u003e \u003ctr\u003e \u003ctd style='text-align:left; padding:0px; color: #4d4d4f; font-size: 14px; line-height:24px;'\u003e \u003cdiv class='mktoText' id='c1c1Title6dd984cb-3e80-464b-b271-6934c3fa8f10' style='color:#cc0000; font-weight:bold; font-size:19px;'\u003e \u003cp\u003e\u003cspan style='font-size: 14px;'\u003eYour Team ID\u003c/span\u003e\u003c/p\u003e\u003c/div\u003e\u003c/td\u003e\u003c/tr\u003e\u003ctr height='0' style='line-height: 0px; height:0px;'\u003e \u003ctd\u003e\u003c/td\u003e\u003c/tr\u003e\u003ctr\u003e \u003ctd style='text-align:left; padding:0px; color: #4d4d4f; font-size: 14px; line-height:24px;'\u003e \u003cdiv class='mktoText' id='c1c1Text6dd984cb-3e80-464b-b271-6934c3fa8f10' style='line-height:24px;'\u003e \u003ctable style='background-color: #333333;' width='152' height='40'\u003e \u003ctbody\u003e \u003ctr\u003e \u003ctd style='text-align: center;'\u003e\u003cspan style='color: #ffffff;'\u003e\u003cstrong\u003e{{teamUuid}}\u003c/strong\u003e\u003c/span\u003e\u003c/td\u003e\u003c/tr\u003e\u003c/tbody\u003e \u003c/table\u003e\u003ctable\u003e\u003ctr\u003e\u003ctd style='text-align:left; padding:0px; color: #4d4d4f; font-size: 14px; line-height:24px;'\u003e\u003cdiv class='mktoText' id='c1c1Title6dd984cb-3e80-464b-b271-6934c3fa8f10' style='color:#cc0000; font-weight:bold; font-size:19px;'\u003e\u003cp\u003e\u003cspan style='font-size: 14px;'\u003eTeam Password\u003c/span\u003e\u003c/p\u003e\u003c/div\u003e\u003c/td\u003e\u003c/tr\u003e\u003c/table\u003e\u003ctable tyle='background-color: #333333;' width='152' height='40'\u003e\u003ctbody\u003e\u003ctr\u003e\u003ctd style='text-align: center;'\u003e\u003cspan style='color: #ffffff;'\u003e\u003cstrong\u003ecgw-aws-hscvlog3\u003c/strong\u003e\u003c/span\u003e\u003c/td\u003e\u003c/tr\u003e\u003c/tbody\u003e\u003c/table\u003e\u003cp\u003e\u003cbr/\u003e\u003c/p\u003e\u003cp\u003e\u003cspan style='caret-color: #4d4d4f; color: #4d4d4f; font-family: Arial, sans-serif; font-size: 14px; font-style: normal; font-variant-caps: normal; font-weight: normal; letter-spacing: normal; orphans: auto; text-align: left; text-indent: 0px; text-transform: none; white-space: normal; widows: auto; word-spacing: 0px; -webkit-text-size-adjust: auto; -webkit-text-stroke-width: 0px; background-color: #ffffff; text-decoration: none; display: inline !important; float: none;'\u003eYou can login with the following AWS credentials to access your personalized environment.\u003c/span\u003e\u003c/p\u003e\u003ctable cellspacing='0' cellpadding='0' border='0' width='534' id='ext4-ext-gen2675' height='134' style='caret-color: #000000; color: #000000; font-family: Arial, sans-serif; font-style: normal; font-variant-caps: normal; font-weight: normal; letter-spacing: normal; orphans: auto; text-align: start; text-indent: 0px; text-transform: none; white-space: normal; widows: auto; word-spacing: 0px; -webkit-text-size-adjust: auto; -webkit-text-stroke-width: 0px; text-decoration: none;'\u003e \u003ctbody id='ext4-ext-gen2674'\u003e \u003ctr id='ext4-ext-gen2683'\u003e \u003ctd id='ext4-ext-gen2682' style='text-align: left; padding: 0px; color: #4d4d4f; font-size: 14px; line-height: 24px;'\u003e \u003cdiv class='mktoText pointerCursor' id='7606469' mktoname='Column1 - Text' style='cursor: pointer !important; line-height: 24px;'\u003e \u003ctable width='530' height='124' style='height: 124px; background-color: #333333; float: left;' border='0'\u003e \u003ctbody\u003e \u003ctr style='background-color: #cccccc;'\u003e \u003ctd style='font-family: Verdana, Arial, Helvetica, sans-serif; font-size: 11px; border: 1px dashed #bbbbbb; text-align: left;'\u003e\u003cspan style='color: #ffffff; font-size: 12px;'\u003e\u003cstrong\u003eAWS Console URL\u003c/strong\u003e\u003c/span\u003e\u003c/td\u003e\u003ctd style='font-family: Verdana, Arial, Helvetica, sans-serif; font-size: 11px; border: 1px dashed #bbbbbb; text-align: left;'\u003e\u003cspan style='color: #ffffff; font-size: 12px;'\u003e\u0026nbsp;\u003ca href='{{awsConsoleUrl}}' target='_blank' id='' style='color: #ffffff; text-decoration: none; cursor: pointer !important;'\u003ehttps://us-east-1.signin.aws.amazon.com/\u003c/a\u003e\u003c/span\u003e\u003c/td\u003e\u003c/tr\u003e\u003ctr style='background-color: #a6a1a1;'\u003e \u003ctd style='font-family: Verdana, Arial, Helvetica, sans-serif; font-size: 11px; border: 1px dashed #bbbbbb; text-align: left;'\u003e\u003cspan style='font-size: 12px;'\u003e\u003cstrong\u003e\u003cspan style='color: #ffffff;'\u003eAWS Account Id\u003c/span\u003e\u003c/strong\u003e\u003c/span\u003e\u003c/td\u003e\u003ctd style='font-family: Verdana, Arial, Helvetica, sans-serif; font-size: 11px; border: 1px dashed #bbbbbb; text-align: left;'\u003e\u003cspan style='color: #ffffff; font-size: 12px;'\u003e\u0026nbsp;{{awsAccountId}}\u003c/span\u003e\u003c/td\u003e\u003c/tr\u003e\u003ctr style='background-color: #cccccc;'\u003e \u003ctd style='font-family: Verdana, Arial, Helvetica, sans-serif; font-size: 11px; border: 1px dashed #bbbbbb; text-align: left;'\u003e\u003cspan style='font-size: 12px;'\u003e\u003cstrong\u003e\u003cspan style='color: #ffffff;'\u003eAWS IAM User Name\u003c/span\u003e\u003c/strong\u003e\u003c/span\u003e\u003c/td\u003e\u003ctd style='font-family: Verdana, Arial, Helvetica, sans-serif; font-size: 11px; border: 1px dashed #bbbbbb; text-align: left;'\u003e\u003cspan style='color: #ffffff; font-size: 12px;'\u003e\u0026nbsp;{{awsIamUserName}}\u003c/span\u003e\u003c/td\u003e\u003c/tr\u003e\u003ctr style='background-color: #a6a1a1;'\u003e \u003ctd style='font-family: Verdana, Arial, Helvetica, sans-serif; font-size: 11px; border: 1px dashed #bbbbbb; text-align: left;'\u003e\u003cspan style='font-size: 12px;'\u003e\u003cstrong\u003e\u003cspan style='color: #ffffff;'\u003eAWS Console Password\u003c/span\u003e\u003c/strong\u003e\u003c/span\u003e\u003c/td\u003e\u003ctd style='font-family: Verdana, Arial, Helvetica, sans-serif; font-size: 11px; border: 1px dashed #bbbbbb; text-align: left;'\u003e\u003cspan style='color: #ffffff; font-size: 12px;'\u003e\u0026nbsp;{{awsIamUserConsolePassword}}\u003c/span\u003e\u003c/td\u003e\u003c/tr\u003e\u003c/tbody\u003e \u003c/table\u003e \u003c/div\u003e\u003c/td\u003e\u003c/tr\u003e\u003c/tbody\u003e \u003c/table\u003e \u003c/div\u003e\u003c/td\u003e\u003c/tr\u003e\u003c/tbody\u003e \u003c/table\u003e \u003c/td\u003e\u003c/tr\u003e\u003c/tbody\u003e \u003c/table\u003e \u003c/td\u003e\u003c/tr\u003e\u003ctr class='mktoModule' id='footerSocial'\u003e \u003ctd style='background-color: #333333; padding: 10px 20px;'\u003e \u003ctable align='left' style='text-align:left;'\u003e \u003ctbody\u003e \u003ctr height='20'\u003e \u003ctd width='40' style='width:40px; text-align:left;'\u003e\u003ca href='{{my.linkedin_URL}}'\u003e\u003cimg src='https://resources.trendmicro.com/rs/945-CXD-062/images/email_social_footer_linkedin.png' height='20' width='20' style='height:20px; width:20px;'/\u003e\u003c/a\u003e\u003c/td\u003e\u003ctd width='40' style='width:40px; text-align:left;'\u003e\u003ca href='{{my.twitter_URL}}'\u003e\u003cimg src='https://resources.trendmicro.com/rs/945-CXD-062/images/email_social_footer_tw.png' height='20' width='20' style='height:20px; width:20px;'/\u003e\u003c/a\u003e\u003c/td\u003e\u003ctd width='40' style='width:40px; text-align:left;'\u003e\u003ca href='{{my.facebook_URL}}'\u003e\u003cimg src='https://resources.trendmicro.com/rs/945-CXD-062/images/email_social_footer_fb.png' height='20' width='20' style='height:20px; width:20px;'/\u003e\u003c/a\u003e\u003c/td\u003e\u003ctd width='40' style='width:40px; text-align:left;'\u003e\u003ca href='{{my.youtube_URL}}'\u003e\u003cimg src='https://resources.trendmicro.com/rs/945-CXD-062/images/email_social_footer_yt.png' height='20' width='20' style='height:20px; width:20px;'/\u003e\u003c/a\u003e\u003c/td\u003e\u003ctd width='40' style='width:40px; text-align:left;'\u003e\u003ca href='{{my.rss_URL}}'\u003e\u003cimg src='https://resources.trendmicro.com/rs/945-CXD-062/images/email_social_footer_rss.png' height='20' width='20' style='height:20px; width:20px;'/\u003e\u003c/a\u003e\u003c/td\u003e\u003c/tr\u003e\u003c/tbody\u003e \u003c/table\u003e \u003c/td\u003e\u003c/tr\u003e\u003c/tbody\u003e \u003c/table\u003e \u003c/td\u003e\u003c/tr\u003e\u003c/tbody\u003e \u003c/table\u003e \u003c/td\u003e\u003c/tr\u003e\u003c/tbody\u003e \u003c/table\u003e \u003c/body\u003e\u003c/html\u003e",
            "id": "CgwIamUserSesTemplate",
            "name": "CgwIamUserSesTemplate",
            "subject": "Greetings, Welcome to Cloud Governance Workshop!",
            "text": "\n\nTrend Micro Cloud Governance Workshop\n\nWelcome to the workshop hosted by Trend Micro\u003c\n\n\tDuring the workshop, you will need to find and fix security issues in your cloud infrastructure. Keep in mind, you can't fix what you cant see. Now let's get started!\n\n\tAccess the Workshop here - {{cgwWorkshopWebUrl}}\n\nYour Team ID - {{teamUuid}}\n\n\n\nTeam Password - {{awsIamUserConsolePassword}}\n\n\n\nYou can login with the following AWS credentials to access your personalized environment.\n\n\n\tAWS Console URL - {{awsConsoleUrl}}\n\n\tAWS Account Id - {{awsAccountId}}\n\n\tAWS IAM User Name - {{awsIamUserName}}\n\n\tAWS Console Password - {{awsIamUserConsolePassword}}\n\n\nContact the team for further assistance.\n\n"
          },
          "private": "bnVsbA=="
        }
      ]
    },
    {
      "module": "module.cgw-team8",
      "mode": "managed",
      "type": "aws_sns_topic_policy",
      "name": "cgw-aws-sns-policy",
      "provider": "provider.aws",
      "instances": [
        {
          "schema_version": 0,
          "attributes": {
            "arn": "arn:aws:sns:us-east-2:666402644145:cgw-aws-sns-mfvc8ks5-EmailSNSTopic-1KZNVVJ9I52I2",
            "id": "arn:aws:sns:us-east-2:666402644145:cgw-aws-sns-mfvc8ks5-EmailSNSTopic-1KZNVVJ9I52I2",
            "policy": "{\"Version\":\"2012-10-17\",\"Statement\":[{\"Sid\":\"CGWConformityCrossAccountRolemfvc8ks5\",\"Effect\":\"Allow\",\"Principal\":{\"AWS\":\"arn:aws:iam::717210094962:root\"},\"Action\":\"SNS:Publish\",\"Resource\":\"arn:aws:sns:us-east-2:666402644145:cgw-aws-sns-mfvc8ks5-EmailSNSTopic-1KZNVVJ9I52I2\"},{\"Sid\":\"CGWSnsRolemfvc8ks5\",\"Effect\":\"Allow\",\"Principal\":{\"AWS\":\"arn:aws:iam::666402644145:user/georged\"},\"Action\":[\"SNS:Subscribe\",\"SNS:SetTopicAttributes\",\"SNS:RemovePermission\",\"SNS:Receive\",\"SNS:Publish\",\"SNS:ListSubscriptionsByTopic\",\"SNS:GetTopicAttributes\",\"SNS:DeleteTopic\",\"SNS:AddPermission\"],\"Resource\":\"arn:aws:sns:us-east-2:666402644145:cgw-aws-sns-mfvc8ks5-EmailSNSTopic-1KZNVVJ9I52I2\"}]}"
          },
          "private": "bnVsbA==",
          "dependencies": [
            "module.cgw-team8.aws_cloudformation_stack.cgw-aws-sns",
            "module.cgw-team8.random_string.unique-id"
          ]
        }
      ]
    },
    {
      "module": "module.cgw-team8",
      "mode": "managed",
      "type": "azuread_group",
      "name": "cgw-az-ad-user-group",
      "provider": "provider.azuread",
      "instances": [
        {
          "schema_version": 0,
          "attributes": {
            "description": "cgw-az-iam-user-group-mfvc8ks5",
            "id": "5399c243-bb49-4790-886a-814566196833",
            "members": [
              "91a79aed-95cd-47d0-8cdc-d98c2ab5f480"
            ],
            "name": "cgw-az-iam-user-group-mfvc8ks5",
            "object_id": "5399c243-bb49-4790-886a-814566196833",
            "owners": [
              "d68049da-8185-445a-a3c2-2dda215f1f12",
              "eed639c8-f8b4-404a-bef5-0a102f558e6d"
            ],
            "prevent_duplicate_names": false
          },
          "private": "bnVsbA==",
          "dependencies": [
            "module.cgw-team8.random_string.unique-id"
          ]
        }
      ]
    },
    {
      "module": "module.cgw-team8",
      "mode": "managed",
      "type": "azurerm_key_vault",
      "name": "cgw-az-kv",
      "provider": "provider.azurerm",
      "instances": [
        {
          "schema_version": 1,
          "attributes": {
            "access_policy": [
              {
                "application_id": "",
                "certificate_permissions": [],
                "key_permissions": [
                  "get",
                  "list",
                  "create",
                  "delete"
                ],
                "object_id": "eed639c8-f8b4-404a-bef5-0a102f558e6d",
                "secret_permissions": [
                  "get",
                  "list",
                  "set",
                  "delete"
                ],
                "storage_permissions": [
                  "get",
                  "list"
                ],
                "tenant_id": "3e04753a-ae5b-42d4-a86d-d6f05460f9e4"
              }
            ],
            "enabled_for_deployment": true,
            "enabled_for_disk_encryption": true,
            "enabled_for_template_deployment": true,
            "id": "/subscriptions/18cb46c3-ea58-41c2-8cc6-71d8662f1203/resourceGroups/CGW/providers/Microsoft.KeyVault/vaults/cgw-az-kv-mfvc8ks5",
            "location": "canadacentral",
            "name": "cgw-az-kv-mfvc8ks5",
            "network_acls": [
              {
                "bypass": "AzureServices",
                "default_action": "Allow",
                "ip_rules": [],
                "virtual_network_subnet_ids": []
              }
            ],
            "purge_protection_enabled": false,
            "resource_group_name": "CGW",
            "sku_name": "standard",
            "soft_delete_enabled": false,
            "tags": {
              "Name": "cgw-az-kv-mfvc8ks5",
              "Owner": "george_davis@trendmicro.com",
              "Project": "cgw",
              "Team": "team8",
              "Team-UUID": "cgw-mfvc8ks5"
            },
            "tenant_id": "3e04753a-ae5b-42d4-a86d-d6f05460f9e4",
            "timeouts": null,
            "vault_uri": "https://cgw-az-kv-mfvc8ks5.vault.azure.net/"
          },
          "private": "eyJlMmJmYjczMC1lY2FhLTExZTYtOGY4OC0zNDM2M2JjN2M0YzAiOnsiY3JlYXRlIjoxODAwMDAwMDAwMDAwLCJkZWxldGUiOjE4MDAwMDAwMDAwMDAsInJlYWQiOjMwMDAwMDAwMDAwMCwidXBkYXRlIjoxODAwMDAwMDAwMDAwfSwic2NoZW1hX3ZlcnNpb24iOiIxIn0=",
          "dependencies": [
            "module.cgw-team8.random_string.unique-id"
          ]
        }
      ]
    },
    {
      "module": "module.cgw-team8",
      "mode": "managed",
      "type": "azurerm_key_vault_key",
      "name": "cgw-az-kv-key",
      "provider": "provider.azurerm",
      "instances": [
        {
          "schema_version": 0,
          "attributes": {
            "curve": "",
            "e": "AQAB",
            "expiration_date": null,
            "id": "https://cgw-az-kv-mfvc8ks5.vault.azure.net/keys/cgw-az-kv-key-mfvc8ks5/9a489b5295094f9a8762e84397c25b31",
            "key_opts": [
              "decrypt",
              "encrypt",
              "sign",
              "unwrapKey",
              "verify",
              "wrapKey"
            ],
            "key_size": 2048,
            "key_type": "RSA",
            "key_vault_id": "/subscriptions/18cb46c3-ea58-41c2-8cc6-71d8662f1203/resourceGroups/CGW/providers/Microsoft.KeyVault/vaults/cgw-az-kv-mfvc8ks5",
            "n": "uTh-3-kqfrkdqpPh_bsuLXhfsKZ_DlDbldiiG2bRy9GM_GXjGIxNdTo7ci5oPInUUKf33M8e2biK7qZQPLA0MW9TnwI1ybgjW0lCUqpot1Ixbu8a0pLMdQ6JO179cr8T4wG4PpzykyQ3GCOf6cXRPpUPYlx_ogGMDlp0YoNQCNS7KawJYS3vx7i9KahdNf1QticXsyqSXZRi78rHDmpYaeS-fz4xk7Y_n0HmZ1wfSEGWkejMkBbYwMbq8Rf2nbsBWQcioxbA7poDhGgTKz5UzKend5QVpl1ZHJvZj5srUIx8Blzy7FicP0EkXHKr5whJB77MyLcQFrDqO4NhDLD7IQ",
            "name": "cgw-az-kv-key-mfvc8ks5",
            "not_before_date": null,
            "tags": {
              "Name": "cgw-az-kv-key-mfvc8ks5",
              "Owner": "george_davis@trendmicro.com",
              "Project": "cgw",
              "Team": "team8",
              "Team-UUID": "cgw-mfvc8ks5"
            },
            "timeouts": null,
            "version": "9a489b5295094f9a8762e84397c25b31",
            "x": "",
            "y": ""
          },
          "private": "eyJlMmJmYjczMC1lY2FhLTExZTYtOGY4OC0zNDM2M2JjN2M0YzAiOnsiY3JlYXRlIjoxODAwMDAwMDAwMDAwLCJkZWxldGUiOjE4MDAwMDAwMDAwMDAsInJlYWQiOjMwMDAwMDAwMDAwMCwidXBkYXRlIjoxODAwMDAwMDAwMDAwfX0=",
          "dependencies": [
            "module.cgw-team8.azurerm_key_vault.cgw-az-kv",
            "module.cgw-team8.random_string.unique-id"
          ]
        }
      ]
    },
    {
      "module": "module.cgw-team8",
      "mode": "managed",
      "type": "azurerm_key_vault_secret",
      "name": "cgw-az-kv-secret",
      "provider": "provider.azurerm",
      "instances": [
        {
          "schema_version": 0,
          "attributes": {
            "content_type": "",
            "expiration_date": null,
            "id": "https://cgw-az-kv-mfvc8ks5.vault.azure.net/secrets/cgw-az-kv-secret-mfvc8ks5/c4c42597da09486cab9661b3501e9ee0",
            "key_vault_id": "/subscriptions/18cb46c3-ea58-41c2-8cc6-71d8662f1203/resourceGroups/CGW/providers/Microsoft.KeyVault/vaults/cgw-az-kv-mfvc8ks5",
            "name": "cgw-az-kv-secret-mfvc8ks5",
            "not_before_date": null,
            "tags": {
              "Name": "cgw-az-kv-secret-mfvc8ks5",
              "Owner": "george_davis@trendmicro.com",
              "Project": "cgw",
              "Team": "team8",
              "Team-UUID": "cgw-mfvc8ks5"
            },
            "timeouts": null,
            "value": "cgw-mfvc8ks5",
            "version": "c4c42597da09486cab9661b3501e9ee0"
          },
          "private": "eyJlMmJmYjczMC1lY2FhLTExZTYtOGY4OC0zNDM2M2JjN2M0YzAiOnsiY3JlYXRlIjoxODAwMDAwMDAwMDAwLCJkZWxldGUiOjE4MDAwMDAwMDAwMDAsInJlYWQiOjMwMDAwMDAwMDAwMCwidXBkYXRlIjoxODAwMDAwMDAwMDAwfX0=",
          "dependencies": [
            "module.cgw-team8.azurerm_key_vault.cgw-az-kv",
            "module.cgw-team8.random_string.unique-id"
          ]
        }
      ]
    },
    {
      "module": "module.cgw-team8",
      "mode": "managed",
      "type": "azurerm_lb",
      "name": "cgw-az-lb",
      "provider": "provider.azurerm",
      "instances": [
        {
          "schema_version": 0,
          "attributes": {
            "frontend_ip_configuration": [],
            "id": "/subscriptions/18cb46c3-ea58-41c2-8cc6-71d8662f1203/resourceGroups/CGW/providers/Microsoft.Network/loadBalancers/cgw-az-lb-mfvc8ks5",
            "location": "canadacentral",
            "name": "cgw-az-lb-mfvc8ks5",
            "private_ip_address": "",
            "private_ip_addresses": [],
            "resource_group_name": "CGW",
            "sku": "Basic",
            "tags": {
              "Name": "cgw-az-lb-mfvc8ks5",
              "Owner": "george_davis@trendmicro.com",
              "Project": "cgw",
              "Team": "team8",
              "Team-UUID": "cgw-mfvc8ks5"
            },
            "timeouts": null
          },
          "private": "eyJlMmJmYjczMC1lY2FhLTExZTYtOGY4OC0zNDM2M2JjN2M0YzAiOnsiY3JlYXRlIjoxODAwMDAwMDAwMDAwLCJkZWxldGUiOjE4MDAwMDAwMDAwMDAsInJlYWQiOjMwMDAwMDAwMDAwMCwidXBkYXRlIjoxODAwMDAwMDAwMDAwfX0=",
          "dependencies": [
            "module.cgw-team8.random_string.unique-id"
          ]
        }
      ]
    },
    {
      "module": "module.cgw-team8",
      "mode": "managed",
      "type": "azurerm_linux_virtual_machine",
      "name": "cgw-az-vm",
      "provider": "provider.azurerm",
      "instances": [
        {
          "schema_version": 0,
          "attributes": {
            "additional_capabilities": [],
            "admin_password": null,
            "admin_ssh_key": [
              {
                "public_key": "ssh-rsa AAAAB3NzaC1yc2EAAAADAQABAAABAQC9ZfaoqWjeerNDele111rqSjSj2R9uQ3FHdjeY17saKVL0lLSCrcMegfJJD++peDDS6nDL4Sax0YWOL+YDGXLscFbTBIlSh1md5a/V8pTZBuHOjjQf7UtmoaW7ZNtuRu5oA/TyTEDzL/B6Ebyk1lyWgBsjANxIO1vup6VoASN0Kct3cHxY0fTUJKZTladSCbo3OuasuVKv07yfi/15Lg3vqo3mD5mVxbOIMtzaSuGcy1M0j45nNx2LYpdoaZOdtw35q+hJiTePJ7d/jRm3dr+o90dYxJToFKEaLXpxOAS8bs8Wgl58lqCFRC31TsrJ5gS2184IGoDwQNjxcg+0h/Sz",
                "username": "ubuntu"
              }
            ],
            "admin_username": "ubuntu",
            "allow_extension_operations": true,
            "availability_set_id": "",
            "boot_diagnostics": [],
            "computer_name": "cgw-az-vm-mfvc8ks5",
            "custom_data": null,
            "dedicated_host_id": "",
            "disable_password_authentication": true,
            "eviction_policy": "",
            "id": "/subscriptions/18cb46c3-ea58-41c2-8cc6-71d8662f1203/resourceGroups/CGW/providers/Microsoft.Compute/virtualMachines/cgw-az-vm-mfvc8ks5",
            "identity": [],
            "location": "canadacentral",
            "max_bid_price": -1,
            "name": "cgw-az-vm-mfvc8ks5",
            "network_interface_ids": [
              "/subscriptions/18cb46c3-ea58-41c2-8cc6-71d8662f1203/resourceGroups/CGW/providers/Microsoft.Network/networkInterfaces/cgw-az-nic-mfvc8ks5"
            ],
            "os_disk": [
              {
                "caching": "ReadWrite",
                "diff_disk_settings": [],
                "disk_encryption_set_id": "",
                "disk_size_gb": 40,
                "name": "cgw-az-vm-mfvc8ks5_OsDisk_1_d696b7609f044bc5aecbaff503d27a48",
                "storage_account_type": "Standard_LRS",
                "write_accelerator_enabled": false
              }
            ],
            "plan": [],
            "priority": "Regular",
            "private_ip_address": "10.1.0.4",
            "private_ip_addresses": [
              "10.1.0.4"
            ],
            "provision_vm_agent": true,
            "proximity_placement_group_id": "",
            "public_ip_address": "20.151.22.202",
            "public_ip_addresses": [
              "20.151.22.202"
            ],
            "resource_group_name": "CGW",
            "secret": [],
            "size": "Standard_D2s_v3",
            "source_image_id": "",
            "source_image_reference": [
              {
                "offer": "UbuntuServer",
                "publisher": "Canonical",
                "sku": "18.04-LTS",
                "version": "latest"
              }
            ],
            "tags": {
              "Name": "cgw-az-vm-mfvc8ks5",
              "Owner": "george_davis@trendmicro.com",
              "Project": "cgw",
              "Team": "team8",
              "Team-UUID": "cgw-mfvc8ks5"
            },
            "timeouts": null,
            "virtual_machine_id": "a4635931-50d9-432a-85ce-9381a44a2bb9",
            "virtual_machine_scale_set_id": "",
            "zone": ""
          },
          "private": "eyJlMmJmYjczMC1lY2FhLTExZTYtOGY4OC0zNDM2M2JjN2M0YzAiOnsiY3JlYXRlIjoyNzAwMDAwMDAwMDAwLCJkZWxldGUiOjI3MDAwMDAwMDAwMDAsInJlYWQiOjMwMDAwMDAwMDAwMCwidXBkYXRlIjoyNzAwMDAwMDAwMDAwfX0=",
          "dependencies": [
            "module.cgw-team8.azurerm_network_interface.cgw-az-nic",
            "module.cgw-team8.azurerm_public_ip.cgw-az-public-ip",
            "module.cgw-team8.random_string.unique-id"
          ]
        }
      ]
    },
    {
      "module": "module.cgw-team8",
      "mode": "managed",
      "type": "azurerm_managed_disk",
      "name": "cgw-az-vol",
      "provider": "provider.azurerm",
      "instances": [
        {
          "schema_version": 0,
          "attributes": {
            "create_option": "Empty",
            "disk_encryption_set_id": "",
            "disk_iops_read_write": 500,
            "disk_mbps_read_write": 60,
            "disk_size_gb": 40,
            "encryption_settings": [],
            "id": "/subscriptions/18cb46c3-ea58-41c2-8cc6-71d8662f1203/resourceGroups/CGW/providers/Microsoft.Compute/disks/cgw-az-vm-mfvc8ks5",
            "image_reference_id": "",
            "location": "canadacentral",
            "name": "cgw-az-vm-mfvc8ks5",
            "os_type": "",
            "resource_group_name": "CGW",
            "source_resource_id": "",
            "source_uri": "",
            "storage_account_id": "",
            "storage_account_type": "Standard_LRS",
            "tags": {},
            "timeouts": null,
            "zones": []
          },
          "private": "eyJlMmJmYjczMC1lY2FhLTExZTYtOGY4OC0zNDM2M2JjN2M0YzAiOnsiY3JlYXRlIjoxODAwMDAwMDAwMDAwLCJkZWxldGUiOjE4MDAwMDAwMDAwMDAsInJlYWQiOjMwMDAwMDAwMDAwMCwidXBkYXRlIjoxODAwMDAwMDAwMDAwfX0=",
          "dependencies": [
            "module.cgw-team8.random_string.unique-id"
          ]
        }
      ]
    },
    {
      "module": "module.cgw-team8",
      "mode": "managed",
      "type": "azurerm_network_interface",
      "name": "cgw-az-nic",
      "provider": "provider.azurerm",
      "instances": [
        {
          "schema_version": 0,
          "attributes": {
            "applied_dns_servers": [],
            "dns_servers": [],
            "enable_accelerated_networking": false,
            "enable_ip_forwarding": false,
            "id": "/subscriptions/18cb46c3-ea58-41c2-8cc6-71d8662f1203/resourceGroups/CGW/providers/Microsoft.Network/networkInterfaces/cgw-az-nic-mfvc8ks5",
            "internal_dns_name_label": "",
            "internal_domain_name_suffix": "4tx4bprgml0ehns3f5jjc2j1vb.ux.internal.cloudapp.net",
            "ip_configuration": [
              {
                "name": "public",
                "primary": true,
                "private_ip_address": "10.1.0.4",
                "private_ip_address_allocation": "Dynamic",
                "private_ip_address_version": "IPv4",
                "public_ip_address_id": "/subscriptions/18cb46c3-ea58-41c2-8cc6-71d8662f1203/resourceGroups/CGW/providers/Microsoft.Network/publicIPAddresses/cgw-az-public-ip-mfvc8ks5",
                "subnet_id": "/subscriptions/18cb46c3-ea58-41c2-8cc6-71d8662f1203/resourceGroups/cloudone/providers/Microsoft.Network/virtualNetworks/cloudone-vnet/subnets/default"
              }
            ],
            "location": "canadacentral",
            "mac_address": "00-0D-3A-0C-59-10",
            "name": "cgw-az-nic-mfvc8ks5",
            "private_ip_address": "10.1.0.4",
            "private_ip_addresses": [
              "10.1.0.4"
            ],
            "resource_group_name": "CGW",
            "tags": {
              "Name": "cgw-az-nic-mfvc8ks5",
              "Owner": "george_davis@trendmicro.com",
              "Project": "cgw",
              "Team": "team8",
              "Team-UUID": "cgw-mfvc8ks5"
            },
            "timeouts": null,
            "virtual_machine_id": "/subscriptions/18cb46c3-ea58-41c2-8cc6-71d8662f1203/resourceGroups/CGW/providers/Microsoft.Compute/virtualMachines/cgw-az-vm-mfvc8ks5"
          },
          "private": "eyJlMmJmYjczMC1lY2FhLTExZTYtOGY4OC0zNDM2M2JjN2M0YzAiOnsiY3JlYXRlIjoxODAwMDAwMDAwMDAwLCJkZWxldGUiOjE4MDAwMDAwMDAwMDAsInJlYWQiOjMwMDAwMDAwMDAwMCwidXBkYXRlIjoxODAwMDAwMDAwMDAwfX0=",
          "dependencies": [
            "module.cgw-team8.azurerm_public_ip.cgw-az-public-ip",
            "module.cgw-team8.random_string.unique-id"
          ]
        }
      ]
    },
    {
      "module": "module.cgw-team8",
      "mode": "managed",
      "type": "azurerm_network_interface_security_group_association",
      "name": "cgw-az-nic-sg",
      "provider": "provider.azurerm",
      "instances": [
        {
          "schema_version": 0,
          "attributes": {
            "id": "/subscriptions/18cb46c3-ea58-41c2-8cc6-71d8662f1203/resourceGroups/CGW/providers/Microsoft.Network/networkInterfaces/cgw-az-nic-mfvc8ks5|/subscriptions/18cb46c3-ea58-41c2-8cc6-71d8662f1203/resourceGroups/CGW/providers/Microsoft.Network/networkSecurityGroups/cgw-az-ssh-sg-mfvc8ks5",
            "network_interface_id": "/subscriptions/18cb46c3-ea58-41c2-8cc6-71d8662f1203/resourceGroups/CGW/providers/Microsoft.Network/networkInterfaces/cgw-az-nic-mfvc8ks5",
            "network_security_group_id": "/subscriptions/18cb46c3-ea58-41c2-8cc6-71d8662f1203/resourceGroups/CGW/providers/Microsoft.Network/networkSecurityGroups/cgw-az-ssh-sg-mfvc8ks5",
            "timeouts": null
          },
          "private": "eyJlMmJmYjczMC1lY2FhLTExZTYtOGY4OC0zNDM2M2JjN2M0YzAiOnsiY3JlYXRlIjoxODAwMDAwMDAwMDAwLCJkZWxldGUiOjE4MDAwMDAwMDAwMDAsInJlYWQiOjMwMDAwMDAwMDAwMCwidXBkYXRlIjoxODAwMDAwMDAwMDAwfX0=",
          "dependencies": [
            "module.cgw-team8.azurerm_network_interface.cgw-az-nic",
            "module.cgw-team8.azurerm_network_security_group.cgw-az-ssh-sg",
            "module.cgw-team8.azurerm_public_ip.cgw-az-public-ip",
            "module.cgw-team8.random_string.unique-id"
          ]
        }
      ]
    },
    {
      "module": "module.cgw-team8",
      "mode": "managed",
      "type": "azurerm_network_security_group",
      "name": "cgw-az-ssh-sg",
      "provider": "provider.azurerm",
      "instances": [
        {
          "schema_version": 0,
          "attributes": {
            "id": "/subscriptions/18cb46c3-ea58-41c2-8cc6-71d8662f1203/resourceGroups/CGW/providers/Microsoft.Network/networkSecurityGroups/cgw-az-ssh-sg-mfvc8ks5",
            "location": "canadacentral",
            "name": "cgw-az-ssh-sg-mfvc8ks5",
            "resource_group_name": "CGW",
            "security_rule": [
              {
                "access": "Allow",
                "description": "",
                "destination_address_prefix": "*",
                "destination_address_prefixes": [],
                "destination_application_security_group_ids": [],
                "destination_port_range": "22",
                "destination_port_ranges": [],
                "direction": "Inbound",
                "name": "ssh-access-rule",
                "priority": 200,
                "protocol": "Tcp",
                "source_address_prefix": "*",
                "source_address_prefixes": [],
                "source_application_security_group_ids": [],
                "source_port_range": "*",
                "source_port_ranges": []
              }
            ],
            "tags": {
              "Name": "cgw-az-ssh-sg-mfvc8ks5",
              "Owner": "george_davis@trendmicro.com",
              "Project": "cgw",
              "Team": "team8",
              "Team-UUID": "cgw-mfvc8ks5"
            },
            "timeouts": null
          },
          "private": "eyJlMmJmYjczMC1lY2FhLTExZTYtOGY4OC0zNDM2M2JjN2M0YzAiOnsiY3JlYXRlIjoxODAwMDAwMDAwMDAwLCJkZWxldGUiOjE4MDAwMDAwMDAwMDAsInJlYWQiOjMwMDAwMDAwMDAwMCwidXBkYXRlIjoxODAwMDAwMDAwMDAwfX0=",
          "dependencies": [
            "module.cgw-team8.random_string.unique-id"
          ]
        }
      ]
    },
    {
      "mode": "managed",
      "type": "azurerm_network_security_group",
      "name": "georged-ssh-sg",
      "provider": "provider.azurerm",
      "instances": [
        {
          "schema_version": 0,
          "attributes": {
            "id": "/subscriptions/18cb46c3-ea58-41c2-8cc6-71d8662f1203/resourceGroups/cloudone/providers/Microsoft.Network/networkSecurityGroups/georged-ssh-sg",
            "location": "canadacentral",
            "name": "georged-ssh-sg",
            "resource_group_name": "cloudone",
            "security_rule": [
              {
                "access": "Allow",
                "description": "Network Security Rule for 99.246.229.245/32",
                "destination_address_prefix": "*",
                "destination_address_prefixes": [],
                "destination_application_security_group_ids": [],
                "destination_port_range": "22",
                "destination_port_ranges": [],
                "direction": "Inbound",
                "name": "ssh-access-rule-2",
                "priority": 202,
                "protocol": "Tcp",
                "source_address_prefix": "99.246.229.245/32",
                "source_address_prefixes": [],
                "source_application_security_group_ids": [],
                "source_port_range": "*",
                "source_port_ranges": []
              },
              {
                "access": "Allow",
                "description": "Network Security Rule for 99.250.30.127/32",
                "destination_address_prefix": "*",
                "destination_address_prefixes": [],
                "destination_application_security_group_ids": [],
                "destination_port_range": "22",
                "destination_port_ranges": [],
                "direction": "Inbound",
                "name": "ssh-access-rule-1",
                "priority": 201,
                "protocol": "Tcp",
                "source_address_prefix": "99.250.30.127/32",
                "source_address_prefixes": [],
                "source_application_security_group_ids": [],
                "source_port_range": "*",
                "source_port_ranges": []
              },
              {
                "access": "Allow",
                "description": "Network Security Rule for 99.251.105.233/32",
                "destination_address_prefix": "*",
                "destination_address_prefixes": [],
                "destination_application_security_group_ids": [],
                "destination_port_range": "22",
                "destination_port_ranges": [],
                "direction": "Inbound",
                "name": "ssh-access-rule-0",
                "priority": 200,
                "protocol": "TCP",
                "source_address_prefix": "99.251.105.233/32",
                "source_address_prefixes": [],
                "source_application_security_group_ids": [],
                "source_port_range": "*",
                "source_port_ranges": []
              }
            ],
            "tags": {
              "Owner": "george_davis@trendmicro.com"
            },
            "timeouts": null
          },
          "private": "eyJlMmJmYjczMC1lY2FhLTExZTYtOGY4OC0zNDM2M2JjN2M0YzAiOnsiY3JlYXRlIjoxODAwMDAwMDAwMDAwLCJkZWxldGUiOjE4MDAwMDAwMDAwMDAsInJlYWQiOjMwMDAwMDAwMDAwMCwidXBkYXRlIjoxODAwMDAwMDAwMDAwfX0="
        }
      ]
    },
    {
      "mode": "managed",
      "type": "azurerm_network_security_rule",
      "name": "georged-ssh-sg-rule",
      "each": "list",
      "provider": "provider.azurerm",
      "instances": [
        {
          "index_key": 0,
          "schema_version": 0,
          "attributes": {
            "access": "Allow",
            "description": "Network Security Rule for 99.251.105.233/32",
            "destination_address_prefix": "*",
            "destination_address_prefixes": [],
            "destination_application_security_group_ids": [],
            "destination_port_range": "22",
            "destination_port_ranges": [],
            "direction": "Inbound",
            "id": "/subscriptions/18cb46c3-ea58-41c2-8cc6-71d8662f1203/resourceGroups/cloudone/providers/Microsoft.Network/networkSecurityGroups/georged-ssh-sg/securityRules/ssh-access-rule-0",
            "name": "ssh-access-rule-0",
            "network_security_group_name": "georged-ssh-sg",
            "priority": 200,
            "protocol": "TCP",
            "resource_group_name": "cloudone",
            "source_address_prefix": "99.251.105.233/32",
            "source_address_prefixes": [],
            "source_application_security_group_ids": [],
            "source_port_range": "*",
            "source_port_ranges": [],
            "timeouts": null
          },
          "private": "eyJlMmJmYjczMC1lY2FhLTExZTYtOGY4OC0zNDM2M2JjN2M0YzAiOnsiY3JlYXRlIjoxODAwMDAwMDAwMDAwLCJkZWxldGUiOjE4MDAwMDAwMDAwMDAsInJlYWQiOjMwMDAwMDAwMDAwMCwidXBkYXRlIjoxODAwMDAwMDAwMDAwfX0=",
          "dependencies": [
            "azurerm_network_security_group.georged-ssh-sg"
          ]
        },
        {
          "index_key": 1,
          "schema_version": 0,
          "attributes": {
            "access": "Allow",
            "description": "Network Security Rule for 99.250.30.127/32",
            "destination_address_prefix": "*",
            "destination_address_prefixes": [],
            "destination_application_security_group_ids": [],
            "destination_port_range": "22",
            "destination_port_ranges": [],
            "direction": "Inbound",
            "id": "/subscriptions/18cb46c3-ea58-41c2-8cc6-71d8662f1203/resourceGroups/cloudone/providers/Microsoft.Network/networkSecurityGroups/georged-ssh-sg/securityRules/ssh-access-rule-1",
            "name": "ssh-access-rule-1",
            "network_security_group_name": "georged-ssh-sg",
            "priority": 201,
            "protocol": "Tcp",
            "resource_group_name": "cloudone",
            "source_address_prefix": "99.250.30.127/32",
            "source_address_prefixes": [],
            "source_application_security_group_ids": [],
            "source_port_range": "*",
            "source_port_ranges": [],
            "timeouts": null
          },
          "private": "eyJlMmJmYjczMC1lY2FhLTExZTYtOGY4OC0zNDM2M2JjN2M0YzAiOnsiY3JlYXRlIjoxODAwMDAwMDAwMDAwLCJkZWxldGUiOjE4MDAwMDAwMDAwMDAsInJlYWQiOjMwMDAwMDAwMDAwMCwidXBkYXRlIjoxODAwMDAwMDAwMDAwfX0=",
          "dependencies": [
            "azurerm_network_security_group.georged-ssh-sg"
          ]
        },
        {
          "index_key": 2,
          "schema_version": 0,
          "attributes": {
            "access": "Allow",
            "description": "Network Security Rule for 99.246.229.245/32",
            "destination_address_prefix": "*",
            "destination_address_prefixes": [],
            "destination_application_security_group_ids": [],
            "destination_port_range": "22",
            "destination_port_ranges": [],
            "direction": "Inbound",
            "id": "/subscriptions/18cb46c3-ea58-41c2-8cc6-71d8662f1203/resourceGroups/cloudone/providers/Microsoft.Network/networkSecurityGroups/georged-ssh-sg/securityRules/ssh-access-rule-2",
            "name": "ssh-access-rule-2",
            "network_security_group_name": "georged-ssh-sg",
            "priority": 202,
            "protocol": "Tcp",
            "resource_group_name": "cloudone",
            "source_address_prefix": "99.246.229.245/32",
            "source_address_prefixes": [],
            "source_application_security_group_ids": [],
            "source_port_range": "*",
            "source_port_ranges": [],
            "timeouts": null
          },
          "private": "eyJlMmJmYjczMC1lY2FhLTExZTYtOGY4OC0zNDM2M2JjN2M0YzAiOnsiY3JlYXRlIjoxODAwMDAwMDAwMDAwLCJkZWxldGUiOjE4MDAwMDAwMDAwMDAsInJlYWQiOjMwMDAwMDAwMDAwMCwidXBkYXRlIjoxODAwMDAwMDAwMDAwfX0=",
          "dependencies": [
            "azurerm_network_security_group.georged-ssh-sg"
          ]
        }
      ]
    },
    {
      "module": "module.cgw-team8",
      "mode": "managed",
      "type": "azurerm_public_ip",
      "name": "cgw-az-public-ip",
      "provider": "provider.azurerm",
      "instances": [
        {
          "schema_version": 0,
          "attributes": {
            "allocation_method": "Static",
            "domain_name_label": null,
            "fqdn": null,
            "id": "/subscriptions/18cb46c3-ea58-41c2-8cc6-71d8662f1203/resourceGroups/CGW/providers/Microsoft.Network/publicIPAddresses/cgw-az-public-ip-mfvc8ks5",
            "idle_timeout_in_minutes": 4,
            "ip_address": "20.151.22.202",
            "ip_version": "IPv4",
            "location": "canadacentral",
            "name": "cgw-az-public-ip-mfvc8ks5",
            "public_ip_prefix_id": null,
            "resource_group_name": "CGW",
            "reverse_fqdn": null,
            "sku": "Basic",
            "tags": {
              "Name": "cgw-az-public-ip-mfvc8ks5",
              "Owner": "george_davis@trendmicro.com",
              "Project": "cgw",
              "Team": "team8",
              "Team-UUID": "cgw-mfvc8ks5"
            },
            "timeouts": null,
            "zones": []
          },
          "private": "eyJlMmJmYjczMC1lY2FhLTExZTYtOGY4OC0zNDM2M2JjN2M0YzAiOnsiY3JlYXRlIjoxODAwMDAwMDAwMDAwLCJkZWxldGUiOjE4MDAwMDAwMDAwMDAsInJlYWQiOjMwMDAwMDAwMDAwMCwidXBkYXRlIjoxODAwMDAwMDAwMDAwfX0=",
          "dependencies": [
            "module.cgw-team8.random_string.unique-id"
          ]
        }
      ]
    },
    {
      "module": "module.cgw-team8",
      "mode": "managed",
      "type": "azurerm_role_assignment",
      "name": "cgw-az-ad-user-role",
      "provider": "provider.azurerm",
      "instances": [
        {
          "schema_version": 0,
          "attributes": {
            "id": "/subscriptions/18cb46c3-ea58-41c2-8cc6-71d8662f1203/resourceGroups/CGW/providers/Microsoft.Authorization/roleAssignments/6a7f1f7e-eb46-1bbd-7574-07b505d9bd25",
            "name": "6a7f1f7e-eb46-1bbd-7574-07b505d9bd25",
            "principal_id": "5399c243-bb49-4790-886a-814566196833",
            "principal_type": "Group",
            "role_definition_id": "/subscriptions/18cb46c3-ea58-41c2-8cc6-71d8662f1203/providers/Microsoft.Authorization/roleDefinitions/acdd72a7-3385-48ef-bd42-f606fba81ae7",
            "role_definition_name": "Reader",
            "scope": "/subscriptions/18cb46c3-ea58-41c2-8cc6-71d8662f1203/resourceGroups/CGW",
            "skip_service_principal_aad_check": null,
            "timeouts": null
          },
          "private": "eyJlMmJmYjczMC1lY2FhLTExZTYtOGY4OC0zNDM2M2JjN2M0YzAiOnsiY3JlYXRlIjoxODAwMDAwMDAwMDAwLCJkZWxldGUiOjE4MDAwMDAwMDAwMDAsInJlYWQiOjMwMDAwMDAwMDAwMCwidXBkYXRlIjoxODAwMDAwMDAwMDAwfX0=",
          "dependencies": [
            "module.cgw-team8.azuread_group.cgw-az-ad-user-group",
            "module.cgw-team8.random_string.unique-id"
          ]
        }
      ]
    },
    {
      "module": "module.cgw-team8",
      "mode": "managed",
      "type": "azurerm_storage_account",
      "name": "cgw-az-sa",
      "provider": "provider.azurerm",
      "instances": [
        {
          "schema_version": 2,
          "attributes": {
            "access_tier": "Hot",
            "account_kind": "StorageV2",
            "account_replication_type": "LRS",
            "account_tier": "Standard",
            "blob_properties": [],
            "custom_domain": [],
            "enable_https_traffic_only": true,
            "id": "/subscriptions/18cb46c3-ea58-41c2-8cc6-71d8662f1203/resourceGroups/CGW/providers/Microsoft.Storage/storageAccounts/cgwazsamfvc8ks5",
            "identity": [],
            "is_hns_enabled": false,
            "location": "canadacentral",
            "name": "cgwazsamfvc8ks5",
            "network_rules": [
              {
                "bypass": [
                  "AzureServices"
                ],
                "default_action": "Allow",
                "ip_rules": [],
                "virtual_network_subnet_ids": []
              }
            ],
            "primary_access_key": "6kx6aL96mr3j6Tb2pbi/9fxv7VqZJoRlFIsAGWtaP01+Ki1Djsh0cOKWESZLtvc45sMFURk0IGTcVprbjglr2A==",
            "primary_blob_connection_string": "DefaultEndpointsProtocol=https;BlobEndpoint=https://cgwazsamfvc8ks5.blob.core.windows.net/;AccountName=cgwazsamfvc8ks5;AccountKey=6kx6aL96mr3j6Tb2pbi/9fxv7VqZJoRlFIsAGWtaP01+Ki1Djsh0cOKWESZLtvc45sMFURk0IGTcVprbjglr2A==",
            "primary_blob_endpoint": "https://cgwazsamfvc8ks5.blob.core.windows.net/",
            "primary_blob_host": "cgwazsamfvc8ks5.blob.core.windows.net",
            "primary_connection_string": "DefaultEndpointsProtocol=https;AccountName=cgwazsamfvc8ks5;AccountKey=6kx6aL96mr3j6Tb2pbi/9fxv7VqZJoRlFIsAGWtaP01+Ki1Djsh0cOKWESZLtvc45sMFURk0IGTcVprbjglr2A==;EndpointSuffix=core.windows.net",
            "primary_dfs_endpoint": "https://cgwazsamfvc8ks5.dfs.core.windows.net/",
            "primary_dfs_host": "cgwazsamfvc8ks5.dfs.core.windows.net",
            "primary_file_endpoint": "https://cgwazsamfvc8ks5.file.core.windows.net/",
            "primary_file_host": "cgwazsamfvc8ks5.file.core.windows.net",
            "primary_location": "canadacentral",
            "primary_queue_endpoint": "https://cgwazsamfvc8ks5.queue.core.windows.net/",
            "primary_queue_host": "cgwazsamfvc8ks5.queue.core.windows.net",
            "primary_table_endpoint": "https://cgwazsamfvc8ks5.table.core.windows.net/",
            "primary_table_host": "cgwazsamfvc8ks5.table.core.windows.net",
            "primary_web_endpoint": "https://cgwazsamfvc8ks5.z9.web.core.windows.net/",
            "primary_web_host": "cgwazsamfvc8ks5.z9.web.core.windows.net",
            "queue_properties": [
              {
                "cors_rule": [],
                "hour_metrics": [
                  {
                    "enabled": true,
                    "include_apis": true,
                    "retention_policy_days": 7,
                    "version": "1.0"
                  }
                ],
                "logging": [
                  {
                    "delete": false,
                    "read": false,
                    "retention_policy_days": 0,
                    "version": "1.0",
                    "write": false
                  }
                ],
                "minute_metrics": [
                  {
                    "enabled": false,
                    "include_apis": false,
                    "retention_policy_days": 0,
                    "version": "1.0"
                  }
                ]
              }
            ],
            "resource_group_name": "CGW",
            "secondary_access_key": "Uwt0KAO6+65gKnBfLA4Fo4bqMAX2qL0kckiN7tWGrQdFzxuyYqhmupEDkG39RME+rAMlLyydt3T9umRfAbekmg==",
            "secondary_blob_connection_string": "",
            "secondary_blob_endpoint": null,
            "secondary_blob_host": null,
            "secondary_connection_string": "DefaultEndpointsProtocol=https;AccountName=cgwazsamfvc8ks5;AccountKey=Uwt0KAO6+65gKnBfLA4Fo4bqMAX2qL0kckiN7tWGrQdFzxuyYqhmupEDkG39RME+rAMlLyydt3T9umRfAbekmg==;EndpointSuffix=core.windows.net",
            "secondary_dfs_endpoint": null,
            "secondary_dfs_host": null,
            "secondary_file_endpoint": null,
            "secondary_file_host": null,
            "secondary_location": "",
            "secondary_queue_endpoint": null,
            "secondary_queue_host": null,
            "secondary_table_endpoint": null,
            "secondary_table_host": null,
            "secondary_web_endpoint": null,
            "secondary_web_host": null,
            "static_website": [],
            "tags": {
              "Name": "cgw-az-sa-mfvc8ks5",
              "Owner": "george_davis@trendmicro.com",
              "Project": "cgw",
              "Team": "team8",
              "Team-UUID": "cgw-mfvc8ks5"
            },
            "timeouts": null
          },
          "private": "eyJlMmJmYjczMC1lY2FhLTExZTYtOGY4OC0zNDM2M2JjN2M0YzAiOnsiY3JlYXRlIjozNjAwMDAwMDAwMDAwLCJkZWxldGUiOjM2MDAwMDAwMDAwMDAsInJlYWQiOjMwMDAwMDAwMDAwMCwidXBkYXRlIjozNjAwMDAwMDAwMDAwfSwic2NoZW1hX3ZlcnNpb24iOiIyIn0=",
          "dependencies": [
            "module.cgw-team8.random_string.unique-id"
          ]
        }
      ]
    },
    {
      "module": "module.cgw-team8",
      "mode": "managed",
      "type": "azurerm_storage_container",
      "name": "cgw-az-sc",
      "provider": "provider.azurerm",
      "instances": [
        {
          "schema_version": 1,
          "attributes": {
            "container_access_type": "blob",
            "has_immutability_policy": false,
            "has_legal_hold": false,
            "id": "https://cgwazsamfvc8ks5.blob.core.windows.net/cgw-az-sc-mfvc8ks5",
            "metadata": {},
            "name": "cgw-az-sc-mfvc8ks5",
            "resource_manager_id": "/subscriptions/18cb46c3-ea58-41c2-8cc6-71d8662f1203/resourceGroups/CGW/providers/Microsoft.Storage/storageAccounts/cgwazsamfvc8ks5/blobServices/default/containers/cgw-az-sc-mfvc8ks5",
            "storage_account_name": "cgwazsamfvc8ks5",
            "timeouts": null
          },
          "private": "eyJlMmJmYjczMC1lY2FhLTExZTYtOGY4OC0zNDM2M2JjN2M0YzAiOnsiY3JlYXRlIjoxODAwMDAwMDAwMDAwLCJkZWxldGUiOjE4MDAwMDAwMDAwMDAsInJlYWQiOjMwMDAwMDAwMDAwMCwidXBkYXRlIjoxODAwMDAwMDAwMDAwfSwic2NoZW1hX3ZlcnNpb24iOiIxIn0=",
          "dependencies": [
            "module.cgw-team8.azurerm_storage_account.cgw-az-sa",
            "module.cgw-team8.random_string.unique-id"
          ]
        }
      ]
    },
    {
      "module": "module.cgw-team8",
      "mode": "managed",
      "type": "azurerm_virtual_machine_data_disk_attachment",
      "name": "example",
      "provider": "provider.azurerm",
      "instances": [
        {
          "schema_version": 0,
          "attributes": {
            "caching": "ReadWrite",
            "create_option": "Attach",
            "id": "/subscriptions/18cb46c3-ea58-41c2-8cc6-71d8662f1203/resourceGroups/CGW/providers/Microsoft.Compute/virtualMachines/cgw-az-vm-mfvc8ks5/dataDisks/cgw-az-vm-mfvc8ks5",
            "lun": 10,
            "managed_disk_id": "/subscriptions/18cb46c3-ea58-41c2-8cc6-71d8662f1203/resourceGroups/CGW/providers/Microsoft.Compute/disks/cgw-az-vm-mfvc8ks5",
            "timeouts": null,
            "virtual_machine_id": "/subscriptions/18cb46c3-ea58-41c2-8cc6-71d8662f1203/resourceGroups/CGW/providers/Microsoft.Compute/virtualMachines/cgw-az-vm-mfvc8ks5",
            "write_accelerator_enabled": false
          },
          "private": "eyJlMmJmYjczMC1lY2FhLTExZTYtOGY4OC0zNDM2M2JjN2M0YzAiOnsiY3JlYXRlIjoxODAwMDAwMDAwMDAwLCJkZWxldGUiOjE4MDAwMDAwMDAwMDAsInJlYWQiOjMwMDAwMDAwMDAwMCwidXBkYXRlIjoxODAwMDAwMDAwMDAwfX0=",
          "dependencies": [
            "module.cgw-team8.azurerm_linux_virtual_machine.cgw-az-vm",
            "module.cgw-team8.azurerm_managed_disk.cgw-az-vol",
            "module.cgw-team8.azurerm_network_interface.cgw-az-nic",
            "module.cgw-team8.azurerm_public_ip.cgw-az-public-ip",
            "module.cgw-team8.random_string.unique-id"
          ]
        }
      ]
    },
    {
      "module": "module.cgw-team8",
      "mode": "managed",
      "type": "local_file",
      "name": "cgw-conformity-api-az-script",
      "provider": "provider.local",
      "instances": [
        {
          "schema_version": 0,
          "attributes": {
            "content": "#!/bin/bash\ncurl -L -X POST 'https://us-west-2-api.cloudconformity.com/v1/settings/communication' \\\n-H 'Authorization: ApiKey 3psDUjz38cLwhgRtm12BiRH8vrjSGvVHH8gF6nePpahgVUvnZ9Dm4f1VkJ1bv7kP' \\\n-H 'Content-Type: application/vnd.api+json' \\\n--data-raw '{\n    \"data\": [\n        {\n            \"type\": \"settings\",\n            \"attributes\": {\n                \"type\": \"communication\",\n                \"enabled\": true,\n                \"filter\": {\n                    \"riskLevels\": [\n                        \"HIGH\",\n                        \"VERY_HIGH\",\n                        \"EXTREME\"\n                    ],\n                    \"statuses\": [\n                        \"FAILURE\"\n                    ],\n                    \"tags\": [\n                        \"mfvc8ks5\"\n                    ]\n                },\n                \"configuration\": {\n                    \"arn\": \"arn:aws:sns:us-east-2:666402644145:cgw-aws-sns-mfvc8ks5-EmailSNSTopic-1KZNVVJ9I52I2\"\n                },\n                \"channel\": \"sns\",\n                \"manual\": true\n            },\n            \"relationships\": {\n                \"account\": {\n                    \"data\": {\n                        \"type\": \"accounts\",\n                        \"id\": \"6RSBdHc7r\"\n                    }\n                }\n            }\n        }\n    ]\n}'",
            "content_base64": null,
            "directory_permission": "0777",
            "file_permission": "0777",
            "filename": "modules/azure-cloud-governance-workshop/local_files/az-conformity-api-cmd-mfvc8ks5.sh",
            "id": "e34b9d0764cd45511e94015191ed0525acc1d9d8",
            "sensitive_content": null
          },
          "private": "bnVsbA==",
          "dependencies": [
            "module.cgw-team8.aws_cloudformation_stack.cgw-aws-sns",
            "module.cgw-team8.random_string.unique-id"
          ]
        }
      ]
    },
    {
      "module": "module.cgw-team8",
      "mode": "managed",
      "type": "local_file",
      "name": "mysql-script",
      "provider": "provider.local",
      "instances": [
        {
          "schema_version": 0,
          "attributes": {
            "content": "CREATE DATABASE IF NOT EXISTS tm_cgw_db;\n\n-- SET GLOBAL validate_password_length = 1;\n-- SET GLOBAL validate_password_mixed_case_count = 0;\n-- SET GLOBAL validate_password_number_count = 0;\n-- SET GLOBAL validate_password_special_char_count = 0;\n\n-- CREATE USER IF NOT EXISTS 'tm_db_user'@'localhost' IDENTIFIED BY 'tm_db_pass';\n-- CREATE USER IF NOT EXISTS 'tm_db_user'@'%' IDENTIFIED BY 'tm_db_pass';\n\n-- GRANT ALL ON tm_cgw_db.* TO 'tm_db_user'@'localhost';\n-- GRANT ALL ON tm_cgw_db.* TO 'tm_db_user'@'%';\n\nUSE tm_cgw_db;\n\nCREATE TABLE IF NOT EXISTS tbl_cgw_az_resources (\n    cgw_az_uuid VARCHAR(15) PRIMARY KEY NOT NULL,           \n    cgw_az_public_ip VARCHAR(25),\n    cgw_az_nic VARCHAR(40) NOT NULL,\n    cgw_az_vm VARCHAR(40) NOT NULL,\n    cgw_az_sc VARCHAR(50) NOT NULL,          \n    cgw_az_ssh_sg VARCHAR(50) NOT NULL\n);\n\nDROP PROCEDURE IF EXISTS CgwAzUpdateOrInsert;\n\nDELIMITER $$\nCREATE PROCEDURE CgwAzUpdateOrInsert(\n    IN _cgw_az_uuid VARCHAR(15),           \n    IN _cgw_az_public_ip VARCHAR(25),\n    IN _cgw_az_nic VARCHAR(40),\n    IN _cgw_az_vm VARCHAR(40),\n    IN _cgw_az_sc VARCHAR(50),          \n    IN _cgw_az_ssh_sg VARCHAR(50)\n)\nBEGIN\n  IF EXISTS (SELECT cgw_az_uuid FROM tbl_cgw_az_resources WHERE cgw_az_uuid = _cgw_az_uuid) THEN\n    UPDATE tbl_cgw_az_resources SET\n        cgw_az_public_ip = _cgw_az_public_ip,\n        cgw_az_nic = _cgw_az_nic,\n        cgw_az_vm = _cgw_az_vm,\n        cgw_az_sc = _cgw_az_sc,\n        cgw_az_ssh_sg = _cgw_az_ssh_sg\n    WHERE \n        cgw_az_uuid = _cgw_az_uuid;\n  ELSE \n    INSERT INTO tbl_cgw_az_resources (`cgw_az_uuid`, `cgw_az_public_ip`, `cgw_az_nic`, `cgw_az_vm`, `cgw_az_sc`, `cgw_az_ssh_sg`) VALUES (_cgw_az_uuid, _cgw_az_public_ip, _cgw_az_nic, _cgw_az_vm, _cgw_az_sc, _cgw_az_ssh_sg);\n  END IF;\nEND $$\nDELIMITER ;\n\nGRANT EXECUTE ON PROCEDURE tm_cgw_db.CgwAzUpdateOrInsert TO 'tm_db_user'@'localhost';  \nGRANT EXECUTE ON PROCEDURE tm_cgw_db.CgwAzUpdateOrInsert TO 'tm_db_user'@'%'; \n\nCALL CgwAzUpdateOrInsert(\"mfvc8ks5\", \"20.151.22.202\", \"/subscriptions/18cb46c3-ea58-41c2-8cc6-71d8662f1203/resourceGroups/CGW/providers/Microsoft.Network/networkInterfaces/cgw-az-nic-mfvc8ks5\", \"/subscriptions/18cb46c3-ea58-41c2-8cc6-71d8662f1203/resourceGroups/CGW/providers/Microsoft.Compute/virtualMachines/cgw-az-vm-mfvc8ks5\", \"https://cgwazsamfvc8ks5.blob.core.windows.net/cgw-az-sc-mfvc8ks5\", \"/subscriptions/18cb46c3-ea58-41c2-8cc6-71d8662f1203/resourceGroups/CGW/providers/Microsoft.Network/networkSecurityGroups/cgw-az-ssh-sg-mfvc8ks5\");\n\nDROP PROCEDURE IF EXISTS spCgwAzAddUserLogin;\n\nDELIMITER $$\nCREATE PROCEDURE spCgwAzAddUserLogin(\n    IN _user_team_uuid VARCHAR(15),           \n    IN _user_pass VARCHAR(500)\n)\nBEGIN\n  SET @user_name = CONCAT('cgw-az-', _user_team_uuid);\n  IF EXISTS (SELECT user_name FROM tbl_users WHERE user_team_uuid = _user_team_uuid) THEN\n    UPDATE tbl_users SET\n        user_name = @user_name,\n        user_pass = _user_pass,\n        user_platform = 'az'\n    WHERE \n        user_team_uuid = _user_team_uuid;\n  ELSE \n    INSERT INTO tbl_users (`user_name`, `user_pass`, `user_team_uuid`, `user_platform`) VALUES (@user_name, _user_pass, _user_team_uuid, 'az');\n  END IF;\nEND $$\nDELIMITER ;\n\nGRANT EXECUTE ON PROCEDURE tm_cgw_db.spCgwAzAddUserLogin TO 'tm_db_user'@'localhost';  \nGRANT EXECUTE ON PROCEDURE tm_cgw_db.spCgwAzAddUserLogin TO 'tm_db_user'@'%'; \n\nCALL spCgwAzAddUserLogin(\"mfvc8ks5\", \"mfvc8ks5\");",
            "content_base64": null,
            "directory_permission": "0777",
            "file_permission": "0777",
            "filename": "modules/azure-cloud-governance-workshop/local_files/mysql-script-mfvc8ks5.sql",
            "id": "392a3fb67e3d26d46f40a4868cadc0bb6e1ba1aa",
            "sensitive_content": null
          },
          "private": "bnVsbA==",
          "dependencies": [
            "module.cgw-team8.azuread_group.cgw-az-ad-user-group",
            "module.cgw-team8.azurerm_linux_virtual_machine.cgw-az-vm",
            "module.cgw-team8.azurerm_network_interface.cgw-az-nic",
            "module.cgw-team8.azurerm_network_security_group.cgw-az-ssh-sg",
            "module.cgw-team8.azurerm_public_ip.cgw-az-public-ip",
            "module.cgw-team8.azurerm_storage_account.cgw-az-sa",
            "module.cgw-team8.azurerm_storage_container.cgw-az-sc",
            "module.cgw-team8.random_string.unique-id"
          ]
        }
      ]
    },
    {
      "module": "module.cgw-team8",
      "mode": "managed",
      "type": "null_resource",
      "name": "cgw-conformity-api-az-script-run",
      "provider": "provider.null",
      "instances": [
        {
          "schema_version": 0,
          "attributes": {
            "id": "65778530231591773",
            "triggers": null
          },
          "dependencies": [
            "module.cgw-team8.aws_cloudformation_stack.cgw-aws-sns",
            "module.cgw-team8.local_file.cgw-conformity-api-az-script",
            "module.cgw-team8.random_string.unique-id"
          ]
        }
      ]
    },
    {
      "mode": "managed",
      "type": "null_resource",
      "name": "cgw-init",
      "provider": "provider.null",
      "instances": [
        {
          "schema_version": 0,
          "attributes": {
            "id": "9074865062296309445",
            "triggers": {
              "always_run": "2020-09-21T15:25:30Z"
            }
          },
          "private": "bnVsbA=="
        }
      ]
    },
    {
      "module": "module.cgw-team8",
      "mode": "managed",
      "type": "null_resource",
      "name": "mysql-run",
      "provider": "provider.null",
      "instances": [
        {
          "schema_version": 0,
          "attributes": {
            "id": "4574391857940554710",
            "triggers": null
          },
          "dependencies": [
            "module.cgw-team8.azuread_group.cgw-az-ad-user-group",
            "module.cgw-team8.azurerm_linux_virtual_machine.cgw-az-vm",
            "module.cgw-team8.azurerm_network_interface.cgw-az-nic",
            "module.cgw-team8.azurerm_network_security_group.cgw-az-ssh-sg",
            "module.cgw-team8.azurerm_public_ip.cgw-az-public-ip",
            "module.cgw-team8.azurerm_storage_account.cgw-az-sa",
            "module.cgw-team8.azurerm_storage_container.cgw-az-sc",
            "module.cgw-team8.random_string.unique-id"
          ]
        }
      ]
    },
    {
      "module": "module.cgw-team8",
      "mode": "managed",
      "type": "random_string",
      "name": "unique-id",
      "provider": "provider.random",
      "instances": [
        {
          "schema_version": 1,
          "attributes": {
            "id": "mfvc8ks5",
            "keepers": null,
            "length": 8,
            "lower": true,
            "min_lower": 0,
            "min_numeric": 0,
            "min_special": 0,
            "min_upper": 0,
            "number": true,
            "override_special": null,
            "result": "mfvc8ks5",
            "special": false,
            "upper": false
          },
          "private": "eyJzY2hlbWFfdmVyc2lvbiI6IjEifQ=="
        }
      ]
    },
    {
      "module": "module.cgw-team2",
      "mode": "managed",
      "type": "random_string",
      "name": "unique-id",
      "provider": "provider.random",
      "instances": [
        {
          "schema_version": 1,
          "attributes": {
            "id": "kk86xis2",
            "keepers": null,
            "length": 8,
            "lower": true,
            "min_lower": 0,
            "min_numeric": 0,
            "min_special": 0,
            "min_upper": 0,
            "number": true,
            "override_special": null,
            "result": "kk86xis2",
            "special": false,
            "upper": false
          },
          "private": "eyJzY2hlbWFfdmVyc2lvbiI6IjEifQ=="
        }
      ]
    }
  ]
}
