{
  "version": 4,
  "terraform_version": "0.12.28",
  "serial": 1588,
  "lineage": "b56c0cf0-8b63-a99c-d604-8bb86ba5d6be",
  "outputs": {
    "georged-k8s-host-ip": {
      "value": "3.21.177.184",
      "type": "string"
    },
    "georged-tf-test-vip": {
      "value": "20.43.14.118",
      "type": "string"
    }
  },
  "resources": [
    {
      "module": "module.cgw-team4",
      "mode": "data",
      "type": "aws_ami",
      "name": "ubuntu-1804",
      "provider": "provider.aws",
      "instances": [
        {
          "schema_version": 0,
          "attributes": {
            "architecture": "x86_64",
            "arn": "arn:aws:ec2:us-east-2::image/ami-f4f4cf91",
            "block_device_mappings": [
              {
                "device_name": "/dev/sda1",
                "ebs": {
                  "delete_on_termination": "true",
                  "encrypted": "false",
                  "iops": "0",
                  "snapshot_id": "snap-011fc9d52368bac53",
                  "volume_size": "8",
                  "volume_type": "gp2"
                },
                "no_device": "",
                "virtual_name": ""
              }
            ],
            "creation_date": "2018-07-14T01:18:32.000Z",
            "description": "Ubuntu 18.04 AMI with .NET Core 2.1",
            "executable_users": null,
            "filter": [
              {
                "name": "name",
                "values": [
                  "*ubuntu-bionic-*-amd64-server-*"
                ]
              },
              {
                "name": "root-device-type",
                "values": [
                  "ebs"
                ]
              },
              {
                "name": "virtualization-type",
                "values": [
                  "hvm"
                ]
              }
            ],
            "hypervisor": "xen",
            "id": "ami-f4f4cf91",
            "image_id": "ami-f4f4cf91",
            "image_location": "amazon/ubuntu-bionic-18.04-amd64-server-20180522-dotnetcore-2018.07.11",
            "image_owner_alias": "amazon",
            "image_type": "machine",
            "kernel_id": null,
            "most_recent": true,
            "name": "ubuntu-bionic-18.04-amd64-server-20180522-dotnetcore-2018.07.11",
            "name_regex": null,
            "owner_id": "801119661308",
            "owners": [
              "amazon"
            ],
            "platform": null,
            "product_codes": [],
            "public": true,
            "ramdisk_id": null,
            "root_device_name": "/dev/sda1",
            "root_device_type": "ebs",
            "root_snapshot_id": "snap-011fc9d52368bac53",
            "sriov_net_support": "simple",
            "state": "available",
            "state_reason": {
              "code": "UNSET",
              "message": "UNSET"
            },
            "tags": {},
            "virtualization_type": "hvm"
          }
        }
      ]
    },
    {
      "mode": "data",
      "type": "aws_ami",
      "name": "ubuntu-1804",
      "provider": "provider.aws",
      "instances": [
        {
          "schema_version": 0,
          "attributes": {
            "architecture": "x86_64",
            "arn": "arn:aws:ec2:us-east-2::image/ami-f4f4cf91",
            "block_device_mappings": [
              {
                "device_name": "/dev/sda1",
                "ebs": {
                  "delete_on_termination": "true",
                  "encrypted": "false",
                  "iops": "0",
                  "snapshot_id": "snap-011fc9d52368bac53",
                  "volume_size": "8",
                  "volume_type": "gp2"
                },
                "no_device": "",
                "virtual_name": ""
              }
            ],
            "creation_date": "2018-07-14T01:18:32.000Z",
            "description": "Ubuntu 18.04 AMI with .NET Core 2.1",
            "executable_users": null,
            "filter": [
              {
                "name": "name",
                "values": [
                  "*ubuntu-bionic-*-amd64-server-*"
                ]
              },
              {
                "name": "root-device-type",
                "values": [
                  "ebs"
                ]
              },
              {
                "name": "virtualization-type",
                "values": [
                  "hvm"
                ]
              }
            ],
            "hypervisor": "xen",
            "id": "ami-f4f4cf91",
            "image_id": "ami-f4f4cf91",
            "image_location": "amazon/ubuntu-bionic-18.04-amd64-server-20180522-dotnetcore-2018.07.11",
            "image_owner_alias": "amazon",
            "image_type": "machine",
            "kernel_id": null,
            "most_recent": true,
            "name": "ubuntu-bionic-18.04-amd64-server-20180522-dotnetcore-2018.07.11",
            "name_regex": null,
            "owner_id": "801119661308",
            "owners": [
              "amazon"
            ],
            "platform": null,
            "product_codes": [],
            "public": true,
            "ramdisk_id": null,
            "root_device_name": "/dev/sda1",
            "root_device_type": "ebs",
            "root_snapshot_id": "snap-011fc9d52368bac53",
            "sriov_net_support": "simple",
            "state": "available",
            "state_reason": {
              "code": "UNSET",
              "message": "UNSET"
            },
            "tags": {},
            "virtualization_type": "hvm"
          }
        }
      ]
    },
    {
      "module": "module.cgw-team4",
      "mode": "data",
      "type": "aws_iam_policy_document",
      "name": "cgw-aws-iam-policy-doc",
      "provider": "provider.aws",
      "instances": [
        {
          "schema_version": 0,
          "attributes": {
            "id": "1599607071",
            "json": "{\n  \"Version\": \"2012-10-17\",\n  \"Statement\": [\n    {\n      \"Sid\": \"\",\n      \"Effect\": \"Allow\",\n      \"Action\": \"s3:*\",\n      \"Resource\": \"arn:aws:s3:::*\",\n      \"Condition\": {\n        \"StringEquals\": {\n          \"aws:ResourceTag/Team-UUID\": \"cgw-aws-sz0mmk3v\"\n        }\n      }\n    },\n    {\n      \"Sid\": \"\",\n      \"Effect\": \"Allow\",\n      \"Action\": \"ec2:*\",\n      \"Resource\": \"arn:aws:ec2:*:*:instance/*\",\n      \"Condition\": {\n        \"StringEquals\": {\n          \"ec2:ResourceTag/Team-UUID\": \"cgw-aws-sz0mmk3v\"\n        }\n      }\n    },\n    {\n      \"Sid\": \"\",\n      \"Effect\": \"Allow\",\n      \"Action\": \"kms:*\",\n      \"Resource\": \"*\",\n      \"Condition\": {\n        \"StringEquals\": {\n          \"aws:ResourceTag/Team-UUID\": \"cgw-aws-sz0mmk3v\"\n        }\n      }\n    },\n    {\n      \"Sid\": \"\",\n      \"Effect\": \"Allow\",\n      \"Action\": \"iam:*\",\n      \"Resource\": \"*\",\n      \"Condition\": {\n        \"StringEquals\": {\n          \"iam:ResourceTag/Team-UUID\": \"cgw-aws-sz0mmk3v\"\n        }\n      }\n    }\n  ]\n}",
            "override_json": null,
            "policy_id": null,
            "source_json": null,
            "statement": [
              {
                "actions": [
                  "s3:*"
                ],
                "condition": [
                  {
                    "test": "StringEquals",
                    "values": [
                      "cgw-aws-sz0mmk3v"
                    ],
                    "variable": "aws:ResourceTag/Team-UUID"
                  }
                ],
                "effect": "Allow",
                "not_actions": [],
                "not_principals": [],
                "not_resources": [],
                "principals": [],
                "resources": [
                  "arn:aws:s3:::*"
                ],
                "sid": ""
              },
              {
                "actions": [
                  "ec2:*"
                ],
                "condition": [
                  {
                    "test": "StringEquals",
                    "values": [
                      "cgw-aws-sz0mmk3v"
                    ],
                    "variable": "ec2:ResourceTag/Team-UUID"
                  }
                ],
                "effect": "Allow",
                "not_actions": [],
                "not_principals": [],
                "not_resources": [],
                "principals": [],
                "resources": [
                  "arn:aws:ec2:*:*:instance/*"
                ],
                "sid": ""
              },
              {
                "actions": [
                  "kms:*"
                ],
                "condition": [
                  {
                    "test": "StringEquals",
                    "values": [
                      "cgw-aws-sz0mmk3v"
                    ],
                    "variable": "aws:ResourceTag/Team-UUID"
                  }
                ],
                "effect": "Allow",
                "not_actions": [],
                "not_principals": [],
                "not_resources": [],
                "principals": [],
                "resources": [
                  "*"
                ],
                "sid": ""
              },
              {
                "actions": [
                  "iam:*"
                ],
                "condition": [
                  {
                    "test": "StringEquals",
                    "values": [
                      "cgw-aws-sz0mmk3v"
                    ],
                    "variable": "iam:ResourceTag/Team-UUID"
                  }
                ],
                "effect": "Allow",
                "not_actions": [],
                "not_principals": [],
                "not_resources": [],
                "principals": [],
                "resources": [
                  "*"
                ],
                "sid": ""
              }
            ],
            "version": "2012-10-17"
          }
        }
      ]
    },
    {
      "module": "module.cgw-team7",
      "mode": "data",
      "type": "azurerm_client_config",
      "name": "current",
      "provider": "provider.azurerm",
      "instances": [
        {
          "schema_version": 0,
          "attributes": {
            "client_id": "04b07795-8ddb-461a-bbee-02f9e1bf7b46",
            "id": "2020-08-07 21:25:45.456936 +0000 UTC",
            "object_id": "eed639c8-f8b4-404a-bef5-0a102f558e6d",
            "subscription_id": "18cb46c3-ea58-41c2-8cc6-71d8662f1203",
            "tenant_id": "3e04753a-ae5b-42d4-a86d-d6f05460f9e4",
            "timeouts": null
          }
        }
      ]
    },
    {
      "module": "module.cgw-team4",
      "mode": "managed",
      "type": "aws_ebs_volume",
      "name": "cgw-aws-vol",
      "provider": "provider.aws",
      "instances": [
        {
          "schema_version": 0,
          "attributes": {
            "arn": "arn:aws:ec2:us-east-2:666402644145:volume/vol-02a9e11bc63d42a02",
            "availability_zone": "us-east-2a",
            "encrypted": false,
            "id": "vol-02a9e11bc63d42a02",
            "iops": 120,
            "kms_key_id": "",
            "multi_attach_enabled": false,
            "outpost_arn": "",
            "size": 40,
            "snapshot_id": "",
            "tags": {
              "InstanceId": "i-09dec7679b3efb6ef",
              "Name": "cgw-aws-ebs-vol-sz0mmk3v",
              "Owner": "george_davis@trendmicro.com",
              "Project": "cgw",
              "Team": "team4",
              "Team-UUID": "cgw-aws-sz0mmk3v"
            },
            "type": "gp2"
          },
          "private": "bnVsbA==",
          "dependencies": [
            "module.cgw-team4.aws_instance.cgw-aws-instance",
            "module.cgw-team4.aws_security_group.cgw-aws-ssh-sg",
            "module.cgw-team4.random_string.unique-id"
          ]
        }
      ]
    },
    {
      "mode": "managed",
      "type": "aws_eip",
      "name": "georged-k8s-host-public-ip",
      "provider": "provider.aws",
      "instances": [
        {
          "schema_version": 0,
          "attributes": {
            "allocation_id": null,
            "associate_with_private_ip": null,
            "association_id": "eipassoc-0d9e497749a24a422",
            "customer_owned_ip": "",
            "customer_owned_ipv4_pool": "",
            "domain": "vpc",
            "id": "eipalloc-060efc6e98e504b87",
            "instance": "i-03fac6ecaae81be42",
            "network_interface": "eni-0c35e2528705a9768",
            "private_dns": "ip-172-31-6-145.us-east-2.compute.internal",
            "private_ip": "172.31.6.145",
            "public_dns": "ec2-3-21-177-184.us-east-2.compute.amazonaws.com",
            "public_ip": "3.21.177.184",
            "public_ipv4_pool": "amazon",
            "tags": {
              "Name": "georged-k8s-host-public-ip",
              "Owner": "george_davis@trendmicro.com"
            },
            "timeouts": null,
            "vpc": true
          },
          "private": "eyJlMmJmYjczMC1lY2FhLTExZTYtOGY4OC0zNDM2M2JjN2M0YzAiOnsiZGVsZXRlIjoxODAwMDAwMDAwMDAsInJlYWQiOjkwMDAwMDAwMDAwMCwidXBkYXRlIjozMDAwMDAwMDAwMDB9fQ==",
          "dependencies": [
            "aws_instance.georged-k8s-host",
            "aws_security_group.georged-ssh-sg"
          ]
        }
      ]
    },
    {
      "module": "module.cgw-team4",
      "mode": "managed",
      "type": "aws_iam_instance_profile",
      "name": "cgw-aws-iam-instance-profile",
      "provider": "provider.aws",
      "instances": [
        {
          "schema_version": 0,
          "attributes": {
            "arn": "arn:aws:iam::666402644145:instance-profile/cgw-aws-iam-instance-profile-sz0mmk3v",
            "create_date": "2020-08-07T15:45:41Z",
            "id": "cgw-aws-iam-instance-profile-sz0mmk3v",
            "name": "cgw-aws-iam-instance-profile-sz0mmk3v",
            "name_prefix": null,
            "path": "/",
            "role": "cgw-aws-iam-role-sz0mmk3v",
            "roles": [
              "cgw-aws-iam-role-sz0mmk3v"
            ],
            "unique_id": "AIPAZWKFRMCY6KV7IKN7R"
          },
          "private": "bnVsbA==",
          "dependencies": [
            "module.cgw-team4.aws_iam_role.cgw-aws-iam-role",
            "module.cgw-team4.random_string.unique-id"
          ]
        }
      ]
    },
    {
      "module": "module.cgw-team4",
      "mode": "managed",
      "type": "aws_iam_policy",
      "name": "cgw-aws-iam-policy",
      "provider": "provider.aws",
      "instances": [
        {
          "schema_version": 0,
          "attributes": {
            "arn": "arn:aws:iam::666402644145:policy/cgw-aws-iam-policy-sz0mmk3v",
            "description": "cgw-aws-iam-policy-sz0mmk3v for cgw-aws-iam-user-sz0mmk3v",
            "id": "arn:aws:iam::666402644145:policy/cgw-aws-iam-policy-sz0mmk3v",
            "name": "cgw-aws-iam-policy-sz0mmk3v",
            "name_prefix": null,
            "path": "/",
            "policy": "{\n  \"Version\": \"2012-10-17\",\n  \"Statement\": [\n    {\n      \"Sid\": \"\",\n      \"Effect\": \"Allow\",\n      \"Action\": \"s3:*\",\n      \"Resource\": \"arn:aws:s3:::*\",\n      \"Condition\": {\n        \"StringEquals\": {\n          \"aws:ResourceTag/Team-UUID\": \"cgw-aws-sz0mmk3v\"\n        }\n      }\n    },\n    {\n      \"Sid\": \"\",\n      \"Effect\": \"Allow\",\n      \"Action\": \"ec2:*\",\n      \"Resource\": \"arn:aws:ec2:*:*:instance/*\",\n      \"Condition\": {\n        \"StringEquals\": {\n          \"ec2:ResourceTag/Team-UUID\": \"cgw-aws-sz0mmk3v\"\n        }\n      }\n    },\n    {\n      \"Sid\": \"\",\n      \"Effect\": \"Allow\",\n      \"Action\": \"kms:*\",\n      \"Resource\": \"*\",\n      \"Condition\": {\n        \"StringEquals\": {\n          \"aws:ResourceTag/Team-UUID\": \"cgw-aws-sz0mmk3v\"\n        }\n      }\n    },\n    {\n      \"Sid\": \"\",\n      \"Effect\": \"Allow\",\n      \"Action\": \"iam:*\",\n      \"Resource\": \"*\",\n      \"Condition\": {\n        \"StringEquals\": {\n          \"iam:ResourceTag/Team-UUID\": \"cgw-aws-sz0mmk3v\"\n        }\n      }\n    }\n  ]\n}"
          },
          "private": "bnVsbA==",
          "dependencies": [
            "module.cgw-team4.aws_iam_user.cgw-aws-iam-user",
            "module.cgw-team4.random_string.unique-id"
          ]
        }
      ]
    },
    {
      "module": "module.cgw-team4",
      "mode": "managed",
      "type": "aws_iam_role",
      "name": "cgw-aws-iam-role",
      "provider": "provider.aws",
      "instances": [
        {
          "schema_version": 0,
          "attributes": {
            "arn": "arn:aws:iam::666402644145:role/cgw-aws-iam-role-sz0mmk3v",
            "assume_role_policy": "{\"Version\":\"2012-10-17\",\"Statement\":[{\"Effect\":\"Allow\",\"Principal\":{\"Service\":\"ec2.amazonaws.com\"},\"Action\":\"sts:AssumeRole\"}]}",
            "create_date": "2020-08-07T15:45:41Z",
            "description": "",
            "force_detach_policies": false,
            "id": "cgw-aws-iam-role-sz0mmk3v",
            "max_session_duration": 3600,
            "name": "cgw-aws-iam-role-sz0mmk3v",
            "name_prefix": null,
            "path": "/",
            "permissions_boundary": null,
            "tags": {
              "Name": "cgw-aws-iam-role-sz0mmk3v",
              "Owner": "george_davis@trendmicro.com",
              "Project": "cgw",
              "Team": "team4",
              "Team-UUID": "cgw-aws-sz0mmk3v"
            },
            "unique_id": "AROAZWKFRMCYTKS3HPRU6"
          },
          "private": "bnVsbA==",
          "dependencies": [
            "module.cgw-team4.random_string.unique-id"
          ]
        }
      ]
    },
    {
      "module": "module.cgw-team4",
      "mode": "managed",
      "type": "aws_iam_role_policy_attachment",
      "name": "cgw-aws-iam-role-policy-attach",
      "provider": "provider.aws",
      "instances": [
        {
          "schema_version": 0,
          "attributes": {
            "id": "cgw-aws-iam-role-sz0mmk3v-20200807154542988300000002",
            "policy_arn": "arn:aws:iam::666402644145:policy/cgw-aws-iam-policy-sz0mmk3v",
            "role": "cgw-aws-iam-role-sz0mmk3v"
          },
          "private": "bnVsbA==",
          "dependencies": [
            "module.cgw-team4.aws_iam_policy.cgw-aws-iam-policy",
            "module.cgw-team4.aws_iam_role.cgw-aws-iam-role",
            "module.cgw-team4.aws_iam_user.cgw-aws-iam-user",
            "module.cgw-team4.random_string.unique-id"
          ]
        }
      ]
    },
    {
      "module": "module.cgw-team4",
      "mode": "managed",
      "type": "aws_iam_user",
      "name": "cgw-aws-iam-user",
      "provider": "provider.aws",
      "instances": [
        {
          "schema_version": 0,
          "attributes": {
            "arn": "arn:aws:iam::666402644145:user/cgw-aws-iam-user-sz0mmk3v",
            "force_destroy": false,
            "id": "cgw-aws-iam-user-sz0mmk3v",
            "name": "cgw-aws-iam-user-sz0mmk3v",
            "path": "/",
            "permissions_boundary": null,
            "tags": {
              "Name": "cgw-aws-iam-user-sz0mmk3v",
              "Owner": "george_davis@trendmicro.com",
              "Team": "team4",
              "Team-UUID": "cgw-aws-sz0mmk3v"
            },
            "unique_id": "AIDAZWKFRMCY766ZHNP55"
          },
          "private": "bnVsbA==",
          "dependencies": [
            "module.cgw-team4.random_string.unique-id"
          ]
        }
      ]
    },
    {
      "module": "module.cgw-team4",
      "mode": "managed",
      "type": "aws_iam_user_login_profile",
      "name": "cgw-aws-iam-user-login-profile",
      "provider": "provider.aws",
      "instances": [
        {
          "schema_version": 0,
          "attributes": {
            "encrypted_password": "wcBMA0sO1vRsBNNAAQgAlVi0WXyzTcFfdfz2Aq1xxmWpyi02rEfcRXWIUXBiP7H2BLU8GAcpgKOcwBMK7+beusUMFoU+Jjwahq2i7yRbYcJ4BolnczDpfXBt+BIFW76//m7CNCcGf8MBFi6gcQUI8Wx4POGHqVD9Tp11kqGL3KSY+Oe79v7Bnr0V5WHXoLnCkBtWKXIMk5DNpYu97+dmOLh/B6xXqP4PV+pBVqklhH0uObE5yVetbCZmGDan9vV+uSWxTDjfQWl9YaUymxDRM0Lp9OgNZyIhcDvcIvt0bYwXeSm/FTrkbCINTEr3a/q3gq4Y33JhSA8omsljcMXNwqnJ72fYAo+AUKRXcuXoedLgAeRKufvJEvw2BkrMdhbF6p5S4QqO4FjgMuFVMeC94q6jC3XgQORlfba4YuJrW4Syrj/WDKqL4HPiYatPhOAG5DZjGNoBl//+OndV/7KHW3/iuBLo8uEelAA=",
            "id": "cgw-aws-iam-user-sz0mmk3v",
            "key_fingerprint": "ba6749b577d9e859d72f5bc52bcd5d4e757f6c29",
            "password_length": 20,
            "password_reset_required": false,
            "pgp_key": "mQENBF8eTOIBCADE0jkSx/Qg4944I6Jb0MTKGWRsHam5++Bwaa3yCDB36cR0jYRxhkXs2LKO5jF4z5RhdyKjGk/PfFAJc05TqOuHUGpIBWyzUd8r/ZCnoxGLlzj3rkPrP+7Bd9a8O0Y3L+wWKvzYzJ3rn3N9J10un5f7PFKrsIjQHT53oYfQVEnpABIF56cim+ZW+y5SO4l6VscW3htn9Sm+O6UE22o/Xe/sQH4QxU6rXLmJuFvlm6zLCrw+8rIiBZ275mfu8luEkL8iCdhE92Ou6Ed90tBJJCoWH7N7DBPtGpSCjv5l221UXsPj/oSVS49bxXna80ssmzm9tSJPQLVHkTHDV/V76lGTABEBAAG0R0dlb3JnZSBEYXZpcyAoVGVycmFmb3JtIElBTSBVc2VyIEdQRyBLZXkpIDxnZW9yZ2VfZGF2aXNAdHJlbmRtaWNyby5jb20+iQFOBBMBCAA4FiEEumdJtXfZ6FnXL1vFK81dTnV/bCkFAl8eTOICGwMFCwkIBwIGFQoJCAsCBBYCAwECHgECF4AACgkQK81dTnV/bClrUgf+JMXYtZeqXySPzv5hUl6tlHJSANuFYNgOIzcpi/ou6ChCpjzEq7FQmUIfWondBMVXubtwZEKx2KSmh8/+lilgsX8zpxMzZjOs+7uM7ViZezbKSeVaZlxpcYdIBGx3pGXzeDern51GH1+xYoOU6Om4LhHhHsS/aQcZkfTaPtsQuNnQzcVUuRbbH8dKXIjA1sjzazEJ4tjpuUl7JGAccEp+z0NTQol2gYZyA2bGbcbtQBwmsjYHbHlYXt7OV78pqQU8mkR7L/kmeMWR7KiEQhN9/hTJlAzdqBb6rpbMkT0cqOYh7HUHDxxSpc1XxW+oQZwPfa8/C2UWZCcD0Yvas3TK77kBDQRfHkziAQgAoykB5P435fsgLE39Uh8JCPZiLzkzijpyACfaDG3Bv2Rd0tSW733el8MEdDOtnNJpVC0N7k/Qj50nbh1kmfWM5kF+NoHBbjs2U6X6ChzHTU9BQT4D3jCMGdfuJXj7m+kqi08W4PYx6fruAWrDbrDCmFdK0y+XFVBXx0o0eFKdah7x8nyxP0MdxZNTD6HZXShATny3NXbNBaedEKn96hRgovo/1cOIfNzpPw8YuzBnA2n7h+vzrUsj46UPba97rpwxXOmARoUevxICWPPRaf7eRQoI7fORXPyFoCblQgivDsvuuZIGXRFKgSMeJQBYVOyEoCgTK4BfToPiC7W9zDnitQARAQABiQE2BBgBCAAgFiEEumdJtXfZ6FnXL1vFK81dTnV/bCkFAl8eTOICGwwACgkQK81dTnV/bClGyQf+JAFlrqZMgq4tSHTv7CfiMnFXvNshIly2/N74XPs+t/quB0ieJ8oM2Zktr6EgNIiPqjWI5gEgYTAfbddA7kcAc78SUPnE15B0x4fsVv0uhnWint8+5WqHug3O5D8e6nbAMgOrJvkHc5K0u9dNGbSrK+ATuVs4VtmBetoSC2hNPKUxj3N3VGxwepre8SxdsNqr6WRK/fcTB2XHEQaDV9N6f9KTON5gHwwQMpPxIOtq59uRCOza+Hdyd0S/IUVDpLnt/rBc9eyMeHNvughavijESFAwum6dNbeL9x9zlivRoGJSQ4C7TLoZHcggGOl9aybe14PDt9LCYNZn7xvUt19EZA==",
            "user": "cgw-aws-iam-user-sz0mmk3v"
          },
          "private": "bnVsbA==",
          "dependencies": [
            "module.cgw-team4.aws_iam_user.cgw-aws-iam-user",
            "module.cgw-team4.random_string.unique-id"
          ]
        }
      ]
    },
    {
      "module": "module.cgw-team4",
      "mode": "managed",
      "type": "aws_iam_user_policy_attachment",
      "name": "cgw-aws-iam-user-policy-attach",
      "provider": "provider.aws",
      "instances": [
        {
          "schema_version": 0,
          "attributes": {
            "id": "cgw-aws-iam-user-sz0mmk3v-20200807154542957500000001",
            "policy_arn": "arn:aws:iam::666402644145:policy/cgw-aws-iam-policy-sz0mmk3v",
            "user": "cgw-aws-iam-user-sz0mmk3v"
          },
          "private": "bnVsbA==",
          "dependencies": [
            "module.cgw-team4.aws_iam_policy.cgw-aws-iam-policy",
            "module.cgw-team4.aws_iam_user.cgw-aws-iam-user",
            "module.cgw-team4.random_string.unique-id"
          ]
        }
      ]
    },
    {
      "module": "module.cgw-team4",
      "mode": "managed",
      "type": "aws_instance",
      "name": "cgw-aws-instance",
      "provider": "provider.aws",
      "instances": [
        {
          "schema_version": 1,
          "attributes": {
            "ami": "ami-f4f4cf91",
            "arn": "arn:aws:ec2:us-east-2:666402644145:instance/i-09dec7679b3efb6ef",
            "associate_public_ip_address": true,
            "availability_zone": "us-east-2a",
            "cpu_core_count": 1,
            "cpu_threads_per_core": 1,
            "credit_specification": [
              {
                "cpu_credits": "standard"
              }
            ],
            "disable_api_termination": false,
            "ebs_block_device": [
              {
                "delete_on_termination": false,
                "device_name": "/dev/sdb",
                "encrypted": false,
                "iops": 120,
                "kms_key_id": "",
                "snapshot_id": "",
                "volume_id": "vol-02a9e11bc63d42a02",
                "volume_size": 40,
                "volume_type": "gp2"
              }
            ],
            "ebs_optimized": false,
            "ephemeral_block_device": [],
            "get_password_data": false,
            "hibernation": false,
            "host_id": null,
            "iam_instance_profile": "",
            "id": "i-09dec7679b3efb6ef",
            "instance_initiated_shutdown_behavior": null,
            "instance_state": "running",
            "instance_type": "t2.micro",
            "ipv6_address_count": 0,
            "ipv6_addresses": [],
            "key_name": "CloudOne",
            "metadata_options": [
              {
                "http_endpoint": "enabled",
                "http_put_response_hop_limit": 1,
                "http_tokens": "optional"
              }
            ],
            "monitoring": false,
            "network_interface": [],
            "network_interface_id": null,
            "outpost_arn": "",
            "password_data": "",
            "placement_group": "",
            "primary_network_interface_id": "eni-07fc13746ad5877c8",
            "private_dns": "ip-172-31-13-231.us-east-2.compute.internal",
            "private_ip": "172.31.13.231",
            "public_dns": "ec2-18-216-147-80.us-east-2.compute.amazonaws.com",
            "public_ip": "18.216.147.80",
            "root_block_device": [
              {
                "delete_on_termination": true,
                "device_name": "/dev/sda1",
                "encrypted": false,
                "iops": 120,
                "kms_key_id": "",
                "volume_id": "vol-00bd268d70be3ae2e",
                "volume_size": 40,
                "volume_type": "gp2"
              }
            ],
            "security_groups": [
              "cgw-aws-ssh-sg-sz0mmk3v"
            ],
            "source_dest_check": true,
            "subnet_id": "subnet-c1dc41a8",
            "tags": {
              "Name": "cgw-aws-ec2-instance-sz0mmk3v",
              "Owner": "george_davis@trendmicro.com",
              "Project": "cgw",
              "Team": "team4",
              "Team-UUID": "cgw-aws-sz0mmk3v"
            },
            "tenancy": "default",
            "timeouts": null,
            "user_data": null,
            "user_data_base64": null,
            "volume_tags": {
              "InstanceId": "i-09dec7679b3efb6ef",
              "Name": "cgw-aws-ebs-vol-sz0mmk3v",
              "Owner": "george_davis@trendmicro.com",
              "Project": "cgw",
              "Team": "team4",
              "Team-UUID": "cgw-aws-sz0mmk3v"
            },
            "vpc_security_group_ids": [
              "sg-08b8ca5fb131bacc4"
            ]
          },
          "private": "eyJlMmJmYjczMC1lY2FhLTExZTYtOGY4OC0zNDM2M2JjN2M0YzAiOnsiY3JlYXRlIjo2MDAwMDAwMDAwMDAsImRlbGV0ZSI6MTIwMDAwMDAwMDAwMCwidXBkYXRlIjo2MDAwMDAwMDAwMDB9LCJzY2hlbWFfdmVyc2lvbiI6IjEifQ==",
          "dependencies": [
            "module.cgw-team4.aws_security_group.cgw-aws-ssh-sg",
            "module.cgw-team4.random_string.unique-id"
          ]
        }
      ]
    },
    {
      "mode": "managed",
      "type": "aws_instance",
      "name": "georged-k8s-host",
      "provider": "provider.aws",
      "instances": [
        {
          "schema_version": 1,
          "attributes": {
            "ami": "ami-f4f4cf91",
            "arn": "arn:aws:ec2:us-east-2:666402644145:instance/i-03fac6ecaae81be42",
            "associate_public_ip_address": true,
            "availability_zone": "us-east-2a",
            "cpu_core_count": 2,
            "cpu_threads_per_core": 1,
            "credit_specification": [
              {
                "cpu_credits": "standard"
              }
            ],
            "disable_api_termination": false,
            "ebs_block_device": [],
            "ebs_optimized": false,
            "ephemeral_block_device": [],
            "get_password_data": false,
            "hibernation": false,
            "host_id": null,
            "iam_instance_profile": "Cloud1",
            "id": "i-03fac6ecaae81be42",
            "instance_initiated_shutdown_behavior": null,
            "instance_state": "stopped",
            "instance_type": "t2.medium",
            "ipv6_address_count": 0,
            "ipv6_addresses": [],
            "key_name": "CloudOne",
            "metadata_options": [
              {
                "http_endpoint": "enabled",
                "http_put_response_hop_limit": 1,
                "http_tokens": "optional"
              }
            ],
            "monitoring": false,
            "network_interface": [],
            "network_interface_id": null,
            "outpost_arn": "",
            "password_data": "",
            "placement_group": "",
            "primary_network_interface_id": "eni-0c35e2528705a9768",
            "private_dns": "ip-172-31-6-145.us-east-2.compute.internal",
            "private_ip": "172.31.6.145",
            "public_dns": "ec2-3-21-177-184.us-east-2.compute.amazonaws.com",
            "public_ip": "3.21.177.184",
            "root_block_device": [
              {
                "delete_on_termination": true,
                "device_name": "/dev/sda1",
                "encrypted": false,
                "iops": 100,
                "kms_key_id": "",
                "volume_id": "vol-0a30c718b16d3b647",
                "volume_size": 8,
                "volume_type": "gp2"
              }
            ],
            "security_groups": [
              "georged-k8s-sg",
              "georged-ssh-sg"
            ],
            "source_dest_check": true,
            "subnet_id": "subnet-c1dc41a8",
            "tags": {
              "Name": "georged-k8s-host",
              "Owner": "george_davis@trendmicro.com",
              "Project": "C1-Demo",
              "Usecase": "C1-ContainerSecurity"
            },
            "tenancy": "default",
            "timeouts": null,
            "user_data": null,
            "user_data_base64": null,
            "volume_tags": {},
            "vpc_security_group_ids": [
              "sg-0674451093c4a63e8",
              "sg-0d55827be351fff41"
            ]
          },
          "private": "eyJlMmJmYjczMC1lY2FhLTExZTYtOGY4OC0zNDM2M2JjN2M0YzAiOnsiY3JlYXRlIjo2MDAwMDAwMDAwMDAsImRlbGV0ZSI6MTIwMDAwMDAwMDAwMCwidXBkYXRlIjo2MDAwMDAwMDAwMDB9LCJzY2hlbWFfdmVyc2lvbiI6IjEifQ==",
          "dependencies": [
            "aws_security_group.georged-k8s-sg",
            "aws_security_group.georged-ssh-sg"
          ]
        }
      ]
    },
    {
      "module": "module.cgw-team4",
      "mode": "managed",
      "type": "aws_kms_key",
      "name": "cgw-aws-kms-key",
      "provider": "provider.aws",
      "instances": [
        {
          "schema_version": 0,
          "attributes": {
            "arn": "arn:aws:kms:us-east-2:666402644145:key/3ab7cc60-d455-40eb-b130-907d037d8ef8",
            "customer_master_key_spec": "SYMMETRIC_DEFAULT",
            "deletion_window_in_days": null,
            "description": "cgw-aws-kms-key-sz0mmk3v for cgw-aws-iam-user-sz0mmk3v",
            "enable_key_rotation": false,
            "id": "3ab7cc60-d455-40eb-b130-907d037d8ef8",
            "is_enabled": true,
            "key_id": "3ab7cc60-d455-40eb-b130-907d037d8ef8",
            "key_usage": "ENCRYPT_DECRYPT",
            "policy": "{\"Id\":\"key-default-1\",\"Statement\":[{\"Action\":\"kms:*\",\"Effect\":\"Allow\",\"Principal\":{\"AWS\":\"arn:aws:iam::666402644145:root\"},\"Resource\":\"*\",\"Sid\":\"Enable IAM User Permissions\"}],\"Version\":\"2012-10-17\"}",
            "tags": {
              "Name": "cgw-aws-kms-key-sz0mmk3v",
              "Owner": "george_davis@trendmicro.com",
              "Project": "cgw",
              "Team": "team4",
              "Team-UUID": "cgw-aws-sz0mmk3v"
            }
          },
          "private": "bnVsbA==",
          "dependencies": [
            "module.cgw-team4.aws_iam_user.cgw-aws-iam-user",
            "module.cgw-team4.random_string.unique-id"
          ]
        }
      ]
    },
    {
      "module": "module.cgw-team4",
      "mode": "managed",
      "type": "aws_lb",
      "name": "cgw-aws-elb",
      "provider": "provider.aws",
      "instances": [
        {
          "schema_version": 0,
          "attributes": {
            "access_logs": [
              {
                "bucket": "",
                "enabled": false,
                "prefix": ""
              }
            ],
            "arn": "arn:aws:elasticloadbalancing:us-east-2:666402644145:loadbalancer/net/cgw-aws-elb-sz0mmk3v/6add03544111ac5c",
            "arn_suffix": "net/cgw-aws-elb-sz0mmk3v/6add03544111ac5c",
            "dns_name": "cgw-aws-elb-sz0mmk3v-6add03544111ac5c.elb.us-east-2.amazonaws.com",
            "drop_invalid_header_fields": null,
            "enable_cross_zone_load_balancing": false,
            "enable_deletion_protection": false,
            "enable_http2": null,
            "id": "arn:aws:elasticloadbalancing:us-east-2:666402644145:loadbalancer/net/cgw-aws-elb-sz0mmk3v/6add03544111ac5c",
            "idle_timeout": null,
            "internal": false,
            "ip_address_type": "ipv4",
            "load_balancer_type": "network",
            "name": "cgw-aws-elb-sz0mmk3v",
            "name_prefix": null,
            "security_groups": [],
            "subnet_mapping": [
              {
                "allocation_id": "",
                "subnet_id": "subnet-c1dc41a8"
              }
            ],
            "subnets": [
              "subnet-c1dc41a8"
            ],
            "tags": {
              "Name": "cgw-aws-elb-sz0mmk3v",
              "Owner": "george_davis@trendmicro.com",
              "Project": "cgw",
              "Team": "team4",
              "Team-UUID": "cgw-aws-sz0mmk3v"
            },
            "timeouts": null,
            "vpc_id": "vpc-67cf400e",
            "zone_id": "ZLMOA37VPKANP"
          },
          "private": "eyJlMmJmYjczMC1lY2FhLTExZTYtOGY4OC0zNDM2M2JjN2M0YzAiOnsiY3JlYXRlIjo2MDAwMDAwMDAwMDAsImRlbGV0ZSI6NjAwMDAwMDAwMDAwLCJ1cGRhdGUiOjYwMDAwMDAwMDAwMH19",
          "dependencies": [
            "module.cgw-team4.random_string.unique-id"
          ]
        }
      ]
    },
    {
      "module": "module.cgw-team4",
      "mode": "managed",
      "type": "aws_s3_bucket",
      "name": "cgw-aws-s3-bucket",
      "provider": "provider.aws",
      "instances": [
        {
          "schema_version": 0,
          "attributes": {
            "acceleration_status": "",
            "acl": "public-read",
            "arn": "arn:aws:s3:::cgw-aws-s3-bucket-sz0mmk3v",
            "bucket": "cgw-aws-s3-bucket-sz0mmk3v",
            "bucket_domain_name": "cgw-aws-s3-bucket-sz0mmk3v.s3.amazonaws.com",
            "bucket_prefix": null,
            "bucket_regional_domain_name": "cgw-aws-s3-bucket-sz0mmk3v.s3.us-east-2.amazonaws.com",
            "cors_rule": [
              {
                "allowed_headers": [
                  "*"
                ],
                "allowed_methods": [
                  "GET",
                  "POST",
                  "PUT",
                  "DELETE",
                  "HEAD"
                ],
                "allowed_origins": [
                  "*"
                ],
                "expose_headers": [
                  "ETag"
                ],
                "max_age_seconds": 0
              }
            ],
            "force_destroy": false,
            "grant": [],
            "hosted_zone_id": "Z2O1EMRO9K5GLX",
            "id": "cgw-aws-s3-bucket-sz0mmk3v",
            "lifecycle_rule": [],
            "logging": [],
            "object_lock_configuration": [],
            "policy": null,
            "region": "us-east-2",
            "replication_configuration": [],
            "request_payer": "BucketOwner",
            "server_side_encryption_configuration": [],
            "tags": {
              "Name": "cgw-aws-s3-bucket-sz0mmk3v",
              "Owner": "george_davis@trendmicro.com",
              "Project": "cgw",
              "Team": "team4",
              "Team-UUID": "cgw-aws-sz0mmk3v"
            },
            "versioning": [
              {
                "enabled": false,
                "mfa_delete": false
              }
            ],
            "website": [],
            "website_domain": null,
            "website_endpoint": null
          },
          "private": "bnVsbA==",
          "dependencies": [
            "module.cgw-team4.random_string.unique-id"
          ]
        }
      ]
    },
    {
      "module": "module.cgw-team4",
      "mode": "managed",
      "type": "aws_security_group",
      "name": "cgw-aws-https-sg",
      "provider": "provider.aws",
      "instances": [
        {
          "schema_version": 1,
          "attributes": {
            "arn": "arn:aws:ec2:us-east-2:666402644145:security-group/sg-0160740b49b86d39e",
            "description": "Allow HTTPS traffic",
            "egress": [
              {
                "cidr_blocks": [
                  "0.0.0.0/0"
                ],
                "description": "",
                "from_port": 0,
                "ipv6_cidr_blocks": [],
                "prefix_list_ids": [],
                "protocol": "-1",
                "security_groups": [],
                "self": false,
                "to_port": 0
              }
            ],
            "id": "sg-0160740b49b86d39e",
            "ingress": [
              {
                "cidr_blocks": [
                  "0.0.0.0/0"
                ],
                "description": "",
                "from_port": 443,
                "ipv6_cidr_blocks": [],
                "prefix_list_ids": [],
                "protocol": "tcp",
                "security_groups": [],
                "self": false,
                "to_port": 443
              }
            ],
            "name": "cgw-aws-https-sg-sz0mmk3v",
            "name_prefix": null,
            "owner_id": "666402644145",
            "revoke_rules_on_delete": false,
            "tags": {
              "Name": "cgw-aws-https-sg-sz0mmk3v",
              "Owner": "george_davis@trendmicro.com",
              "Project": "cgw",
              "Team": "team4",
              "Team-UUID": "cgw-aws-sz0mmk3v"
            },
            "timeouts": null,
            "vpc_id": "vpc-67cf400e"
          },
          "private": "eyJlMmJmYjczMC1lY2FhLTExZTYtOGY4OC0zNDM2M2JjN2M0YzAiOnsiY3JlYXRlIjo2MDAwMDAwMDAwMDAsImRlbGV0ZSI6NjAwMDAwMDAwMDAwfSwic2NoZW1hX3ZlcnNpb24iOiIxIn0=",
          "dependencies": [
            "module.cgw-team4.random_string.unique-id"
          ]
        }
      ]
    },
    {
      "module": "module.cgw-team4",
      "mode": "managed",
      "type": "aws_security_group",
      "name": "cgw-aws-ssh-sg",
      "provider": "provider.aws",
      "instances": [
        {
          "schema_version": 1,
          "attributes": {
            "arn": "arn:aws:ec2:us-east-2:666402644145:security-group/sg-08b8ca5fb131bacc4",
            "description": "Allow SSH traffic",
            "egress": [
              {
                "cidr_blocks": [
                  "0.0.0.0/0"
                ],
                "description": "",
                "from_port": 0,
                "ipv6_cidr_blocks": [],
                "prefix_list_ids": [],
                "protocol": "-1",
                "security_groups": [],
                "self": false,
                "to_port": 0
              }
            ],
            "id": "sg-08b8ca5fb131bacc4",
            "ingress": [
              {
                "cidr_blocks": [
                  "0.0.0.0/0"
                ],
                "description": "",
                "from_port": 22,
                "ipv6_cidr_blocks": [],
                "prefix_list_ids": [],
                "protocol": "tcp",
                "security_groups": [],
                "self": false,
                "to_port": 22
              }
            ],
            "name": "cgw-aws-ssh-sg-sz0mmk3v",
            "name_prefix": null,
            "owner_id": "666402644145",
            "revoke_rules_on_delete": false,
            "tags": {
              "Name": "cgw-aws-ssh-sg-sz0mmk3v",
              "Owner": "george_davis@trendmicro.com",
              "Project": "cgw",
              "Team": "team4",
              "Team-UUID": "cgw-aws-sz0mmk3v"
            },
            "timeouts": null,
            "vpc_id": "vpc-67cf400e"
          },
          "private": "eyJlMmJmYjczMC1lY2FhLTExZTYtOGY4OC0zNDM2M2JjN2M0YzAiOnsiY3JlYXRlIjo2MDAwMDAwMDAwMDAsImRlbGV0ZSI6NjAwMDAwMDAwMDAwfSwic2NoZW1hX3ZlcnNpb24iOiIxIn0=",
          "dependencies": [
            "module.cgw-team4.random_string.unique-id"
          ]
        }
      ]
    },
    {
      "mode": "managed",
      "type": "aws_security_group",
      "name": "georged-https-sg",
      "provider": "provider.aws",
      "instances": [
        {
          "schema_version": 1,
          "attributes": {
            "arn": "arn:aws:ec2:us-east-2:666402644145:security-group/sg-082da6ab61abfd8dd",
            "description": "Allow HTTPS traffic",
            "egress": [
              {
                "cidr_blocks": [
                  "0.0.0.0/0"
                ],
                "description": "",
                "from_port": 0,
                "ipv6_cidr_blocks": [],
                "prefix_list_ids": [],
                "protocol": "-1",
                "security_groups": [],
                "self": false,
                "to_port": 0
              }
            ],
            "id": "sg-082da6ab61abfd8dd",
            "ingress": [
              {
                "cidr_blocks": [
                  "0.0.0.0/0"
                ],
                "description": "",
                "from_port": 443,
                "ipv6_cidr_blocks": [],
                "prefix_list_ids": [],
                "protocol": "tcp",
                "security_groups": [],
                "self": false,
                "to_port": 443
              }
            ],
            "name": "georged-https-sg",
            "name_prefix": null,
            "owner_id": "666402644145",
            "revoke_rules_on_delete": false,
            "tags": {
              "Name": "georged-https-sg",
              "Owner": "george_davis@trendmicro.com"
            },
            "timeouts": null,
            "vpc_id": "vpc-67cf400e"
          },
          "private": "eyJlMmJmYjczMC1lY2FhLTExZTYtOGY4OC0zNDM2M2JjN2M0YzAiOnsiY3JlYXRlIjo2MDAwMDAwMDAwMDAsImRlbGV0ZSI6NjAwMDAwMDAwMDAwfSwic2NoZW1hX3ZlcnNpb24iOiIxIn0="
        }
      ]
    },
    {
      "mode": "managed",
      "type": "aws_security_group",
      "name": "georged-k8s-sg",
      "provider": "provider.aws",
      "instances": [
        {
          "schema_version": 1,
          "attributes": {
            "arn": "arn:aws:ec2:us-east-2:666402644145:security-group/sg-0d55827be351fff41",
            "description": "Allow k8s traffic",
            "egress": [
              {
                "cidr_blocks": [
                  "0.0.0.0/0"
                ],
                "description": "",
                "from_port": 0,
                "ipv6_cidr_blocks": [],
                "prefix_list_ids": [],
                "protocol": "-1",
                "security_groups": [],
                "self": false,
                "to_port": 0
              }
            ],
            "id": "sg-0d55827be351fff41",
            "ingress": [
              {
                "cidr_blocks": [
                  "142.116.0.0/15"
                ],
                "description": "",
                "from_port": 8000,
                "ipv6_cidr_blocks": [],
                "prefix_list_ids": [],
                "protocol": "tcp",
                "security_groups": [],
                "self": false,
                "to_port": 8000
              }
            ],
            "name": "georged-k8s-sg",
            "name_prefix": null,
            "owner_id": "666402644145",
            "revoke_rules_on_delete": false,
            "tags": {
              "Name": "georged-k8s-sg",
              "Owner": "george_davis@trendmicro.com"
            },
            "timeouts": null,
            "vpc_id": "vpc-67cf400e"
          },
          "private": "eyJlMmJmYjczMC1lY2FhLTExZTYtOGY4OC0zNDM2M2JjN2M0YzAiOnsiY3JlYXRlIjo2MDAwMDAwMDAwMDAsImRlbGV0ZSI6NjAwMDAwMDAwMDAwfSwic2NoZW1hX3ZlcnNpb24iOiIxIn0="
        }
      ]
    },
    {
      "mode": "managed",
      "type": "aws_security_group",
      "name": "georged-nodejs-sg",
      "provider": "provider.aws",
      "instances": [
        {
          "schema_version": 1,
          "attributes": {
            "arn": "arn:aws:ec2:us-east-2:666402644145:security-group/sg-0280537564d3133f7",
            "description": "Allow NodeJs traffic",
            "egress": [
              {
                "cidr_blocks": [
                  "0.0.0.0/0"
                ],
                "description": "",
                "from_port": 0,
                "ipv6_cidr_blocks": [],
                "prefix_list_ids": [],
                "protocol": "-1",
                "security_groups": [],
                "self": false,
                "to_port": 0
              }
            ],
            "id": "sg-0280537564d3133f7",
            "ingress": [
              {
                "cidr_blocks": [
                  "142.116.0.0/15"
                ],
                "description": "",
                "from_port": 22,
                "ipv6_cidr_blocks": [],
                "prefix_list_ids": [],
                "protocol": "tcp",
                "security_groups": [],
                "self": false,
                "to_port": 22
              },
              {
                "cidr_blocks": [
                  "142.116.0.0/15"
                ],
                "description": "",
                "from_port": 3000,
                "ipv6_cidr_blocks": [],
                "prefix_list_ids": [],
                "protocol": "tcp",
                "security_groups": [],
                "self": false,
                "to_port": 3000
              }
            ],
            "name": "georged-nodejs-sg",
            "name_prefix": null,
            "owner_id": "666402644145",
            "revoke_rules_on_delete": false,
            "tags": {
              "Name": "georged-nodejs-sg",
              "Owner": "george_davis@trendmicro.com"
            },
            "timeouts": null,
            "vpc_id": "vpc-67cf400e"
          },
          "private": "eyJlMmJmYjczMC1lY2FhLTExZTYtOGY4OC0zNDM2M2JjN2M0YzAiOnsiY3JlYXRlIjo2MDAwMDAwMDAwMDAsImRlbGV0ZSI6NjAwMDAwMDAwMDAwfSwic2NoZW1hX3ZlcnNpb24iOiIxIn0="
        }
      ]
    },
    {
      "mode": "managed",
      "type": "aws_security_group",
      "name": "georged-ssh-sg",
      "provider": "provider.aws",
      "instances": [
        {
          "schema_version": 1,
          "attributes": {
            "arn": "arn:aws:ec2:us-east-2:666402644145:security-group/sg-0674451093c4a63e8",
            "description": "Allow SSH traffic",
            "egress": [
              {
                "cidr_blocks": [
                  "0.0.0.0/0"
                ],
                "description": "",
                "from_port": 0,
                "ipv6_cidr_blocks": [],
                "prefix_list_ids": [],
                "protocol": "-1",
                "security_groups": [],
                "self": false,
                "to_port": 0
              }
            ],
            "id": "sg-0674451093c4a63e8",
            "ingress": [
              {
                "cidr_blocks": [
                  "142.116.0.0/15"
                ],
                "description": "",
                "from_port": 22,
                "ipv6_cidr_blocks": [],
                "prefix_list_ids": [],
                "protocol": "tcp",
                "security_groups": [],
                "self": false,
                "to_port": 22
              }
            ],
            "name": "georged-ssh-sg",
            "name_prefix": null,
            "owner_id": "666402644145",
            "revoke_rules_on_delete": false,
            "tags": {
              "Name": "georged-ssh-sg",
              "Owner": "george_davis@trendmicro.com"
            },
            "timeouts": null,
            "vpc_id": "vpc-67cf400e"
          },
          "private": "eyJlMmJmYjczMC1lY2FhLTExZTYtOGY4OC0zNDM2M2JjN2M0YzAiOnsiY3JlYXRlIjo2MDAwMDAwMDAwMDAsImRlbGV0ZSI6NjAwMDAwMDAwMDAwfSwic2NoZW1hX3ZlcnNpb24iOiIxIn0="
        }
      ]
    },
    {
      "module": "module.cgw-team4",
      "mode": "managed",
      "type": "aws_volume_attachment",
      "name": "cgw-aws-vol-attach",
      "provider": "provider.aws",
      "instances": [
        {
          "schema_version": 0,
          "attributes": {
            "device_name": "/dev/sdb",
            "force_detach": null,
            "id": "vai-4046458174",
            "instance_id": "i-09dec7679b3efb6ef",
            "skip_destroy": null,
            "volume_id": "vol-02a9e11bc63d42a02"
          },
          "private": "bnVsbA==",
          "dependencies": [
            "module.cgw-team4.aws_ebs_volume.cgw-aws-vol",
            "module.cgw-team4.aws_instance.cgw-aws-instance",
            "module.cgw-team4.aws_security_group.cgw-aws-ssh-sg",
            "module.cgw-team4.random_string.unique-id"
          ]
        }
      ]
    },
    {
      "module": "module.cgw-team7",
      "mode": "managed",
      "type": "azurerm_key_vault",
      "name": "cgw-az-kv",
      "provider": "provider.azurerm",
      "instances": [
        {
          "schema_version": 1,
          "attributes": {
            "access_policy": [
              {
                "application_id": "",
                "certificate_permissions": [],
                "key_permissions": [
                  "get",
                  "list"
                ],
                "object_id": "eed639c8-f8b4-404a-bef5-0a102f558e6d",
                "secret_permissions": [
                  "get",
                  "list"
                ],
                "storage_permissions": [
                  "get",
                  "list"
                ],
                "tenant_id": "3e04753a-ae5b-42d4-a86d-d6f05460f9e4"
              }
            ],
            "enabled_for_deployment": true,
            "enabled_for_disk_encryption": true,
            "enabled_for_template_deployment": true,
            "id": "/subscriptions/18cb46c3-ea58-41c2-8cc6-71d8662f1203/resourceGroups/cloudone/providers/Microsoft.KeyVault/vaults/cgw-az-kv-2cu2f9ol",
            "location": "canadacentral",
            "name": "cgw-az-kv-2cu2f9ol",
            "network_acls": [
              {
                "bypass": "AzureServices",
                "default_action": "Allow",
                "ip_rules": [],
                "virtual_network_subnet_ids": []
              }
            ],
            "purge_protection_enabled": false,
            "resource_group_name": "cloudone",
            "sku_name": "standard",
            "soft_delete_enabled": false,
            "tags": {
              "Name": "cgw-az-kv-2cu2f9ol",
              "Owner": "george_davis@trendmicro.com",
              "Project": "cgw",
              "Team": "team7",
              "Team-UUID": "cgw-2cu2f9ol"
            },
            "tenant_id": "3e04753a-ae5b-42d4-a86d-d6f05460f9e4",
            "timeouts": null,
            "vault_uri": "https://cgw-az-kv-2cu2f9ol.vault.azure.net/"
          },
          "private": "eyJlMmJmYjczMC1lY2FhLTExZTYtOGY4OC0zNDM2M2JjN2M0YzAiOnsiY3JlYXRlIjoxODAwMDAwMDAwMDAwLCJkZWxldGUiOjE4MDAwMDAwMDAwMDAsInJlYWQiOjMwMDAwMDAwMDAwMCwidXBkYXRlIjoxODAwMDAwMDAwMDAwfSwic2NoZW1hX3ZlcnNpb24iOiIxIn0=",
          "dependencies": [
            "module.cgw-team7.random_string.unique-id"
          ]
        }
      ]
    },
    {
      "module": "module.cgw-team7",
      "mode": "managed",
      "type": "azurerm_lb",
      "name": "cgw-az-lb",
      "provider": "provider.azurerm",
      "instances": [
        {
          "schema_version": 0,
          "attributes": {
            "frontend_ip_configuration": [],
            "id": "/subscriptions/18cb46c3-ea58-41c2-8cc6-71d8662f1203/resourceGroups/cloudone/providers/Microsoft.Network/loadBalancers/cgw-az-lb-2cu2f9ol",
            "location": "canadacentral",
            "name": "cgw-az-lb-2cu2f9ol",
            "private_ip_address": "",
            "private_ip_addresses": [],
            "resource_group_name": "cloudone",
            "sku": "Basic",
            "tags": {
              "Name": "cgw-az-lb-2cu2f9ol",
              "Owner": "george_davis@trendmicro.com",
              "Project": "cgw",
              "Team": "team7",
              "Team-UUID": "cgw-2cu2f9ol"
            },
            "timeouts": null
          },
          "private": "eyJlMmJmYjczMC1lY2FhLTExZTYtOGY4OC0zNDM2M2JjN2M0YzAiOnsiY3JlYXRlIjoxODAwMDAwMDAwMDAwLCJkZWxldGUiOjE4MDAwMDAwMDAwMDAsInJlYWQiOjMwMDAwMDAwMDAwMCwidXBkYXRlIjoxODAwMDAwMDAwMDAwfX0=",
          "dependencies": [
            "module.cgw-team7.random_string.unique-id"
          ]
        }
      ]
    },
    {
      "module": "module.cgw-team7",
      "mode": "managed",
      "type": "azurerm_linux_virtual_machine",
      "name": "cgw-az-vm",
      "provider": "provider.azurerm",
      "instances": [
        {
          "schema_version": 0,
          "attributes": {
            "additional_capabilities": [],
            "admin_password": null,
            "admin_ssh_key": [
              {
                "public_key": "ssh-rsa AAAAB3NzaC1yc2EAAAADAQABAAABAQC9ZfaoqWjeerNDele111rqSjSj2R9uQ3FHdjeY17saKVL0lLSCrcMegfJJD++peDDS6nDL4Sax0YWOL+YDGXLscFbTBIlSh1md5a/V8pTZBuHOjjQf7UtmoaW7ZNtuRu5oA/TyTEDzL/B6Ebyk1lyWgBsjANxIO1vup6VoASN0Kct3cHxY0fTUJKZTladSCbo3OuasuVKv07yfi/15Lg3vqo3mD5mVxbOIMtzaSuGcy1M0j45nNx2LYpdoaZOdtw35q+hJiTePJ7d/jRm3dr+o90dYxJToFKEaLXpxOAS8bs8Wgl58lqCFRC31TsrJ5gS2184IGoDwQNjxcg+0h/Sz",
                "username": "ubuntu"
              }
            ],
            "admin_username": "ubuntu",
            "allow_extension_operations": true,
            "availability_set_id": "",
            "boot_diagnostics": [],
            "computer_name": "cgw-az-vm-2cu2f9ol",
            "custom_data": null,
            "dedicated_host_id": "",
            "disable_password_authentication": true,
            "eviction_policy": "",
            "id": "/subscriptions/18cb46c3-ea58-41c2-8cc6-71d8662f1203/resourceGroups/cloudone/providers/Microsoft.Compute/virtualMachines/cgw-az-vm-2cu2f9ol",
            "identity": [],
            "location": "canadacentral",
            "max_bid_price": -1,
            "name": "cgw-az-vm-2cu2f9ol",
            "network_interface_ids": [
              "/subscriptions/18cb46c3-ea58-41c2-8cc6-71d8662f1203/resourceGroups/cloudone/providers/Microsoft.Network/networkInterfaces/cgw-az-nic-2cu2f9ol"
            ],
            "os_disk": [
              {
                "caching": "ReadWrite",
                "diff_disk_settings": [],
                "disk_encryption_set_id": "",
                "disk_size_gb": 40,
                "name": "cgw-az-vm-2cu2f9ol_OsDisk_1_e7f824690e894b52bb9b72b739a12079",
                "storage_account_type": "Standard_LRS",
                "write_accelerator_enabled": false
              }
            ],
            "plan": [],
            "priority": "Regular",
            "private_ip_address": "10.1.0.10",
            "private_ip_addresses": [
              "10.1.0.10"
            ],
            "provision_vm_agent": true,
            "proximity_placement_group_id": "",
            "public_ip_address": "52.233.0.61",
            "public_ip_addresses": [
              "52.233.0.61"
            ],
            "resource_group_name": "cloudone",
            "secret": [],
            "size": "Standard_D2s_v3",
            "source_image_id": "",
            "source_image_reference": [
              {
                "offer": "UbuntuServer",
                "publisher": "Canonical",
                "sku": "18.04-LTS",
                "version": "latest"
              }
            ],
            "tags": {
              "Name": "cgw-az-vm-2cu2f9ol",
              "Owner": "george_davis@trendmicro.com",
              "Project": "cgw",
              "Team": "team7",
              "Team-UUID": "cgw-2cu2f9ol"
            },
            "timeouts": null,
            "virtual_machine_id": "4152b488-2397-4084-98ea-9c57f0162283",
            "virtual_machine_scale_set_id": "",
            "zone": ""
          },
          "private": "eyJlMmJmYjczMC1lY2FhLTExZTYtOGY4OC0zNDM2M2JjN2M0YzAiOnsiY3JlYXRlIjoyNzAwMDAwMDAwMDAwLCJkZWxldGUiOjI3MDAwMDAwMDAwMDAsInJlYWQiOjMwMDAwMDAwMDAwMCwidXBkYXRlIjoyNzAwMDAwMDAwMDAwfX0=",
          "dependencies": [
            "module.cgw-team7.azurerm_network_interface.cgw-az-nic",
            "module.cgw-team7.azurerm_public_ip.cgw-az-public-ip",
            "module.cgw-team7.random_string.unique-id"
          ]
        }
      ]
    },
    {
      "mode": "managed",
      "type": "azurerm_linux_virtual_machine",
      "name": "georged-tf-test",
      "provider": "provider.azurerm",
      "instances": [
        {
          "schema_version": 0,
          "attributes": {
            "additional_capabilities": [],
            "admin_password": "Windows1!",
            "admin_ssh_key": [],
            "admin_username": "ubuntu",
            "allow_extension_operations": true,
            "availability_set_id": "",
            "boot_diagnostics": [],
            "computer_name": "georged-tf-test",
            "custom_data": null,
            "dedicated_host_id": "",
            "disable_password_authentication": false,
            "eviction_policy": "",
            "id": "/subscriptions/18cb46c3-ea58-41c2-8cc6-71d8662f1203/resourceGroups/cloudone/providers/Microsoft.Compute/virtualMachines/georged-tf-test",
            "identity": [],
            "location": "canadacentral",
            "max_bid_price": -1,
            "name": "georged-tf-test",
            "network_interface_ids": [
              "/subscriptions/18cb46c3-ea58-41c2-8cc6-71d8662f1203/resourceGroups/cloudone/providers/Microsoft.Network/networkInterfaces/georged-tf-test-nic"
            ],
            "os_disk": [
              {
                "caching": "ReadWrite",
                "diff_disk_settings": [],
                "disk_encryption_set_id": "",
                "disk_size_gb": 30,
                "name": "georged-tf-test_OsDisk_1_ba22ebabe89f4ea786ab24f7265e37c5",
                "storage_account_type": "Standard_LRS",
                "write_accelerator_enabled": false
              }
            ],
            "plan": [],
            "priority": "Regular",
            "private_ip_address": "10.1.0.8",
            "private_ip_addresses": [
              "10.1.0.8"
            ],
            "provision_vm_agent": true,
            "proximity_placement_group_id": "",
            "public_ip_address": "20.43.14.118",
            "public_ip_addresses": [
              "20.43.14.118"
            ],
            "resource_group_name": "cloudone",
            "secret": [],
            "size": "Standard_D2s_v3",
            "source_image_id": "",
            "source_image_reference": [
              {
                "offer": "UbuntuServer",
                "publisher": "Canonical",
                "sku": "18.04-LTS",
                "version": "latest"
              }
            ],
            "tags": {
              "Owner": "george_davis@trendmicro.com"
            },
            "timeouts": null,
            "virtual_machine_id": "45241189-3228-4947-b97a-8e36430bc3e8",
            "virtual_machine_scale_set_id": "",
            "zone": ""
          },
          "private": "eyJlMmJmYjczMC1lY2FhLTExZTYtOGY4OC0zNDM2M2JjN2M0YzAiOnsiY3JlYXRlIjoyNzAwMDAwMDAwMDAwLCJkZWxldGUiOjI3MDAwMDAwMDAwMDAsInJlYWQiOjMwMDAwMDAwMDAwMCwidXBkYXRlIjoyNzAwMDAwMDAwMDAwfX0=",
          "dependencies": [
            "azurerm_network_interface.georged-tf-test-nic"
          ]
        }
      ]
    },
    {
      "module": "module.cgw-team7",
      "mode": "managed",
      "type": "azurerm_managed_disk",
      "name": "cgw-az-vol",
      "provider": "provider.azurerm",
      "instances": [
        {
          "schema_version": 0,
          "attributes": {
            "create_option": "Empty",
            "disk_encryption_set_id": "",
            "disk_iops_read_write": 500,
            "disk_mbps_read_write": 60,
            "disk_size_gb": 40,
            "encryption_settings": [],
            "id": "/subscriptions/18cb46c3-ea58-41c2-8cc6-71d8662f1203/resourceGroups/cloudone/providers/Microsoft.Compute/disks/cgw-az-vm-2cu2f9ol",
            "image_reference_id": "",
            "location": "canadacentral",
            "name": "cgw-az-vm-2cu2f9ol",
            "os_type": "",
            "resource_group_name": "cloudone",
            "source_resource_id": "",
            "source_uri": "",
            "storage_account_id": "",
            "storage_account_type": "Standard_LRS",
            "tags": {},
            "timeouts": null,
            "zones": []
          },
          "private": "eyJlMmJmYjczMC1lY2FhLTExZTYtOGY4OC0zNDM2M2JjN2M0YzAiOnsiY3JlYXRlIjoxODAwMDAwMDAwMDAwLCJkZWxldGUiOjE4MDAwMDAwMDAwMDAsInJlYWQiOjMwMDAwMDAwMDAwMCwidXBkYXRlIjoxODAwMDAwMDAwMDAwfX0=",
          "dependencies": [
            "module.cgw-team7.random_string.unique-id"
          ]
        }
      ]
    },
    {
      "module": "module.cgw-team7",
      "mode": "managed",
      "type": "azurerm_network_interface",
      "name": "cgw-az-nic",
      "provider": "provider.azurerm",
      "instances": [
        {
          "schema_version": 0,
          "attributes": {
            "applied_dns_servers": [],
            "dns_servers": [],
            "enable_accelerated_networking": false,
            "enable_ip_forwarding": false,
            "id": "/subscriptions/18cb46c3-ea58-41c2-8cc6-71d8662f1203/resourceGroups/cloudone/providers/Microsoft.Network/networkInterfaces/cgw-az-nic-2cu2f9ol",
            "internal_dns_name_label": "",
            "internal_domain_name_suffix": "4tx4bprgml0ehns3f5jjc2j1vb.ux.internal.cloudapp.net",
            "ip_configuration": [
              {
                "name": "public",
                "primary": true,
                "private_ip_address": "10.1.0.10",
                "private_ip_address_allocation": "Dynamic",
                "private_ip_address_version": "IPv4",
                "public_ip_address_id": "/subscriptions/18cb46c3-ea58-41c2-8cc6-71d8662f1203/resourceGroups/cloudone/providers/Microsoft.Network/publicIPAddresses/cgw-az-public-ip-2cu2f9ol",
                "subnet_id": "/subscriptions/18cb46c3-ea58-41c2-8cc6-71d8662f1203/resourceGroups/cloudone/providers/Microsoft.Network/virtualNetworks/cloudone-vnet/subnets/default"
              }
            ],
            "location": "canadacentral",
            "mac_address": "00-22-48-B0-F9-7C",
            "name": "cgw-az-nic-2cu2f9ol",
            "private_ip_address": "10.1.0.10",
            "private_ip_addresses": [
              "10.1.0.10"
            ],
            "resource_group_name": "cloudone",
            "tags": {
              "Name": "cgw-az-nic-2cu2f9ol",
              "Owner": "george_davis@trendmicro.com",
              "Project": "cgw",
              "Team": "team7",
              "Team-UUID": "cgw-2cu2f9ol"
            },
            "timeouts": null,
            "virtual_machine_id": "/subscriptions/18cb46c3-ea58-41c2-8cc6-71d8662f1203/resourceGroups/cloudone/providers/Microsoft.Compute/virtualMachines/cgw-az-vm-2cu2f9ol"
          },
          "private": "eyJlMmJmYjczMC1lY2FhLTExZTYtOGY4OC0zNDM2M2JjN2M0YzAiOnsiY3JlYXRlIjoxODAwMDAwMDAwMDAwLCJkZWxldGUiOjE4MDAwMDAwMDAwMDAsInJlYWQiOjMwMDAwMDAwMDAwMCwidXBkYXRlIjoxODAwMDAwMDAwMDAwfX0=",
          "dependencies": [
            "module.cgw-team7.azurerm_public_ip.cgw-az-public-ip",
            "module.cgw-team7.random_string.unique-id"
          ]
        }
      ]
    },
    {
      "mode": "managed",
      "type": "azurerm_network_interface",
      "name": "georged-tf-test-nic",
      "provider": "provider.azurerm",
      "instances": [
        {
          "schema_version": 0,
          "attributes": {
            "applied_dns_servers": [],
            "dns_servers": [],
            "enable_accelerated_networking": false,
            "enable_ip_forwarding": false,
            "id": "/subscriptions/18cb46c3-ea58-41c2-8cc6-71d8662f1203/resourceGroups/cloudone/providers/Microsoft.Network/networkInterfaces/georged-tf-test-nic",
            "internal_dns_name_label": "",
            "internal_domain_name_suffix": "4tx4bprgml0ehns3f5jjc2j1vb.ux.internal.cloudapp.net",
            "ip_configuration": [
              {
                "name": "public",
                "primary": true,
                "private_ip_address": "10.1.0.8",
                "private_ip_address_allocation": "Dynamic",
                "private_ip_address_version": "IPv4",
                "public_ip_address_id": "/subscriptions/18cb46c3-ea58-41c2-8cc6-71d8662f1203/resourceGroups/cloudone/providers/Microsoft.Network/publicIPAddresses/george-tf-test-public-ip",
                "subnet_id": "/subscriptions/18cb46c3-ea58-41c2-8cc6-71d8662f1203/resourceGroups/cloudone/providers/Microsoft.Network/virtualNetworks/cloudone-vnet/subnets/default"
              }
            ],
            "location": "canadacentral",
            "mac_address": "00-0D-3A-E8-56-EA",
            "name": "georged-tf-test-nic",
            "private_ip_address": "10.1.0.8",
            "private_ip_addresses": [
              "10.1.0.8"
            ],
            "resource_group_name": "cloudone",
            "tags": {
              "Owner": "george_davis@trendmicro.com"
            },
            "timeouts": null,
            "virtual_machine_id": "/subscriptions/18cb46c3-ea58-41c2-8cc6-71d8662f1203/resourceGroups/cloudone/providers/Microsoft.Compute/virtualMachines/georged-tf-test"
          },
          "private": "eyJlMmJmYjczMC1lY2FhLTExZTYtOGY4OC0zNDM2M2JjN2M0YzAiOnsiY3JlYXRlIjoxODAwMDAwMDAwMDAwLCJkZWxldGUiOjE4MDAwMDAwMDAwMDAsInJlYWQiOjMwMDAwMDAwMDAwMCwidXBkYXRlIjoxODAwMDAwMDAwMDAwfX0=",
          "dependencies": [
            "azurerm_public_ip.george-tf-test-public-ip"
          ]
        }
      ]
    },
    {
      "module": "module.cgw-team7",
      "mode": "managed",
      "type": "azurerm_network_interface_security_group_association",
      "name": "cgw-az-nic-sg",
      "provider": "provider.azurerm",
      "instances": [
        {
          "schema_version": 0,
          "attributes": {
            "id": "/subscriptions/18cb46c3-ea58-41c2-8cc6-71d8662f1203/resourceGroups/cloudone/providers/Microsoft.Network/networkInterfaces/cgw-az-nic-2cu2f9ol|/subscriptions/18cb46c3-ea58-41c2-8cc6-71d8662f1203/resourceGroups/cloudone/providers/Microsoft.Network/networkSecurityGroups/cgw-az-ssh-sg-2cu2f9ol",
            "network_interface_id": "/subscriptions/18cb46c3-ea58-41c2-8cc6-71d8662f1203/resourceGroups/cloudone/providers/Microsoft.Network/networkInterfaces/cgw-az-nic-2cu2f9ol",
            "network_security_group_id": "/subscriptions/18cb46c3-ea58-41c2-8cc6-71d8662f1203/resourceGroups/cloudone/providers/Microsoft.Network/networkSecurityGroups/cgw-az-ssh-sg-2cu2f9ol",
            "timeouts": null
          },
          "private": "eyJlMmJmYjczMC1lY2FhLTExZTYtOGY4OC0zNDM2M2JjN2M0YzAiOnsiY3JlYXRlIjoxODAwMDAwMDAwMDAwLCJkZWxldGUiOjE4MDAwMDAwMDAwMDAsInJlYWQiOjMwMDAwMDAwMDAwMCwidXBkYXRlIjoxODAwMDAwMDAwMDAwfX0=",
          "dependencies": [
            "module.cgw-team7.azurerm_network_interface.cgw-az-nic",
            "module.cgw-team7.azurerm_network_security_group.cgw-az-ssh-sg",
            "module.cgw-team7.azurerm_public_ip.cgw-az-public-ip",
            "module.cgw-team7.random_string.unique-id"
          ]
        }
      ]
    },
    {
      "mode": "managed",
      "type": "azurerm_network_interface_security_group_association",
      "name": "georged-tf-test-nic",
      "provider": "provider.azurerm",
      "instances": [
        {
          "schema_version": 0,
          "attributes": {
            "id": "/subscriptions/18cb46c3-ea58-41c2-8cc6-71d8662f1203/resourceGroups/cloudone/providers/Microsoft.Network/networkInterfaces/georged-tf-test-nic|/subscriptions/18cb46c3-ea58-41c2-8cc6-71d8662f1203/resourceGroups/cloudone/providers/Microsoft.Network/networkSecurityGroups/georged-ssh-sg",
            "network_interface_id": "/subscriptions/18cb46c3-ea58-41c2-8cc6-71d8662f1203/resourceGroups/cloudone/providers/Microsoft.Network/networkInterfaces/georged-tf-test-nic",
            "network_security_group_id": "/subscriptions/18cb46c3-ea58-41c2-8cc6-71d8662f1203/resourceGroups/cloudone/providers/Microsoft.Network/networkSecurityGroups/georged-ssh-sg",
            "timeouts": null
          },
          "private": "eyJlMmJmYjczMC1lY2FhLTExZTYtOGY4OC0zNDM2M2JjN2M0YzAiOnsiY3JlYXRlIjoxODAwMDAwMDAwMDAwLCJkZWxldGUiOjE4MDAwMDAwMDAwMDAsInJlYWQiOjMwMDAwMDAwMDAwMCwidXBkYXRlIjoxODAwMDAwMDAwMDAwfX0=",
          "dependencies": [
            "azurerm_network_interface.georged-tf-test-nic",
            "azurerm_network_security_group.georged-ssh-sg"
          ]
        }
      ]
    },
    {
      "module": "module.cgw-team7",
      "mode": "managed",
      "type": "azurerm_network_security_group",
      "name": "cgw-az-ssh-sg",
      "provider": "provider.azurerm",
      "instances": [
        {
          "schema_version": 0,
          "attributes": {
            "id": "/subscriptions/18cb46c3-ea58-41c2-8cc6-71d8662f1203/resourceGroups/cloudone/providers/Microsoft.Network/networkSecurityGroups/cgw-az-ssh-sg-2cu2f9ol",
            "location": "canadacentral",
            "name": "cgw-az-ssh-sg-2cu2f9ol",
            "resource_group_name": "cloudone",
            "security_rule": [
              {
                "access": "Allow",
                "description": "",
                "destination_address_prefix": "*",
                "destination_address_prefixes": [],
                "destination_application_security_group_ids": [],
                "destination_port_range": "22",
                "destination_port_ranges": [],
                "direction": "Inbound",
                "name": "ssh-access-rule",
                "priority": 200,
                "protocol": "Tcp",
                "source_address_prefix": "*",
                "source_address_prefixes": [],
                "source_application_security_group_ids": [],
                "source_port_range": "*",
                "source_port_ranges": []
              }
            ],
            "tags": {
              "Name": "cgw-az-ssh-sg-2cu2f9ol",
              "Owner": "george_davis@trendmicro.com",
              "Project": "cgw",
              "Team": "team7",
              "Team-UUID": "cgw-2cu2f9ol"
            },
            "timeouts": null
          },
          "private": "eyJlMmJmYjczMC1lY2FhLTExZTYtOGY4OC0zNDM2M2JjN2M0YzAiOnsiY3JlYXRlIjoxODAwMDAwMDAwMDAwLCJkZWxldGUiOjE4MDAwMDAwMDAwMDAsInJlYWQiOjMwMDAwMDAwMDAwMCwidXBkYXRlIjoxODAwMDAwMDAwMDAwfX0=",
          "dependencies": [
            "module.cgw-team7.random_string.unique-id"
          ]
        }
      ]
    },
    {
      "mode": "managed",
      "type": "azurerm_network_security_group",
      "name": "georged-ssh-sg",
      "provider": "provider.azurerm",
      "instances": [
        {
          "schema_version": 0,
          "attributes": {
            "id": "/subscriptions/18cb46c3-ea58-41c2-8cc6-71d8662f1203/resourceGroups/cloudone/providers/Microsoft.Network/networkSecurityGroups/georged-ssh-sg",
            "location": "canadacentral",
            "name": "georged-ssh-sg",
            "resource_group_name": "cloudone",
            "security_rule": [
              {
                "access": "Allow",
                "description": "",
                "destination_address_prefix": "*",
                "destination_address_prefixes": [],
                "destination_application_security_group_ids": [],
                "destination_port_range": "22",
                "destination_port_ranges": [],
                "direction": "Inbound",
                "name": "ssh-access-rule",
                "priority": 200,
                "protocol": "Tcp",
                "source_address_prefix": "142.116.0.0/15",
                "source_address_prefixes": [],
                "source_application_security_group_ids": [],
                "source_port_range": "*",
                "source_port_ranges": []
              }
            ],
            "tags": {
              "Owner": "george_davis@trendmicro.com"
            },
            "timeouts": null
          },
          "private": "eyJlMmJmYjczMC1lY2FhLTExZTYtOGY4OC0zNDM2M2JjN2M0YzAiOnsiY3JlYXRlIjoxODAwMDAwMDAwMDAwLCJkZWxldGUiOjE4MDAwMDAwMDAwMDAsInJlYWQiOjMwMDAwMDAwMDAwMCwidXBkYXRlIjoxODAwMDAwMDAwMDAwfX0="
        }
      ]
    },
    {
      "module": "module.cgw-team7",
      "mode": "managed",
      "type": "azurerm_public_ip",
      "name": "cgw-az-public-ip",
      "provider": "provider.azurerm",
      "instances": [
        {
          "schema_version": 0,
          "attributes": {
            "allocation_method": "Static",
            "domain_name_label": null,
            "fqdn": null,
            "id": "/subscriptions/18cb46c3-ea58-41c2-8cc6-71d8662f1203/resourceGroups/cloudone/providers/Microsoft.Network/publicIPAddresses/cgw-az-public-ip-2cu2f9ol",
            "idle_timeout_in_minutes": 4,
            "ip_address": "52.233.0.61",
            "ip_version": "IPv4",
            "location": "canadacentral",
            "name": "cgw-az-public-ip-2cu2f9ol",
            "public_ip_prefix_id": null,
            "resource_group_name": "cloudone",
            "reverse_fqdn": null,
            "sku": "Basic",
            "tags": {
              "Name": "cgw-az-public-ip-2cu2f9ol",
              "Owner": "george_davis@trendmicro.com",
              "Project": "cgw",
              "Team": "team7",
              "Team-UUID": "cgw-2cu2f9ol"
            },
            "timeouts": null,
            "zones": []
          },
          "private": "eyJlMmJmYjczMC1lY2FhLTExZTYtOGY4OC0zNDM2M2JjN2M0YzAiOnsiY3JlYXRlIjoxODAwMDAwMDAwMDAwLCJkZWxldGUiOjE4MDAwMDAwMDAwMDAsInJlYWQiOjMwMDAwMDAwMDAwMCwidXBkYXRlIjoxODAwMDAwMDAwMDAwfX0=",
          "dependencies": [
            "module.cgw-team7.random_string.unique-id"
          ]
        }
      ]
    },
    {
      "mode": "managed",
      "type": "azurerm_public_ip",
      "name": "george-tf-test-public-ip",
      "provider": "provider.azurerm",
      "instances": [
        {
          "schema_version": 0,
          "attributes": {
            "allocation_method": "Static",
            "domain_name_label": null,
            "fqdn": null,
            "id": "/subscriptions/18cb46c3-ea58-41c2-8cc6-71d8662f1203/resourceGroups/cloudone/providers/Microsoft.Network/publicIPAddresses/george-tf-test-public-ip",
            "idle_timeout_in_minutes": 4,
            "ip_address": "20.43.14.118",
            "ip_version": "IPv4",
            "location": "canadacentral",
            "name": "george-tf-test-public-ip",
            "public_ip_prefix_id": null,
            "resource_group_name": "cloudone",
            "reverse_fqdn": null,
            "sku": "Basic",
            "tags": {
              "Owner": "george_davis@trendmicro.com"
            },
            "timeouts": null,
            "zones": []
          },
          "private": "eyJlMmJmYjczMC1lY2FhLTExZTYtOGY4OC0zNDM2M2JjN2M0YzAiOnsiY3JlYXRlIjoxODAwMDAwMDAwMDAwLCJkZWxldGUiOjE4MDAwMDAwMDAwMDAsInJlYWQiOjMwMDAwMDAwMDAwMCwidXBkYXRlIjoxODAwMDAwMDAwMDAwfX0="
        }
      ]
    },
    {
      "module": "module.cgw-team7",
      "mode": "managed",
      "type": "azurerm_storage_account",
      "name": "cgw-az-sa",
      "provider": "provider.azurerm",
      "instances": [
        {
          "schema_version": 2,
          "attributes": {
            "access_tier": "Hot",
            "account_kind": "StorageV2",
            "account_replication_type": "LRS",
            "account_tier": "Standard",
            "blob_properties": [],
            "custom_domain": [],
            "enable_https_traffic_only": true,
            "id": "/subscriptions/18cb46c3-ea58-41c2-8cc6-71d8662f1203/resourceGroups/cloudone/providers/Microsoft.Storage/storageAccounts/cgwazsa2cu2f9ol",
            "identity": [],
            "is_hns_enabled": false,
            "location": "canadacentral",
            "name": "cgwazsa2cu2f9ol",
            "network_rules": [
              {
                "bypass": [
                  "AzureServices"
                ],
                "default_action": "Allow",
                "ip_rules": [],
                "virtual_network_subnet_ids": []
              }
            ],
            "primary_access_key": "1bNA4BbCFK8fEflctSBcKbjC796gUPUSPBKcvwZ7QPzurdcowTmk84D5a4TdPdi6VKfFyCh5dkZ01+4AZjfNcA==",
            "primary_blob_connection_string": "DefaultEndpointsProtocol=https;BlobEndpoint=https://cgwazsa2cu2f9ol.blob.core.windows.net/;AccountName=cgwazsa2cu2f9ol;AccountKey=1bNA4BbCFK8fEflctSBcKbjC796gUPUSPBKcvwZ7QPzurdcowTmk84D5a4TdPdi6VKfFyCh5dkZ01+4AZjfNcA==",
            "primary_blob_endpoint": "https://cgwazsa2cu2f9ol.blob.core.windows.net/",
            "primary_blob_host": "cgwazsa2cu2f9ol.blob.core.windows.net",
            "primary_connection_string": "DefaultEndpointsProtocol=https;AccountName=cgwazsa2cu2f9ol;AccountKey=1bNA4BbCFK8fEflctSBcKbjC796gUPUSPBKcvwZ7QPzurdcowTmk84D5a4TdPdi6VKfFyCh5dkZ01+4AZjfNcA==;EndpointSuffix=core.windows.net",
            "primary_dfs_endpoint": "https://cgwazsa2cu2f9ol.dfs.core.windows.net/",
            "primary_dfs_host": "cgwazsa2cu2f9ol.dfs.core.windows.net",
            "primary_file_endpoint": "https://cgwazsa2cu2f9ol.file.core.windows.net/",
            "primary_file_host": "cgwazsa2cu2f9ol.file.core.windows.net",
            "primary_location": "canadacentral",
            "primary_queue_endpoint": "https://cgwazsa2cu2f9ol.queue.core.windows.net/",
            "primary_queue_host": "cgwazsa2cu2f9ol.queue.core.windows.net",
            "primary_table_endpoint": "https://cgwazsa2cu2f9ol.table.core.windows.net/",
            "primary_table_host": "cgwazsa2cu2f9ol.table.core.windows.net",
            "primary_web_endpoint": "https://cgwazsa2cu2f9ol.z9.web.core.windows.net/",
            "primary_web_host": "cgwazsa2cu2f9ol.z9.web.core.windows.net",
            "queue_properties": [
              {
                "cors_rule": [],
                "hour_metrics": [
                  {
                    "enabled": true,
                    "include_apis": true,
                    "retention_policy_days": 7,
                    "version": "1.0"
                  }
                ],
                "logging": [
                  {
                    "delete": false,
                    "read": false,
                    "retention_policy_days": 0,
                    "version": "1.0",
                    "write": false
                  }
                ],
                "minute_metrics": [
                  {
                    "enabled": false,
                    "include_apis": false,
                    "retention_policy_days": 0,
                    "version": "1.0"
                  }
                ]
              }
            ],
            "resource_group_name": "cloudone",
            "secondary_access_key": "Z9RbRfyrq177J2qRD7juY6MT6sOJCzP96pfvzfUGSC9KPp4XmbdowREpQISB5/YZfkyM52m3NQjiH91wh0R7xg==",
            "secondary_blob_connection_string": "",
            "secondary_blob_endpoint": null,
            "secondary_blob_host": null,
            "secondary_connection_string": "DefaultEndpointsProtocol=https;AccountName=cgwazsa2cu2f9ol;AccountKey=Z9RbRfyrq177J2qRD7juY6MT6sOJCzP96pfvzfUGSC9KPp4XmbdowREpQISB5/YZfkyM52m3NQjiH91wh0R7xg==;EndpointSuffix=core.windows.net",
            "secondary_dfs_endpoint": null,
            "secondary_dfs_host": null,
            "secondary_file_endpoint": null,
            "secondary_file_host": null,
            "secondary_location": "",
            "secondary_queue_endpoint": null,
            "secondary_queue_host": null,
            "secondary_table_endpoint": null,
            "secondary_table_host": null,
            "secondary_web_endpoint": null,
            "secondary_web_host": null,
            "static_website": [],
            "tags": {
              "Name": "cgw-az-sa-2cu2f9ol",
              "Owner": "george_davis@trendmicro.com",
              "Project": "cgw",
              "Team": "team7",
              "Team-UUID": "cgw-2cu2f9ol"
            },
            "timeouts": null
          },
          "private": "eyJlMmJmYjczMC1lY2FhLTExZTYtOGY4OC0zNDM2M2JjN2M0YzAiOnsiY3JlYXRlIjozNjAwMDAwMDAwMDAwLCJkZWxldGUiOjM2MDAwMDAwMDAwMDAsInJlYWQiOjMwMDAwMDAwMDAwMCwidXBkYXRlIjozNjAwMDAwMDAwMDAwfSwic2NoZW1hX3ZlcnNpb24iOiIyIn0=",
          "dependencies": [
            "module.cgw-team7.random_string.unique-id"
          ]
        }
      ]
    },
    {
      "module": "module.cgw-team7",
      "mode": "managed",
      "type": "azurerm_storage_container",
      "name": "cgw-az-sc",
      "provider": "provider.azurerm",
      "instances": [
        {
          "schema_version": 1,
          "attributes": {
            "container_access_type": "blob",
            "has_immutability_policy": false,
            "has_legal_hold": false,
            "id": "https://cgwazsa2cu2f9ol.blob.core.windows.net/cgw-az-sc-2cu2f9ol",
            "metadata": {},
            "name": "cgw-az-sc-2cu2f9ol",
            "resource_manager_id": "/subscriptions/18cb46c3-ea58-41c2-8cc6-71d8662f1203/resourceGroups/cloudone/providers/Microsoft.Storage/storageAccounts/cgwazsa2cu2f9ol/blobServices/default/containers/cgw-az-sc-2cu2f9ol",
            "storage_account_name": "cgwazsa2cu2f9ol",
            "timeouts": null
          },
          "private": "eyJlMmJmYjczMC1lY2FhLTExZTYtOGY4OC0zNDM2M2JjN2M0YzAiOnsiY3JlYXRlIjoxODAwMDAwMDAwMDAwLCJkZWxldGUiOjE4MDAwMDAwMDAwMDAsInJlYWQiOjMwMDAwMDAwMDAwMCwidXBkYXRlIjoxODAwMDAwMDAwMDAwfSwic2NoZW1hX3ZlcnNpb24iOiIxIn0=",
          "dependencies": [
            "module.cgw-team7.azurerm_storage_account.cgw-az-sa",
            "module.cgw-team7.random_string.unique-id"
          ]
        }
      ]
    },
    {
      "module": "module.cgw-team7",
      "mode": "managed",
      "type": "azurerm_virtual_machine_data_disk_attachment",
      "name": "example",
      "provider": "provider.azurerm",
      "instances": [
        {
          "schema_version": 0,
          "attributes": {
            "caching": "ReadWrite",
            "create_option": "Attach",
            "id": "/subscriptions/18cb46c3-ea58-41c2-8cc6-71d8662f1203/resourceGroups/cloudone/providers/Microsoft.Compute/virtualMachines/cgw-az-vm-2cu2f9ol/dataDisks/cgw-az-vm-2cu2f9ol",
            "lun": 10,
            "managed_disk_id": "/subscriptions/18cb46c3-ea58-41c2-8cc6-71d8662f1203/resourceGroups/cloudone/providers/Microsoft.Compute/disks/cgw-az-vm-2cu2f9ol",
            "timeouts": null,
            "virtual_machine_id": "/subscriptions/18cb46c3-ea58-41c2-8cc6-71d8662f1203/resourceGroups/cloudone/providers/Microsoft.Compute/virtualMachines/cgw-az-vm-2cu2f9ol",
            "write_accelerator_enabled": false
          },
          "private": "eyJlMmJmYjczMC1lY2FhLTExZTYtOGY4OC0zNDM2M2JjN2M0YzAiOnsiY3JlYXRlIjoxODAwMDAwMDAwMDAwLCJkZWxldGUiOjE4MDAwMDAwMDAwMDAsInJlYWQiOjMwMDAwMDAwMDAwMCwidXBkYXRlIjoxODAwMDAwMDAwMDAwfX0=",
          "dependencies": [
            "module.cgw-team7.azurerm_linux_virtual_machine.cgw-az-vm",
            "module.cgw-team7.azurerm_managed_disk.cgw-az-vol",
            "module.cgw-team7.azurerm_network_interface.cgw-az-nic",
            "module.cgw-team7.azurerm_public_ip.cgw-az-public-ip",
            "module.cgw-team7.random_string.unique-id"
          ]
        }
      ]
    },
    {
      "module": "module.cgw-team4",
      "mode": "managed",
      "type": "local_file",
      "name": "mysql-script",
      "provider": "provider.local",
      "instances": [
        {
          "schema_version": 0,
          "attributes": {
            "content": "CREATE DATABASE IF NOT EXISTS tm_cgw_db;\n\nSET GLOBAL validate_password_length = 1;\nSET GLOBAL validate_password_mixed_case_count = 0;\nSET GLOBAL validate_password_number_count = 0;\nSET GLOBAL validate_password_special_char_count = 0;\n\nCREATE USER IF NOT EXISTS 'tm_db_user'@'localhost' IDENTIFIED BY 'tm_db_pass';\nCREATE USER IF NOT EXISTS 'tm_db_user'@'%' IDENTIFIED BY 'tm_db_pass';\n\nGRANT ALL ON tm_cgw_db.* TO 'tm_db_user'@'localhost';\nGRANT ALL ON tm_cgw_db.* TO 'tm_db_user'@'%';\n\nUSE tm_cgw_db;\n\nCREATE TABLE IF NOT EXISTS tbl_cgw_aws_resources (\n    cgw_aws_uuid VARCHAR(15) PRIMARY KEY NOT NULL,           \n    cgw_aws_instance_public_ip VARCHAR(25),\n    cgw_aws_instance_id VARCHAR(40) NOT NULL,\n    cgw_aws_vol VARCHAR(40) NOT NULL,\n    cgw_aws_s3_bucket VARCHAR(50) NOT NULL,          \n    cgw_aws_iam_user VARCHAR(50) NOT NULL,           \n    cgw_aws_iam_user_password VARCHAR(500) NOT NULL, \n    cgw_aws_iam_role VARCHAR(50) NOT NULL,     \n    cgw_aws_iam_instance_profile VARCHAR(50) NOT NULL,\n    cgw_aws_iam_policy VARCHAR(50) NOT NULL,  \n    cgw_aws_ssh_sg VARCHAR(50) NOT NULL\n);\n\nDROP PROCEDURE IF EXISTS CgwAwsUpdateOrInsert;\n\nDELIMITER $$\nCREATE PROCEDURE CgwAwsUpdateOrInsert(\n    IN _cgw_aws_uuid VARCHAR(15),           \n    IN _cgw_aws_instance_public_ip VARCHAR(25),\n    IN _cgw_aws_instance_id VARCHAR(40),\n    IN _cgw_aws_vol VARCHAR(40),\n    IN _cgw_aws_s3_bucket VARCHAR(50),          \n    IN _cgw_aws_iam_user VARCHAR(50),           \n    IN _cgw_aws_iam_user_password VARCHAR(500), \n    IN _cgw_aws_iam_role VARCHAR(50),     \n    IN _cgw_aws_iam_instance_profile VARCHAR(50),\n    IN _cgw_aws_iam_policy VARCHAR(50),  \n    IN _cgw_aws_ssh_sg VARCHAR(50)\n)\nBEGIN\n  IF EXISTS (SELECT cgw_aws_uuid FROM tbl_cgw_aws_resources WHERE cgw_aws_uuid = _cgw_aws_uuid) THEN\n    UPDATE tbl_cgw_aws_resources SET\n        cgw_aws_instance_public_ip = _cgw_aws_instance_public_ip,\n        cgw_aws_instance_id = _cgw_aws_instance_id,\n        cgw_aws_vol = _cgw_aws_vol,\n        cgw_aws_s3_bucket = _cgw_aws_s3_bucket,\n        cgw_aws_iam_user = _cgw_aws_iam_user,\n        cgw_aws_iam_user_password = _cgw_aws_iam_user_password,\n        cgw_aws_iam_role = _cgw_aws_iam_role,\n        cgw_aws_iam_instance_profile = _cgw_aws_iam_instance_profile,\n        cgw_aws_iam_policy = _cgw_aws_iam_policy,\n        cgw_aws_ssh_sg = _cgw_aws_ssh_sg\n    WHERE \n        cgw_aws_uuid = _cgw_aws_uuid;\n  ELSE \n    INSERT INTO tbl_cgw_aws_resources (`cgw_aws_uuid`, `cgw_aws_instance_public_ip`, `cgw_aws_instance_id`, `cgw_aws_vol`, `cgw_aws_s3_bucket`, `cgw_aws_iam_user`, `cgw_aws_iam_user_password`, `cgw_aws_iam_role`, `cgw_aws_iam_instance_profile`, `cgw_aws_iam_policy`, `cgw_aws_ssh_sg`) VALUES (_cgw_aws_uuid, _cgw_aws_instance_public_ip, _cgw_aws_instance_id, _cgw_aws_vol, _cgw_aws_s3_bucket, _cgw_aws_iam_user, _cgw_aws_iam_user_password, _cgw_aws_iam_role, _cgw_aws_iam_instance_profile, _cgw_aws_iam_policy, _cgw_aws_ssh_sg);\n  END IF;\nEND $$\nDELIMITER ;\n\nGRANT EXECUTE ON PROCEDURE tm_cgw_db.CgwAwsUpdateOrInsert TO 'tm_db_user'@'localhost';  \nGRANT EXECUTE ON PROCEDURE tm_cgw_db.CgwAwsUpdateOrInsert TO 'tm_db_user'@'%'; \n\nCALL CgwAwsUpdateOrInsert(\"sz0mmk3v\", \"18.216.147.80\", \"i-09dec7679b3efb6ef\", \"vol-02a9e11bc63d42a02\", \"cgw-aws-s3-bucket-sz0mmk3v.s3.amazonaws.com\", \"cgw-aws-iam-user-sz0mmk3v\",\" wcBMA0sO1vRsBNNAAQgAlVi0WXyzTcFfdfz2Aq1xxmWpyi02rEfcRXWIUXBiP7H2BLU8GAcpgKOcwBMK7+beusUMFoU+Jjwahq2i7yRbYcJ4BolnczDpfXBt+BIFW76//m7CNCcGf8MBFi6gcQUI8Wx4POGHqVD9Tp11kqGL3KSY+Oe79v7Bnr0V5WHXoLnCkBtWKXIMk5DNpYu97+dmOLh/B6xXqP4PV+pBVqklhH0uObE5yVetbCZmGDan9vV+uSWxTDjfQWl9YaUymxDRM0Lp9OgNZyIhcDvcIvt0bYwXeSm/FTrkbCINTEr3a/q3gq4Y33JhSA8omsljcMXNwqnJ72fYAo+AUKRXcuXoedLgAeRKufvJEvw2BkrMdhbF6p5S4QqO4FjgMuFVMeC94q6jC3XgQORlfba4YuJrW4Syrj/WDKqL4HPiYatPhOAG5DZjGNoBl//+OndV/7KHW3/iuBLo8uEelAA=\", \"cgw-aws-iam-role-sz0mmk3v\", \"cgw-aws-iam-instance-profile-sz0mmk3v\", \"cgw-aws-iam-policy-sz0mmk3v\", \"cgw-aws-ssh-sg-sz0mmk3v\");",
            "content_base64": null,
            "directory_permission": "0777",
            "file_permission": "0777",
            "filename": "modules/aws-cloud-governance-workshop/mysql-script-sz0mmk3v.sql",
            "id": "d7c07d41c79959697f26b5068b445555e88d3cc6",
            "sensitive_content": null
          },
          "private": "bnVsbA==",
          "dependencies": [
            "module.cgw-team4.aws_ebs_volume.cgw-aws-vol",
            "module.cgw-team4.aws_iam_instance_profile.cgw-aws-iam-instance-profile",
            "module.cgw-team4.aws_iam_policy.cgw-aws-iam-policy",
            "module.cgw-team4.aws_iam_role.cgw-aws-iam-role",
            "module.cgw-team4.aws_iam_user.cgw-aws-iam-user",
            "module.cgw-team4.aws_iam_user_login_profile.cgw-aws-iam-user-login-profile",
            "module.cgw-team4.aws_instance.cgw-aws-instance",
            "module.cgw-team4.aws_s3_bucket.cgw-aws-s3-bucket",
            "module.cgw-team4.aws_security_group.cgw-aws-ssh-sg",
            "module.cgw-team4.random_string.unique-id"
          ]
        }
      ]
    },
    {
      "module": "module.cgw-team7",
      "mode": "managed",
      "type": "local_file",
      "name": "mysql-script",
      "provider": "provider.local",
      "instances": [
        {
          "schema_version": 0,
          "attributes": {
            "content": "CREATE DATABASE IF NOT EXISTS tm_cgw_db;\n\nSET GLOBAL validate_password_length = 1;\nSET GLOBAL validate_password_mixed_case_count = 0;\nSET GLOBAL validate_password_number_count = 0;\nSET GLOBAL validate_password_special_char_count = 0;\n\nCREATE USER IF NOT EXISTS 'tm_db_user'@'localhost' IDENTIFIED BY 'tm_db_pass';\nCREATE USER IF NOT EXISTS 'tm_db_user'@'%' IDENTIFIED BY 'tm_db_pass';\n\nGRANT ALL ON tm_cgw_db.* TO 'tm_db_user'@'localhost';\nGRANT ALL ON tm_cgw_db.* TO 'tm_db_user'@'%';\n\nUSE tm_cgw_db;\n\nCREATE TABLE IF NOT EXISTS tbl_cgw_az_resources (\n    cgw_az_uuid VARCHAR(15) PRIMARY KEY NOT NULL,           \n    cgw_az_public_ip VARCHAR(25),\n    cgw_az_nic VARCHAR(40) NOT NULL,\n    cgw_az_vm VARCHAR(40) NOT NULL,\n    cgw_az_sc VARCHAR(50) NOT NULL,          \n    cgw_az_ssh_sg VARCHAR(50) NOT NULL\n);\n\nDROP PROCEDURE IF EXISTS CgwAzUpdateOrInsert;\n\nDELIMITER $$\nCREATE PROCEDURE CgwAzUpdateOrInsert(\n    IN _cgw_az_uuid VARCHAR(15),           \n    IN _cgw_az_public_ip VARCHAR(25),\n    IN _cgw_az_nic VARCHAR(40),\n    IN _cgw_az_vm VARCHAR(40),\n    IN _cgw_az_sc VARCHAR(50),          \n    IN _cgw_az_ssh_sg VARCHAR(50)\n)\nBEGIN\n  IF EXISTS (SELECT cgw_az_uuid FROM tbl_cgw_az_resources WHERE cgw_az_uuid = _cgw_az_uuid) THEN\n    UPDATE tbl_cgw_az_resources SET\n        cgw_az_public_ip = _cgw_az_public_ip\n        cgw_az_nic = _cgw_az_nic\n        cgw_az_vm = _cgw_az_vm\n        cgw_az_sc = _cgw_az_sc\n        cgw_az_ssh_sg = _cgw_az_ssh_sg\n    WHERE \n        cgw_az_uuid = _cgw_az_uuid;\n  ELSE \n    INSERT INTO tbl_cgw_az_resources (`cgw_az_uuid`, `cgw_az_public_ip`, `cgw_az_nic`, `cgw_az_vm`, `cgw_az_sc`, `cgw_az_ssh_sg`) VALUES (_cgw_az_uuid, _cgw_az_public_ip, _cgw_az_nic, _cgw_az_vm, _cgw_az_sc, _cgw_az_ssh_sg);\n  END IF;\nEND $$\nDELIMITER ;\n\nGRANT EXECUTE ON PROCEDURE tm_cgw_db.CgwAzUpdateOrInsert TO 'tm_db_user'@'localhost';  \nGRANT EXECUTE ON PROCEDURE tm_cgw_db.CgwAzUpdateOrInsert TO 'tm_db_user'@'%'; \n\nCALL CgwAzUpdateOrInsert(\"2cu2f9ol\", \"52.233.0.61\", \"/subscriptions/18cb46c3-ea58-41c2-8cc6-71d8662f1203/resourceGroups/cloudone/providers/Microsoft.Network/networkInterfaces/cgw-az-nic-2cu2f9ol\", \"/subscriptions/18cb46c3-ea58-41c2-8cc6-71d8662f1203/resourceGroups/cloudone/providers/Microsoft.Compute/virtualMachines/cgw-az-vm-2cu2f9ol\", \"https://cgwazsa2cu2f9ol.blob.core.windows.net/cgw-az-sc-2cu2f9ol\", \"/subscriptions/18cb46c3-ea58-41c2-8cc6-71d8662f1203/resourceGroups/cloudone/providers/Microsoft.Network/networkSecurityGroups/cgw-az-ssh-sg-2cu2f9ol\");",
            "content_base64": null,
            "directory_permission": "0777",
            "file_permission": "0777",
            "filename": "modules/azure-cloud-governance-workshop/mysql-script-2cu2f9ol.sql",
            "id": "f3bb3cbeff3e002a13de85a6da5eef8b07f9498f",
            "sensitive_content": null
          },
          "private": "bnVsbA==",
          "dependencies": [
            "module.cgw-team7.azurerm_linux_virtual_machine.cgw-az-vm",
            "module.cgw-team7.azurerm_network_interface.cgw-az-nic",
            "module.cgw-team7.azurerm_network_security_group.cgw-az-ssh-sg",
            "module.cgw-team7.azurerm_public_ip.cgw-az-public-ip",
            "module.cgw-team7.azurerm_storage_account.cgw-az-sa",
            "module.cgw-team7.azurerm_storage_container.cgw-az-sc",
            "module.cgw-team7.random_string.unique-id"
          ]
        }
      ]
    },
    {
      "mode": "managed",
      "type": "null_resource",
      "name": "cgw-init",
      "provider": "provider.null",
      "instances": [
        {
          "schema_version": 0,
          "attributes": {
            "id": "2722576362625886254",
            "triggers": {
              "always_run": "2020-08-07T21:25:59Z"
            }
          },
          "private": "bnVsbA=="
        }
      ]
    },
    {
      "module": "module.cgw-team4",
      "mode": "managed",
      "type": "null_resource",
      "name": "mysql-run",
      "provider": "provider.null",
      "instances": [
        {
          "schema_version": 0,
          "attributes": {
            "id": "5851548776365837776",
            "triggers": null
          },
          "dependencies": [
            "module.cgw-team4.aws_ebs_volume.cgw-aws-vol",
            "module.cgw-team4.aws_iam_instance_profile.cgw-aws-iam-instance-profile",
            "module.cgw-team4.aws_iam_policy.cgw-aws-iam-policy",
            "module.cgw-team4.aws_iam_role.cgw-aws-iam-role",
            "module.cgw-team4.aws_iam_user.cgw-aws-iam-user",
            "module.cgw-team4.aws_iam_user_login_profile.cgw-aws-iam-user-login-profile",
            "module.cgw-team4.aws_instance.cgw-aws-instance",
            "module.cgw-team4.aws_s3_bucket.cgw-aws-s3-bucket",
            "module.cgw-team4.aws_security_group.cgw-aws-ssh-sg",
            "module.cgw-team4.random_string.unique-id"
          ]
        }
      ]
    },
    {
      "module": "module.cgw-team7",
      "mode": "managed",
      "type": "null_resource",
      "name": "mysql-run",
      "provider": "provider.null",
      "instances": [
        {
          "schema_version": 0,
          "attributes": {
            "id": "7056069098898957170",
            "triggers": null
          },
          "dependencies": [
            "module.cgw-team7.azurerm_linux_virtual_machine.cgw-az-vm",
            "module.cgw-team7.azurerm_network_interface.cgw-az-nic",
            "module.cgw-team7.azurerm_network_security_group.cgw-az-ssh-sg",
            "module.cgw-team7.azurerm_public_ip.cgw-az-public-ip",
            "module.cgw-team7.azurerm_storage_account.cgw-az-sa",
            "module.cgw-team7.azurerm_storage_container.cgw-az-sc",
            "module.cgw-team7.random_string.unique-id"
          ]
        }
      ]
    },
    {
      "module": "module.cgw-team4",
      "mode": "managed",
      "type": "random_string",
      "name": "unique-id",
      "provider": "provider.random",
      "instances": [
        {
          "schema_version": 1,
          "attributes": {
            "id": "sz0mmk3v",
            "keepers": null,
            "length": 8,
            "lower": true,
            "min_lower": 0,
            "min_numeric": 0,
            "min_special": 0,
            "min_upper": 0,
            "number": true,
            "override_special": null,
            "result": "sz0mmk3v",
            "special": false,
            "upper": false
          },
          "private": "eyJzY2hlbWFfdmVyc2lvbiI6IjEifQ=="
        }
      ]
    },
    {
      "module": "module.cgw-team7",
      "mode": "managed",
      "type": "random_string",
      "name": "unique-id",
      "provider": "provider.random",
      "instances": [
        {
          "schema_version": 1,
          "attributes": {
            "id": "2cu2f9ol",
            "keepers": null,
            "length": 8,
            "lower": true,
            "min_lower": 0,
            "min_numeric": 0,
            "min_special": 0,
            "min_upper": 0,
            "number": true,
            "override_special": null,
            "result": "2cu2f9ol",
            "special": false,
            "upper": false
          },
          "private": "eyJzY2hlbWFfdmVyc2lvbiI6IjEifQ=="
        }
      ]
    }
  ]
}
