{
  "version": 4,
  "terraform_version": "0.12.29",
  "serial": 3636,
  "lineage": "b56c0cf0-8b63-a99c-d604-8bb86ba5d6be",
  "outputs": {
    "cgw-common-db-instance-id": {
      "value": "i-00975873156ca6ecc",
      "type": "string"
    },
    "cgw-common-db-instance-ip": {
      "value": "3.20.89.105",
      "type": "string"
    },
    "georged-k8s-host-ip": {
      "value": "3.21.177.184",
      "type": "string"
    },
    "georged-tf-test-vip": {
      "value": "20.43.14.118",
      "type": "string"
    }
  },
  "resources": [
    {
      "mode": "data",
      "type": "aws_ami",
      "name": "amzn-linux-2",
      "provider": "provider.aws",
      "instances": [
        {
          "schema_version": 0,
          "attributes": {
            "architecture": "x86_64",
            "arn": "arn:aws:ec2:us-east-2::image/ami-0f4665edc97a93bea",
            "block_device_mappings": [
              {
                "device_name": "/dev/xvda",
                "ebs": {
                  "delete_on_termination": "true",
                  "encrypted": "false",
                  "iops": "0",
                  "snapshot_id": "snap-00a3ac8046ab803ef",
                  "volume_size": "8",
                  "volume_type": "standard"
                },
                "no_device": "",
                "virtual_name": ""
              }
            ],
            "creation_date": "2020-07-24T20:37:45.000Z",
            "description": "Amazon Linux 2 AMI 2.0.20200722.0 x86_64 HVM ebs",
            "executable_users": null,
            "filter": [
              {
                "name": "name",
                "values": [
                  "amzn2-ami-hvm-*-x86_64-ebs"
                ]
              },
              {
                "name": "root-device-type",
                "values": [
                  "ebs"
                ]
              },
              {
                "name": "virtualization-type",
                "values": [
                  "hvm"
                ]
              }
            ],
            "hypervisor": "xen",
            "id": "ami-0f4665edc97a93bea",
            "image_id": "ami-0f4665edc97a93bea",
            "image_location": "amazon/amzn2-ami-hvm-2.0.20200722.0-x86_64-ebs",
            "image_owner_alias": "amazon",
            "image_type": "machine",
            "kernel_id": null,
            "most_recent": true,
            "name": "amzn2-ami-hvm-2.0.20200722.0-x86_64-ebs",
            "name_regex": null,
            "owner_id": "137112412989",
            "owners": [
              "amazon"
            ],
            "platform": null,
            "product_codes": [],
            "public": true,
            "ramdisk_id": null,
            "root_device_name": "/dev/xvda",
            "root_device_type": "ebs",
            "root_snapshot_id": "snap-00a3ac8046ab803ef",
            "sriov_net_support": "simple",
            "state": "available",
            "state_reason": {
              "code": "UNSET",
              "message": "UNSET"
            },
            "tags": {},
            "virtualization_type": "hvm"
          }
        }
      ]
    },
    {
      "module": "module.cgw-team3",
      "mode": "data",
      "type": "aws_ami",
      "name": "amzn-linux-2",
      "provider": "provider.aws.use1",
      "instances": [
        {
          "schema_version": 0,
          "attributes": {
            "architecture": "x86_64",
            "arn": "arn:aws:ec2:us-east-1::image/ami-0beafb294c86717a8",
            "block_device_mappings": [
              {
                "device_name": "/dev/xvda",
                "ebs": {
                  "delete_on_termination": "true",
                  "encrypted": "false",
                  "iops": "0",
                  "snapshot_id": "snap-06d919bfeced8496a",
                  "volume_size": "8",
                  "volume_type": "standard"
                },
                "no_device": "",
                "virtual_name": ""
              }
            ],
            "creation_date": "2020-07-24T20:36:15.000Z",
            "description": "Amazon Linux 2 AMI 2.0.20200722.0 x86_64 HVM ebs",
            "executable_users": null,
            "filter": [
              {
                "name": "name",
                "values": [
                  "amzn2-ami-hvm-*-x86_64-ebs"
                ]
              },
              {
                "name": "root-device-type",
                "values": [
                  "ebs"
                ]
              },
              {
                "name": "virtualization-type",
                "values": [
                  "hvm"
                ]
              }
            ],
            "hypervisor": "xen",
            "id": "ami-0beafb294c86717a8",
            "image_id": "ami-0beafb294c86717a8",
            "image_location": "amazon/amzn2-ami-hvm-2.0.20200722.0-x86_64-ebs",
            "image_owner_alias": "amazon",
            "image_type": "machine",
            "kernel_id": null,
            "most_recent": true,
            "name": "amzn2-ami-hvm-2.0.20200722.0-x86_64-ebs",
            "name_regex": null,
            "owner_id": "137112412989",
            "owners": [
              "amazon"
            ],
            "platform": null,
            "product_codes": [],
            "public": true,
            "ramdisk_id": null,
            "root_device_name": "/dev/xvda",
            "root_device_type": "ebs",
            "root_snapshot_id": "snap-06d919bfeced8496a",
            "sriov_net_support": "simple",
            "state": "available",
            "state_reason": {
              "code": "UNSET",
              "message": "UNSET"
            },
            "tags": {},
            "virtualization_type": "hvm"
          }
        }
      ]
    },
    {
      "mode": "data",
      "type": "aws_ami",
      "name": "ubuntu-1804",
      "provider": "provider.aws",
      "instances": [
        {
          "schema_version": 0,
          "attributes": {
            "architecture": "x86_64",
            "arn": "arn:aws:ec2:us-east-2::image/ami-f4f4cf91",
            "block_device_mappings": [
              {
                "device_name": "/dev/sda1",
                "ebs": {
                  "delete_on_termination": "true",
                  "encrypted": "false",
                  "iops": "0",
                  "snapshot_id": "snap-011fc9d52368bac53",
                  "volume_size": "8",
                  "volume_type": "gp2"
                },
                "no_device": "",
                "virtual_name": ""
              }
            ],
            "creation_date": "2018-07-14T01:18:32.000Z",
            "description": "Ubuntu 18.04 AMI with .NET Core 2.1",
            "executable_users": null,
            "filter": [
              {
                "name": "name",
                "values": [
                  "*ubuntu-bionic-*-amd64-server-*"
                ]
              },
              {
                "name": "root-device-type",
                "values": [
                  "ebs"
                ]
              },
              {
                "name": "virtualization-type",
                "values": [
                  "hvm"
                ]
              }
            ],
            "hypervisor": "xen",
            "id": "ami-f4f4cf91",
            "image_id": "ami-f4f4cf91",
            "image_location": "amazon/ubuntu-bionic-18.04-amd64-server-20180522-dotnetcore-2018.07.11",
            "image_owner_alias": "amazon",
            "image_type": "machine",
            "kernel_id": null,
            "most_recent": true,
            "name": "ubuntu-bionic-18.04-amd64-server-20180522-dotnetcore-2018.07.11",
            "name_regex": null,
            "owner_id": "801119661308",
            "owners": [
              "amazon"
            ],
            "platform": null,
            "product_codes": [],
            "public": true,
            "ramdisk_id": null,
            "root_device_name": "/dev/sda1",
            "root_device_type": "ebs",
            "root_snapshot_id": "snap-011fc9d52368bac53",
            "sriov_net_support": "simple",
            "state": "available",
            "state_reason": {
              "code": "UNSET",
              "message": "UNSET"
            },
            "tags": {},
            "virtualization_type": "hvm"
          }
        }
      ]
    },
    {
      "module": "module.cgw-team3",
      "mode": "data",
      "type": "aws_ami",
      "name": "ubuntu-1804",
      "provider": "provider.aws.use1",
      "instances": [
        {
          "schema_version": 0,
          "attributes": {
            "architecture": "x86_64",
            "arn": "arn:aws:ec2:us-east-1::image/ami-e24b7d9d",
            "block_device_mappings": [
              {
                "device_name": "/dev/sda1",
                "ebs": {
                  "delete_on_termination": "true",
                  "encrypted": "false",
                  "iops": "0",
                  "snapshot_id": "snap-052526bdc8adce099",
                  "volume_size": "8",
                  "volume_type": "gp2"
                },
                "no_device": "",
                "virtual_name": ""
              }
            ],
            "creation_date": "2018-07-11T19:40:53.000Z",
            "description": "Ubuntu 18.04 AMI with .NET Core 2.1",
            "executable_users": null,
            "filter": [
              {
                "name": "name",
                "values": [
                  "*ubuntu-bionic-*-amd64-server-*"
                ]
              },
              {
                "name": "root-device-type",
                "values": [
                  "ebs"
                ]
              },
              {
                "name": "virtualization-type",
                "values": [
                  "hvm"
                ]
              }
            ],
            "hypervisor": "xen",
            "id": "ami-e24b7d9d",
            "image_id": "ami-e24b7d9d",
            "image_location": "amazon/ubuntu-bionic-18.04-amd64-server-20180522-dotnetcore-2018.07.11",
            "image_owner_alias": "amazon",
            "image_type": "machine",
            "kernel_id": null,
            "most_recent": true,
            "name": "ubuntu-bionic-18.04-amd64-server-20180522-dotnetcore-2018.07.11",
            "name_regex": null,
            "owner_id": "801119661308",
            "owners": [
              "amazon"
            ],
            "platform": null,
            "product_codes": [],
            "public": true,
            "ramdisk_id": null,
            "root_device_name": "/dev/sda1",
            "root_device_type": "ebs",
            "root_snapshot_id": "snap-052526bdc8adce099",
            "sriov_net_support": "simple",
            "state": "available",
            "state_reason": {
              "code": "UNSET",
              "message": "UNSET"
            },
            "tags": {},
            "virtualization_type": "hvm"
          }
        }
      ]
    },
    {
      "module": "module.cgw-team3",
      "mode": "data",
      "type": "aws_iam_policy_document",
      "name": "cgw-aws-iam-policy-doc",
      "provider": "provider.aws.use1",
      "instances": [
        {
          "schema_version": 0,
          "attributes": {
            "id": "1496552501",
            "json": "{\n  \"Version\": \"2012-10-17\",\n  \"Statement\": [\n    {\n      \"Sid\": \"CGWS3Role3fyr0p0a\",\n      \"Effect\": \"Allow\",\n      \"Action\": \"s3:*\",\n      \"Resource\": \"arn:aws:s3:::*\",\n      \"Condition\": {\n        \"StringEquals\": {\n          \"aws:ResourceTag/Team-UUID\": \"cgw-aws-3fyr0p0a\"\n        }\n      }\n    },\n    {\n      \"Sid\": \"CGWEc2Role3fyr0p0a\",\n      \"Effect\": \"Allow\",\n      \"Action\": \"ec2:*\",\n      \"Resource\": \"arn:aws:ec2:*:*:instance/*\",\n      \"Condition\": {\n        \"StringEquals\": {\n          \"ec2:ResourceTag/Team-UUID\": \"cgw-aws-3fyr0p0a\"\n        }\n      }\n    },\n    {\n      \"Sid\": \"CGWKmsRole3fyr0p0a\",\n      \"Effect\": \"Allow\",\n      \"Action\": \"kms:*\",\n      \"Resource\": \"*\",\n      \"Condition\": {\n        \"StringEquals\": {\n          \"aws:ResourceTag/Team-UUID\": \"cgw-aws-3fyr0p0a\"\n        }\n      }\n    },\n    {\n      \"Sid\": \"CGWIamRole3fyr0p0a\",\n      \"Effect\": \"Allow\",\n      \"Action\": \"iam:*\",\n      \"Resource\": \"*\",\n      \"Condition\": {\n        \"StringEquals\": {\n          \"iam:ResourceTag/Team-UUID\": \"cgw-aws-3fyr0p0a\"\n        }\n      }\n    }\n  ]\n}",
            "override_json": null,
            "policy_id": null,
            "source_json": null,
            "statement": [
              {
                "actions": [
                  "s3:*"
                ],
                "condition": [
                  {
                    "test": "StringEquals",
                    "values": [
                      "cgw-aws-3fyr0p0a"
                    ],
                    "variable": "aws:ResourceTag/Team-UUID"
                  }
                ],
                "effect": "Allow",
                "not_actions": [],
                "not_principals": [],
                "not_resources": [],
                "principals": [],
                "resources": [
                  "arn:aws:s3:::*"
                ],
                "sid": "CGWS3Role3fyr0p0a"
              },
              {
                "actions": [
                  "ec2:*"
                ],
                "condition": [
                  {
                    "test": "StringEquals",
                    "values": [
                      "cgw-aws-3fyr0p0a"
                    ],
                    "variable": "ec2:ResourceTag/Team-UUID"
                  }
                ],
                "effect": "Allow",
                "not_actions": [],
                "not_principals": [],
                "not_resources": [],
                "principals": [],
                "resources": [
                  "arn:aws:ec2:*:*:instance/*"
                ],
                "sid": "CGWEc2Role3fyr0p0a"
              },
              {
                "actions": [
                  "kms:*"
                ],
                "condition": [
                  {
                    "test": "StringEquals",
                    "values": [
                      "cgw-aws-3fyr0p0a"
                    ],
                    "variable": "aws:ResourceTag/Team-UUID"
                  }
                ],
                "effect": "Allow",
                "not_actions": [],
                "not_principals": [],
                "not_resources": [],
                "principals": [],
                "resources": [
                  "*"
                ],
                "sid": "CGWKmsRole3fyr0p0a"
              },
              {
                "actions": [
                  "iam:*"
                ],
                "condition": [
                  {
                    "test": "StringEquals",
                    "values": [
                      "cgw-aws-3fyr0p0a"
                    ],
                    "variable": "iam:ResourceTag/Team-UUID"
                  }
                ],
                "effect": "Allow",
                "not_actions": [],
                "not_principals": [],
                "not_resources": [],
                "principals": [],
                "resources": [
                  "*"
                ],
                "sid": "CGWIamRole3fyr0p0a"
              }
            ],
            "version": "2012-10-17"
          }
        }
      ]
    },
    {
      "module": "module.cgw-team3",
      "mode": "data",
      "type": "aws_iam_policy_document",
      "name": "cgw-aws-sns-policy-doc",
      "provider": "provider.aws.use1",
      "instances": [
        {
          "schema_version": 0,
          "attributes": {
            "id": "2517737623",
            "json": "{\n  \"Version\": \"2012-10-17\",\n  \"Statement\": [\n    {\n      \"Sid\": \"CGWConformityCrossAccountRole3fyr0p0a\",\n      \"Effect\": \"Allow\",\n      \"Action\": \"SNS:Publish\",\n      \"Resource\": \"arn:aws:sns:us-east-1:666402644145:cgw-aws-sns-3fyr0p0a-EmailSNSTopic-MVA7Q94ZL526\",\n      \"Principal\": {\n        \"AWS\": \"arn:aws:iam::717210094962:root\"\n      }\n    },\n    {\n      \"Sid\": \"CGWSnsRole3fyr0p0a\",\n      \"Effect\": \"Allow\",\n      \"Action\": [\n        \"SNS:Subscribe\",\n        \"SNS:SetTopicAttributes\",\n        \"SNS:RemovePermission\",\n        \"SNS:Receive\",\n        \"SNS:Publish\",\n        \"SNS:ListSubscriptionsByTopic\",\n        \"SNS:GetTopicAttributes\",\n        \"SNS:DeleteTopic\",\n        \"SNS:AddPermission\"\n      ],\n      \"Resource\": \"arn:aws:sns:us-east-1:666402644145:cgw-aws-sns-3fyr0p0a-EmailSNSTopic-MVA7Q94ZL526\",\n      \"Principal\": {\n        \"AWS\": \"arn:aws:iam::666402644145:user/georged\"\n      }\n    }\n  ]\n}",
            "override_json": null,
            "policy_id": null,
            "source_json": null,
            "statement": [
              {
                "actions": [
                  "SNS:Publish"
                ],
                "condition": [],
                "effect": "Allow",
                "not_actions": [],
                "not_principals": [],
                "not_resources": [],
                "principals": [
                  {
                    "identifiers": [
                      "arn:aws:iam::717210094962:root"
                    ],
                    "type": "AWS"
                  }
                ],
                "resources": [
                  "arn:aws:sns:us-east-1:666402644145:cgw-aws-sns-3fyr0p0a-EmailSNSTopic-MVA7Q94ZL526"
                ],
                "sid": "CGWConformityCrossAccountRole3fyr0p0a"
              },
              {
                "actions": [
                  "SNS:AddPermission",
                  "SNS:DeleteTopic",
                  "SNS:GetTopicAttributes",
                  "SNS:ListSubscriptionsByTopic",
                  "SNS:Publish",
                  "SNS:Receive",
                  "SNS:RemovePermission",
                  "SNS:SetTopicAttributes",
                  "SNS:Subscribe"
                ],
                "condition": [],
                "effect": "Allow",
                "not_actions": [],
                "not_principals": [],
                "not_resources": [],
                "principals": [
                  {
                    "identifiers": [
                      "arn:aws:iam::666402644145:user/georged"
                    ],
                    "type": "AWS"
                  }
                ],
                "resources": [
                  "arn:aws:sns:us-east-1:666402644145:cgw-aws-sns-3fyr0p0a-EmailSNSTopic-MVA7Q94ZL526"
                ],
                "sid": "CGWSnsRole3fyr0p0a"
              }
            ],
            "version": "2012-10-17"
          }
        }
      ]
    },
    {
      "module": "module.cgw-team3",
      "mode": "managed",
      "type": "aws_cloudformation_stack",
      "name": "cgw-aws-sns",
      "provider": "provider.aws.use1",
      "instances": [
        {
          "schema_version": 0,
          "attributes": {
            "capabilities": null,
            "disable_rollback": false,
            "iam_role_arn": "",
            "id": "arn:aws:cloudformation:us-east-1:666402644145:stack/cgw-aws-sns-3fyr0p0a/54131cb0-e293-11ea-b299-12328959da6d",
            "name": "cgw-aws-sns-3fyr0p0a",
            "notification_arns": null,
            "on_failure": null,
            "outputs": {
              "ARN": "arn:aws:sns:us-east-1:666402644145:cgw-aws-sns-3fyr0p0a-EmailSNSTopic-MVA7Q94ZL526"
            },
            "parameters": {},
            "policy_body": null,
            "policy_url": null,
            "tags": {
              "Name": "cgw-aws-sns-3fyr0p0a",
              "Owner": "george_davis@trendmicro.com",
              "Project": "cgw",
              "Team": "team3",
              "Team-UUID": "cgw-aws-3fyr0p0a"
            },
            "template_body": "{\"AWSTemplateFormatVersion\":\"2010-09-09\",\"Outputs\":{\"ARN\":{\"Description\":\"Email SNS Topic ARN\",\"Value\":{\"Ref\":\"EmailSNSTopic\"}}},\"Resources\":{\"EmailSNSTopic\":{\"Properties\":{\"DisplayName\":\"cgw-aws-sns-3fyr0p0a\",\"Subscription\":[{\"Endpoint\":\"george_davis@trendmicro.com\",\"Protocol\":\"email\"}]},\"Type\":\"AWS::SNS::Topic\"}}}",
            "template_url": null,
            "timeout_in_minutes": null,
            "timeouts": null
          },
          "private": "eyJlMmJmYjczMC1lY2FhLTExZTYtOGY4OC0zNDM2M2JjN2M0YzAiOnsiY3JlYXRlIjoxODAwMDAwMDAwMDAwLCJkZWxldGUiOjE4MDAwMDAwMDAwMDAsInVwZGF0ZSI6MTgwMDAwMDAwMDAwMH19",
          "dependencies": [
            "module.cgw-team3.random_string.unique-id"
          ]
        }
      ]
    },
    {
      "module": "module.cgw-team3",
      "mode": "managed",
      "type": "aws_ebs_volume",
      "name": "cgw-aws-vol",
      "provider": "provider.aws.use1",
      "instances": [
        {
          "schema_version": 0,
          "attributes": {
            "arn": "arn:aws:ec2:us-east-1:666402644145:volume/vol-00a124a61debf5905",
            "availability_zone": "us-east-1a",
            "encrypted": false,
            "id": "vol-00a124a61debf5905",
            "iops": 120,
            "kms_key_id": "",
            "multi_attach_enabled": false,
            "outpost_arn": "",
            "size": 40,
            "snapshot_id": "",
            "tags": {
              "InstanceId": "i-0700635f390b0a492",
              "Name": "cgw-aws-ebs-vol-3fyr0p0a",
              "Owner": "george_davis@trendmicro.com",
              "Project": "cgw",
              "Team": "team3",
              "Team-UUID": "cgw-aws-3fyr0p0a"
            },
            "type": "gp2"
          },
          "private": "bnVsbA==",
          "dependencies": [
            "module.cgw-team3.aws_iam_instance_profile.cgw-aws-iam-instance-profile",
            "module.cgw-team3.aws_iam_role.cgw-aws-iam-role",
            "module.cgw-team3.aws_instance.cgw-aws-instance",
            "module.cgw-team3.aws_security_group.cgw-aws-ssh-sg",
            "module.cgw-team3.random_string.unique-id"
          ]
        }
      ]
    },
    {
      "mode": "managed",
      "type": "aws_eip",
      "name": "cgw-common-db-instance-public-ip",
      "provider": "provider.aws",
      "instances": [
        {
          "schema_version": 0,
          "attributes": {
            "allocation_id": null,
            "associate_with_private_ip": null,
            "association_id": "eipassoc-08ff8e2aeae615426",
            "customer_owned_ip": "",
            "customer_owned_ipv4_pool": "",
            "domain": "vpc",
            "id": "eipalloc-0b446d11d3cce8684",
            "instance": "i-00975873156ca6ecc",
            "network_interface": "eni-07b81ffb7a935d892",
            "private_dns": "ip-172-31-11-211.us-east-2.compute.internal",
            "private_ip": "172.31.11.211",
            "public_dns": "ec2-3-20-89-105.us-east-2.compute.amazonaws.com",
            "public_ip": "3.20.89.105",
            "public_ipv4_pool": "amazon",
            "tags": {
              "Name": "cgw-common-db-instance-public-ip",
              "Owner": "george_davis@trendmicro.com",
              "Project": "cgw"
            },
            "timeouts": null,
            "vpc": true
          },
          "private": "eyJlMmJmYjczMC1lY2FhLTExZTYtOGY4OC0zNDM2M2JjN2M0YzAiOnsiZGVsZXRlIjoxODAwMDAwMDAwMDAsInJlYWQiOjkwMDAwMDAwMDAwMCwidXBkYXRlIjozMDAwMDAwMDAwMDB9fQ==",
          "dependencies": [
            "aws_instance.cgw-common-db-instance",
            "aws_security_group.cgw-common-db-sg",
            "aws_security_group.georged-ssh-sg"
          ]
        }
      ]
    },
    {
      "mode": "managed",
      "type": "aws_eip",
      "name": "georged-k8s-host-public-ip",
      "provider": "provider.aws",
      "instances": [
        {
          "schema_version": 0,
          "attributes": {
            "allocation_id": null,
            "associate_with_private_ip": null,
            "association_id": "eipassoc-0d9e497749a24a422",
            "customer_owned_ip": "",
            "customer_owned_ipv4_pool": "",
            "domain": "vpc",
            "id": "eipalloc-060efc6e98e504b87",
            "instance": "i-03fac6ecaae81be42",
            "network_interface": "eni-0c35e2528705a9768",
            "private_dns": "ip-172-31-6-145.us-east-2.compute.internal",
            "private_ip": "172.31.6.145",
            "public_dns": "ec2-3-21-177-184.us-east-2.compute.amazonaws.com",
            "public_ip": "3.21.177.184",
            "public_ipv4_pool": "amazon",
            "tags": {
              "Name": "georged-k8s-host-public-ip",
              "Owner": "george_davis@trendmicro.com"
            },
            "timeouts": null,
            "vpc": true
          },
          "private": "eyJlMmJmYjczMC1lY2FhLTExZTYtOGY4OC0zNDM2M2JjN2M0YzAiOnsiZGVsZXRlIjoxODAwMDAwMDAwMDAsInJlYWQiOjkwMDAwMDAwMDAwMCwidXBkYXRlIjozMDAwMDAwMDAwMDB9fQ==",
          "dependencies": [
            "aws_instance.georged-k8s-host",
            "aws_security_group.georged-ssh-sg"
          ]
        }
      ]
    },
    {
      "module": "module.cgw-team3",
      "mode": "managed",
      "type": "aws_iam_instance_profile",
      "name": "cgw-aws-iam-instance-profile",
      "provider": "provider.aws.use1",
      "instances": [
        {
          "schema_version": 0,
          "attributes": {
            "arn": "arn:aws:iam::666402644145:instance-profile/cgw-aws-iam-instance-profile-3fyr0p0a",
            "create_date": "2020-08-20T03:15:01Z",
            "id": "cgw-aws-iam-instance-profile-3fyr0p0a",
            "name": "cgw-aws-iam-instance-profile-3fyr0p0a",
            "name_prefix": null,
            "path": "/",
            "role": "cgw-aws-iam-role-3fyr0p0a",
            "roles": [],
            "unique_id": "AIPAZWKFRMCYYGLOFYA4S"
          },
          "private": "bnVsbA==",
          "dependencies": [
            "module.cgw-team3.aws_iam_role.cgw-aws-iam-role",
            "module.cgw-team3.random_string.unique-id"
          ]
        }
      ]
    },
    {
      "module": "module.cgw-team3",
      "mode": "managed",
      "type": "aws_iam_policy",
      "name": "cgw-aws-iam-policy",
      "provider": "provider.aws.use1",
      "instances": [
        {
          "schema_version": 0,
          "attributes": {
            "arn": "arn:aws:iam::666402644145:policy/cgw-aws-iam-policy-3fyr0p0a",
            "description": "cgw-aws-iam-policy-3fyr0p0a for cgw-aws-iam-user-3fyr0p0a",
            "id": "arn:aws:iam::666402644145:policy/cgw-aws-iam-policy-3fyr0p0a",
            "name": "cgw-aws-iam-policy-3fyr0p0a",
            "name_prefix": null,
            "path": "/",
            "policy": "{\n  \"Version\": \"2012-10-17\",\n  \"Statement\": [\n    {\n      \"Sid\": \"CGWS3Role3fyr0p0a\",\n      \"Effect\": \"Allow\",\n      \"Action\": \"s3:*\",\n      \"Resource\": \"arn:aws:s3:::*\",\n      \"Condition\": {\n        \"StringEquals\": {\n          \"aws:ResourceTag/Team-UUID\": \"cgw-aws-3fyr0p0a\"\n        }\n      }\n    },\n    {\n      \"Sid\": \"CGWEc2Role3fyr0p0a\",\n      \"Effect\": \"Allow\",\n      \"Action\": \"ec2:*\",\n      \"Resource\": \"arn:aws:ec2:*:*:instance/*\",\n      \"Condition\": {\n        \"StringEquals\": {\n          \"ec2:ResourceTag/Team-UUID\": \"cgw-aws-3fyr0p0a\"\n        }\n      }\n    },\n    {\n      \"Sid\": \"CGWKmsRole3fyr0p0a\",\n      \"Effect\": \"Allow\",\n      \"Action\": \"kms:*\",\n      \"Resource\": \"*\",\n      \"Condition\": {\n        \"StringEquals\": {\n          \"aws:ResourceTag/Team-UUID\": \"cgw-aws-3fyr0p0a\"\n        }\n      }\n    },\n    {\n      \"Sid\": \"CGWIamRole3fyr0p0a\",\n      \"Effect\": \"Allow\",\n      \"Action\": \"iam:*\",\n      \"Resource\": \"*\",\n      \"Condition\": {\n        \"StringEquals\": {\n          \"iam:ResourceTag/Team-UUID\": \"cgw-aws-3fyr0p0a\"\n        }\n      }\n    }\n  ]\n}"
          },
          "private": "bnVsbA==",
          "dependencies": [
            "module.cgw-team3.aws_iam_user.cgw-aws-iam-user",
            "module.cgw-team3.random_string.unique-id"
          ]
        }
      ]
    },
    {
      "module": "module.cgw-team3",
      "mode": "managed",
      "type": "aws_iam_role",
      "name": "cgw-aws-iam-role",
      "provider": "provider.aws.use1",
      "instances": [
        {
          "schema_version": 0,
          "attributes": {
            "arn": "arn:aws:iam::666402644145:role/cgw-aws-iam-role-3fyr0p0a",
            "assume_role_policy": "{\"Version\":\"2012-10-17\",\"Statement\":[{\"Effect\":\"Allow\",\"Principal\":{\"Service\":\"ec2.amazonaws.com\"},\"Action\":\"sts:AssumeRole\"}]}",
            "create_date": "2020-08-20T03:15:00Z",
            "description": "",
            "force_detach_policies": false,
            "id": "cgw-aws-iam-role-3fyr0p0a",
            "max_session_duration": 3600,
            "name": "cgw-aws-iam-role-3fyr0p0a",
            "name_prefix": null,
            "path": "/",
            "permissions_boundary": null,
            "tags": {
              "Name": "cgw-aws-iam-role-3fyr0p0a",
              "Owner": "george_davis@trendmicro.com",
              "Project": "cgw",
              "Team": "team3",
              "Team-UUID": "cgw-aws-3fyr0p0a"
            },
            "unique_id": "AROAZWKFRMCY64T7TNA47"
          },
          "private": "bnVsbA==",
          "dependencies": [
            "module.cgw-team3.random_string.unique-id"
          ]
        }
      ]
    },
    {
      "module": "module.cgw-team3",
      "mode": "managed",
      "type": "aws_iam_role_policy_attachment",
      "name": "cgw-aws-iam-role-policy-attach",
      "provider": "provider.aws.use1",
      "instances": [
        {
          "schema_version": 0,
          "attributes": {
            "id": "cgw-aws-iam-role-3fyr0p0a-20200820031501838300000002",
            "policy_arn": "arn:aws:iam::666402644145:policy/cgw-aws-iam-policy-3fyr0p0a",
            "role": "cgw-aws-iam-role-3fyr0p0a"
          },
          "private": "bnVsbA==",
          "dependencies": [
            "module.cgw-team3.aws_iam_policy.cgw-aws-iam-policy",
            "module.cgw-team3.aws_iam_role.cgw-aws-iam-role",
            "module.cgw-team3.aws_iam_user.cgw-aws-iam-user",
            "module.cgw-team3.random_string.unique-id"
          ]
        }
      ]
    },
    {
      "module": "module.cgw-team3",
      "mode": "managed",
      "type": "aws_iam_user",
      "name": "cgw-aws-iam-user",
      "provider": "provider.aws.use1",
      "instances": [
        {
          "schema_version": 0,
          "attributes": {
            "arn": "arn:aws:iam::666402644145:user/cgw-aws-iam-user-3fyr0p0a",
            "force_destroy": false,
            "id": "cgw-aws-iam-user-3fyr0p0a",
            "name": "cgw-aws-iam-user-3fyr0p0a",
            "path": "/",
            "permissions_boundary": null,
            "tags": {
              "Name": "cgw-aws-iam-user-3fyr0p0a",
              "Owner": "george_davis@trendmicro.com",
              "Team": "team3",
              "Team-UUID": "cgw-aws-3fyr0p0a"
            },
            "unique_id": "AIDAZWKFRMCY5IXA2EVA2"
          },
          "private": "bnVsbA==",
          "dependencies": [
            "module.cgw-team3.random_string.unique-id"
          ]
        }
      ]
    },
    {
      "module": "module.cgw-team3",
      "mode": "managed",
      "type": "aws_iam_user_login_profile",
      "name": "cgw-aws-iam-user-login-profile",
      "provider": "provider.aws.use1",
      "instances": [
        {
          "schema_version": 0,
          "attributes": {
            "encrypted_password": "wcBMA0sO1vRsBNNAAQgAku9LQZ05jypknNa78CbxMyq//J0WEFuvhy8KnfPCN0FqeUlrb9sajCiF8oeO91Z6IwxwLTdOIZeJ4cnX1a8R9tl1EU/F0NvAajG6MCcSO5/6uTUAxZdu/lSnzf5V9tlQAthfh6b6mmK5E+z/9dc9U5Aydm/FxlaBQX0gbgwQjHM6Y3JDy6HazN5wWdTOLQ/xlRC2P/BVPHAKHQNgoOLhN8uPlTN80NwYcu6ehITGDn8+qvA8RkI/AG8yILU6+ypj+j5GH2rBxsKNtjOfuoqfRgwEUyhsGcV6dpxgGAg3+Np5LgDRkn/310d2yXgTY251AwDIsiWUavwg5a6lrCs5qNLgAeTRJrUsJKiXFEU9h3z9+LAH4QBR4J3gEeHPaOCN4kFCG3jg6OT52tsCD8W6ZENu3tlDsv+n4MXimGYxbOCZ5AgH+yU2OHde/dsEJ0glb1Hi9hzDT+FIfwA=",
            "id": "cgw-aws-iam-user-3fyr0p0a",
            "key_fingerprint": "ba6749b577d9e859d72f5bc52bcd5d4e757f6c29",
            "password_length": 20,
            "password_reset_required": false,
            "pgp_key": "mQENBF8eTOIBCADE0jkSx/Qg4944I6Jb0MTKGWRsHam5++Bwaa3yCDB36cR0jYRxhkXs2LKO5jF4z5RhdyKjGk/PfFAJc05TqOuHUGpIBWyzUd8r/ZCnoxGLlzj3rkPrP+7Bd9a8O0Y3L+wWKvzYzJ3rn3N9J10un5f7PFKrsIjQHT53oYfQVEnpABIF56cim+ZW+y5SO4l6VscW3htn9Sm+O6UE22o/Xe/sQH4QxU6rXLmJuFvlm6zLCrw+8rIiBZ275mfu8luEkL8iCdhE92Ou6Ed90tBJJCoWH7N7DBPtGpSCjv5l221UXsPj/oSVS49bxXna80ssmzm9tSJPQLVHkTHDV/V76lGTABEBAAG0R0dlb3JnZSBEYXZpcyAoVGVycmFmb3JtIElBTSBVc2VyIEdQRyBLZXkpIDxnZW9yZ2VfZGF2aXNAdHJlbmRtaWNyby5jb20+iQFOBBMBCAA4FiEEumdJtXfZ6FnXL1vFK81dTnV/bCkFAl8eTOICGwMFCwkIBwIGFQoJCAsCBBYCAwECHgECF4AACgkQK81dTnV/bClrUgf+JMXYtZeqXySPzv5hUl6tlHJSANuFYNgOIzcpi/ou6ChCpjzEq7FQmUIfWondBMVXubtwZEKx2KSmh8/+lilgsX8zpxMzZjOs+7uM7ViZezbKSeVaZlxpcYdIBGx3pGXzeDern51GH1+xYoOU6Om4LhHhHsS/aQcZkfTaPtsQuNnQzcVUuRbbH8dKXIjA1sjzazEJ4tjpuUl7JGAccEp+z0NTQol2gYZyA2bGbcbtQBwmsjYHbHlYXt7OV78pqQU8mkR7L/kmeMWR7KiEQhN9/hTJlAzdqBb6rpbMkT0cqOYh7HUHDxxSpc1XxW+oQZwPfa8/C2UWZCcD0Yvas3TK77kBDQRfHkziAQgAoykB5P435fsgLE39Uh8JCPZiLzkzijpyACfaDG3Bv2Rd0tSW733el8MEdDOtnNJpVC0N7k/Qj50nbh1kmfWM5kF+NoHBbjs2U6X6ChzHTU9BQT4D3jCMGdfuJXj7m+kqi08W4PYx6fruAWrDbrDCmFdK0y+XFVBXx0o0eFKdah7x8nyxP0MdxZNTD6HZXShATny3NXbNBaedEKn96hRgovo/1cOIfNzpPw8YuzBnA2n7h+vzrUsj46UPba97rpwxXOmARoUevxICWPPRaf7eRQoI7fORXPyFoCblQgivDsvuuZIGXRFKgSMeJQBYVOyEoCgTK4BfToPiC7W9zDnitQARAQABiQE2BBgBCAAgFiEEumdJtXfZ6FnXL1vFK81dTnV/bCkFAl8eTOICGwwACgkQK81dTnV/bClGyQf+JAFlrqZMgq4tSHTv7CfiMnFXvNshIly2/N74XPs+t/quB0ieJ8oM2Zktr6EgNIiPqjWI5gEgYTAfbddA7kcAc78SUPnE15B0x4fsVv0uhnWint8+5WqHug3O5D8e6nbAMgOrJvkHc5K0u9dNGbSrK+ATuVs4VtmBetoSC2hNPKUxj3N3VGxwepre8SxdsNqr6WRK/fcTB2XHEQaDV9N6f9KTON5gHwwQMpPxIOtq59uRCOza+Hdyd0S/IUVDpLnt/rBc9eyMeHNvughavijESFAwum6dNbeL9x9zlivRoGJSQ4C7TLoZHcggGOl9aybe14PDt9LCYNZn7xvUt19EZA==",
            "user": "cgw-aws-iam-user-3fyr0p0a"
          },
          "private": "bnVsbA==",
          "dependencies": [
            "module.cgw-team3.aws_iam_user.cgw-aws-iam-user",
            "module.cgw-team3.random_string.unique-id"
          ]
        }
      ]
    },
    {
      "module": "module.cgw-team3",
      "mode": "managed",
      "type": "aws_iam_user_policy_attachment",
      "name": "cgw-aws-iam-user-policy-attach",
      "provider": "provider.aws.use1",
      "instances": [
        {
          "schema_version": 0,
          "attributes": {
            "id": "cgw-aws-iam-user-3fyr0p0a-20200820031501521500000001",
            "policy_arn": "arn:aws:iam::666402644145:policy/cgw-aws-iam-policy-3fyr0p0a",
            "user": "cgw-aws-iam-user-3fyr0p0a"
          },
          "private": "bnVsbA==",
          "dependencies": [
            "module.cgw-team3.aws_iam_policy.cgw-aws-iam-policy",
            "module.cgw-team3.aws_iam_user.cgw-aws-iam-user",
            "module.cgw-team3.random_string.unique-id"
          ]
        }
      ]
    },
    {
      "module": "module.cgw-team3",
      "mode": "managed",
      "type": "aws_instance",
      "name": "cgw-aws-instance",
      "provider": "provider.aws.use1",
      "instances": [
        {
          "schema_version": 1,
          "attributes": {
            "ami": "ami-0beafb294c86717a8",
            "arn": "arn:aws:ec2:us-east-1:666402644145:instance/i-0700635f390b0a492",
            "associate_public_ip_address": true,
            "availability_zone": "us-east-1a",
            "cpu_core_count": 1,
            "cpu_threads_per_core": 1,
            "credit_specification": [
              {
                "cpu_credits": "standard"
              }
            ],
            "disable_api_termination": false,
            "ebs_block_device": [],
            "ebs_optimized": false,
            "ephemeral_block_device": [],
            "get_password_data": false,
            "hibernation": false,
            "host_id": null,
            "iam_instance_profile": "cgw-aws-iam-instance-profile-3fyr0p0a",
            "id": "i-0700635f390b0a492",
            "instance_initiated_shutdown_behavior": null,
            "instance_state": "running",
            "instance_type": "t2.micro",
            "ipv6_address_count": 0,
            "ipv6_addresses": [],
            "key_name": "CGW-Keypair",
            "metadata_options": [
              {
                "http_endpoint": "enabled",
                "http_put_response_hop_limit": 1,
                "http_tokens": "optional"
              }
            ],
            "monitoring": false,
            "network_interface": [],
            "network_interface_id": null,
            "outpost_arn": "",
            "password_data": "",
            "placement_group": "",
            "primary_network_interface_id": "eni-08a698fefbcc40356",
            "private_dns": "ip-172-31-64-192.ec2.internal",
            "private_ip": "172.31.64.192",
            "public_dns": "ec2-107-21-141-248.compute-1.amazonaws.com",
            "public_ip": "107.21.141.248",
            "root_block_device": [
              {
                "delete_on_termination": true,
                "device_name": "/dev/xvda",
                "encrypted": false,
                "iops": 120,
                "kms_key_id": "",
                "volume_id": "vol-0b0b372078bb86f9a",
                "volume_size": 40,
                "volume_type": "gp2"
              }
            ],
            "security_groups": [
              "cgw-aws-ssh-sg-3fyr0p0a"
            ],
            "source_dest_check": true,
            "subnet_id": "subnet-aaf41586",
            "tags": {
              "Name": "cgw-aws-ec2-3fyr0p0a",
              "Owner": "george_davis@trendmicro.com",
              "Project": "cgw",
              "Team": "team3",
              "Team-UUID": "cgw-aws-3fyr0p0a"
            },
            "tenancy": "default",
            "timeouts": null,
            "user_data": null,
            "user_data_base64": null,
            "volume_tags": {},
            "vpc_security_group_ids": [
              "sg-02e951204b5bbb627"
            ]
          },
          "private": "eyJlMmJmYjczMC1lY2FhLTExZTYtOGY4OC0zNDM2M2JjN2M0YzAiOnsiY3JlYXRlIjo2MDAwMDAwMDAwMDAsImRlbGV0ZSI6MTIwMDAwMDAwMDAwMCwidXBkYXRlIjo2MDAwMDAwMDAwMDB9LCJzY2hlbWFfdmVyc2lvbiI6IjEifQ==",
          "dependencies": [
            "module.cgw-team3.aws_iam_instance_profile.cgw-aws-iam-instance-profile",
            "module.cgw-team3.aws_iam_role.cgw-aws-iam-role",
            "module.cgw-team3.aws_security_group.cgw-aws-ssh-sg",
            "module.cgw-team3.random_string.unique-id"
          ]
        }
      ]
    },
    {
      "mode": "managed",
      "type": "aws_instance",
      "name": "cgw-common-db-instance",
      "provider": "provider.aws",
      "instances": [
        {
          "schema_version": 1,
          "attributes": {
            "ami": "ami-0f4665edc97a93bea",
            "arn": "arn:aws:ec2:us-east-2:666402644145:instance/i-00975873156ca6ecc",
            "associate_public_ip_address": true,
            "availability_zone": "us-east-2a",
            "cpu_core_count": 1,
            "cpu_threads_per_core": 1,
            "credit_specification": [
              {
                "cpu_credits": "standard"
              }
            ],
            "disable_api_termination": false,
            "ebs_block_device": [],
            "ebs_optimized": false,
            "ephemeral_block_device": [],
            "get_password_data": false,
            "hibernation": false,
            "host_id": null,
            "iam_instance_profile": "",
            "id": "i-00975873156ca6ecc",
            "instance_initiated_shutdown_behavior": null,
            "instance_state": "running",
            "instance_type": "t2.micro",
            "ipv6_address_count": 0,
            "ipv6_addresses": [],
            "key_name": "CloudOne",
            "metadata_options": [
              {
                "http_endpoint": "enabled",
                "http_put_response_hop_limit": 1,
                "http_tokens": "optional"
              }
            ],
            "monitoring": false,
            "network_interface": [],
            "network_interface_id": null,
            "outpost_arn": "",
            "password_data": "",
            "placement_group": "",
            "primary_network_interface_id": "eni-07b81ffb7a935d892",
            "private_dns": "ip-172-31-11-211.us-east-2.compute.internal",
            "private_ip": "172.31.11.211",
            "public_dns": "ec2-3-20-89-105.us-east-2.compute.amazonaws.com",
            "public_ip": "3.20.89.105",
            "root_block_device": [
              {
                "delete_on_termination": true,
                "device_name": "/dev/xvda",
                "encrypted": false,
                "iops": 120,
                "kms_key_id": "",
                "volume_id": "vol-08a255998f25479e4",
                "volume_size": 40,
                "volume_type": "gp2"
              }
            ],
            "security_groups": [
              "cgw-common-db-sg",
              "georged-ssh-sg"
            ],
            "source_dest_check": true,
            "subnet_id": "subnet-c1dc41a8",
            "tags": {
              "Name": "cgw-common-db-ec2-",
              "Owner": "george_davis@trendmicro.com",
              "Project": "cgw"
            },
            "tenancy": "default",
            "timeouts": null,
            "user_data": null,
            "user_data_base64": null,
            "volume_tags": {},
            "vpc_security_group_ids": [
              "sg-0674451093c4a63e8",
              "sg-0b6236a8ddcd3bd4b"
            ]
          },
          "private": "eyJlMmJmYjczMC1lY2FhLTExZTYtOGY4OC0zNDM2M2JjN2M0YzAiOnsiY3JlYXRlIjo2MDAwMDAwMDAwMDAsImRlbGV0ZSI6MTIwMDAwMDAwMDAwMCwidXBkYXRlIjo2MDAwMDAwMDAwMDB9LCJzY2hlbWFfdmVyc2lvbiI6IjEifQ==",
          "dependencies": [
            "aws_security_group.cgw-common-db-sg",
            "aws_security_group.georged-ssh-sg"
          ]
        }
      ]
    },
    {
      "mode": "managed",
      "type": "aws_instance",
      "name": "georged-k8s-host",
      "provider": "provider.aws",
      "instances": [
        {
          "schema_version": 1,
          "attributes": {
            "ami": "ami-f4f4cf91",
            "arn": "arn:aws:ec2:us-east-2:666402644145:instance/i-03fac6ecaae81be42",
            "associate_public_ip_address": true,
            "availability_zone": "us-east-2a",
            "cpu_core_count": 2,
            "cpu_threads_per_core": 1,
            "credit_specification": [
              {
                "cpu_credits": "standard"
              }
            ],
            "disable_api_termination": false,
            "ebs_block_device": [],
            "ebs_optimized": false,
            "ephemeral_block_device": [],
            "get_password_data": false,
            "hibernation": false,
            "host_id": null,
            "iam_instance_profile": "Cloud1",
            "id": "i-03fac6ecaae81be42",
            "instance_initiated_shutdown_behavior": null,
            "instance_state": "stopped",
            "instance_type": "t2.medium",
            "ipv6_address_count": 0,
            "ipv6_addresses": [],
            "key_name": "CloudOne",
            "metadata_options": [
              {
                "http_endpoint": "enabled",
                "http_put_response_hop_limit": 1,
                "http_tokens": "optional"
              }
            ],
            "monitoring": false,
            "network_interface": [],
            "network_interface_id": null,
            "outpost_arn": "",
            "password_data": "",
            "placement_group": "",
            "primary_network_interface_id": "eni-0c35e2528705a9768",
            "private_dns": "ip-172-31-6-145.us-east-2.compute.internal",
            "private_ip": "172.31.6.145",
            "public_dns": "ec2-3-21-177-184.us-east-2.compute.amazonaws.com",
            "public_ip": "3.21.177.184",
            "root_block_device": [
              {
                "delete_on_termination": true,
                "device_name": "/dev/sda1",
                "encrypted": false,
                "iops": 100,
                "kms_key_id": "",
                "volume_id": "vol-0a30c718b16d3b647",
                "volume_size": 8,
                "volume_type": "gp2"
              }
            ],
            "security_groups": [
              "georged-k8s-sg",
              "georged-ssh-sg"
            ],
            "source_dest_check": true,
            "subnet_id": "subnet-c1dc41a8",
            "tags": {
              "Name": "georged-k8s-host",
              "Owner": "george_davis@trendmicro.com",
              "Project": "C1-Demo",
              "Usecase": "C1-ContainerSecurity"
            },
            "tenancy": "default",
            "timeouts": null,
            "user_data": null,
            "user_data_base64": null,
            "volume_tags": {},
            "vpc_security_group_ids": [
              "sg-0674451093c4a63e8",
              "sg-0d55827be351fff41"
            ]
          },
          "private": "eyJlMmJmYjczMC1lY2FhLTExZTYtOGY4OC0zNDM2M2JjN2M0YzAiOnsiY3JlYXRlIjo2MDAwMDAwMDAwMDAsImRlbGV0ZSI6MTIwMDAwMDAwMDAwMCwidXBkYXRlIjo2MDAwMDAwMDAwMDB9LCJzY2hlbWFfdmVyc2lvbiI6IjEifQ==",
          "dependencies": [
            "aws_security_group.georged-k8s-sg",
            "aws_security_group.georged-ssh-sg"
          ]
        }
      ]
    },
    {
      "module": "module.cgw-team3",
      "mode": "managed",
      "type": "aws_kms_key",
      "name": "cgw-aws-kms-key",
      "provider": "provider.aws.use1",
      "instances": [
        {
          "schema_version": 0,
          "attributes": {
            "arn": "arn:aws:kms:us-east-1:666402644145:key/eed66eb1-fb01-4f22-bdb0-bb9e2467bcea",
            "customer_master_key_spec": "SYMMETRIC_DEFAULT",
            "deletion_window_in_days": null,
            "description": "cgw-aws-kms-key-3fyr0p0a for cgw-aws-iam-user-3fyr0p0a",
            "enable_key_rotation": false,
            "id": "eed66eb1-fb01-4f22-bdb0-bb9e2467bcea",
            "is_enabled": true,
            "key_id": "eed66eb1-fb01-4f22-bdb0-bb9e2467bcea",
            "key_usage": "ENCRYPT_DECRYPT",
            "policy": "{\"Id\":\"key-default-1\",\"Statement\":[{\"Action\":\"kms:*\",\"Effect\":\"Allow\",\"Principal\":{\"AWS\":\"arn:aws:iam::666402644145:root\"},\"Resource\":\"*\",\"Sid\":\"Enable IAM User Permissions\"}],\"Version\":\"2012-10-17\"}",
            "tags": {
              "Name": "cgw-aws-kms-key-3fyr0p0a",
              "Owner": "george_davis@trendmicro.com",
              "Project": "cgw",
              "Team": "team3",
              "Team-UUID": "cgw-aws-3fyr0p0a"
            }
          },
          "private": "bnVsbA==",
          "dependencies": [
            "module.cgw-team3.aws_iam_user.cgw-aws-iam-user",
            "module.cgw-team3.random_string.unique-id"
          ]
        }
      ]
    },
    {
      "module": "module.cgw-team3",
      "mode": "managed",
      "type": "aws_lb",
      "name": "cgw-aws-elb",
      "provider": "provider.aws.use1",
      "instances": [
        {
          "schema_version": 0,
          "attributes": {
            "access_logs": [
              {
                "bucket": "",
                "enabled": false,
                "prefix": ""
              }
            ],
            "arn": "arn:aws:elasticloadbalancing:us-east-1:666402644145:loadbalancer/net/cgw-aws-elb-3fyr0p0a/e824f4edd3dbdf3c",
            "arn_suffix": "net/cgw-aws-elb-3fyr0p0a/e824f4edd3dbdf3c",
            "dns_name": "cgw-aws-elb-3fyr0p0a-e824f4edd3dbdf3c.elb.us-east-1.amazonaws.com",
            "drop_invalid_header_fields": null,
            "enable_cross_zone_load_balancing": false,
            "enable_deletion_protection": false,
            "enable_http2": null,
            "id": "arn:aws:elasticloadbalancing:us-east-1:666402644145:loadbalancer/net/cgw-aws-elb-3fyr0p0a/e824f4edd3dbdf3c",
            "idle_timeout": null,
            "internal": false,
            "ip_address_type": "ipv4",
            "load_balancer_type": "network",
            "name": "cgw-aws-elb-3fyr0p0a",
            "name_prefix": null,
            "security_groups": [],
            "subnet_mapping": [
              {
                "allocation_id": "",
                "subnet_id": "subnet-aaf41586"
              }
            ],
            "subnets": [
              "subnet-aaf41586"
            ],
            "tags": {
              "Name": "cgw-aws-elb-3fyr0p0a",
              "Owner": "george_davis@trendmicro.com",
              "Project": "cgw",
              "Team": "team3",
              "Team-UUID": "cgw-aws-3fyr0p0a"
            },
            "timeouts": null,
            "vpc_id": "vpc-96c5c8f0",
            "zone_id": "Z26RNL4JYFTOTI"
          },
          "private": "eyJlMmJmYjczMC1lY2FhLTExZTYtOGY4OC0zNDM2M2JjN2M0YzAiOnsiY3JlYXRlIjo2MDAwMDAwMDAwMDAsImRlbGV0ZSI6NjAwMDAwMDAwMDAwLCJ1cGRhdGUiOjYwMDAwMDAwMDAwMH19",
          "dependencies": [
            "module.cgw-team3.random_string.unique-id"
          ]
        }
      ]
    },
    {
      "module": "module.cgw-team3",
      "mode": "managed",
      "type": "aws_s3_bucket",
      "name": "cgw-aws-s3-bucket",
      "provider": "provider.aws.use1",
      "instances": [
        {
          "schema_version": 0,
          "attributes": {
            "acceleration_status": "",
            "acl": "public-read",
            "arn": "arn:aws:s3:::cgw-aws-s3-bucket-3fyr0p0a",
            "bucket": "cgw-aws-s3-bucket-3fyr0p0a",
            "bucket_domain_name": "cgw-aws-s3-bucket-3fyr0p0a.s3.amazonaws.com",
            "bucket_prefix": null,
            "bucket_regional_domain_name": "cgw-aws-s3-bucket-3fyr0p0a.s3.amazonaws.com",
            "cors_rule": [
              {
                "allowed_headers": [
                  "*"
                ],
                "allowed_methods": [
                  "GET",
                  "POST",
                  "PUT",
                  "DELETE",
                  "HEAD"
                ],
                "allowed_origins": [
                  "*"
                ],
                "expose_headers": [
                  "ETag"
                ],
                "max_age_seconds": 0
              }
            ],
            "force_destroy": false,
            "grant": [],
            "hosted_zone_id": "Z3AQBSTGFYJSTF",
            "id": "cgw-aws-s3-bucket-3fyr0p0a",
            "lifecycle_rule": [],
            "logging": [],
            "object_lock_configuration": [],
            "policy": null,
            "region": "us-east-1",
            "replication_configuration": [],
            "request_payer": "BucketOwner",
            "server_side_encryption_configuration": [],
            "tags": {
              "Name": "cgw-aws-s3-bucket-3fyr0p0a",
              "Owner": "george_davis@trendmicro.com",
              "Project": "cgw",
              "Team": "team3",
              "Team-UUID": "cgw-aws-3fyr0p0a"
            },
            "versioning": [
              {
                "enabled": false,
                "mfa_delete": false
              }
            ],
            "website": [],
            "website_domain": null,
            "website_endpoint": null
          },
          "private": "bnVsbA==",
          "dependencies": [
            "module.cgw-team3.random_string.unique-id"
          ]
        }
      ]
    },
    {
      "module": "module.cgw-team3",
      "mode": "managed",
      "type": "aws_security_group",
      "name": "cgw-aws-codeserver-sg",
      "provider": "provider.aws.use1",
      "instances": [
        {
          "schema_version": 1,
          "attributes": {
            "arn": "arn:aws:ec2:us-east-1:666402644145:security-group/sg-07245d2f49604381a",
            "description": "Allow Code Server traffic",
            "egress": [
              {
                "cidr_blocks": [
                  "0.0.0.0/0"
                ],
                "description": "",
                "from_port": 0,
                "ipv6_cidr_blocks": [],
                "prefix_list_ids": [],
                "protocol": "-1",
                "security_groups": [],
                "self": false,
                "to_port": 0
              }
            ],
            "id": "sg-07245d2f49604381a",
            "ingress": [
              {
                "cidr_blocks": [
                  "0.0.0.0/0"
                ],
                "description": "",
                "from_port": 8080,
                "ipv6_cidr_blocks": [],
                "prefix_list_ids": [],
                "protocol": "tcp",
                "security_groups": [],
                "self": false,
                "to_port": 8080
              }
            ],
            "name": "cgw-aws-codeserver-sg-3fyr0p0a",
            "name_prefix": null,
            "owner_id": "666402644145",
            "revoke_rules_on_delete": false,
            "tags": {
              "Name": "cgw-aws-codeserver-sg-3fyr0p0a",
              "Owner": "george_davis@trendmicro.com",
              "Project": "cgw",
              "Team": "team3",
              "Team-UUID": "cgw-aws-3fyr0p0a"
            },
            "timeouts": null,
            "vpc_id": "vpc-96c5c8f0"
          },
          "private": "eyJlMmJmYjczMC1lY2FhLTExZTYtOGY4OC0zNDM2M2JjN2M0YzAiOnsiY3JlYXRlIjo2MDAwMDAwMDAwMDAsImRlbGV0ZSI6NjAwMDAwMDAwMDAwfSwic2NoZW1hX3ZlcnNpb24iOiIxIn0=",
          "dependencies": [
            "module.cgw-team3.random_string.unique-id"
          ]
        }
      ]
    },
    {
      "module": "module.cgw-team3",
      "mode": "managed",
      "type": "aws_security_group",
      "name": "cgw-aws-https-sg",
      "provider": "provider.aws.use1",
      "instances": [
        {
          "schema_version": 1,
          "attributes": {
            "arn": "arn:aws:ec2:us-east-1:666402644145:security-group/sg-0d38cb57da5fb5bd3",
            "description": "Allow HTTPS traffic",
            "egress": [
              {
                "cidr_blocks": [
                  "0.0.0.0/0"
                ],
                "description": "",
                "from_port": 0,
                "ipv6_cidr_blocks": [],
                "prefix_list_ids": [],
                "protocol": "-1",
                "security_groups": [],
                "self": false,
                "to_port": 0
              }
            ],
            "id": "sg-0d38cb57da5fb5bd3",
            "ingress": [
              {
                "cidr_blocks": [
                  "0.0.0.0/0"
                ],
                "description": "",
                "from_port": 443,
                "ipv6_cidr_blocks": [],
                "prefix_list_ids": [],
                "protocol": "tcp",
                "security_groups": [],
                "self": false,
                "to_port": 443
              }
            ],
            "name": "cgw-aws-https-sg-3fyr0p0a",
            "name_prefix": null,
            "owner_id": "666402644145",
            "revoke_rules_on_delete": false,
            "tags": {
              "Name": "cgw-aws-https-sg-3fyr0p0a",
              "Owner": "george_davis@trendmicro.com",
              "Project": "cgw",
              "Team": "team3",
              "Team-UUID": "cgw-aws-3fyr0p0a"
            },
            "timeouts": null,
            "vpc_id": "vpc-96c5c8f0"
          },
          "private": "eyJlMmJmYjczMC1lY2FhLTExZTYtOGY4OC0zNDM2M2JjN2M0YzAiOnsiY3JlYXRlIjo2MDAwMDAwMDAwMDAsImRlbGV0ZSI6NjAwMDAwMDAwMDAwfSwic2NoZW1hX3ZlcnNpb24iOiIxIn0=",
          "dependencies": [
            "module.cgw-team3.random_string.unique-id"
          ]
        }
      ]
    },
    {
      "module": "module.cgw-team3",
      "mode": "managed",
      "type": "aws_security_group",
      "name": "cgw-aws-ssh-sg",
      "provider": "provider.aws.use1",
      "instances": [
        {
          "schema_version": 1,
          "attributes": {
            "arn": "arn:aws:ec2:us-east-1:666402644145:security-group/sg-02e951204b5bbb627",
            "description": "Allow SSH traffic",
            "egress": [
              {
                "cidr_blocks": [
                  "0.0.0.0/0"
                ],
                "description": "",
                "from_port": 0,
                "ipv6_cidr_blocks": [],
                "prefix_list_ids": [],
                "protocol": "-1",
                "security_groups": [],
                "self": false,
                "to_port": 0
              }
            ],
            "id": "sg-02e951204b5bbb627",
            "ingress": [
              {
                "cidr_blocks": [
                  "0.0.0.0/0"
                ],
                "description": "",
                "from_port": 22,
                "ipv6_cidr_blocks": [],
                "prefix_list_ids": [],
                "protocol": "tcp",
                "security_groups": [],
                "self": false,
                "to_port": 22
              }
            ],
            "name": "cgw-aws-ssh-sg-3fyr0p0a",
            "name_prefix": null,
            "owner_id": "666402644145",
            "revoke_rules_on_delete": false,
            "tags": {
              "Name": "cgw-aws-ssh-sg-3fyr0p0a",
              "Owner": "george_davis@trendmicro.com",
              "Project": "cgw",
              "Team": "team3",
              "Team-UUID": "cgw-aws-3fyr0p0a"
            },
            "timeouts": null,
            "vpc_id": "vpc-96c5c8f0"
          },
          "private": "eyJlMmJmYjczMC1lY2FhLTExZTYtOGY4OC0zNDM2M2JjN2M0YzAiOnsiY3JlYXRlIjo2MDAwMDAwMDAwMDAsImRlbGV0ZSI6NjAwMDAwMDAwMDAwfSwic2NoZW1hX3ZlcnNpb24iOiIxIn0=",
          "dependencies": [
            "module.cgw-team3.random_string.unique-id"
          ]
        }
      ]
    },
    {
      "mode": "managed",
      "type": "aws_security_group",
      "name": "cgw-common-db-sg",
      "provider": "provider.aws",
      "instances": [
        {
          "schema_version": 1,
          "attributes": {
            "arn": "arn:aws:ec2:us-east-2:666402644145:security-group/sg-0b6236a8ddcd3bd4b",
            "description": "Allow MySQL traffic",
            "egress": [
              {
                "cidr_blocks": [
                  "0.0.0.0/0"
                ],
                "description": "",
                "from_port": 0,
                "ipv6_cidr_blocks": [],
                "prefix_list_ids": [],
                "protocol": "-1",
                "security_groups": [],
                "self": false,
                "to_port": 0
              }
            ],
            "id": "sg-0b6236a8ddcd3bd4b",
            "ingress": [
              {
                "cidr_blocks": [
                  "142.116.0.0/15"
                ],
                "description": "",
                "from_port": 3306,
                "ipv6_cidr_blocks": [],
                "prefix_list_ids": [],
                "protocol": "tcp",
                "security_groups": [],
                "self": false,
                "to_port": 3306
              }
            ],
            "name": "cgw-common-db-sg",
            "name_prefix": null,
            "owner_id": "666402644145",
            "revoke_rules_on_delete": false,
            "tags": {
              "Name": "cgw-common-db-sg",
              "Owner": "george_davis@trendmicro.com",
              "Project": "cgw"
            },
            "timeouts": null,
            "vpc_id": "vpc-67cf400e"
          },
          "private": "eyJlMmJmYjczMC1lY2FhLTExZTYtOGY4OC0zNDM2M2JjN2M0YzAiOnsiY3JlYXRlIjo2MDAwMDAwMDAwMDAsImRlbGV0ZSI6NjAwMDAwMDAwMDAwfSwic2NoZW1hX3ZlcnNpb24iOiIxIn0="
        }
      ]
    },
    {
      "mode": "managed",
      "type": "aws_security_group",
      "name": "georged-https-sg",
      "provider": "provider.aws",
      "instances": [
        {
          "schema_version": 1,
          "attributes": {
            "arn": "arn:aws:ec2:us-east-2:666402644145:security-group/sg-082da6ab61abfd8dd",
            "description": "Allow HTTPS traffic",
            "egress": [
              {
                "cidr_blocks": [
                  "0.0.0.0/0"
                ],
                "description": "",
                "from_port": 0,
                "ipv6_cidr_blocks": [],
                "prefix_list_ids": [],
                "protocol": "-1",
                "security_groups": [],
                "self": false,
                "to_port": 0
              }
            ],
            "id": "sg-082da6ab61abfd8dd",
            "ingress": [
              {
                "cidr_blocks": [
                  "0.0.0.0/0"
                ],
                "description": "",
                "from_port": 443,
                "ipv6_cidr_blocks": [],
                "prefix_list_ids": [],
                "protocol": "tcp",
                "security_groups": [],
                "self": false,
                "to_port": 443
              }
            ],
            "name": "georged-https-sg",
            "name_prefix": null,
            "owner_id": "666402644145",
            "revoke_rules_on_delete": false,
            "tags": {
              "Name": "georged-https-sg",
              "Owner": "george_davis@trendmicro.com"
            },
            "timeouts": null,
            "vpc_id": "vpc-67cf400e"
          },
          "private": "eyJlMmJmYjczMC1lY2FhLTExZTYtOGY4OC0zNDM2M2JjN2M0YzAiOnsiY3JlYXRlIjo2MDAwMDAwMDAwMDAsImRlbGV0ZSI6NjAwMDAwMDAwMDAwfSwic2NoZW1hX3ZlcnNpb24iOiIxIn0="
        }
      ]
    },
    {
      "mode": "managed",
      "type": "aws_security_group",
      "name": "georged-k8s-sg",
      "provider": "provider.aws",
      "instances": [
        {
          "schema_version": 1,
          "attributes": {
            "arn": "arn:aws:ec2:us-east-2:666402644145:security-group/sg-0d55827be351fff41",
            "description": "Allow k8s traffic",
            "egress": [
              {
                "cidr_blocks": [
                  "0.0.0.0/0"
                ],
                "description": "",
                "from_port": 0,
                "ipv6_cidr_blocks": [],
                "prefix_list_ids": [],
                "protocol": "-1",
                "security_groups": [],
                "self": false,
                "to_port": 0
              }
            ],
            "id": "sg-0d55827be351fff41",
            "ingress": [
              {
                "cidr_blocks": [
                  "142.116.0.0/15"
                ],
                "description": "",
                "from_port": 8000,
                "ipv6_cidr_blocks": [],
                "prefix_list_ids": [],
                "protocol": "tcp",
                "security_groups": [],
                "self": false,
                "to_port": 8000
              }
            ],
            "name": "georged-k8s-sg",
            "name_prefix": null,
            "owner_id": "666402644145",
            "revoke_rules_on_delete": false,
            "tags": {
              "Name": "georged-k8s-sg",
              "Owner": "george_davis@trendmicro.com"
            },
            "timeouts": null,
            "vpc_id": "vpc-67cf400e"
          },
          "private": "eyJlMmJmYjczMC1lY2FhLTExZTYtOGY4OC0zNDM2M2JjN2M0YzAiOnsiY3JlYXRlIjo2MDAwMDAwMDAwMDAsImRlbGV0ZSI6NjAwMDAwMDAwMDAwfSwic2NoZW1hX3ZlcnNpb24iOiIxIn0="
        }
      ]
    },
    {
      "mode": "managed",
      "type": "aws_security_group",
      "name": "georged-nodejs-sg",
      "provider": "provider.aws",
      "instances": [
        {
          "schema_version": 1,
          "attributes": {
            "arn": "arn:aws:ec2:us-east-2:666402644145:security-group/sg-0280537564d3133f7",
            "description": "Allow NodeJs traffic",
            "egress": [
              {
                "cidr_blocks": [
                  "0.0.0.0/0"
                ],
                "description": "",
                "from_port": 0,
                "ipv6_cidr_blocks": [],
                "prefix_list_ids": [],
                "protocol": "-1",
                "security_groups": [],
                "self": false,
                "to_port": 0
              }
            ],
            "id": "sg-0280537564d3133f7",
            "ingress": [
              {
                "cidr_blocks": [
                  "142.116.0.0/15"
                ],
                "description": "",
                "from_port": 22,
                "ipv6_cidr_blocks": [],
                "prefix_list_ids": [],
                "protocol": "tcp",
                "security_groups": [],
                "self": false,
                "to_port": 22
              },
              {
                "cidr_blocks": [
                  "142.116.0.0/15"
                ],
                "description": "",
                "from_port": 3000,
                "ipv6_cidr_blocks": [],
                "prefix_list_ids": [],
                "protocol": "tcp",
                "security_groups": [],
                "self": false,
                "to_port": 3000
              }
            ],
            "name": "georged-nodejs-sg",
            "name_prefix": null,
            "owner_id": "666402644145",
            "revoke_rules_on_delete": false,
            "tags": {
              "Name": "georged-nodejs-sg",
              "Owner": "george_davis@trendmicro.com"
            },
            "timeouts": null,
            "vpc_id": "vpc-67cf400e"
          },
          "private": "eyJlMmJmYjczMC1lY2FhLTExZTYtOGY4OC0zNDM2M2JjN2M0YzAiOnsiY3JlYXRlIjo2MDAwMDAwMDAwMDAsImRlbGV0ZSI6NjAwMDAwMDAwMDAwfSwic2NoZW1hX3ZlcnNpb24iOiIxIn0="
        }
      ]
    },
    {
      "mode": "managed",
      "type": "aws_security_group",
      "name": "georged-ssh-sg",
      "provider": "provider.aws",
      "instances": [
        {
          "schema_version": 1,
          "attributes": {
            "arn": "arn:aws:ec2:us-east-2:666402644145:security-group/sg-0674451093c4a63e8",
            "description": "Allow SSH traffic",
            "egress": [
              {
                "cidr_blocks": [
                  "0.0.0.0/0"
                ],
                "description": "",
                "from_port": 0,
                "ipv6_cidr_blocks": [],
                "prefix_list_ids": [],
                "protocol": "-1",
                "security_groups": [],
                "self": false,
                "to_port": 0
              }
            ],
            "id": "sg-0674451093c4a63e8",
            "ingress": [
              {
                "cidr_blocks": [
                  "142.116.0.0/15"
                ],
                "description": "",
                "from_port": 22,
                "ipv6_cidr_blocks": [],
                "prefix_list_ids": [],
                "protocol": "tcp",
                "security_groups": [],
                "self": false,
                "to_port": 22
              }
            ],
            "name": "georged-ssh-sg",
            "name_prefix": null,
            "owner_id": "666402644145",
            "revoke_rules_on_delete": false,
            "tags": {
              "Name": "georged-ssh-sg",
              "Owner": "george_davis@trendmicro.com"
            },
            "timeouts": null,
            "vpc_id": "vpc-67cf400e"
          },
          "private": "eyJlMmJmYjczMC1lY2FhLTExZTYtOGY4OC0zNDM2M2JjN2M0YzAiOnsiY3JlYXRlIjo2MDAwMDAwMDAwMDAsImRlbGV0ZSI6NjAwMDAwMDAwMDAwfSwic2NoZW1hX3ZlcnNpb24iOiIxIn0="
        }
      ]
    },
    {
      "module": "module.cgw-team3",
      "mode": "managed",
      "type": "aws_sns_topic_policy",
      "name": "cgw-aws-sns-policy",
      "provider": "provider.aws.use1",
      "instances": [
        {
          "schema_version": 0,
          "attributes": {
            "arn": "arn:aws:sns:us-east-1:666402644145:cgw-aws-sns-3fyr0p0a-EmailSNSTopic-MVA7Q94ZL526",
            "id": "arn:aws:sns:us-east-1:666402644145:cgw-aws-sns-3fyr0p0a-EmailSNSTopic-MVA7Q94ZL526",
            "policy": "{\"Version\":\"2012-10-17\",\"Statement\":[{\"Sid\":\"CGWConformityCrossAccountRole3fyr0p0a\",\"Effect\":\"Allow\",\"Principal\":{\"AWS\":\"arn:aws:iam::717210094962:root\"},\"Action\":\"SNS:Publish\",\"Resource\":\"arn:aws:sns:us-east-1:666402644145:cgw-aws-sns-3fyr0p0a-EmailSNSTopic-MVA7Q94ZL526\"},{\"Sid\":\"CGWSnsRole3fyr0p0a\",\"Effect\":\"Allow\",\"Principal\":{\"AWS\":\"arn:aws:iam::666402644145:user/georged\"},\"Action\":[\"SNS:Subscribe\",\"SNS:SetTopicAttributes\",\"SNS:RemovePermission\",\"SNS:Receive\",\"SNS:Publish\",\"SNS:ListSubscriptionsByTopic\",\"SNS:GetTopicAttributes\",\"SNS:DeleteTopic\",\"SNS:AddPermission\"],\"Resource\":\"arn:aws:sns:us-east-1:666402644145:cgw-aws-sns-3fyr0p0a-EmailSNSTopic-MVA7Q94ZL526\"}]}"
          },
          "private": "bnVsbA==",
          "dependencies": [
            "module.cgw-team3.aws_cloudformation_stack.cgw-aws-sns",
            "module.cgw-team3.random_string.unique-id"
          ]
        }
      ]
    },
    {
      "module": "module.cgw-team3",
      "mode": "managed",
      "type": "aws_volume_attachment",
      "name": "cgw-aws-vol-attach",
      "provider": "provider.aws.use1",
      "instances": [
        {
          "schema_version": 0,
          "attributes": {
            "device_name": "/dev/sdb",
            "force_detach": null,
            "id": "vai-2426310187",
            "instance_id": "i-0700635f390b0a492",
            "skip_destroy": null,
            "volume_id": "vol-00a124a61debf5905"
          },
          "private": "bnVsbA==",
          "dependencies": [
            "module.cgw-team3.aws_ebs_volume.cgw-aws-vol",
            "module.cgw-team3.aws_iam_instance_profile.cgw-aws-iam-instance-profile",
            "module.cgw-team3.aws_iam_role.cgw-aws-iam-role",
            "module.cgw-team3.aws_instance.cgw-aws-instance",
            "module.cgw-team3.aws_security_group.cgw-aws-ssh-sg",
            "module.cgw-team3.random_string.unique-id"
          ]
        }
      ]
    },
    {
      "mode": "managed",
      "type": "azurerm_linux_virtual_machine",
      "name": "georged-tf-test",
      "provider": "provider.azurerm",
      "instances": [
        {
          "schema_version": 0,
          "attributes": {
            "additional_capabilities": [],
            "admin_password": "Windows1!",
            "admin_ssh_key": [],
            "admin_username": "ubuntu",
            "allow_extension_operations": true,
            "availability_set_id": "",
            "boot_diagnostics": [],
            "computer_name": "georged-tf-test",
            "custom_data": null,
            "dedicated_host_id": "",
            "disable_password_authentication": false,
            "eviction_policy": "",
            "id": "/subscriptions/18cb46c3-ea58-41c2-8cc6-71d8662f1203/resourceGroups/cloudone/providers/Microsoft.Compute/virtualMachines/georged-tf-test",
            "identity": [],
            "location": "canadacentral",
            "max_bid_price": -1,
            "name": "georged-tf-test",
            "network_interface_ids": [
              "/subscriptions/18cb46c3-ea58-41c2-8cc6-71d8662f1203/resourceGroups/cloudone/providers/Microsoft.Network/networkInterfaces/georged-tf-test-nic"
            ],
            "os_disk": [
              {
                "caching": "ReadWrite",
                "diff_disk_settings": [],
                "disk_encryption_set_id": "",
                "disk_size_gb": 30,
                "name": "georged-tf-test_OsDisk_1_ba22ebabe89f4ea786ab24f7265e37c5",
                "storage_account_type": "Standard_LRS",
                "write_accelerator_enabled": false
              }
            ],
            "plan": [],
            "priority": "Regular",
            "private_ip_address": "10.1.0.8",
            "private_ip_addresses": [
              "10.1.0.8"
            ],
            "provision_vm_agent": true,
            "proximity_placement_group_id": "",
            "public_ip_address": "20.43.14.118",
            "public_ip_addresses": [
              "20.43.14.118"
            ],
            "resource_group_name": "cloudone",
            "secret": [],
            "size": "Standard_D2s_v3",
            "source_image_id": "",
            "source_image_reference": [
              {
                "offer": "UbuntuServer",
                "publisher": "Canonical",
                "sku": "18.04-LTS",
                "version": "latest"
              }
            ],
            "tags": {
              "Owner": "george_davis@trendmicro.com"
            },
            "timeouts": null,
            "virtual_machine_id": "45241189-3228-4947-b97a-8e36430bc3e8",
            "virtual_machine_scale_set_id": "",
            "zone": ""
          },
          "private": "eyJlMmJmYjczMC1lY2FhLTExZTYtOGY4OC0zNDM2M2JjN2M0YzAiOnsiY3JlYXRlIjoyNzAwMDAwMDAwMDAwLCJkZWxldGUiOjI3MDAwMDAwMDAwMDAsInJlYWQiOjMwMDAwMDAwMDAwMCwidXBkYXRlIjoyNzAwMDAwMDAwMDAwfX0=",
          "dependencies": [
            "azurerm_network_interface.georged-tf-test-nic"
          ]
        }
      ]
    },
    {
      "mode": "managed",
      "type": "azurerm_network_interface",
      "name": "georged-tf-test-nic",
      "provider": "provider.azurerm",
      "instances": [
        {
          "schema_version": 0,
          "attributes": {
            "applied_dns_servers": [],
            "dns_servers": [],
            "enable_accelerated_networking": false,
            "enable_ip_forwarding": false,
            "id": "/subscriptions/18cb46c3-ea58-41c2-8cc6-71d8662f1203/resourceGroups/cloudone/providers/Microsoft.Network/networkInterfaces/georged-tf-test-nic",
            "internal_dns_name_label": "",
            "internal_domain_name_suffix": "4tx4bprgml0ehns3f5jjc2j1vb.ux.internal.cloudapp.net",
            "ip_configuration": [
              {
                "name": "public",
                "primary": true,
                "private_ip_address": "10.1.0.8",
                "private_ip_address_allocation": "Dynamic",
                "private_ip_address_version": "IPv4",
                "public_ip_address_id": "/subscriptions/18cb46c3-ea58-41c2-8cc6-71d8662f1203/resourceGroups/cloudone/providers/Microsoft.Network/publicIPAddresses/george-tf-test-public-ip",
                "subnet_id": "/subscriptions/18cb46c3-ea58-41c2-8cc6-71d8662f1203/resourceGroups/cloudone/providers/Microsoft.Network/virtualNetworks/cloudone-vnet/subnets/default"
              }
            ],
            "location": "canadacentral",
            "mac_address": "00-0D-3A-E8-56-EA",
            "name": "georged-tf-test-nic",
            "private_ip_address": "10.1.0.8",
            "private_ip_addresses": [
              "10.1.0.8"
            ],
            "resource_group_name": "cloudone",
            "tags": {
              "Owner": "george_davis@trendmicro.com"
            },
            "timeouts": null,
            "virtual_machine_id": "/subscriptions/18cb46c3-ea58-41c2-8cc6-71d8662f1203/resourceGroups/cloudone/providers/Microsoft.Compute/virtualMachines/georged-tf-test"
          },
          "private": "eyJlMmJmYjczMC1lY2FhLTExZTYtOGY4OC0zNDM2M2JjN2M0YzAiOnsiY3JlYXRlIjoxODAwMDAwMDAwMDAwLCJkZWxldGUiOjE4MDAwMDAwMDAwMDAsInJlYWQiOjMwMDAwMDAwMDAwMCwidXBkYXRlIjoxODAwMDAwMDAwMDAwfX0=",
          "dependencies": [
            "azurerm_public_ip.george-tf-test-public-ip"
          ]
        }
      ]
    },
    {
      "mode": "managed",
      "type": "azurerm_network_interface_security_group_association",
      "name": "georged-tf-test-nic",
      "provider": "provider.azurerm",
      "instances": [
        {
          "schema_version": 0,
          "attributes": {
            "id": "/subscriptions/18cb46c3-ea58-41c2-8cc6-71d8662f1203/resourceGroups/cloudone/providers/Microsoft.Network/networkInterfaces/georged-tf-test-nic|/subscriptions/18cb46c3-ea58-41c2-8cc6-71d8662f1203/resourceGroups/cloudone/providers/Microsoft.Network/networkSecurityGroups/georged-ssh-sg",
            "network_interface_id": "/subscriptions/18cb46c3-ea58-41c2-8cc6-71d8662f1203/resourceGroups/cloudone/providers/Microsoft.Network/networkInterfaces/georged-tf-test-nic",
            "network_security_group_id": "/subscriptions/18cb46c3-ea58-41c2-8cc6-71d8662f1203/resourceGroups/cloudone/providers/Microsoft.Network/networkSecurityGroups/georged-ssh-sg",
            "timeouts": null
          },
          "private": "eyJlMmJmYjczMC1lY2FhLTExZTYtOGY4OC0zNDM2M2JjN2M0YzAiOnsiY3JlYXRlIjoxODAwMDAwMDAwMDAwLCJkZWxldGUiOjE4MDAwMDAwMDAwMDAsInJlYWQiOjMwMDAwMDAwMDAwMCwidXBkYXRlIjoxODAwMDAwMDAwMDAwfX0=",
          "dependencies": [
            "azurerm_network_interface.georged-tf-test-nic",
            "azurerm_network_security_group.georged-ssh-sg"
          ]
        }
      ]
    },
    {
      "mode": "managed",
      "type": "azurerm_network_security_group",
      "name": "georged-ssh-sg",
      "provider": "provider.azurerm",
      "instances": [
        {
          "schema_version": 0,
          "attributes": {
            "id": "/subscriptions/18cb46c3-ea58-41c2-8cc6-71d8662f1203/resourceGroups/cloudone/providers/Microsoft.Network/networkSecurityGroups/georged-ssh-sg",
            "location": "canadacentral",
            "name": "georged-ssh-sg",
            "resource_group_name": "cloudone",
            "security_rule": [
              {
                "access": "Allow",
                "description": "",
                "destination_address_prefix": "*",
                "destination_address_prefixes": [],
                "destination_application_security_group_ids": [],
                "destination_port_range": "22",
                "destination_port_ranges": [],
                "direction": "Inbound",
                "name": "ssh-access-rule",
                "priority": 200,
                "protocol": "Tcp",
                "source_address_prefix": "142.116.0.0/15",
                "source_address_prefixes": [],
                "source_application_security_group_ids": [],
                "source_port_range": "*",
                "source_port_ranges": []
              }
            ],
            "tags": {
              "Owner": "george_davis@trendmicro.com"
            },
            "timeouts": null
          },
          "private": "eyJlMmJmYjczMC1lY2FhLTExZTYtOGY4OC0zNDM2M2JjN2M0YzAiOnsiY3JlYXRlIjoxODAwMDAwMDAwMDAwLCJkZWxldGUiOjE4MDAwMDAwMDAwMDAsInJlYWQiOjMwMDAwMDAwMDAwMCwidXBkYXRlIjoxODAwMDAwMDAwMDAwfX0="
        }
      ]
    },
    {
      "mode": "managed",
      "type": "azurerm_public_ip",
      "name": "george-tf-test-public-ip",
      "provider": "provider.azurerm",
      "instances": [
        {
          "schema_version": 0,
          "attributes": {
            "allocation_method": "Static",
            "domain_name_label": null,
            "fqdn": null,
            "id": "/subscriptions/18cb46c3-ea58-41c2-8cc6-71d8662f1203/resourceGroups/cloudone/providers/Microsoft.Network/publicIPAddresses/george-tf-test-public-ip",
            "idle_timeout_in_minutes": 4,
            "ip_address": "20.43.14.118",
            "ip_version": "IPv4",
            "location": "canadacentral",
            "name": "george-tf-test-public-ip",
            "public_ip_prefix_id": null,
            "resource_group_name": "cloudone",
            "reverse_fqdn": null,
            "sku": "Basic",
            "tags": {
              "Owner": "george_davis@trendmicro.com"
            },
            "timeouts": null,
            "zones": []
          },
          "private": "eyJlMmJmYjczMC1lY2FhLTExZTYtOGY4OC0zNDM2M2JjN2M0YzAiOnsiY3JlYXRlIjoxODAwMDAwMDAwMDAwLCJkZWxldGUiOjE4MDAwMDAwMDAwMDAsInJlYWQiOjMwMDAwMDAwMDAwMCwidXBkYXRlIjoxODAwMDAwMDAwMDAwfX0="
        }
      ]
    },
    {
      "module": "module.cgw-team3",
      "mode": "managed",
      "type": "local_file",
      "name": "cgw-conformity-api-aws-script",
      "provider": "provider.local",
      "instances": [
        {
          "schema_version": 0,
          "attributes": {
            "content": "#!/bin/bash\ncurl -L -X POST 'https://us-west-2-api.cloudconformity.com/v1/settings/communication' \\\n-H 'Authorization: ApiKey 3psDUjz38cLwhgRtm12BiRH8vrjSGvVHH8gF6nePpahgVUvnZ9Dm4f1VkJ1bv7kP' \\\n-H 'Content-Type: application/vnd.api+json' \\\n--data-raw '{\n    \"data\": [\n        {\n            \"type\": \"settings\",\n            \"attributes\": {\n                \"type\": \"communication\",\n                \"enabled\": true,\n                \"filter\": {\n                    \"riskLevels\": [\n                        \"HIGH\",\n                        \"VERY_HIGH\",\n                        \"EXTREME\"\n                    ],\n                    \"statuses\": [\n                        \"FAILURE\"\n                    ],\n                    \"tags\": [\n                        \"3fyr0p0a\"\n                    ]\n                },\n                \"configuration\": {\n                    \"arn\": \"arn:aws:sns:us-east-1:666402644145:cgw-aws-sns-3fyr0p0a-EmailSNSTopic-MVA7Q94ZL526\"\n                },\n                \"channel\": \"sns\",\n                \"manual\": true\n            },\n            \"relationships\": {\n                \"account\": {\n                    \"data\": {\n                        \"type\": \"accounts\",\n                        \"id\": \"1oQb4IA7\"\n                    }\n                }\n            }\n        }\n    ]\n}'",
            "content_base64": null,
            "directory_permission": "0777",
            "file_permission": "0777",
            "filename": "modules/aws-cloud-governance-workshop/aws-conformity-api-cmd-3fyr0p0a.sh",
            "id": "37cc828a0f36e531d3481492f7ca2a954eeb98d0",
            "sensitive_content": null
          },
          "private": "bnVsbA==",
          "dependencies": [
            "module.cgw-team3.aws_cloudformation_stack.cgw-aws-sns",
            "module.cgw-team3.random_string.unique-id"
          ]
        }
      ]
    },
    {
      "module": "module.cgw-team3",
      "mode": "managed",
      "type": "local_file",
      "name": "mysql-script",
      "provider": "provider.local",
      "instances": [
        {
          "schema_version": 0,
          "attributes": {
            "content": "CREATE DATABASE IF NOT EXISTS tm_cgw_db;\n\n-- SET GLOBAL validate_password_length = 1;\n-- SET GLOBAL validate_password_mixed_case_count = 0;\n-- SET GLOBAL validate_password_number_count = 0;\n-- SET GLOBAL validate_password_special_char_count = 0;\n\n-- CREATE USER IF NOT EXISTS 'tm_db_user'@'localhost' IDENTIFIED BY 'tm_db_pass';\n-- CREATE USER IF NOT EXISTS 'tm_db_user'@'%' IDENTIFIED BY 'tm_db_pass';\n\n-- GRANT ALL ON tm_cgw_db.* TO 'tm_db_user'@'localhost';\n-- GRANT ALL ON tm_cgw_db.* TO 'tm_db_user'@'%';\n\nUSE tm_cgw_db;\n\nCREATE TABLE IF NOT EXISTS tbl_cgw_aws_resources (\n    cgw_aws_uuid VARCHAR(15) PRIMARY KEY NOT NULL,           \n    cgw_aws_instance_public_ip VARCHAR(25),\n    cgw_aws_instance_id VARCHAR(40) NOT NULL,\n    cgw_aws_vol VARCHAR(40) NOT NULL,\n    cgw_aws_s3_bucket VARCHAR(50) NOT NULL,          \n    cgw_aws_iam_user VARCHAR(50) NOT NULL,           \n    cgw_aws_iam_user_password VARCHAR(500) NOT NULL, \n    cgw_aws_iam_role VARCHAR(50) NOT NULL,     \n    cgw_aws_iam_instance_profile VARCHAR(50) NOT NULL,\n    cgw_aws_iam_policy VARCHAR(50) NOT NULL,  \n    cgw_aws_ssh_sg VARCHAR(50) NOT NULL\n);\n\nDROP PROCEDURE IF EXISTS CgwAwsUpdateOrInsert;\n\nDELIMITER $$\nCREATE PROCEDURE CgwAwsUpdateOrInsert(\n    IN _cgw_aws_uuid VARCHAR(15),           \n    IN _cgw_aws_instance_public_ip VARCHAR(25),\n    IN _cgw_aws_instance_id VARCHAR(40),\n    IN _cgw_aws_vol VARCHAR(40),\n    IN _cgw_aws_s3_bucket VARCHAR(50),          \n    IN _cgw_aws_iam_user VARCHAR(50),           \n    IN _cgw_aws_iam_user_password VARCHAR(500), \n    IN _cgw_aws_iam_role VARCHAR(50),     \n    IN _cgw_aws_iam_instance_profile VARCHAR(50),\n    IN _cgw_aws_iam_policy VARCHAR(50),  \n    IN _cgw_aws_ssh_sg VARCHAR(50)\n)\nBEGIN\n  IF EXISTS (SELECT cgw_aws_uuid FROM tbl_cgw_aws_resources WHERE cgw_aws_uuid = _cgw_aws_uuid) THEN\n    UPDATE tbl_cgw_aws_resources SET\n        cgw_aws_instance_public_ip = _cgw_aws_instance_public_ip,\n        cgw_aws_instance_id = _cgw_aws_instance_id,\n        cgw_aws_vol = _cgw_aws_vol,\n        cgw_aws_s3_bucket = _cgw_aws_s3_bucket,\n        cgw_aws_iam_user = _cgw_aws_iam_user,\n        cgw_aws_iam_user_password = _cgw_aws_iam_user_password,\n        cgw_aws_iam_role = _cgw_aws_iam_role,\n        cgw_aws_iam_instance_profile = _cgw_aws_iam_instance_profile,\n        cgw_aws_iam_policy = _cgw_aws_iam_policy,\n        cgw_aws_ssh_sg = _cgw_aws_ssh_sg\n    WHERE \n        cgw_aws_uuid = _cgw_aws_uuid;\n  ELSE \n    INSERT INTO tbl_cgw_aws_resources (`cgw_aws_uuid`, `cgw_aws_instance_public_ip`, `cgw_aws_instance_id`, `cgw_aws_vol`, `cgw_aws_s3_bucket`, `cgw_aws_iam_user`, `cgw_aws_iam_user_password`, `cgw_aws_iam_role`, `cgw_aws_iam_instance_profile`, `cgw_aws_iam_policy`, `cgw_aws_ssh_sg`) VALUES (_cgw_aws_uuid, _cgw_aws_instance_public_ip, _cgw_aws_instance_id, _cgw_aws_vol, _cgw_aws_s3_bucket, _cgw_aws_iam_user, _cgw_aws_iam_user_password, _cgw_aws_iam_role, _cgw_aws_iam_instance_profile, _cgw_aws_iam_policy, _cgw_aws_ssh_sg);\n  END IF;\nEND $$\nDELIMITER ;\n\nGRANT EXECUTE ON PROCEDURE tm_cgw_db.CgwAwsUpdateOrInsert TO 'tm_db_user'@'localhost';  \nGRANT EXECUTE ON PROCEDURE tm_cgw_db.CgwAwsUpdateOrInsert TO 'tm_db_user'@'%'; \n\nCALL CgwAwsUpdateOrInsert(\"3fyr0p0a\", \"107.21.141.248\", \"i-0700635f390b0a492\", \"vol-00a124a61debf5905\", \"cgw-aws-s3-bucket-3fyr0p0a.s3.amazonaws.com\", \"cgw-aws-iam-user-3fyr0p0a\",\" wcBMA0sO1vRsBNNAAQgAku9LQZ05jypknNa78CbxMyq//J0WEFuvhy8KnfPCN0FqeUlrb9sajCiF8oeO91Z6IwxwLTdOIZeJ4cnX1a8R9tl1EU/F0NvAajG6MCcSO5/6uTUAxZdu/lSnzf5V9tlQAthfh6b6mmK5E+z/9dc9U5Aydm/FxlaBQX0gbgwQjHM6Y3JDy6HazN5wWdTOLQ/xlRC2P/BVPHAKHQNgoOLhN8uPlTN80NwYcu6ehITGDn8+qvA8RkI/AG8yILU6+ypj+j5GH2rBxsKNtjOfuoqfRgwEUyhsGcV6dpxgGAg3+Np5LgDRkn/310d2yXgTY251AwDIsiWUavwg5a6lrCs5qNLgAeTRJrUsJKiXFEU9h3z9+LAH4QBR4J3gEeHPaOCN4kFCG3jg6OT52tsCD8W6ZENu3tlDsv+n4MXimGYxbOCZ5AgH+yU2OHde/dsEJ0glb1Hi9hzDT+FIfwA=\", \"cgw-aws-iam-role-3fyr0p0a\", \"cgw-aws-iam-instance-profile-3fyr0p0a\", \"cgw-aws-iam-policy-3fyr0p0a\", \"cgw-aws-ssh-sg-3fyr0p0a\");",
            "content_base64": null,
            "directory_permission": "0777",
            "file_permission": "0777",
            "filename": "modules/aws-cloud-governance-workshop/mysql-script-3fyr0p0a.sql",
            "id": "5ea5851f0595d6aa0011015916699ed62036faee",
            "sensitive_content": null
          },
          "private": "bnVsbA==",
          "dependencies": [
            "module.cgw-team3.aws_ebs_volume.cgw-aws-vol",
            "module.cgw-team3.aws_iam_instance_profile.cgw-aws-iam-instance-profile",
            "module.cgw-team3.aws_iam_policy.cgw-aws-iam-policy",
            "module.cgw-team3.aws_iam_role.cgw-aws-iam-role",
            "module.cgw-team3.aws_iam_user.cgw-aws-iam-user",
            "module.cgw-team3.aws_iam_user_login_profile.cgw-aws-iam-user-login-profile",
            "module.cgw-team3.aws_instance.cgw-aws-instance",
            "module.cgw-team3.aws_kms_key.cgw-aws-kms-key",
            "module.cgw-team3.aws_lb.cgw-aws-elb",
            "module.cgw-team3.aws_s3_bucket.cgw-aws-s3-bucket",
            "module.cgw-team3.aws_security_group.cgw-aws-ssh-sg",
            "module.cgw-team3.random_string.unique-id"
          ]
        }
      ]
    },
    {
      "mode": "managed",
      "type": "null_resource",
      "name": "cgw-init",
      "provider": "provider.null",
      "instances": [
        {
          "schema_version": 0,
          "attributes": {
            "id": "7705877575358033274",
            "triggers": {
              "always_run": "2020-08-20T03:14:55Z"
            }
          },
          "private": "bnVsbA=="
        }
      ]
    },
    {
      "module": "module.cgw-team3",
      "mode": "managed",
      "type": "null_resource",
      "name": "mysql-run",
      "provider": "provider.null",
      "instances": [
        {
          "schema_version": 0,
          "attributes": {
            "id": "1218055037573892249",
            "triggers": null
          },
          "private": "bnVsbA==",
          "dependencies": [
            "module.cgw-team3.aws_ebs_volume.cgw-aws-vol",
            "module.cgw-team3.aws_iam_instance_profile.cgw-aws-iam-instance-profile",
            "module.cgw-team3.aws_iam_policy.cgw-aws-iam-policy",
            "module.cgw-team3.aws_iam_role.cgw-aws-iam-role",
            "module.cgw-team3.aws_iam_user.cgw-aws-iam-user",
            "module.cgw-team3.aws_iam_user_login_profile.cgw-aws-iam-user-login-profile",
            "module.cgw-team3.aws_instance.cgw-aws-instance",
            "module.cgw-team3.aws_kms_key.cgw-aws-kms-key",
            "module.cgw-team3.aws_lb.cgw-aws-elb",
            "module.cgw-team3.aws_s3_bucket.cgw-aws-s3-bucket",
            "module.cgw-team3.aws_security_group.cgw-aws-ssh-sg",
            "module.cgw-team3.random_string.unique-id"
          ]
        }
      ]
    },
    {
      "module": "module.cgw-team3",
      "mode": "managed",
      "type": "random_string",
      "name": "unique-id",
      "provider": "provider.random",
      "instances": [
        {
          "schema_version": 1,
          "attributes": {
            "id": "3fyr0p0a",
            "keepers": null,
            "length": 8,
            "lower": true,
            "min_lower": 0,
            "min_numeric": 0,
            "min_special": 0,
            "min_upper": 0,
            "number": true,
            "override_special": null,
            "result": "3fyr0p0a",
            "special": false,
            "upper": false
          },
          "private": "eyJzY2hlbWFfdmVyc2lvbiI6IjEifQ=="
        }
      ]
    }
  ]
}
