{
  "version": 4,
  "terraform_version": "0.12.29",
  "serial": 4732,
  "lineage": "b56c0cf0-8b63-a99c-d604-8bb86ba5d6be",
  "outputs": {
    "cgw-common-db-instance-id": {
      "value": "i-00975873156ca6ecc",
      "type": "string"
    },
    "cgw-common-db-instance-ip": {
      "value": "3.20.89.105",
      "type": "string"
    },
    "georged-k8s-host-ip": {
      "value": "3.21.177.184",
      "type": "string"
    },
    "georged-tf-test-vip": {
      "value": "20.43.14.118",
      "type": "string"
    }
  },
  "resources": [
    {
      "mode": "data",
      "type": "aws_ami",
      "name": "amzn-linux-2",
      "provider": "provider.aws",
      "instances": [
        {
          "schema_version": 0,
          "attributes": {
            "architecture": "x86_64",
            "arn": "arn:aws:ec2:us-east-2::image/ami-0f4665edc97a93bea",
            "block_device_mappings": [
              {
                "device_name": "/dev/xvda",
                "ebs": {
                  "delete_on_termination": "true",
                  "encrypted": "false",
                  "iops": "0",
                  "snapshot_id": "snap-00a3ac8046ab803ef",
                  "volume_size": "8",
                  "volume_type": "standard"
                },
                "no_device": "",
                "virtual_name": ""
              }
            ],
            "creation_date": "2020-07-24T20:37:45.000Z",
            "description": "Amazon Linux 2 AMI 2.0.20200722.0 x86_64 HVM ebs",
            "executable_users": null,
            "filter": [
              {
                "name": "name",
                "values": [
                  "amzn2-ami-hvm-*-x86_64-ebs"
                ]
              },
              {
                "name": "root-device-type",
                "values": [
                  "ebs"
                ]
              },
              {
                "name": "virtualization-type",
                "values": [
                  "hvm"
                ]
              }
            ],
            "hypervisor": "xen",
            "id": "ami-0f4665edc97a93bea",
            "image_id": "ami-0f4665edc97a93bea",
            "image_location": "amazon/amzn2-ami-hvm-2.0.20200722.0-x86_64-ebs",
            "image_owner_alias": "amazon",
            "image_type": "machine",
            "kernel_id": null,
            "most_recent": true,
            "name": "amzn2-ami-hvm-2.0.20200722.0-x86_64-ebs",
            "name_regex": null,
            "owner_id": "137112412989",
            "owners": [
              "amazon"
            ],
            "platform": null,
            "product_codes": [],
            "public": true,
            "ramdisk_id": null,
            "root_device_name": "/dev/xvda",
            "root_device_type": "ebs",
            "root_snapshot_id": "snap-00a3ac8046ab803ef",
            "sriov_net_support": "simple",
            "state": "available",
            "state_reason": {
              "code": "UNSET",
              "message": "UNSET"
            },
            "tags": {},
            "virtualization_type": "hvm"
          }
        }
      ]
    },
    {
      "module": "module.cgw-team2",
      "mode": "data",
      "type": "aws_ami",
      "name": "amzn-linux-2",
      "provider": "provider.aws.use1",
      "instances": [
        {
          "schema_version": 0,
          "attributes": {
            "architecture": "x86_64",
            "arn": "arn:aws:ec2:us-east-1::image/ami-0beafb294c86717a8",
            "block_device_mappings": [
              {
                "device_name": "/dev/xvda",
                "ebs": {
                  "delete_on_termination": "true",
                  "encrypted": "false",
                  "iops": "0",
                  "snapshot_id": "snap-06d919bfeced8496a",
                  "volume_size": "8",
                  "volume_type": "standard"
                },
                "no_device": "",
                "virtual_name": ""
              }
            ],
            "creation_date": "2020-07-24T20:36:15.000Z",
            "description": "Amazon Linux 2 AMI 2.0.20200722.0 x86_64 HVM ebs",
            "executable_users": null,
            "filter": [
              {
                "name": "name",
                "values": [
                  "amzn2-ami-hvm-*-x86_64-ebs"
                ]
              },
              {
                "name": "root-device-type",
                "values": [
                  "ebs"
                ]
              },
              {
                "name": "virtualization-type",
                "values": [
                  "hvm"
                ]
              }
            ],
            "hypervisor": "xen",
            "id": "ami-0beafb294c86717a8",
            "image_id": "ami-0beafb294c86717a8",
            "image_location": "amazon/amzn2-ami-hvm-2.0.20200722.0-x86_64-ebs",
            "image_owner_alias": "amazon",
            "image_type": "machine",
            "kernel_id": null,
            "most_recent": true,
            "name": "amzn2-ami-hvm-2.0.20200722.0-x86_64-ebs",
            "name_regex": null,
            "owner_id": "137112412989",
            "owners": [
              "amazon"
            ],
            "platform": null,
            "product_codes": [],
            "public": true,
            "ramdisk_id": null,
            "root_device_name": "/dev/xvda",
            "root_device_type": "ebs",
            "root_snapshot_id": "snap-06d919bfeced8496a",
            "sriov_net_support": "simple",
            "state": "available",
            "state_reason": {
              "code": "UNSET",
              "message": "UNSET"
            },
            "tags": {},
            "virtualization_type": "hvm"
          }
        }
      ]
    },
    {
      "mode": "data",
      "type": "aws_ami",
      "name": "ubuntu-1804",
      "provider": "provider.aws",
      "instances": [
        {
          "schema_version": 0,
          "attributes": {
            "architecture": "x86_64",
            "arn": "arn:aws:ec2:us-east-2::image/ami-f4f4cf91",
            "block_device_mappings": [
              {
                "device_name": "/dev/sda1",
                "ebs": {
                  "delete_on_termination": "true",
                  "encrypted": "false",
                  "iops": "0",
                  "snapshot_id": "snap-011fc9d52368bac53",
                  "volume_size": "8",
                  "volume_type": "gp2"
                },
                "no_device": "",
                "virtual_name": ""
              }
            ],
            "creation_date": "2018-07-14T01:18:32.000Z",
            "description": "Ubuntu 18.04 AMI with .NET Core 2.1",
            "executable_users": null,
            "filter": [
              {
                "name": "name",
                "values": [
                  "*ubuntu-bionic-*-amd64-server-*"
                ]
              },
              {
                "name": "root-device-type",
                "values": [
                  "ebs"
                ]
              },
              {
                "name": "virtualization-type",
                "values": [
                  "hvm"
                ]
              }
            ],
            "hypervisor": "xen",
            "id": "ami-f4f4cf91",
            "image_id": "ami-f4f4cf91",
            "image_location": "amazon/ubuntu-bionic-18.04-amd64-server-20180522-dotnetcore-2018.07.11",
            "image_owner_alias": "amazon",
            "image_type": "machine",
            "kernel_id": null,
            "most_recent": true,
            "name": "ubuntu-bionic-18.04-amd64-server-20180522-dotnetcore-2018.07.11",
            "name_regex": null,
            "owner_id": "801119661308",
            "owners": [
              "amazon"
            ],
            "platform": null,
            "product_codes": [],
            "public": true,
            "ramdisk_id": null,
            "root_device_name": "/dev/sda1",
            "root_device_type": "ebs",
            "root_snapshot_id": "snap-011fc9d52368bac53",
            "sriov_net_support": "simple",
            "state": "available",
            "state_reason": {
              "code": "UNSET",
              "message": "UNSET"
            },
            "tags": {},
            "virtualization_type": "hvm"
          }
        }
      ]
    },
    {
      "module": "module.cgw-team2",
      "mode": "data",
      "type": "aws_ami",
      "name": "ubuntu-1804",
      "provider": "provider.aws.use1",
      "instances": [
        {
          "schema_version": 0,
          "attributes": {
            "architecture": "x86_64",
            "arn": "arn:aws:ec2:us-east-1::image/ami-e24b7d9d",
            "block_device_mappings": [
              {
                "device_name": "/dev/sda1",
                "ebs": {
                  "delete_on_termination": "true",
                  "encrypted": "false",
                  "iops": "0",
                  "snapshot_id": "snap-052526bdc8adce099",
                  "volume_size": "8",
                  "volume_type": "gp2"
                },
                "no_device": "",
                "virtual_name": ""
              }
            ],
            "creation_date": "2018-07-11T19:40:53.000Z",
            "description": "Ubuntu 18.04 AMI with .NET Core 2.1",
            "executable_users": null,
            "filter": [
              {
                "name": "name",
                "values": [
                  "*ubuntu-bionic-*-amd64-server-*"
                ]
              },
              {
                "name": "root-device-type",
                "values": [
                  "ebs"
                ]
              },
              {
                "name": "virtualization-type",
                "values": [
                  "hvm"
                ]
              }
            ],
            "hypervisor": "xen",
            "id": "ami-e24b7d9d",
            "image_id": "ami-e24b7d9d",
            "image_location": "amazon/ubuntu-bionic-18.04-amd64-server-20180522-dotnetcore-2018.07.11",
            "image_owner_alias": "amazon",
            "image_type": "machine",
            "kernel_id": null,
            "most_recent": true,
            "name": "ubuntu-bionic-18.04-amd64-server-20180522-dotnetcore-2018.07.11",
            "name_regex": null,
            "owner_id": "801119661308",
            "owners": [
              "amazon"
            ],
            "platform": null,
            "product_codes": [],
            "public": true,
            "ramdisk_id": null,
            "root_device_name": "/dev/sda1",
            "root_device_type": "ebs",
            "root_snapshot_id": "snap-052526bdc8adce099",
            "sriov_net_support": "simple",
            "state": "available",
            "state_reason": {
              "code": "UNSET",
              "message": "UNSET"
            },
            "tags": {},
            "virtualization_type": "hvm"
          }
        }
      ]
    },
    {
      "module": "module.cgw-team2",
      "mode": "data",
      "type": "aws_iam_policy_document",
      "name": "cgw-aws-iam-policy-doc",
      "provider": "provider.aws.use1",
      "instances": [
        {
          "schema_version": 0,
          "attributes": {
            "id": "249297357",
            "json": "{\n  \"Version\": \"2012-10-17\",\n  \"Statement\": [\n    {\n      \"Sid\": \"CGWS3Rolec1l0lp66\",\n      \"Effect\": \"Allow\",\n      \"Action\": \"s3:*\",\n      \"Resource\": \"arn:aws:s3:::*\",\n      \"Condition\": {\n        \"StringEquals\": {\n          \"aws:ResourceTag/Team-UUID\": \"cgw-aws-c1l0lp66\"\n        }\n      }\n    },\n    {\n      \"Sid\": \"CGWEc2Rolec1l0lp66\",\n      \"Effect\": \"Allow\",\n      \"Action\": \"ec2:*\",\n      \"Resource\": \"arn:aws:ec2:*:*:instance/*\",\n      \"Condition\": {\n        \"StringEquals\": {\n          \"ec2:ResourceTag/Team-UUID\": \"cgw-aws-c1l0lp66\"\n        }\n      }\n    },\n    {\n      \"Sid\": \"CGWKmsRolec1l0lp66\",\n      \"Effect\": \"Allow\",\n      \"Action\": \"kms:*\",\n      \"Resource\": \"*\",\n      \"Condition\": {\n        \"StringEquals\": {\n          \"aws:ResourceTag/Team-UUID\": \"cgw-aws-c1l0lp66\"\n        }\n      }\n    },\n    {\n      \"Sid\": \"CGWIamRolec1l0lp66\",\n      \"Effect\": \"Allow\",\n      \"Action\": \"iam:*\",\n      \"Resource\": \"*\",\n      \"Condition\": {\n        \"StringEquals\": {\n          \"iam:ResourceTag/Team-UUID\": \"cgw-aws-c1l0lp66\"\n        }\n      }\n    },\n    {\n      \"Sid\": \"CGWLambdaRolec1l0lp66\",\n      \"Effect\": \"Allow\",\n      \"Action\": \"lambda:*\",\n      \"Resource\": \"*\",\n      \"Condition\": {\n        \"StringEquals\": {\n          \"iam:ResourceTag/Team-UUID\": \"cgw-aws-c1l0lp66\"\n        }\n      }\n    },\n    {\n      \"Sid\": \"CGWSnsRolec1l0lp66\",\n      \"Effect\": \"Allow\",\n      \"Action\": \"SNS:Publish\",\n      \"Resource\": \"*\",\n      \"Condition\": {\n        \"StringEquals\": {\n          \"iam:ResourceTag/Team-UUID\": \"cgw-aws-c1l0lp66\"\n        }\n      }\n    }\n  ]\n}",
            "override_json": null,
            "policy_id": null,
            "source_json": null,
            "statement": [
              {
                "actions": [
                  "s3:*"
                ],
                "condition": [
                  {
                    "test": "StringEquals",
                    "values": [
                      "cgw-aws-c1l0lp66"
                    ],
                    "variable": "aws:ResourceTag/Team-UUID"
                  }
                ],
                "effect": "Allow",
                "not_actions": [],
                "not_principals": [],
                "not_resources": [],
                "principals": [],
                "resources": [
                  "arn:aws:s3:::*"
                ],
                "sid": "CGWS3Rolec1l0lp66"
              },
              {
                "actions": [
                  "ec2:*"
                ],
                "condition": [
                  {
                    "test": "StringEquals",
                    "values": [
                      "cgw-aws-c1l0lp66"
                    ],
                    "variable": "ec2:ResourceTag/Team-UUID"
                  }
                ],
                "effect": "Allow",
                "not_actions": [],
                "not_principals": [],
                "not_resources": [],
                "principals": [],
                "resources": [
                  "arn:aws:ec2:*:*:instance/*"
                ],
                "sid": "CGWEc2Rolec1l0lp66"
              },
              {
                "actions": [
                  "kms:*"
                ],
                "condition": [
                  {
                    "test": "StringEquals",
                    "values": [
                      "cgw-aws-c1l0lp66"
                    ],
                    "variable": "aws:ResourceTag/Team-UUID"
                  }
                ],
                "effect": "Allow",
                "not_actions": [],
                "not_principals": [],
                "not_resources": [],
                "principals": [],
                "resources": [
                  "*"
                ],
                "sid": "CGWKmsRolec1l0lp66"
              },
              {
                "actions": [
                  "iam:*"
                ],
                "condition": [
                  {
                    "test": "StringEquals",
                    "values": [
                      "cgw-aws-c1l0lp66"
                    ],
                    "variable": "iam:ResourceTag/Team-UUID"
                  }
                ],
                "effect": "Allow",
                "not_actions": [],
                "not_principals": [],
                "not_resources": [],
                "principals": [],
                "resources": [
                  "*"
                ],
                "sid": "CGWIamRolec1l0lp66"
              },
              {
                "actions": [
                  "lambda:*"
                ],
                "condition": [
                  {
                    "test": "StringEquals",
                    "values": [
                      "cgw-aws-c1l0lp66"
                    ],
                    "variable": "iam:ResourceTag/Team-UUID"
                  }
                ],
                "effect": "Allow",
                "not_actions": [],
                "not_principals": [],
                "not_resources": [],
                "principals": [],
                "resources": [
                  "*"
                ],
                "sid": "CGWLambdaRolec1l0lp66"
              },
              {
                "actions": [
                  "SNS:Publish"
                ],
                "condition": [
                  {
                    "test": "StringEquals",
                    "values": [
                      "cgw-aws-c1l0lp66"
                    ],
                    "variable": "iam:ResourceTag/Team-UUID"
                  }
                ],
                "effect": "Allow",
                "not_actions": [],
                "not_principals": [],
                "not_resources": [],
                "principals": [],
                "resources": [
                  "*"
                ],
                "sid": "CGWSnsRolec1l0lp66"
              }
            ],
            "version": "2012-10-17"
          }
        }
      ]
    },
    {
      "module": "module.cgw-team2",
      "mode": "data",
      "type": "aws_iam_policy_document",
      "name": "cgw-aws-lambda-sns-policy-doc",
      "provider": "provider.aws.use1",
      "instances": [
        {
          "schema_version": 0,
          "attributes": {
            "id": "350456131",
            "json": "{\n  \"Version\": \"2012-10-17\",\n  \"Statement\": [\n    {\n      \"Sid\": \"CGWLambdaSnsServiceRolec1l0lp66\",\n      \"Effect\": \"Allow\",\n      \"Action\": [\n        \"SNS:Subscribe\",\n        \"SNS:SetTopicAttributes\",\n        \"SNS:RemovePermission\",\n        \"SNS:Receive\",\n        \"SNS:Publish\",\n        \"SNS:ListSubscriptionsByTopic\",\n        \"SNS:GetTopicAttributes\",\n        \"SNS:DeleteTopic\",\n        \"SNS:AddPermission\"\n      ],\n      \"Resource\": \"arn:aws:sns:us-east-1:666402644145:cgw-aws-sns-c1l0lp66-EmailSNSTopic-TPH3ZDYVYYE7\"\n    },\n    {\n      \"Sid\": \"CGWLambdaBasicExecutionRolec1l0lp66\",\n      \"Effect\": \"Allow\",\n      \"Action\": [\n        \"logs:PutLogEvents\",\n        \"logs:CreateLogStream\",\n        \"logs:CreateLogGroup\"\n      ],\n      \"Resource\": \"arn:aws:logs:*:*:*\"\n    }\n  ]\n}",
            "override_json": null,
            "policy_id": null,
            "source_json": null,
            "statement": [
              {
                "actions": [
                  "SNS:AddPermission",
                  "SNS:DeleteTopic",
                  "SNS:GetTopicAttributes",
                  "SNS:ListSubscriptionsByTopic",
                  "SNS:Publish",
                  "SNS:Receive",
                  "SNS:RemovePermission",
                  "SNS:SetTopicAttributes",
                  "SNS:Subscribe"
                ],
                "condition": [],
                "effect": "Allow",
                "not_actions": [],
                "not_principals": [],
                "not_resources": [],
                "principals": [],
                "resources": [
                  "arn:aws:sns:us-east-1:666402644145:cgw-aws-sns-c1l0lp66-EmailSNSTopic-TPH3ZDYVYYE7"
                ],
                "sid": "CGWLambdaSnsServiceRolec1l0lp66"
              },
              {
                "actions": [
                  "logs:CreateLogGroup",
                  "logs:CreateLogStream",
                  "logs:PutLogEvents"
                ],
                "condition": [],
                "effect": "Allow",
                "not_actions": [],
                "not_principals": [],
                "not_resources": [],
                "principals": [],
                "resources": [
                  "arn:aws:logs:*:*:*"
                ],
                "sid": "CGWLambdaBasicExecutionRolec1l0lp66"
              }
            ],
            "version": "2012-10-17"
          }
        }
      ]
    },
    {
      "module": "module.cgw-team2",
      "mode": "data",
      "type": "aws_iam_policy_document",
      "name": "cgw-aws-sns-policy-doc",
      "provider": "provider.aws.use1",
      "instances": [
        {
          "schema_version": 0,
          "attributes": {
            "id": "1959903491",
            "json": "{\n  \"Version\": \"2012-10-17\",\n  \"Statement\": [\n    {\n      \"Sid\": \"CGWConformityCrossAccountRolec1l0lp66\",\n      \"Effect\": \"Allow\",\n      \"Action\": \"SNS:Publish\",\n      \"Resource\": \"arn:aws:sns:us-east-1:666402644145:cgw-aws-sns-c1l0lp66-EmailSNSTopic-TPH3ZDYVYYE7\",\n      \"Principal\": {\n        \"AWS\": \"arn:aws:iam::717210094962:root\"\n      }\n    },\n    {\n      \"Sid\": \"CGWSnsRolec1l0lp66\",\n      \"Effect\": \"Allow\",\n      \"Action\": [\n        \"SNS:Subscribe\",\n        \"SNS:SetTopicAttributes\",\n        \"SNS:RemovePermission\",\n        \"SNS:Receive\",\n        \"SNS:Publish\",\n        \"SNS:ListSubscriptionsByTopic\",\n        \"SNS:GetTopicAttributes\",\n        \"SNS:DeleteTopic\",\n        \"SNS:AddPermission\"\n      ],\n      \"Resource\": \"arn:aws:sns:us-east-1:666402644145:cgw-aws-sns-c1l0lp66-EmailSNSTopic-TPH3ZDYVYYE7\",\n      \"Principal\": {\n        \"AWS\": \"arn:aws:iam::666402644145:user/georged\"\n      }\n    }\n  ]\n}",
            "override_json": null,
            "policy_id": null,
            "source_json": null,
            "statement": [
              {
                "actions": [
                  "SNS:Publish"
                ],
                "condition": [],
                "effect": "Allow",
                "not_actions": [],
                "not_principals": [],
                "not_resources": [],
                "principals": [
                  {
                    "identifiers": [
                      "arn:aws:iam::717210094962:root"
                    ],
                    "type": "AWS"
                  }
                ],
                "resources": [
                  "arn:aws:sns:us-east-1:666402644145:cgw-aws-sns-c1l0lp66-EmailSNSTopic-TPH3ZDYVYYE7"
                ],
                "sid": "CGWConformityCrossAccountRolec1l0lp66"
              },
              {
                "actions": [
                  "SNS:AddPermission",
                  "SNS:DeleteTopic",
                  "SNS:GetTopicAttributes",
                  "SNS:ListSubscriptionsByTopic",
                  "SNS:Publish",
                  "SNS:Receive",
                  "SNS:RemovePermission",
                  "SNS:SetTopicAttributes",
                  "SNS:Subscribe"
                ],
                "condition": [],
                "effect": "Allow",
                "not_actions": [],
                "not_principals": [],
                "not_resources": [],
                "principals": [
                  {
                    "identifiers": [
                      "arn:aws:iam::666402644145:user/georged"
                    ],
                    "type": "AWS"
                  }
                ],
                "resources": [
                  "arn:aws:sns:us-east-1:666402644145:cgw-aws-sns-c1l0lp66-EmailSNSTopic-TPH3ZDYVYYE7"
                ],
                "sid": "CGWSnsRolec1l0lp66"
              }
            ],
            "version": "2012-10-17"
          }
        }
      ]
    },
    {
      "module": "module.cgw-team2",
      "mode": "managed",
      "type": "aws_cloudformation_stack",
      "name": "cgw-aws-sns",
      "provider": "provider.aws.use1",
      "instances": [
        {
          "schema_version": 0,
          "attributes": {
            "capabilities": null,
            "disable_rollback": false,
            "iam_role_arn": "",
            "id": "arn:aws:cloudformation:us-east-1:666402644145:stack/cgw-aws-sns-c1l0lp66/08d59ea0-e732-11ea-aa33-0ae7d4a2969f",
            "name": "cgw-aws-sns-c1l0lp66",
            "notification_arns": null,
            "on_failure": null,
            "outputs": {
              "ARN": "arn:aws:sns:us-east-1:666402644145:cgw-aws-sns-c1l0lp66-EmailSNSTopic-TPH3ZDYVYYE7"
            },
            "parameters": {},
            "policy_body": null,
            "policy_url": null,
            "tags": {
              "Name": "cgw-aws-sns-c1l0lp66",
              "Owner": "george_davis@trendmicro.com",
              "Project": "cgw",
              "Team": "team2",
              "Team-UUID": "cgw-aws-c1l0lp66"
            },
            "template_body": "{\"AWSTemplateFormatVersion\":\"2010-09-09\",\"Outputs\":{\"ARN\":{\"Description\":\"Email SNS Topic ARN\",\"Value\":{\"Ref\":\"EmailSNSTopic\"}}},\"Resources\":{\"EmailSNSTopic\":{\"Properties\":{\"DisplayName\":\"Cloud Governance Workshop - Team UUID: c1l0lp66\",\"Subscription\":[{\"Endpoint\":\"george_davis@trendmicro.com\",\"Protocol\":\"email\"}]},\"Type\":\"AWS::SNS::Topic\"}}}",
            "template_url": null,
            "timeout_in_minutes": null,
            "timeouts": null
          },
          "private": "eyJlMmJmYjczMC1lY2FhLTExZTYtOGY4OC0zNDM2M2JjN2M0YzAiOnsiY3JlYXRlIjoxODAwMDAwMDAwMDAwLCJkZWxldGUiOjE4MDAwMDAwMDAwMDAsInVwZGF0ZSI6MTgwMDAwMDAwMDAwMH19",
          "dependencies": [
            "module.cgw-team2.random_string.unique-id"
          ]
        }
      ]
    },
    {
      "module": "module.cgw-team2",
      "mode": "managed",
      "type": "aws_ebs_volume",
      "name": "cgw-aws-vol",
      "provider": "provider.aws.use1",
      "instances": [
        {
          "schema_version": 0,
          "attributes": {
            "arn": "arn:aws:ec2:us-east-1:666402644145:volume/vol-09bdc715c21469b82",
            "availability_zone": "us-east-1a",
            "encrypted": false,
            "id": "vol-09bdc715c21469b82",
            "iops": 120,
            "kms_key_id": "",
            "multi_attach_enabled": false,
            "outpost_arn": "",
            "size": 40,
            "snapshot_id": "",
            "tags": {
              "InstanceId": "i-08878edfe18f77231",
              "Name": "cgw-aws-ebs-vol-c1l0lp66",
              "Owner": "george_davis@trendmicro.com",
              "Project": "cgw",
              "Team": "team2",
              "Team-UUID": "cgw-aws-c1l0lp66"
            },
            "type": "gp2"
          },
          "private": "bnVsbA==",
          "dependencies": [
            "module.cgw-team2.aws_iam_instance_profile.cgw-aws-iam-instance-profile",
            "module.cgw-team2.aws_iam_role.cgw-aws-iam-role",
            "module.cgw-team2.aws_instance.cgw-aws-instance",
            "module.cgw-team2.aws_security_group.cgw-aws-ssh-sg",
            "module.cgw-team2.random_string.unique-id"
          ]
        }
      ]
    },
    {
      "mode": "managed",
      "type": "aws_eip",
      "name": "cgw-common-db-instance-public-ip",
      "provider": "provider.aws",
      "instances": [
        {
          "schema_version": 0,
          "attributes": {
            "allocation_id": null,
            "associate_with_private_ip": null,
            "association_id": "eipassoc-08ff8e2aeae615426",
            "customer_owned_ip": "",
            "customer_owned_ipv4_pool": "",
            "domain": "vpc",
            "id": "eipalloc-0b446d11d3cce8684",
            "instance": "i-00975873156ca6ecc",
            "network_interface": "eni-07b81ffb7a935d892",
            "private_dns": "ip-172-31-11-211.us-east-2.compute.internal",
            "private_ip": "172.31.11.211",
            "public_dns": "ec2-3-20-89-105.us-east-2.compute.amazonaws.com",
            "public_ip": "3.20.89.105",
            "public_ipv4_pool": "amazon",
            "tags": {
              "Name": "cgw-common-db-instance-public-ip",
              "Owner": "george_davis@trendmicro.com",
              "Project": "cgw-common"
            },
            "timeouts": null,
            "vpc": true
          },
          "private": "eyJlMmJmYjczMC1lY2FhLTExZTYtOGY4OC0zNDM2M2JjN2M0YzAiOnsiZGVsZXRlIjoxODAwMDAwMDAwMDAsInJlYWQiOjkwMDAwMDAwMDAwMCwidXBkYXRlIjozMDAwMDAwMDAwMDB9fQ==",
          "dependencies": [
            "aws_instance.cgw-common-db-instance"
          ]
        }
      ]
    },
    {
      "mode": "managed",
      "type": "aws_eip",
      "name": "georged-k8s-host-public-ip",
      "provider": "provider.aws",
      "instances": [
        {
          "schema_version": 0,
          "attributes": {
            "allocation_id": null,
            "associate_with_private_ip": null,
            "association_id": "eipassoc-0d9e497749a24a422",
            "customer_owned_ip": "",
            "customer_owned_ipv4_pool": "",
            "domain": "vpc",
            "id": "eipalloc-060efc6e98e504b87",
            "instance": "i-03fac6ecaae81be42",
            "network_interface": "eni-0c35e2528705a9768",
            "private_dns": "ip-172-31-6-145.us-east-2.compute.internal",
            "private_ip": "172.31.6.145",
            "public_dns": "ec2-3-21-177-184.us-east-2.compute.amazonaws.com",
            "public_ip": "3.21.177.184",
            "public_ipv4_pool": "amazon",
            "tags": {
              "Name": "georged-k8s-host-public-ip",
              "Owner": "george_davis@trendmicro.com"
            },
            "timeouts": null,
            "vpc": true
          },
          "private": "eyJlMmJmYjczMC1lY2FhLTExZTYtOGY4OC0zNDM2M2JjN2M0YzAiOnsiZGVsZXRlIjoxODAwMDAwMDAwMDAsInJlYWQiOjkwMDAwMDAwMDAwMCwidXBkYXRlIjozMDAwMDAwMDAwMDB9fQ==",
          "dependencies": [
            "aws_instance.georged-k8s-host",
            "aws_security_group.georged-ssh-sg"
          ]
        }
      ]
    },
    {
      "module": "module.cgw-team2",
      "mode": "managed",
      "type": "aws_iam_instance_profile",
      "name": "cgw-aws-iam-instance-profile",
      "provider": "provider.aws.use1",
      "instances": [
        {
          "schema_version": 0,
          "attributes": {
            "arn": "arn:aws:iam::666402644145:instance-profile/cgw-aws-iam-instance-profile-c1l0lp66",
            "create_date": "2020-08-26T00:21:07Z",
            "id": "cgw-aws-iam-instance-profile-c1l0lp66",
            "name": "cgw-aws-iam-instance-profile-c1l0lp66",
            "name_prefix": null,
            "path": "/",
            "role": "cgw-aws-iam-role-c1l0lp66",
            "roles": [
              "cgw-aws-iam-role-c1l0lp66"
            ],
            "unique_id": "AIPAZWKFRMCY3SUMTJARG"
          },
          "private": "bnVsbA==",
          "dependencies": [
            "module.cgw-team2.aws_iam_role.cgw-aws-iam-role",
            "module.cgw-team2.random_string.unique-id"
          ]
        }
      ]
    },
    {
      "module": "module.cgw-team2",
      "mode": "managed",
      "type": "aws_iam_policy",
      "name": "cgw-aws-iam-policy",
      "provider": "provider.aws.use1",
      "instances": [
        {
          "schema_version": 0,
          "attributes": {
            "arn": "arn:aws:iam::666402644145:policy/cgw-aws-iam-policy-c1l0lp66",
            "description": "cgw-aws-iam-policy-c1l0lp66 for cgw-aws-iam-user-c1l0lp66",
            "id": "arn:aws:iam::666402644145:policy/cgw-aws-iam-policy-c1l0lp66",
            "name": "cgw-aws-iam-policy-c1l0lp66",
            "name_prefix": null,
            "path": "/",
            "policy": "{\n  \"Version\": \"2012-10-17\",\n  \"Statement\": [\n    {\n      \"Sid\": \"CGWS3Rolec1l0lp66\",\n      \"Effect\": \"Allow\",\n      \"Action\": \"s3:*\",\n      \"Resource\": \"arn:aws:s3:::*\",\n      \"Condition\": {\n        \"StringEquals\": {\n          \"aws:ResourceTag/Team-UUID\": \"cgw-aws-c1l0lp66\"\n        }\n      }\n    },\n    {\n      \"Sid\": \"CGWEc2Rolec1l0lp66\",\n      \"Effect\": \"Allow\",\n      \"Action\": \"ec2:*\",\n      \"Resource\": \"arn:aws:ec2:*:*:instance/*\",\n      \"Condition\": {\n        \"StringEquals\": {\n          \"ec2:ResourceTag/Team-UUID\": \"cgw-aws-c1l0lp66\"\n        }\n      }\n    },\n    {\n      \"Sid\": \"CGWKmsRolec1l0lp66\",\n      \"Effect\": \"Allow\",\n      \"Action\": \"kms:*\",\n      \"Resource\": \"*\",\n      \"Condition\": {\n        \"StringEquals\": {\n          \"aws:ResourceTag/Team-UUID\": \"cgw-aws-c1l0lp66\"\n        }\n      }\n    },\n    {\n      \"Sid\": \"CGWIamRolec1l0lp66\",\n      \"Effect\": \"Allow\",\n      \"Action\": \"iam:*\",\n      \"Resource\": \"*\",\n      \"Condition\": {\n        \"StringEquals\": {\n          \"iam:ResourceTag/Team-UUID\": \"cgw-aws-c1l0lp66\"\n        }\n      }\n    },\n    {\n      \"Sid\": \"CGWLambdaRolec1l0lp66\",\n      \"Effect\": \"Allow\",\n      \"Action\": \"lambda:*\",\n      \"Resource\": \"*\",\n      \"Condition\": {\n        \"StringEquals\": {\n          \"iam:ResourceTag/Team-UUID\": \"cgw-aws-c1l0lp66\"\n        }\n      }\n    },\n    {\n      \"Sid\": \"CGWSnsRolec1l0lp66\",\n      \"Effect\": \"Allow\",\n      \"Action\": \"SNS:Publish\",\n      \"Resource\": \"*\",\n      \"Condition\": {\n        \"StringEquals\": {\n          \"iam:ResourceTag/Team-UUID\": \"cgw-aws-c1l0lp66\"\n        }\n      }\n    }\n  ]\n}"
          },
          "private": "bnVsbA==",
          "dependencies": [
            "module.cgw-team2.aws_iam_user.cgw-aws-iam-user",
            "module.cgw-team2.random_string.unique-id"
          ]
        }
      ]
    },
    {
      "module": "module.cgw-team2",
      "mode": "managed",
      "type": "aws_iam_policy",
      "name": "cgw-aws-iam-service-role-lambda-policy",
      "provider": "provider.aws.use1",
      "instances": [
        {
          "schema_version": 0,
          "attributes": {
            "arn": "arn:aws:iam::666402644145:policy/cgw-aws-iam-service-role-lambda-policy-c1l0lp66",
            "description": "cgw-aws-iam-service-role-lambda-policy-c1l0lp66 for cgw-aws-iam-user-c1l0lp66",
            "id": "arn:aws:iam::666402644145:policy/cgw-aws-iam-service-role-lambda-policy-c1l0lp66",
            "name": "cgw-aws-iam-service-role-lambda-policy-c1l0lp66",
            "name_prefix": null,
            "path": "/",
            "policy": "{\n  \"Version\": \"2012-10-17\",\n  \"Statement\": [\n    {\n      \"Sid\": \"CGWLambdaSnsServiceRolec1l0lp66\",\n      \"Effect\": \"Allow\",\n      \"Action\": [\n        \"SNS:Subscribe\",\n        \"SNS:SetTopicAttributes\",\n        \"SNS:RemovePermission\",\n        \"SNS:Receive\",\n        \"SNS:Publish\",\n        \"SNS:ListSubscriptionsByTopic\",\n        \"SNS:GetTopicAttributes\",\n        \"SNS:DeleteTopic\",\n        \"SNS:AddPermission\"\n      ],\n      \"Resource\": \"arn:aws:sns:us-east-1:666402644145:cgw-aws-sns-c1l0lp66-EmailSNSTopic-TPH3ZDYVYYE7\"\n    },\n    {\n      \"Sid\": \"CGWLambdaBasicExecutionRolec1l0lp66\",\n      \"Effect\": \"Allow\",\n      \"Action\": [\n        \"logs:PutLogEvents\",\n        \"logs:CreateLogStream\",\n        \"logs:CreateLogGroup\"\n      ],\n      \"Resource\": \"arn:aws:logs:*:*:*\"\n    }\n  ]\n}"
          },
          "private": "bnVsbA==",
          "dependencies": [
            "module.cgw-team2.aws_iam_user.cgw-aws-iam-user",
            "module.cgw-team2.random_string.unique-id"
          ]
        }
      ]
    },
    {
      "module": "module.cgw-team2",
      "mode": "managed",
      "type": "aws_iam_role",
      "name": "cgw-aws-iam-role",
      "provider": "provider.aws.use1",
      "instances": [
        {
          "schema_version": 0,
          "attributes": {
            "arn": "arn:aws:iam::666402644145:role/cgw-aws-iam-role-c1l0lp66",
            "assume_role_policy": "{\"Version\":\"2012-10-17\",\"Statement\":[{\"Effect\":\"Allow\",\"Principal\":{\"Service\":\"ec2.amazonaws.com\"},\"Action\":\"sts:AssumeRole\"}]}",
            "create_date": "2020-08-26T00:21:07Z",
            "description": "",
            "force_detach_policies": false,
            "id": "cgw-aws-iam-role-c1l0lp66",
            "max_session_duration": 3600,
            "name": "cgw-aws-iam-role-c1l0lp66",
            "name_prefix": null,
            "path": "/",
            "permissions_boundary": null,
            "tags": {
              "Name": "cgw-aws-iam-role-c1l0lp66",
              "Owner": "george_davis@trendmicro.com",
              "Project": "cgw",
              "Team": "team2",
              "Team-UUID": "cgw-aws-c1l0lp66"
            },
            "unique_id": "AROAZWKFRMCY4R7UZJFY2"
          },
          "private": "bnVsbA==",
          "dependencies": [
            "module.cgw-team2.random_string.unique-id"
          ]
        }
      ]
    },
    {
      "module": "module.cgw-team2",
      "mode": "managed",
      "type": "aws_iam_role",
      "name": "cgw-aws-iam-service-role-lambda",
      "provider": "provider.aws.use1",
      "instances": [
        {
          "schema_version": 0,
          "attributes": {
            "arn": "arn:aws:iam::666402644145:role/cgw-aws-iam-service-role-lambda-c1l0lp66",
            "assume_role_policy": "{\"Version\":\"2012-10-17\",\"Statement\":[{\"Sid\":\"CGWStsRole\",\"Effect\":\"Allow\",\"Principal\":{\"Service\":\"lambda.amazonaws.com\"},\"Action\":\"sts:AssumeRole\"}]}",
            "create_date": "2020-08-26T01:51:24Z",
            "description": "",
            "force_detach_policies": false,
            "id": "cgw-aws-iam-service-role-lambda-c1l0lp66",
            "max_session_duration": 3600,
            "name": "cgw-aws-iam-service-role-lambda-c1l0lp66",
            "name_prefix": null,
            "path": "/",
            "permissions_boundary": null,
            "tags": {
              "Name": "cgw-aws-iam-service-role-lambda-c1l0lp66",
              "Owner": "george_davis@trendmicro.com",
              "Project": "cgw",
              "Team": "team2",
              "Team-UUID": "cgw-aws-c1l0lp66"
            },
            "unique_id": "AROAZWKFRMCYSW6M7NZU3"
          },
          "private": "bnVsbA==",
          "dependencies": [
            "module.cgw-team2.random_string.unique-id"
          ]
        }
      ]
    },
    {
      "module": "module.cgw-team2",
      "mode": "managed",
      "type": "aws_iam_role_policy_attachment",
      "name": "cgw-aws-iam-role-policy-attach",
      "provider": "provider.aws.use1",
      "instances": [
        {
          "schema_version": 0,
          "attributes": {
            "id": "cgw-aws-iam-role-c1l0lp66-20200826002107992400000001",
            "policy_arn": "arn:aws:iam::666402644145:policy/cgw-aws-iam-policy-c1l0lp66",
            "role": "cgw-aws-iam-role-c1l0lp66"
          },
          "private": "bnVsbA==",
          "dependencies": [
            "module.cgw-team2.aws_iam_policy.cgw-aws-iam-policy",
            "module.cgw-team2.aws_iam_role.cgw-aws-iam-role",
            "module.cgw-team2.aws_iam_user.cgw-aws-iam-user",
            "module.cgw-team2.random_string.unique-id"
          ]
        }
      ]
    },
    {
      "module": "module.cgw-team2",
      "mode": "managed",
      "type": "aws_iam_role_policy_attachment",
      "name": "cgw-aws-iam-service-role-lambda-policy-attach",
      "provider": "provider.aws.use1",
      "instances": [
        {
          "schema_version": 0,
          "attributes": {
            "id": "cgw-aws-iam-service-role-lambda-c1l0lp66-20200826021927801800000001",
            "policy_arn": "arn:aws:iam::666402644145:policy/cgw-aws-iam-service-role-lambda-policy-c1l0lp66",
            "role": "cgw-aws-iam-service-role-lambda-c1l0lp66"
          },
          "private": "bnVsbA==",
          "dependencies": [
            "module.cgw-team2.aws_iam_policy.cgw-aws-iam-service-role-lambda-policy",
            "module.cgw-team2.aws_iam_role.cgw-aws-iam-service-role-lambda",
            "module.cgw-team2.aws_iam_user.cgw-aws-iam-user",
            "module.cgw-team2.random_string.unique-id"
          ]
        }
      ]
    },
    {
      "module": "module.cgw-team2",
      "mode": "managed",
      "type": "aws_iam_user",
      "name": "cgw-aws-iam-user",
      "provider": "provider.aws.use1",
      "instances": [
        {
          "schema_version": 0,
          "attributes": {
            "arn": "arn:aws:iam::666402644145:user/cgw-aws-iam-user-c1l0lp66",
            "force_destroy": false,
            "id": "cgw-aws-iam-user-c1l0lp66",
            "name": "cgw-aws-iam-user-c1l0lp66",
            "path": "/",
            "permissions_boundary": null,
            "tags": {
              "Name": "cgw-aws-iam-user-c1l0lp66",
              "Owner": "george_davis@trendmicro.com",
              "Project": "cgw",
              "Team": "team2",
              "Team-UUID": "cgw-aws-c1l0lp66"
            },
            "unique_id": "AIDAZWKFRMCYUMCTIUWKZ"
          },
          "private": "bnVsbA==",
          "dependencies": [
            "module.cgw-team2.random_string.unique-id"
          ]
        }
      ]
    },
    {
      "module": "module.cgw-team2",
      "mode": "managed",
      "type": "aws_iam_user_login_profile",
      "name": "cgw-aws-iam-user-login-profile",
      "provider": "provider.aws.use1",
      "instances": [
        {
          "schema_version": 0,
          "attributes": {
            "encrypted_password": "wcFMA/Bn0ilqZW0GARAAcWy4r9eoqaKZh/Cju0ewcFG1r9y95TEOkBxuPD8kSJIUqWvyLRZYxYwB5X6fucOHLDjOJWW/Sd9eCz8YbIWLOpawAhFGcoR5USFaxA2/i8iVk8N8jpXDxWDZz9oN0Wr+kKyIdrFMINPBovSwWLxdhr+wwPZU8oAyM2oxVP6AADpqz9uyor/0xUO+pZB1VBxpPqIvGpOLMxGqbIF6xo0NHgWtkymBEltkb/ztb8hJcegQyEPMlc1j/KF6kv10otveqgqlDCehkDpQo9m7b1Z6lr/KxZHSVT6snvPJMWx9YpbzRXPEmp5rYNlqUMVNdFecj7Q0J6BR8+xnaM7ebamjbt5Y0dn6+G7pa8LWEiJBGH1qLSs8iQYr9VWJ2QcLVQG+VffZnmw3+k0CbrBrBXyCXpu7EIA7WZkwuj5qJ9ALAhna6K0Fd2Rn8LGrQTZ8XfPMBrha1GA6WaHtuj0M5vW7mGBnrv/o4So2yUUHibvuiT4qWSi8FYGA8JGglVH7QDPORtAOyGzLAKvgi4CYbqaqYg0sIcifym3OW9pP5Bb6oH4uS9muZA5gAJ+PSvd31k9Nmxes1KjS++8tSRvZdeAK500Zjgea7erItI0CodWLFVA+OiMV9z+/WnOCyG7x6Eh7YMT+iOme7SjDTnxzqJeXWQqpqpN9VvFiboOZtPAUFQTS4AHkXygqtcsmXBsPVSURJQifgeHpTuAC4HPhODbg3+Ld62Ro4IPkXdo9+jdGfwVv2c9Cm6n1r+BQ4giZ6p7geuT2iqga3vzC0EM7K+mkYZs44ujB0MXhp8QA",
            "id": "cgw-aws-iam-user-c1l0lp66",
            "key_fingerprint": "927551101a897a3a53b39811251fa006ca2c4747",
            "password_length": 20,
            "password_reset_required": false,
            "pgp_key": "keybase:georgedavistm",
            "user": "cgw-aws-iam-user-c1l0lp66"
          },
          "private": "bnVsbA==",
          "dependencies": [
            "module.cgw-team2.aws_iam_user.cgw-aws-iam-user",
            "module.cgw-team2.random_string.unique-id"
          ]
        }
      ]
    },
    {
      "module": "module.cgw-team2",
      "mode": "managed",
      "type": "aws_iam_user_policy_attachment",
      "name": "cgw-aws-iam-user-policy-attach",
      "provider": "provider.aws.use1",
      "instances": [
        {
          "schema_version": 0,
          "attributes": {
            "id": "cgw-aws-iam-user-c1l0lp66-20200826002108324600000002",
            "policy_arn": "arn:aws:iam::666402644145:policy/cgw-aws-iam-policy-c1l0lp66",
            "user": "cgw-aws-iam-user-c1l0lp66"
          },
          "private": "bnVsbA==",
          "dependencies": [
            "module.cgw-team2.aws_iam_policy.cgw-aws-iam-policy",
            "module.cgw-team2.aws_iam_user.cgw-aws-iam-user",
            "module.cgw-team2.random_string.unique-id"
          ]
        }
      ]
    },
    {
      "module": "module.cgw-team2",
      "mode": "managed",
      "type": "aws_instance",
      "name": "cgw-aws-instance",
      "provider": "provider.aws.use1",
      "instances": [
        {
          "schema_version": 1,
          "attributes": {
            "ami": "ami-0beafb294c86717a8",
            "arn": "arn:aws:ec2:us-east-1:666402644145:instance/i-08878edfe18f77231",
            "associate_public_ip_address": true,
            "availability_zone": "us-east-1a",
            "cpu_core_count": 1,
            "cpu_threads_per_core": 1,
            "credit_specification": [
              {
                "cpu_credits": "standard"
              }
            ],
            "disable_api_termination": false,
            "ebs_block_device": [
              {
                "delete_on_termination": false,
                "device_name": "/dev/sdb",
                "encrypted": false,
                "iops": 120,
                "kms_key_id": "",
                "snapshot_id": "",
                "volume_id": "vol-09bdc715c21469b82",
                "volume_size": 40,
                "volume_type": "gp2"
              }
            ],
            "ebs_optimized": false,
            "ephemeral_block_device": [],
            "get_password_data": false,
            "hibernation": false,
            "host_id": null,
            "iam_instance_profile": "cgw-aws-iam-instance-profile-c1l0lp66",
            "id": "i-08878edfe18f77231",
            "instance_initiated_shutdown_behavior": null,
            "instance_state": "running",
            "instance_type": "t2.micro",
            "ipv6_address_count": 0,
            "ipv6_addresses": [],
            "key_name": "CGW-Keypair",
            "metadata_options": [
              {
                "http_endpoint": "enabled",
                "http_put_response_hop_limit": 1,
                "http_tokens": "optional"
              }
            ],
            "monitoring": false,
            "network_interface": [],
            "network_interface_id": null,
            "outpost_arn": "",
            "password_data": "",
            "placement_group": "",
            "primary_network_interface_id": "eni-0a69c572233123bc3",
            "private_dns": "ip-172-31-74-194.ec2.internal",
            "private_ip": "172.31.74.194",
            "public_dns": "ec2-3-86-83-223.compute-1.amazonaws.com",
            "public_ip": "3.86.83.223",
            "root_block_device": [
              {
                "delete_on_termination": true,
                "device_name": "/dev/xvda",
                "encrypted": false,
                "iops": 120,
                "kms_key_id": "",
                "volume_id": "vol-04cd0d9fb39c0c464",
                "volume_size": 40,
                "volume_type": "gp2"
              }
            ],
            "security_groups": [
              "cgw-aws-ssh-sg-c1l0lp66"
            ],
            "source_dest_check": true,
            "subnet_id": "subnet-aaf41586",
            "tags": {
              "Name": "cgw-aws-ec2-c1l0lp66",
              "Owner": "george_davis@trendmicro.com",
              "Project": "cgw",
              "Team": "team2",
              "Team-UUID": "cgw-aws-c1l0lp66"
            },
            "tenancy": "default",
            "timeouts": null,
            "user_data": null,
            "user_data_base64": null,
            "volume_tags": {
              "InstanceId": "i-08878edfe18f77231",
              "Name": "cgw-aws-ebs-vol-c1l0lp66",
              "Owner": "george_davis@trendmicro.com",
              "Project": "cgw",
              "Team": "team2",
              "Team-UUID": "cgw-aws-c1l0lp66"
            },
            "vpc_security_group_ids": [
              "sg-05b24ee9ba9ff245f"
            ]
          },
          "private": "eyJlMmJmYjczMC1lY2FhLTExZTYtOGY4OC0zNDM2M2JjN2M0YzAiOnsiY3JlYXRlIjo2MDAwMDAwMDAwMDAsImRlbGV0ZSI6MTIwMDAwMDAwMDAwMCwidXBkYXRlIjo2MDAwMDAwMDAwMDB9LCJzY2hlbWFfdmVyc2lvbiI6IjEifQ==",
          "dependencies": [
            "module.cgw-team2.aws_iam_instance_profile.cgw-aws-iam-instance-profile",
            "module.cgw-team2.aws_iam_role.cgw-aws-iam-role",
            "module.cgw-team2.aws_security_group.cgw-aws-ssh-sg",
            "module.cgw-team2.random_string.unique-id"
          ]
        }
      ]
    },
    {
      "mode": "managed",
      "type": "aws_instance",
      "name": "cgw-common-db-instance",
      "provider": "provider.aws",
      "instances": [
        {
          "schema_version": 1,
          "attributes": {
            "ami": "ami-0f4665edc97a93bea",
            "arn": "arn:aws:ec2:us-east-2:666402644145:instance/i-00975873156ca6ecc",
            "associate_public_ip_address": true,
            "availability_zone": "us-east-2a",
            "cpu_core_count": 1,
            "cpu_threads_per_core": 1,
            "credit_specification": [
              {
                "cpu_credits": "standard"
              }
            ],
            "disable_api_termination": false,
            "ebs_block_device": [],
            "ebs_optimized": false,
            "ephemeral_block_device": [],
            "get_password_data": false,
            "hibernation": false,
            "host_id": null,
            "iam_instance_profile": "",
            "id": "i-00975873156ca6ecc",
            "instance_initiated_shutdown_behavior": null,
            "instance_state": "running",
            "instance_type": "t2.micro",
            "ipv6_address_count": 0,
            "ipv6_addresses": [],
            "key_name": "CloudOne",
            "metadata_options": [
              {
                "http_endpoint": "enabled",
                "http_put_response_hop_limit": 1,
                "http_tokens": "optional"
              }
            ],
            "monitoring": false,
            "network_interface": [],
            "network_interface_id": null,
            "outpost_arn": "",
            "password_data": "",
            "placement_group": "",
            "primary_network_interface_id": "eni-07b81ffb7a935d892",
            "private_dns": "ip-172-31-11-211.us-east-2.compute.internal",
            "private_ip": "172.31.11.211",
            "public_dns": "ec2-3-20-89-105.us-east-2.compute.amazonaws.com",
            "public_ip": "3.20.89.105",
            "root_block_device": [
              {
                "delete_on_termination": true,
                "device_name": "/dev/xvda",
                "encrypted": false,
                "iops": 120,
                "kms_key_id": "",
                "volume_id": "vol-08a255998f25479e4",
                "volume_size": 40,
                "volume_type": "gp2"
              }
            ],
            "security_groups": [
              "cgw-common-db-sg",
              "georged-ssh-sg"
            ],
            "source_dest_check": true,
            "subnet_id": "subnet-c1dc41a8",
            "tags": {
              "Name": "cgw-common-db-ec2-instance",
              "Owner": "george_davis@trendmicro.com",
              "Project": "cgw-common"
            },
            "tenancy": "default",
            "timeouts": null,
            "user_data": null,
            "user_data_base64": null,
            "volume_tags": {},
            "vpc_security_group_ids": [
              "sg-0674451093c4a63e8",
              "sg-07f60225ce03d424a"
            ]
          },
          "private": "eyJlMmJmYjczMC1lY2FhLTExZTYtOGY4OC0zNDM2M2JjN2M0YzAiOnsiY3JlYXRlIjo2MDAwMDAwMDAwMDAsImRlbGV0ZSI6MTIwMDAwMDAwMDAwMCwidXBkYXRlIjo2MDAwMDAwMDAwMDB9LCJzY2hlbWFfdmVyc2lvbiI6IjEifQ==",
          "dependencies": [
            "aws_security_group.cgw-common-db-sg",
            "aws_security_group.georged-ssh-sg"
          ]
        }
      ]
    },
    {
      "mode": "managed",
      "type": "aws_instance",
      "name": "georged-k8s-host",
      "provider": "provider.aws",
      "instances": [
        {
          "schema_version": 1,
          "attributes": {
            "ami": "ami-f4f4cf91",
            "arn": "arn:aws:ec2:us-east-2:666402644145:instance/i-03fac6ecaae81be42",
            "associate_public_ip_address": true,
            "availability_zone": "us-east-2a",
            "cpu_core_count": 2,
            "cpu_threads_per_core": 1,
            "credit_specification": [
              {
                "cpu_credits": "standard"
              }
            ],
            "disable_api_termination": false,
            "ebs_block_device": [],
            "ebs_optimized": false,
            "ephemeral_block_device": [],
            "get_password_data": false,
            "hibernation": false,
            "host_id": null,
            "iam_instance_profile": "Cloud1",
            "id": "i-03fac6ecaae81be42",
            "instance_initiated_shutdown_behavior": null,
            "instance_state": "stopped",
            "instance_type": "t2.medium",
            "ipv6_address_count": 0,
            "ipv6_addresses": [],
            "key_name": "CloudOne",
            "metadata_options": [
              {
                "http_endpoint": "enabled",
                "http_put_response_hop_limit": 1,
                "http_tokens": "optional"
              }
            ],
            "monitoring": false,
            "network_interface": [],
            "network_interface_id": null,
            "outpost_arn": "",
            "password_data": "",
            "placement_group": "",
            "primary_network_interface_id": "eni-0c35e2528705a9768",
            "private_dns": "ip-172-31-6-145.us-east-2.compute.internal",
            "private_ip": "172.31.6.145",
            "public_dns": "ec2-3-21-177-184.us-east-2.compute.amazonaws.com",
            "public_ip": "3.21.177.184",
            "root_block_device": [
              {
                "delete_on_termination": true,
                "device_name": "/dev/sda1",
                "encrypted": false,
                "iops": 100,
                "kms_key_id": "",
                "volume_id": "vol-0a30c718b16d3b647",
                "volume_size": 8,
                "volume_type": "gp2"
              }
            ],
            "security_groups": [
              "georged-k8s-sg",
              "georged-ssh-sg"
            ],
            "source_dest_check": true,
            "subnet_id": "subnet-c1dc41a8",
            "tags": {
              "Name": "georged-k8s-host",
              "Owner": "george_davis@trendmicro.com",
              "Project": "C1-Demo",
              "Usecase": "C1-ContainerSecurity"
            },
            "tenancy": "default",
            "timeouts": null,
            "user_data": null,
            "user_data_base64": null,
            "volume_tags": {},
            "vpc_security_group_ids": [
              "sg-0674451093c4a63e8",
              "sg-0d55827be351fff41"
            ]
          },
          "private": "eyJlMmJmYjczMC1lY2FhLTExZTYtOGY4OC0zNDM2M2JjN2M0YzAiOnsiY3JlYXRlIjo2MDAwMDAwMDAwMDAsImRlbGV0ZSI6MTIwMDAwMDAwMDAwMCwidXBkYXRlIjo2MDAwMDAwMDAwMDB9LCJzY2hlbWFfdmVyc2lvbiI6IjEifQ==",
          "dependencies": [
            "aws_security_group.georged-k8s-sg",
            "aws_security_group.georged-ssh-sg"
          ]
        }
      ]
    },
    {
      "module": "module.cgw-team2",
      "mode": "managed",
      "type": "aws_kms_key",
      "name": "cgw-aws-kms-key",
      "provider": "provider.aws.use1",
      "instances": [
        {
          "schema_version": 0,
          "attributes": {
            "arn": "arn:aws:kms:us-east-1:666402644145:key/bae35c2d-cc09-4056-83c3-bf15811cf214",
            "customer_master_key_spec": "SYMMETRIC_DEFAULT",
            "deletion_window_in_days": null,
            "description": "cgw-aws-kms-key-c1l0lp66 for cgw-aws-iam-user-c1l0lp66",
            "enable_key_rotation": false,
            "id": "bae35c2d-cc09-4056-83c3-bf15811cf214",
            "is_enabled": true,
            "key_id": "bae35c2d-cc09-4056-83c3-bf15811cf214",
            "key_usage": "ENCRYPT_DECRYPT",
            "policy": "{\"Id\":\"key-default-1\",\"Statement\":[{\"Action\":\"kms:*\",\"Effect\":\"Allow\",\"Principal\":{\"AWS\":\"arn:aws:iam::666402644145:root\"},\"Resource\":\"*\",\"Sid\":\"Enable IAM User Permissions\"}],\"Version\":\"2012-10-17\"}",
            "tags": {
              "Name": "cgw-aws-kms-key-c1l0lp66",
              "Owner": "george_davis@trendmicro.com",
              "Project": "cgw",
              "Team": "team2",
              "Team-UUID": "cgw-aws-c1l0lp66"
            }
          },
          "private": "bnVsbA==",
          "dependencies": [
            "module.cgw-team2.aws_iam_user.cgw-aws-iam-user",
            "module.cgw-team2.random_string.unique-id"
          ]
        }
      ]
    },
    {
      "module": "module.cgw-team2",
      "mode": "managed",
      "type": "aws_lambda_function",
      "name": "cgw-aws-lambda-sendmail",
      "provider": "provider.aws.use1",
      "instances": [
        {
          "schema_version": 0,
          "attributes": {
            "arn": "arn:aws:lambda:us-east-1:666402644145:function:cgw-aws-lambda-sendmail-c1l0lp66",
            "dead_letter_config": [],
            "description": "",
            "environment": [
              {
                "variables": {
                  "MSG_SENSITIVE_TEXT": "Team UUID : cgw-c1l0lp66 AWS Console URL : https://us-east-1.signin.aws.amazon.com/  AWS Account Id : 666402644145 AWS IAM User : cgw-aws-iam-user-c1l0lp66 AWS Console Password : !doGt9Dsw5kdR^vRI1o\u0026",
                  "MSG_SUBJECT": "Cloud Governance Workshop - Team Confidential - Team UUID: cgw-aws-c1l0lp66",
                  "SNS_TOPIC_ARN": "arn:aws:sns:us-east-1:666402644145:cgw-aws-sns-c1l0lp66-EmailSNSTopic-TPH3ZDYVYYE7"
                }
              }
            ],
            "file_system_config": [],
            "filename": "modules/aws-cloud-governance-workshop/cgw-aws-lambda-sendmail/cgw-aws-lambda-sendmail.zip",
            "function_name": "cgw-aws-lambda-sendmail-c1l0lp66",
            "handler": "lambda_function.send_to_sns",
            "id": "cgw-aws-lambda-sendmail-c1l0lp66",
            "invoke_arn": "arn:aws:apigateway:us-east-1:lambda:path/2015-03-31/functions/arn:aws:lambda:us-east-1:666402644145:function:cgw-aws-lambda-sendmail-c1l0lp66/invocations",
            "kms_key_arn": "",
            "last_modified": "2020-08-26T02:39:59.215+0000",
            "layers": [],
            "memory_size": 128,
            "publish": false,
            "qualified_arn": "arn:aws:lambda:us-east-1:666402644145:function:cgw-aws-lambda-sendmail-c1l0lp66:$LATEST",
            "reserved_concurrent_executions": -1,
            "role": "arn:aws:iam::666402644145:role/cgw-aws-iam-service-role-lambda-c1l0lp66",
            "runtime": "python2.7",
            "s3_bucket": null,
            "s3_key": null,
            "s3_object_version": null,
            "source_code_hash": "AoZ89nEJuA/KD8IZZaaZ5MwRF8DIurw5jWQ1DBePZA8=",
            "source_code_size": 602,
            "tags": {
              "Name": "cgw-aws-lambda-sendmail-c1l0lp66",
              "Owner": "george_davis@trendmicro.com",
              "Project": "cgw",
              "Team": "team2",
              "Team-UUID": "cgw-aws-c1l0lp66"
            },
            "timeout": 3,
            "timeouts": null,
            "tracing_config": [
              {
                "mode": "PassThrough"
              }
            ],
            "version": "$LATEST",
            "vpc_config": []
          },
          "private": "eyJlMmJmYjczMC1lY2FhLTExZTYtOGY4OC0zNDM2M2JjN2M0YzAiOnsiY3JlYXRlIjo2MDAwMDAwMDAwMDB9fQ==",
          "dependencies": [
            "module.cgw-team2.aws_cloudformation_stack.cgw-aws-sns",
            "module.cgw-team2.aws_iam_role.cgw-aws-iam-service-role-lambda",
            "module.cgw-team2.aws_iam_user.cgw-aws-iam-user",
            "module.cgw-team2.random_string.unique-id"
          ]
        }
      ]
    },
    {
      "module": "module.cgw-team2",
      "mode": "managed",
      "type": "aws_lb",
      "name": "cgw-aws-elb",
      "provider": "provider.aws.use1",
      "instances": [
        {
          "schema_version": 0,
          "attributes": {
            "access_logs": [
              {
                "bucket": "",
                "enabled": false,
                "prefix": ""
              }
            ],
            "arn": "arn:aws:elasticloadbalancing:us-east-1:666402644145:loadbalancer/net/cgw-aws-elb-c1l0lp66/ff29c3c4c002e4e8",
            "arn_suffix": "net/cgw-aws-elb-c1l0lp66/ff29c3c4c002e4e8",
            "dns_name": "cgw-aws-elb-c1l0lp66-ff29c3c4c002e4e8.elb.us-east-1.amazonaws.com",
            "drop_invalid_header_fields": null,
            "enable_cross_zone_load_balancing": false,
            "enable_deletion_protection": false,
            "enable_http2": null,
            "id": "arn:aws:elasticloadbalancing:us-east-1:666402644145:loadbalancer/net/cgw-aws-elb-c1l0lp66/ff29c3c4c002e4e8",
            "idle_timeout": null,
            "internal": false,
            "ip_address_type": "ipv4",
            "load_balancer_type": "network",
            "name": "cgw-aws-elb-c1l0lp66",
            "name_prefix": null,
            "security_groups": [],
            "subnet_mapping": [
              {
                "allocation_id": "",
                "subnet_id": "subnet-aaf41586"
              }
            ],
            "subnets": [
              "subnet-aaf41586"
            ],
            "tags": {
              "Name": "cgw-aws-elb-c1l0lp66",
              "Owner": "george_davis@trendmicro.com",
              "Project": "cgw",
              "Team": "team2",
              "Team-UUID": "cgw-aws-c1l0lp66"
            },
            "timeouts": null,
            "vpc_id": "vpc-96c5c8f0",
            "zone_id": "Z26RNL4JYFTOTI"
          },
          "private": "eyJlMmJmYjczMC1lY2FhLTExZTYtOGY4OC0zNDM2M2JjN2M0YzAiOnsiY3JlYXRlIjo2MDAwMDAwMDAwMDAsImRlbGV0ZSI6NjAwMDAwMDAwMDAwLCJ1cGRhdGUiOjYwMDAwMDAwMDAwMH19",
          "dependencies": [
            "module.cgw-team2.random_string.unique-id"
          ]
        }
      ]
    },
    {
      "module": "module.cgw-team2",
      "mode": "managed",
      "type": "aws_s3_bucket",
      "name": "cgw-aws-s3-bucket",
      "provider": "provider.aws.use1",
      "instances": [
        {
          "schema_version": 0,
          "attributes": {
            "acceleration_status": "",
            "acl": "public-read",
            "arn": "arn:aws:s3:::cgw-aws-s3-bucket-c1l0lp66",
            "bucket": "cgw-aws-s3-bucket-c1l0lp66",
            "bucket_domain_name": "cgw-aws-s3-bucket-c1l0lp66.s3.amazonaws.com",
            "bucket_prefix": null,
            "bucket_regional_domain_name": "cgw-aws-s3-bucket-c1l0lp66.s3.amazonaws.com",
            "cors_rule": [
              {
                "allowed_headers": [
                  "*"
                ],
                "allowed_methods": [
                  "GET",
                  "POST",
                  "PUT",
                  "DELETE",
                  "HEAD"
                ],
                "allowed_origins": [
                  "*"
                ],
                "expose_headers": [
                  "ETag"
                ],
                "max_age_seconds": 0
              }
            ],
            "force_destroy": false,
            "grant": [],
            "hosted_zone_id": "Z3AQBSTGFYJSTF",
            "id": "cgw-aws-s3-bucket-c1l0lp66",
            "lifecycle_rule": [],
            "logging": [],
            "object_lock_configuration": [],
            "policy": null,
            "region": "us-east-1",
            "replication_configuration": [],
            "request_payer": "BucketOwner",
            "server_side_encryption_configuration": [],
            "tags": {
              "Name": "cgw-aws-s3-bucket-c1l0lp66",
              "Owner": "george_davis@trendmicro.com",
              "Project": "cgw",
              "Team": "team2",
              "Team-UUID": "cgw-aws-c1l0lp66"
            },
            "versioning": [
              {
                "enabled": false,
                "mfa_delete": false
              }
            ],
            "website": [],
            "website_domain": null,
            "website_endpoint": null
          },
          "private": "bnVsbA==",
          "dependencies": [
            "module.cgw-team2.random_string.unique-id"
          ]
        }
      ]
    },
    {
      "module": "module.cgw-team2",
      "mode": "managed",
      "type": "aws_security_group",
      "name": "cgw-aws-codeserver-sg",
      "provider": "provider.aws.use1",
      "instances": [
        {
          "schema_version": 1,
          "attributes": {
            "arn": "arn:aws:ec2:us-east-1:666402644145:security-group/sg-0431da6f7c0b702df",
            "description": "Allow Code Server traffic",
            "egress": [
              {
                "cidr_blocks": [
                  "0.0.0.0/0"
                ],
                "description": "",
                "from_port": 0,
                "ipv6_cidr_blocks": [],
                "prefix_list_ids": [],
                "protocol": "-1",
                "security_groups": [],
                "self": false,
                "to_port": 0
              }
            ],
            "id": "sg-0431da6f7c0b702df",
            "ingress": [
              {
                "cidr_blocks": [
                  "0.0.0.0/0"
                ],
                "description": "",
                "from_port": 8080,
                "ipv6_cidr_blocks": [],
                "prefix_list_ids": [],
                "protocol": "tcp",
                "security_groups": [],
                "self": false,
                "to_port": 8080
              }
            ],
            "name": "cgw-aws-codeserver-sg-c1l0lp66",
            "name_prefix": null,
            "owner_id": "666402644145",
            "revoke_rules_on_delete": false,
            "tags": {
              "Name": "cgw-aws-codeserver-sg-c1l0lp66",
              "Owner": "george_davis@trendmicro.com",
              "Project": "cgw",
              "Team": "team2",
              "Team-UUID": "cgw-aws-c1l0lp66"
            },
            "timeouts": null,
            "vpc_id": "vpc-96c5c8f0"
          },
          "private": "eyJlMmJmYjczMC1lY2FhLTExZTYtOGY4OC0zNDM2M2JjN2M0YzAiOnsiY3JlYXRlIjo2MDAwMDAwMDAwMDAsImRlbGV0ZSI6NjAwMDAwMDAwMDAwfSwic2NoZW1hX3ZlcnNpb24iOiIxIn0=",
          "dependencies": [
            "module.cgw-team2.random_string.unique-id"
          ]
        }
      ]
    },
    {
      "module": "module.cgw-team2",
      "mode": "managed",
      "type": "aws_security_group",
      "name": "cgw-aws-https-sg",
      "provider": "provider.aws.use1",
      "instances": [
        {
          "schema_version": 1,
          "attributes": {
            "arn": "arn:aws:ec2:us-east-1:666402644145:security-group/sg-08ebc5358948c369b",
            "description": "Allow HTTPS traffic",
            "egress": [
              {
                "cidr_blocks": [
                  "0.0.0.0/0"
                ],
                "description": "",
                "from_port": 0,
                "ipv6_cidr_blocks": [],
                "prefix_list_ids": [],
                "protocol": "-1",
                "security_groups": [],
                "self": false,
                "to_port": 0
              }
            ],
            "id": "sg-08ebc5358948c369b",
            "ingress": [
              {
                "cidr_blocks": [
                  "0.0.0.0/0"
                ],
                "description": "",
                "from_port": 443,
                "ipv6_cidr_blocks": [],
                "prefix_list_ids": [],
                "protocol": "tcp",
                "security_groups": [],
                "self": false,
                "to_port": 443
              }
            ],
            "name": "cgw-aws-https-sg-c1l0lp66",
            "name_prefix": null,
            "owner_id": "666402644145",
            "revoke_rules_on_delete": false,
            "tags": {
              "Name": "cgw-aws-https-sg-c1l0lp66",
              "Owner": "george_davis@trendmicro.com",
              "Project": "cgw",
              "Team": "team2",
              "Team-UUID": "cgw-aws-c1l0lp66"
            },
            "timeouts": null,
            "vpc_id": "vpc-96c5c8f0"
          },
          "private": "eyJlMmJmYjczMC1lY2FhLTExZTYtOGY4OC0zNDM2M2JjN2M0YzAiOnsiY3JlYXRlIjo2MDAwMDAwMDAwMDAsImRlbGV0ZSI6NjAwMDAwMDAwMDAwfSwic2NoZW1hX3ZlcnNpb24iOiIxIn0=",
          "dependencies": [
            "module.cgw-team2.random_string.unique-id"
          ]
        }
      ]
    },
    {
      "module": "module.cgw-team2",
      "mode": "managed",
      "type": "aws_security_group",
      "name": "cgw-aws-ssh-sg",
      "provider": "provider.aws.use1",
      "instances": [
        {
          "schema_version": 1,
          "attributes": {
            "arn": "arn:aws:ec2:us-east-1:666402644145:security-group/sg-05b24ee9ba9ff245f",
            "description": "Allow SSH traffic",
            "egress": [
              {
                "cidr_blocks": [
                  "0.0.0.0/0"
                ],
                "description": "",
                "from_port": 0,
                "ipv6_cidr_blocks": [],
                "prefix_list_ids": [],
                "protocol": "-1",
                "security_groups": [],
                "self": false,
                "to_port": 0
              }
            ],
            "id": "sg-05b24ee9ba9ff245f",
            "ingress": [
              {
                "cidr_blocks": [
                  "0.0.0.0/0"
                ],
                "description": "",
                "from_port": 22,
                "ipv6_cidr_blocks": [],
                "prefix_list_ids": [],
                "protocol": "tcp",
                "security_groups": [],
                "self": false,
                "to_port": 22
              }
            ],
            "name": "cgw-aws-ssh-sg-c1l0lp66",
            "name_prefix": null,
            "owner_id": "666402644145",
            "revoke_rules_on_delete": false,
            "tags": {
              "Name": "cgw-aws-ssh-sg-c1l0lp66",
              "Owner": "george_davis@trendmicro.com",
              "Project": "cgw",
              "Team": "team2",
              "Team-UUID": "cgw-aws-c1l0lp66"
            },
            "timeouts": null,
            "vpc_id": "vpc-96c5c8f0"
          },
          "private": "eyJlMmJmYjczMC1lY2FhLTExZTYtOGY4OC0zNDM2M2JjN2M0YzAiOnsiY3JlYXRlIjo2MDAwMDAwMDAwMDAsImRlbGV0ZSI6NjAwMDAwMDAwMDAwfSwic2NoZW1hX3ZlcnNpb24iOiIxIn0=",
          "dependencies": [
            "module.cgw-team2.random_string.unique-id"
          ]
        }
      ]
    },
    {
      "mode": "managed",
      "type": "aws_security_group",
      "name": "cgw-common-db-sg",
      "provider": "provider.aws",
      "instances": [
        {
          "schema_version": 1,
          "attributes": {
            "arn": "arn:aws:ec2:us-east-2:666402644145:security-group/sg-07f60225ce03d424a",
            "description": "Allow CGW DB \u0026 Services traffic",
            "egress": [
              {
                "cidr_blocks": [
                  "0.0.0.0/0"
                ],
                "description": "",
                "from_port": 0,
                "ipv6_cidr_blocks": [],
                "prefix_list_ids": [],
                "protocol": "-1",
                "security_groups": [],
                "self": false,
                "to_port": 0
              }
            ],
            "id": "sg-07f60225ce03d424a",
            "ingress": [
              {
                "cidr_blocks": [
                  "0.0.0.0/0"
                ],
                "description": "",
                "from_port": 3000,
                "ipv6_cidr_blocks": [],
                "prefix_list_ids": [],
                "protocol": "tcp",
                "security_groups": [],
                "self": false,
                "to_port": 3000
              },
              {
                "cidr_blocks": [
                  "142.116.0.0/15"
                ],
                "description": "",
                "from_port": 3306,
                "ipv6_cidr_blocks": [],
                "prefix_list_ids": [],
                "protocol": "tcp",
                "security_groups": [],
                "self": false,
                "to_port": 3306
              }
            ],
            "name": "cgw-common-db-sg",
            "name_prefix": null,
            "owner_id": "666402644145",
            "revoke_rules_on_delete": false,
            "tags": {
              "Name": "cgw-common-db-sg",
              "Owner": "george_davis@trendmicro.com",
              "Project": "cgw-common"
            },
            "timeouts": null,
            "vpc_id": "vpc-67cf400e"
          },
          "private": "eyJlMmJmYjczMC1lY2FhLTExZTYtOGY4OC0zNDM2M2JjN2M0YzAiOnsiY3JlYXRlIjo2MDAwMDAwMDAwMDAsImRlbGV0ZSI6NjAwMDAwMDAwMDAwfSwic2NoZW1hX3ZlcnNpb24iOiIxIn0="
        }
      ]
    },
    {
      "mode": "managed",
      "type": "aws_security_group",
      "name": "georged-https-sg",
      "provider": "provider.aws",
      "instances": [
        {
          "schema_version": 1,
          "attributes": {
            "arn": "arn:aws:ec2:us-east-2:666402644145:security-group/sg-082da6ab61abfd8dd",
            "description": "Allow HTTPS traffic",
            "egress": [
              {
                "cidr_blocks": [
                  "0.0.0.0/0"
                ],
                "description": "",
                "from_port": 0,
                "ipv6_cidr_blocks": [],
                "prefix_list_ids": [],
                "protocol": "-1",
                "security_groups": [],
                "self": false,
                "to_port": 0
              }
            ],
            "id": "sg-082da6ab61abfd8dd",
            "ingress": [
              {
                "cidr_blocks": [
                  "0.0.0.0/0"
                ],
                "description": "",
                "from_port": 443,
                "ipv6_cidr_blocks": [],
                "prefix_list_ids": [],
                "protocol": "tcp",
                "security_groups": [],
                "self": false,
                "to_port": 443
              }
            ],
            "name": "georged-https-sg",
            "name_prefix": null,
            "owner_id": "666402644145",
            "revoke_rules_on_delete": false,
            "tags": {
              "Name": "georged-https-sg",
              "Owner": "george_davis@trendmicro.com"
            },
            "timeouts": null,
            "vpc_id": "vpc-67cf400e"
          },
          "private": "eyJlMmJmYjczMC1lY2FhLTExZTYtOGY4OC0zNDM2M2JjN2M0YzAiOnsiY3JlYXRlIjo2MDAwMDAwMDAwMDAsImRlbGV0ZSI6NjAwMDAwMDAwMDAwfSwic2NoZW1hX3ZlcnNpb24iOiIxIn0="
        }
      ]
    },
    {
      "mode": "managed",
      "type": "aws_security_group",
      "name": "georged-k8s-sg",
      "provider": "provider.aws",
      "instances": [
        {
          "schema_version": 1,
          "attributes": {
            "arn": "arn:aws:ec2:us-east-2:666402644145:security-group/sg-0d55827be351fff41",
            "description": "Allow k8s traffic",
            "egress": [
              {
                "cidr_blocks": [
                  "0.0.0.0/0"
                ],
                "description": "",
                "from_port": 0,
                "ipv6_cidr_blocks": [],
                "prefix_list_ids": [],
                "protocol": "-1",
                "security_groups": [],
                "self": false,
                "to_port": 0
              }
            ],
            "id": "sg-0d55827be351fff41",
            "ingress": [
              {
                "cidr_blocks": [
                  "142.116.0.0/15"
                ],
                "description": "",
                "from_port": 8000,
                "ipv6_cidr_blocks": [],
                "prefix_list_ids": [],
                "protocol": "tcp",
                "security_groups": [],
                "self": false,
                "to_port": 8000
              }
            ],
            "name": "georged-k8s-sg",
            "name_prefix": null,
            "owner_id": "666402644145",
            "revoke_rules_on_delete": false,
            "tags": {
              "Name": "georged-k8s-sg",
              "Owner": "george_davis@trendmicro.com"
            },
            "timeouts": null,
            "vpc_id": "vpc-67cf400e"
          },
          "private": "eyJlMmJmYjczMC1lY2FhLTExZTYtOGY4OC0zNDM2M2JjN2M0YzAiOnsiY3JlYXRlIjo2MDAwMDAwMDAwMDAsImRlbGV0ZSI6NjAwMDAwMDAwMDAwfSwic2NoZW1hX3ZlcnNpb24iOiIxIn0="
        }
      ]
    },
    {
      "mode": "managed",
      "type": "aws_security_group",
      "name": "georged-nodejs-sg",
      "provider": "provider.aws",
      "instances": [
        {
          "schema_version": 1,
          "attributes": {
            "arn": "arn:aws:ec2:us-east-2:666402644145:security-group/sg-0280537564d3133f7",
            "description": "Allow NodeJs traffic",
            "egress": [
              {
                "cidr_blocks": [
                  "0.0.0.0/0"
                ],
                "description": "",
                "from_port": 0,
                "ipv6_cidr_blocks": [],
                "prefix_list_ids": [],
                "protocol": "-1",
                "security_groups": [],
                "self": false,
                "to_port": 0
              }
            ],
            "id": "sg-0280537564d3133f7",
            "ingress": [
              {
                "cidr_blocks": [
                  "142.116.0.0/15"
                ],
                "description": "",
                "from_port": 22,
                "ipv6_cidr_blocks": [],
                "prefix_list_ids": [],
                "protocol": "tcp",
                "security_groups": [],
                "self": false,
                "to_port": 22
              },
              {
                "cidr_blocks": [
                  "142.116.0.0/15"
                ],
                "description": "",
                "from_port": 3000,
                "ipv6_cidr_blocks": [],
                "prefix_list_ids": [],
                "protocol": "tcp",
                "security_groups": [],
                "self": false,
                "to_port": 3000
              }
            ],
            "name": "georged-nodejs-sg",
            "name_prefix": null,
            "owner_id": "666402644145",
            "revoke_rules_on_delete": false,
            "tags": {
              "Name": "georged-nodejs-sg",
              "Owner": "george_davis@trendmicro.com"
            },
            "timeouts": null,
            "vpc_id": "vpc-67cf400e"
          },
          "private": "eyJlMmJmYjczMC1lY2FhLTExZTYtOGY4OC0zNDM2M2JjN2M0YzAiOnsiY3JlYXRlIjo2MDAwMDAwMDAwMDAsImRlbGV0ZSI6NjAwMDAwMDAwMDAwfSwic2NoZW1hX3ZlcnNpb24iOiIxIn0="
        }
      ]
    },
    {
      "mode": "managed",
      "type": "aws_security_group",
      "name": "georged-ssh-sg",
      "provider": "provider.aws",
      "instances": [
        {
          "schema_version": 1,
          "attributes": {
            "arn": "arn:aws:ec2:us-east-2:666402644145:security-group/sg-0674451093c4a63e8",
            "description": "Allow SSH traffic",
            "egress": [
              {
                "cidr_blocks": [
                  "0.0.0.0/0"
                ],
                "description": "",
                "from_port": 0,
                "ipv6_cidr_blocks": [],
                "prefix_list_ids": [],
                "protocol": "-1",
                "security_groups": [],
                "self": false,
                "to_port": 0
              }
            ],
            "id": "sg-0674451093c4a63e8",
            "ingress": [
              {
                "cidr_blocks": [
                  "142.116.0.0/15"
                ],
                "description": "",
                "from_port": 22,
                "ipv6_cidr_blocks": [],
                "prefix_list_ids": [],
                "protocol": "tcp",
                "security_groups": [],
                "self": false,
                "to_port": 22
              }
            ],
            "name": "georged-ssh-sg",
            "name_prefix": null,
            "owner_id": "666402644145",
            "revoke_rules_on_delete": false,
            "tags": {
              "Name": "georged-ssh-sg",
              "Owner": "george_davis@trendmicro.com"
            },
            "timeouts": null,
            "vpc_id": "vpc-67cf400e"
          },
          "private": "eyJlMmJmYjczMC1lY2FhLTExZTYtOGY4OC0zNDM2M2JjN2M0YzAiOnsiY3JlYXRlIjo2MDAwMDAwMDAwMDAsImRlbGV0ZSI6NjAwMDAwMDAwMDAwfSwic2NoZW1hX3ZlcnNpb24iOiIxIn0="
        }
      ]
    },
    {
      "module": "module.cgw-team2",
      "mode": "managed",
      "type": "aws_sns_topic_policy",
      "name": "cgw-aws-sns-policy",
      "provider": "provider.aws.use1",
      "instances": [
        {
          "schema_version": 0,
          "attributes": {
            "arn": "arn:aws:sns:us-east-1:666402644145:cgw-aws-sns-c1l0lp66-EmailSNSTopic-TPH3ZDYVYYE7",
            "id": "arn:aws:sns:us-east-1:666402644145:cgw-aws-sns-c1l0lp66-EmailSNSTopic-TPH3ZDYVYYE7",
            "policy": "{\"Version\":\"2012-10-17\",\"Statement\":[{\"Sid\":\"CGWConformityCrossAccountRolec1l0lp66\",\"Effect\":\"Allow\",\"Principal\":{\"AWS\":\"arn:aws:iam::717210094962:root\"},\"Action\":\"SNS:Publish\",\"Resource\":\"arn:aws:sns:us-east-1:666402644145:cgw-aws-sns-c1l0lp66-EmailSNSTopic-TPH3ZDYVYYE7\"},{\"Sid\":\"CGWSnsRolec1l0lp66\",\"Effect\":\"Allow\",\"Principal\":{\"AWS\":\"arn:aws:iam::666402644145:user/georged\"},\"Action\":[\"SNS:Subscribe\",\"SNS:SetTopicAttributes\",\"SNS:RemovePermission\",\"SNS:Receive\",\"SNS:Publish\",\"SNS:ListSubscriptionsByTopic\",\"SNS:GetTopicAttributes\",\"SNS:DeleteTopic\",\"SNS:AddPermission\"],\"Resource\":\"arn:aws:sns:us-east-1:666402644145:cgw-aws-sns-c1l0lp66-EmailSNSTopic-TPH3ZDYVYYE7\"}]}"
          },
          "private": "bnVsbA==",
          "dependencies": [
            "module.cgw-team2.aws_cloudformation_stack.cgw-aws-sns",
            "module.cgw-team2.random_string.unique-id"
          ]
        }
      ]
    },
    {
      "module": "module.cgw-team2",
      "mode": "managed",
      "type": "aws_volume_attachment",
      "name": "cgw-aws-vol-attach",
      "provider": "provider.aws.use1",
      "instances": [
        {
          "schema_version": 0,
          "attributes": {
            "device_name": "/dev/sdb",
            "force_detach": null,
            "id": "vai-961043784",
            "instance_id": "i-08878edfe18f77231",
            "skip_destroy": null,
            "volume_id": "vol-09bdc715c21469b82"
          },
          "private": "bnVsbA==",
          "dependencies": [
            "module.cgw-team2.aws_ebs_volume.cgw-aws-vol",
            "module.cgw-team2.aws_iam_instance_profile.cgw-aws-iam-instance-profile",
            "module.cgw-team2.aws_iam_role.cgw-aws-iam-role",
            "module.cgw-team2.aws_instance.cgw-aws-instance",
            "module.cgw-team2.aws_security_group.cgw-aws-ssh-sg",
            "module.cgw-team2.random_string.unique-id"
          ]
        }
      ]
    },
    {
      "mode": "managed",
      "type": "azurerm_linux_virtual_machine",
      "name": "georged-tf-test",
      "provider": "provider.azurerm",
      "instances": [
        {
          "schema_version": 0,
          "attributes": {
            "additional_capabilities": [],
            "admin_password": "Windows1!",
            "admin_ssh_key": [],
            "admin_username": "ubuntu",
            "allow_extension_operations": true,
            "availability_set_id": "",
            "boot_diagnostics": [],
            "computer_name": "georged-tf-test",
            "custom_data": null,
            "dedicated_host_id": "",
            "disable_password_authentication": false,
            "eviction_policy": "",
            "id": "/subscriptions/18cb46c3-ea58-41c2-8cc6-71d8662f1203/resourceGroups/cloudone/providers/Microsoft.Compute/virtualMachines/georged-tf-test",
            "identity": [],
            "location": "canadacentral",
            "max_bid_price": -1,
            "name": "georged-tf-test",
            "network_interface_ids": [
              "/subscriptions/18cb46c3-ea58-41c2-8cc6-71d8662f1203/resourceGroups/cloudone/providers/Microsoft.Network/networkInterfaces/georged-tf-test-nic"
            ],
            "os_disk": [
              {
                "caching": "ReadWrite",
                "diff_disk_settings": [],
                "disk_encryption_set_id": "",
                "disk_size_gb": 30,
                "name": "georged-tf-test_OsDisk_1_ba22ebabe89f4ea786ab24f7265e37c5",
                "storage_account_type": "Standard_LRS",
                "write_accelerator_enabled": false
              }
            ],
            "plan": [],
            "priority": "Regular",
            "private_ip_address": "10.1.0.8",
            "private_ip_addresses": [
              "10.1.0.8"
            ],
            "provision_vm_agent": true,
            "proximity_placement_group_id": "",
            "public_ip_address": "20.43.14.118",
            "public_ip_addresses": [
              "20.43.14.118"
            ],
            "resource_group_name": "cloudone",
            "secret": [],
            "size": "Standard_D2s_v3",
            "source_image_id": "",
            "source_image_reference": [
              {
                "offer": "UbuntuServer",
                "publisher": "Canonical",
                "sku": "18.04-LTS",
                "version": "latest"
              }
            ],
            "tags": {
              "Owner": "george_davis@trendmicro.com"
            },
            "timeouts": null,
            "virtual_machine_id": "45241189-3228-4947-b97a-8e36430bc3e8",
            "virtual_machine_scale_set_id": "",
            "zone": ""
          },
          "private": "eyJlMmJmYjczMC1lY2FhLTExZTYtOGY4OC0zNDM2M2JjN2M0YzAiOnsiY3JlYXRlIjoyNzAwMDAwMDAwMDAwLCJkZWxldGUiOjI3MDAwMDAwMDAwMDAsInJlYWQiOjMwMDAwMDAwMDAwMCwidXBkYXRlIjoyNzAwMDAwMDAwMDAwfX0=",
          "dependencies": [
            "azurerm_network_interface.georged-tf-test-nic"
          ]
        }
      ]
    },
    {
      "mode": "managed",
      "type": "azurerm_network_interface",
      "name": "georged-tf-test-nic",
      "provider": "provider.azurerm",
      "instances": [
        {
          "schema_version": 0,
          "attributes": {
            "applied_dns_servers": [],
            "dns_servers": [],
            "enable_accelerated_networking": false,
            "enable_ip_forwarding": false,
            "id": "/subscriptions/18cb46c3-ea58-41c2-8cc6-71d8662f1203/resourceGroups/cloudone/providers/Microsoft.Network/networkInterfaces/georged-tf-test-nic",
            "internal_dns_name_label": "",
            "internal_domain_name_suffix": "4tx4bprgml0ehns3f5jjc2j1vb.ux.internal.cloudapp.net",
            "ip_configuration": [
              {
                "name": "public",
                "primary": true,
                "private_ip_address": "10.1.0.8",
                "private_ip_address_allocation": "Dynamic",
                "private_ip_address_version": "IPv4",
                "public_ip_address_id": "/subscriptions/18cb46c3-ea58-41c2-8cc6-71d8662f1203/resourceGroups/cloudone/providers/Microsoft.Network/publicIPAddresses/george-tf-test-public-ip",
                "subnet_id": "/subscriptions/18cb46c3-ea58-41c2-8cc6-71d8662f1203/resourceGroups/cloudone/providers/Microsoft.Network/virtualNetworks/cloudone-vnet/subnets/default"
              }
            ],
            "location": "canadacentral",
            "mac_address": "00-0D-3A-E8-56-EA",
            "name": "georged-tf-test-nic",
            "private_ip_address": "10.1.0.8",
            "private_ip_addresses": [
              "10.1.0.8"
            ],
            "resource_group_name": "cloudone",
            "tags": {
              "Owner": "george_davis@trendmicro.com"
            },
            "timeouts": null,
            "virtual_machine_id": "/subscriptions/18cb46c3-ea58-41c2-8cc6-71d8662f1203/resourceGroups/cloudone/providers/Microsoft.Compute/virtualMachines/georged-tf-test"
          },
          "private": "eyJlMmJmYjczMC1lY2FhLTExZTYtOGY4OC0zNDM2M2JjN2M0YzAiOnsiY3JlYXRlIjoxODAwMDAwMDAwMDAwLCJkZWxldGUiOjE4MDAwMDAwMDAwMDAsInJlYWQiOjMwMDAwMDAwMDAwMCwidXBkYXRlIjoxODAwMDAwMDAwMDAwfX0=",
          "dependencies": [
            "azurerm_public_ip.george-tf-test-public-ip"
          ]
        }
      ]
    },
    {
      "mode": "managed",
      "type": "azurerm_network_interface_security_group_association",
      "name": "georged-tf-test-nic",
      "provider": "provider.azurerm",
      "instances": [
        {
          "schema_version": 0,
          "attributes": {
            "id": "/subscriptions/18cb46c3-ea58-41c2-8cc6-71d8662f1203/resourceGroups/cloudone/providers/Microsoft.Network/networkInterfaces/georged-tf-test-nic|/subscriptions/18cb46c3-ea58-41c2-8cc6-71d8662f1203/resourceGroups/cloudone/providers/Microsoft.Network/networkSecurityGroups/georged-ssh-sg",
            "network_interface_id": "/subscriptions/18cb46c3-ea58-41c2-8cc6-71d8662f1203/resourceGroups/cloudone/providers/Microsoft.Network/networkInterfaces/georged-tf-test-nic",
            "network_security_group_id": "/subscriptions/18cb46c3-ea58-41c2-8cc6-71d8662f1203/resourceGroups/cloudone/providers/Microsoft.Network/networkSecurityGroups/georged-ssh-sg",
            "timeouts": null
          },
          "private": "eyJlMmJmYjczMC1lY2FhLTExZTYtOGY4OC0zNDM2M2JjN2M0YzAiOnsiY3JlYXRlIjoxODAwMDAwMDAwMDAwLCJkZWxldGUiOjE4MDAwMDAwMDAwMDAsInJlYWQiOjMwMDAwMDAwMDAwMCwidXBkYXRlIjoxODAwMDAwMDAwMDAwfX0=",
          "dependencies": [
            "azurerm_network_interface.georged-tf-test-nic",
            "azurerm_network_security_group.georged-ssh-sg"
          ]
        }
      ]
    },
    {
      "mode": "managed",
      "type": "azurerm_network_security_group",
      "name": "georged-ssh-sg",
      "provider": "provider.azurerm",
      "instances": [
        {
          "schema_version": 0,
          "attributes": {
            "id": "/subscriptions/18cb46c3-ea58-41c2-8cc6-71d8662f1203/resourceGroups/cloudone/providers/Microsoft.Network/networkSecurityGroups/georged-ssh-sg",
            "location": "canadacentral",
            "name": "georged-ssh-sg",
            "resource_group_name": "cloudone",
            "security_rule": [
              {
                "access": "Allow",
                "description": "",
                "destination_address_prefix": "*",
                "destination_address_prefixes": [],
                "destination_application_security_group_ids": [],
                "destination_port_range": "22",
                "destination_port_ranges": [],
                "direction": "Inbound",
                "name": "ssh-access-rule",
                "priority": 200,
                "protocol": "Tcp",
                "source_address_prefix": "142.116.0.0/15",
                "source_address_prefixes": [],
                "source_application_security_group_ids": [],
                "source_port_range": "*",
                "source_port_ranges": []
              }
            ],
            "tags": {
              "Owner": "george_davis@trendmicro.com"
            },
            "timeouts": null
          },
          "private": "eyJlMmJmYjczMC1lY2FhLTExZTYtOGY4OC0zNDM2M2JjN2M0YzAiOnsiY3JlYXRlIjoxODAwMDAwMDAwMDAwLCJkZWxldGUiOjE4MDAwMDAwMDAwMDAsInJlYWQiOjMwMDAwMDAwMDAwMCwidXBkYXRlIjoxODAwMDAwMDAwMDAwfX0="
        }
      ]
    },
    {
      "mode": "managed",
      "type": "azurerm_public_ip",
      "name": "george-tf-test-public-ip",
      "provider": "provider.azurerm",
      "instances": [
        {
          "schema_version": 0,
          "attributes": {
            "allocation_method": "Static",
            "domain_name_label": null,
            "fqdn": null,
            "id": "/subscriptions/18cb46c3-ea58-41c2-8cc6-71d8662f1203/resourceGroups/cloudone/providers/Microsoft.Network/publicIPAddresses/george-tf-test-public-ip",
            "idle_timeout_in_minutes": 4,
            "ip_address": "20.43.14.118",
            "ip_version": "IPv4",
            "location": "canadacentral",
            "name": "george-tf-test-public-ip",
            "public_ip_prefix_id": null,
            "resource_group_name": "cloudone",
            "reverse_fqdn": null,
            "sku": "Basic",
            "tags": {
              "Owner": "george_davis@trendmicro.com"
            },
            "timeouts": null,
            "zones": []
          },
          "private": "eyJlMmJmYjczMC1lY2FhLTExZTYtOGY4OC0zNDM2M2JjN2M0YzAiOnsiY3JlYXRlIjoxODAwMDAwMDAwMDAwLCJkZWxldGUiOjE4MDAwMDAwMDAwMDAsInJlYWQiOjMwMDAwMDAwMDAwMCwidXBkYXRlIjoxODAwMDAwMDAwMDAwfX0="
        }
      ]
    },
    {
      "module": "module.cgw-team2",
      "mode": "managed",
      "type": "local_file",
      "name": "cgw-aws-iam-user-password-decrypt",
      "provider": "provider.local",
      "instances": [
        {
          "schema_version": 0,
          "attributes": {
            "content": "echo wcFMA/Bn0ilqZW0GARAAcWy4r9eoqaKZh/Cju0ewcFG1r9y95TEOkBxuPD8kSJIUqWvyLRZYxYwB5X6fucOHLDjOJWW/Sd9eCz8YbIWLOpawAhFGcoR5USFaxA2/i8iVk8N8jpXDxWDZz9oN0Wr+kKyIdrFMINPBovSwWLxdhr+wwPZU8oAyM2oxVP6AADpqz9uyor/0xUO+pZB1VBxpPqIvGpOLMxGqbIF6xo0NHgWtkymBEltkb/ztb8hJcegQyEPMlc1j/KF6kv10otveqgqlDCehkDpQo9m7b1Z6lr/KxZHSVT6snvPJMWx9YpbzRXPEmp5rYNlqUMVNdFecj7Q0J6BR8+xnaM7ebamjbt5Y0dn6+G7pa8LWEiJBGH1qLSs8iQYr9VWJ2QcLVQG+VffZnmw3+k0CbrBrBXyCXpu7EIA7WZkwuj5qJ9ALAhna6K0Fd2Rn8LGrQTZ8XfPMBrha1GA6WaHtuj0M5vW7mGBnrv/o4So2yUUHibvuiT4qWSi8FYGA8JGglVH7QDPORtAOyGzLAKvgi4CYbqaqYg0sIcifym3OW9pP5Bb6oH4uS9muZA5gAJ+PSvd31k9Nmxes1KjS++8tSRvZdeAK500Zjgea7erItI0CodWLFVA+OiMV9z+/WnOCyG7x6Eh7YMT+iOme7SjDTnxzqJeXWQqpqpN9VvFiboOZtPAUFQTS4AHkXygqtcsmXBsPVSURJQifgeHpTuAC4HPhODbg3+Ld62Ro4IPkXdo9+jdGfwVv2c9Cm6n1r+BQ4giZ6p7geuT2iqga3vzC0EM7K+mkYZs44ujB0MXhp8QA | base64 --decode | keybase pgp decrypt \u003e modules/aws-cloud-governance-workshop/cgw-aws-iam-user-password-c1l0lp66.decrypt\n",
            "content_base64": null,
            "directory_permission": "0777",
            "file_permission": "0777",
            "filename": "modules/aws-cloud-governance-workshop/cgw-aws-iam-user-password-decrypt-c1l0lp66.sh",
            "id": "b8f547f4edf9035731f0953533a47b574c01578a",
            "sensitive_content": null
          },
          "private": "bnVsbA==",
          "dependencies": [
            "module.cgw-team2.aws_iam_user.cgw-aws-iam-user",
            "module.cgw-team2.aws_iam_user_login_profile.cgw-aws-iam-user-login-profile",
            "module.cgw-team2.random_string.unique-id"
          ]
        }
      ]
    },
    {
      "module": "module.cgw-team2",
      "mode": "managed",
      "type": "local_file",
      "name": "cgw-aws-lambda-invoke-function-sendmail-script",
      "provider": "provider.local",
      "instances": [
        {
          "schema_version": 0,
          "attributes": {
            "content": "aws lambda invoke --function-name cgw-aws-lambda-sendmail-c1l0lp66 --region us-east-1 modules/aws-cloud-governance-workshop/cgw-aws-lambda-invoke-function-sendmail-script-response-c1l0lp66.json\ncat modules/aws-cloud-governance-workshop/cgw-aws-lambda-invoke-function-sendmail-script-response-c1l0lp66.json\n",
            "content_base64": null,
            "directory_permission": "0777",
            "file_permission": "0777",
            "filename": "modules/aws-cloud-governance-workshop/cgw-aws-lambda-invoke-function-sendmail-c1l0lp66.sh",
            "id": "9d46e8956f694850cb14e5c3ede9c65d84d5dbe2",
            "sensitive_content": null
          },
          "private": "bnVsbA==",
          "dependencies": [
            "module.cgw-team2.aws_lambda_function.cgw-aws-lambda-sendmail",
            "module.cgw-team2.random_string.unique-id"
          ]
        }
      ]
    },
    {
      "module": "module.cgw-team2",
      "mode": "managed",
      "type": "local_file",
      "name": "cgw-conformity-api-aws-script",
      "provider": "provider.local",
      "instances": [
        {
          "schema_version": 0,
          "attributes": {
            "content": "#!/bin/bash\ncurl -L -X POST 'https://us-west-2-api.cloudconformity.com/v1/settings/communication' \\\n-H 'Authorization: ApiKey 3psDUjz38cLwhgRtm12BiRH8vrjSGvVHH8gF6nePpahgVUvnZ9Dm4f1VkJ1bv7kP' \\\n-H 'Content-Type: application/vnd.api+json' \\\n--data-raw '{\n    \"data\": [\n        {\n            \"type\": \"settings\",\n            \"attributes\": {\n                \"type\": \"communication\",\n                \"enabled\": true,\n                \"filter\": {\n                    \"riskLevels\": [\n                        \"HIGH\",\n                        \"VERY_HIGH\",\n                        \"EXTREME\"\n                    ],\n                    \"statuses\": [\n                        \"FAILURE\"\n                    ],\n                    \"tags\": [\n                        \"c1l0lp66\"\n                    ]\n                },\n                \"configuration\": {\n                    \"arn\": \"arn:aws:sns:us-east-1:666402644145:cgw-aws-sns-c1l0lp66-EmailSNSTopic-TPH3ZDYVYYE7\"\n                },\n                \"channel\": \"sns\",\n                \"manual\": true\n            },\n            \"relationships\": {\n                \"account\": {\n                    \"data\": {\n                        \"type\": \"accounts\",\n                        \"id\": \"1oQb4IA7\"\n                    }\n                }\n            }\n        }\n    ]\n}'",
            "content_base64": null,
            "directory_permission": "0777",
            "file_permission": "0777",
            "filename": "modules/aws-cloud-governance-workshop/aws-conformity-api-cmd-c1l0lp66.sh",
            "id": "c220ad5383d7faed0cac15e8acc794eb6117cb94",
            "sensitive_content": null
          },
          "private": "bnVsbA==",
          "dependencies": [
            "module.cgw-team2.aws_cloudformation_stack.cgw-aws-sns",
            "module.cgw-team2.random_string.unique-id"
          ]
        }
      ]
    },
    {
      "module": "module.cgw-team2",
      "mode": "managed",
      "type": "local_file",
      "name": "mysql-script",
      "provider": "provider.local",
      "instances": [
        {
          "schema_version": 0,
          "attributes": {
            "content": "CREATE DATABASE IF NOT EXISTS tm_cgw_db;\n\n-- SET GLOBAL validate_password_length = 1;\n-- SET GLOBAL validate_password_mixed_case_count = 0;\n-- SET GLOBAL validate_password_number_count = 0;\n-- SET GLOBAL validate_password_special_char_count = 0;\n\n-- CREATE USER IF NOT EXISTS 'tm_db_user'@'localhost' IDENTIFIED BY 'tm_db_pass';\n-- CREATE USER IF NOT EXISTS 'tm_db_user'@'%' IDENTIFIED BY 'tm_db_pass';\n\n-- GRANT ALL ON tm_cgw_db.* TO 'tm_db_user'@'localhost';\n-- GRANT ALL ON tm_cgw_db.* TO 'tm_db_user'@'%';\n\nUSE tm_cgw_db;\n\nCREATE TABLE IF NOT EXISTS tbl_cgw_aws_resources (\n    cgw_aws_uuid VARCHAR(15) PRIMARY KEY NOT NULL,           \n    cgw_aws_instance_public_ip VARCHAR(25),\n    cgw_aws_instance_id VARCHAR(40) NOT NULL,\n    cgw_aws_vol VARCHAR(40) NOT NULL,\n    cgw_aws_s3_bucket VARCHAR(50) NOT NULL,          \n    cgw_aws_iam_user VARCHAR(50) NOT NULL,           \n    cgw_aws_iam_user_password VARCHAR(500) NOT NULL, \n    cgw_aws_iam_role VARCHAR(50) NOT NULL,     \n    cgw_aws_iam_instance_profile VARCHAR(50) NOT NULL,\n    cgw_aws_iam_policy VARCHAR(50) NOT NULL,  \n    cgw_aws_ssh_sg VARCHAR(50) NOT NULL,\n    cgw_aws_kms_key VARCHAR(200) NOT NULL,\n    cgw_aws_elb VARCHAR(50) NOT NULL,\n    cgw_aws_sns_topic VARCHAR(200) NOT NULL\n);\n\nDROP PROCEDURE IF EXISTS CgwAwsUpdateOrInsert;\n\nDELIMITER $$\nCREATE PROCEDURE CgwAwsUpdateOrInsert(\n    IN _cgw_aws_uuid VARCHAR(15),           \n    IN _cgw_aws_instance_public_ip VARCHAR(25),\n    IN _cgw_aws_instance_id VARCHAR(40),\n    IN _cgw_aws_vol VARCHAR(40),\n    IN _cgw_aws_s3_bucket VARCHAR(50),          \n    IN _cgw_aws_iam_user VARCHAR(50),           \n    IN _cgw_aws_iam_user_password VARCHAR(500), \n    IN _cgw_aws_iam_role VARCHAR(50),     \n    IN _cgw_aws_iam_instance_profile VARCHAR(50),\n    IN _cgw_aws_iam_policy VARCHAR(50),  \n    IN _cgw_aws_ssh_sg VARCHAR(50),\n    IN _cgw_aws_kms_key VARCHAR(100),\n    IN _cgw_aws_elb VARCHAR(100),\n    IN _cgw_aws_sns_topic VARCHAR(200)\n)\nBEGIN\n  IF EXISTS (SELECT cgw_aws_uuid FROM tbl_cgw_aws_resources WHERE cgw_aws_uuid = _cgw_aws_uuid) THEN\n    UPDATE tbl_cgw_aws_resources SET\n        cgw_aws_instance_public_ip = _cgw_aws_instance_public_ip,\n        cgw_aws_instance_id = _cgw_aws_instance_id,\n        cgw_aws_vol = _cgw_aws_vol,\n        cgw_aws_s3_bucket = _cgw_aws_s3_bucket,\n        cgw_aws_iam_user = _cgw_aws_iam_user,\n        cgw_aws_iam_user_password = _cgw_aws_iam_user_password,\n        cgw_aws_iam_role = _cgw_aws_iam_role,\n        cgw_aws_iam_instance_profile = _cgw_aws_iam_instance_profile,\n        cgw_aws_iam_policy = _cgw_aws_iam_policy,\n        cgw_aws_ssh_sg = _cgw_aws_ssh_sg,\n        cgw_aws_kms_key = _cgw_aws_kms_key,\n        cgw_aws_elb = _cgw_aws_elb,\n        cgw_aws_sns_topic = _cgw_aws_sns_topic\n    WHERE \n        cgw_aws_uuid = _cgw_aws_uuid;\n  ELSE \n    INSERT INTO tbl_cgw_aws_resources (`cgw_aws_uuid`, `cgw_aws_instance_public_ip`, `cgw_aws_instance_id`, `cgw_aws_vol`, `cgw_aws_s3_bucket`, `cgw_aws_iam_user`, `cgw_aws_iam_user_password`, `cgw_aws_iam_role`, `cgw_aws_iam_instance_profile`, `cgw_aws_iam_policy`, `cgw_aws_ssh_sg`, `cgw_aws_kms_key`, `cgw_aws_elb`, `cgw_aws_sns_topic`) VALUES (_cgw_aws_uuid, _cgw_aws_instance_public_ip, _cgw_aws_instance_id, _cgw_aws_vol, _cgw_aws_s3_bucket, _cgw_aws_iam_user, _cgw_aws_iam_user_password, _cgw_aws_iam_role, _cgw_aws_iam_instance_profile, _cgw_aws_iam_policy, _cgw_aws_ssh_sg, _cgw_aws_kms_key, _cgw_aws_elb, _cgw_aws_sns_topic);\n  END IF;\nEND $$\nDELIMITER ;\n\nGRANT EXECUTE ON PROCEDURE tm_cgw_db.CgwAwsUpdateOrInsert TO 'tm_db_user'@'localhost';  \nGRANT EXECUTE ON PROCEDURE tm_cgw_db.CgwAwsUpdateOrInsert TO 'tm_db_user'@'%'; \n\nCALL CgwAwsUpdateOrInsert(\"c1l0lp66\", \"3.86.83.223\", \"i-08878edfe18f77231\", \"vol-09bdc715c21469b82\", \"cgw-aws-s3-bucket-c1l0lp66.s3.amazonaws.com\", \"cgw-aws-iam-user-c1l0lp66\",\" wcFMA/Bn0ilqZW0GARAAcWy4r9eoqaKZh/Cju0ewcFG1r9y95TEOkBxuPD8kSJIUqWvyLRZYxYwB5X6fucOHLDjOJWW/Sd9eCz8YbIWLOpawAhFGcoR5USFaxA2/i8iVk8N8jpXDxWDZz9oN0Wr+kKyIdrFMINPBovSwWLxdhr+wwPZU8oAyM2oxVP6AADpqz9uyor/0xUO+pZB1VBxpPqIvGpOLMxGqbIF6xo0NHgWtkymBEltkb/ztb8hJcegQyEPMlc1j/KF6kv10otveqgqlDCehkDpQo9m7b1Z6lr/KxZHSVT6snvPJMWx9YpbzRXPEmp5rYNlqUMVNdFecj7Q0J6BR8+xnaM7ebamjbt5Y0dn6+G7pa8LWEiJBGH1qLSs8iQYr9VWJ2QcLVQG+VffZnmw3+k0CbrBrBXyCXpu7EIA7WZkwuj5qJ9ALAhna6K0Fd2Rn8LGrQTZ8XfPMBrha1GA6WaHtuj0M5vW7mGBnrv/o4So2yUUHibvuiT4qWSi8FYGA8JGglVH7QDPORtAOyGzLAKvgi4CYbqaqYg0sIcifym3OW9pP5Bb6oH4uS9muZA5gAJ+PSvd31k9Nmxes1KjS++8tSRvZdeAK500Zjgea7erItI0CodWLFVA+OiMV9z+/WnOCyG7x6Eh7YMT+iOme7SjDTnxzqJeXWQqpqpN9VvFiboOZtPAUFQTS4AHkXygqtcsmXBsPVSURJQifgeHpTuAC4HPhODbg3+Ld62Ro4IPkXdo9+jdGfwVv2c9Cm6n1r+BQ4giZ6p7geuT2iqga3vzC0EM7K+mkYZs44ujB0MXhp8QA\", \"cgw-aws-iam-role-c1l0lp66\", \"cgw-aws-iam-instance-profile-c1l0lp66\", \"cgw-aws-iam-policy-c1l0lp66\", \"cgw-aws-ssh-sg-c1l0lp66\", \"arn:aws:kms:us-east-1:666402644145:key/bae35c2d-cc09-4056-83c3-bf15811cf214\", \"arn:aws:elasticloadbalancing:us-east-1:666402644145:loadbalancer/net/cgw-aws-elb-c1l0lp66/ff29c3c4c002e4e8\", \"arn:aws:sns:us-east-1:666402644145:cgw-aws-sns-c1l0lp66-EmailSNSTopic-TPH3ZDYVYYE7\");",
            "content_base64": null,
            "directory_permission": "0777",
            "file_permission": "0777",
            "filename": "modules/aws-cloud-governance-workshop/mysql-script-c1l0lp66.sql",
            "id": "153c6bd8fd89556882772387a0f8924d4efdf190",
            "sensitive_content": null
          },
          "private": "bnVsbA==",
          "dependencies": [
            "module.cgw-team2.aws_cloudformation_stack.cgw-aws-sns",
            "module.cgw-team2.aws_ebs_volume.cgw-aws-vol",
            "module.cgw-team2.aws_iam_instance_profile.cgw-aws-iam-instance-profile",
            "module.cgw-team2.aws_iam_policy.cgw-aws-iam-policy",
            "module.cgw-team2.aws_iam_role.cgw-aws-iam-role",
            "module.cgw-team2.aws_iam_user.cgw-aws-iam-user",
            "module.cgw-team2.aws_iam_user_login_profile.cgw-aws-iam-user-login-profile",
            "module.cgw-team2.aws_instance.cgw-aws-instance",
            "module.cgw-team2.aws_kms_key.cgw-aws-kms-key",
            "module.cgw-team2.aws_lb.cgw-aws-elb",
            "module.cgw-team2.aws_s3_bucket.cgw-aws-s3-bucket",
            "module.cgw-team2.aws_security_group.cgw-aws-ssh-sg",
            "module.cgw-team2.random_string.unique-id"
          ]
        }
      ]
    },
    {
      "module": "module.cgw-team2",
      "mode": "managed",
      "type": "null_resource",
      "name": "cgw-aws-iam-user-password-decrypt-run",
      "provider": "provider.null",
      "instances": [
        {
          "schema_version": 0,
          "attributes": {
            "id": "5183632695600850414",
            "triggers": null
          },
          "dependencies": [
            "module.cgw-team2.aws_iam_user.cgw-aws-iam-user",
            "module.cgw-team2.aws_iam_user_login_profile.cgw-aws-iam-user-login-profile",
            "module.cgw-team2.local_file.cgw-aws-iam-user-password-decrypt",
            "module.cgw-team2.random_string.unique-id"
          ]
        }
      ]
    },
    {
      "module": "module.cgw-team2",
      "mode": "managed",
      "type": "null_resource",
      "name": "cgw-aws-lambda-invoke-function-sendmail-script-run",
      "provider": "provider.null",
      "instances": [
        {
          "schema_version": 0,
          "attributes": {
            "id": "986002679502527149",
            "triggers": null
          },
          "dependencies": [
            "module.cgw-team2.aws_lambda_function.cgw-aws-lambda-sendmail",
            "module.cgw-team2.local_file.cgw-aws-lambda-invoke-function-sendmail-script",
            "module.cgw-team2.random_string.unique-id"
          ]
        }
      ]
    },
    {
      "module": "module.cgw-team2",
      "mode": "managed",
      "type": "null_resource",
      "name": "cgw-conformity-api-aws-script-run",
      "provider": "provider.null",
      "instances": [
        {
          "schema_version": 0,
          "attributes": {
            "id": "536408120257414808",
            "triggers": null
          },
          "dependencies": [
            "module.cgw-team2.aws_cloudformation_stack.cgw-aws-sns",
            "module.cgw-team2.local_file.cgw-conformity-api-aws-script",
            "module.cgw-team2.random_string.unique-id"
          ]
        }
      ]
    },
    {
      "mode": "managed",
      "type": "null_resource",
      "name": "cgw-init",
      "provider": "provider.null",
      "instances": [
        {
          "schema_version": 0,
          "attributes": {
            "id": "7511315512284508764",
            "triggers": {
              "always_run": "2020-08-26T04:08:14Z"
            }
          },
          "private": "bnVsbA=="
        }
      ]
    },
    {
      "module": "module.cgw-team2",
      "mode": "managed",
      "type": "null_resource",
      "name": "mysql-run",
      "provider": "provider.null",
      "instances": [
        {
          "schema_version": 0,
          "attributes": {
            "id": "410263907281940504",
            "triggers": null
          },
          "dependencies": [
            "module.cgw-team2.aws_cloudformation_stack.cgw-aws-sns",
            "module.cgw-team2.aws_ebs_volume.cgw-aws-vol",
            "module.cgw-team2.aws_iam_instance_profile.cgw-aws-iam-instance-profile",
            "module.cgw-team2.aws_iam_policy.cgw-aws-iam-policy",
            "module.cgw-team2.aws_iam_role.cgw-aws-iam-role",
            "module.cgw-team2.aws_iam_user.cgw-aws-iam-user",
            "module.cgw-team2.aws_iam_user_login_profile.cgw-aws-iam-user-login-profile",
            "module.cgw-team2.aws_instance.cgw-aws-instance",
            "module.cgw-team2.aws_kms_key.cgw-aws-kms-key",
            "module.cgw-team2.aws_lb.cgw-aws-elb",
            "module.cgw-team2.aws_s3_bucket.cgw-aws-s3-bucket",
            "module.cgw-team2.aws_security_group.cgw-aws-ssh-sg",
            "module.cgw-team2.random_string.unique-id"
          ]
        }
      ]
    },
    {
      "module": "module.cgw-team2",
      "mode": "managed",
      "type": "random_string",
      "name": "unique-id",
      "provider": "provider.random",
      "instances": [
        {
          "schema_version": 1,
          "attributes": {
            "id": "c1l0lp66",
            "keepers": null,
            "length": 8,
            "lower": true,
            "min_lower": 0,
            "min_numeric": 0,
            "min_special": 0,
            "min_upper": 0,
            "number": true,
            "override_special": null,
            "result": "c1l0lp66",
            "special": false,
            "upper": false
          },
          "private": "eyJzY2hlbWFfdmVyc2lvbiI6IjEifQ=="
        }
      ]
    }
  ]
}
