{
  "version": 4,
  "terraform_version": "0.12.28",
  "serial": 160,
  "lineage": "b56c0cf0-8b63-a99c-d604-8bb86ba5d6be",
  "outputs": {
    "georged-k8s-host-ip": {
      "value": "3.21.177.184",
      "type": "string"
    },
    "georged-tf-test-ip": {
      "value": "3.128.69.41",
      "type": "string"
    },
    "georged-tf-test-vip": {
      "value": "20.43.14.118",
      "type": "string"
    }
  },
  "resources": [
    {
      "module": "module.cgw-team2",
      "mode": "data",
      "type": "aws_ami",
      "name": "ubuntu-1804",
      "provider": "provider.aws",
      "instances": [
        {
          "schema_version": 0,
          "attributes": {
            "architecture": "x86_64",
            "arn": "arn:aws:ec2:us-east-2::image/ami-f4f4cf91",
            "block_device_mappings": [
              {
                "device_name": "/dev/sda1",
                "ebs": {
                  "delete_on_termination": "true",
                  "encrypted": "false",
                  "iops": "0",
                  "snapshot_id": "snap-011fc9d52368bac53",
                  "volume_size": "8",
                  "volume_type": "gp2"
                },
                "no_device": "",
                "virtual_name": ""
              }
            ],
            "creation_date": "2018-07-14T01:18:32.000Z",
            "description": "Ubuntu 18.04 AMI with .NET Core 2.1",
            "executable_users": null,
            "filter": [
              {
                "name": "name",
                "values": [
                  "*ubuntu-bionic-*-amd64-server-*"
                ]
              },
              {
                "name": "root-device-type",
                "values": [
                  "ebs"
                ]
              },
              {
                "name": "virtualization-type",
                "values": [
                  "hvm"
                ]
              }
            ],
            "hypervisor": "xen",
            "id": "ami-f4f4cf91",
            "image_id": "ami-f4f4cf91",
            "image_location": "amazon/ubuntu-bionic-18.04-amd64-server-20180522-dotnetcore-2018.07.11",
            "image_owner_alias": "amazon",
            "image_type": "machine",
            "kernel_id": null,
            "most_recent": true,
            "name": "ubuntu-bionic-18.04-amd64-server-20180522-dotnetcore-2018.07.11",
            "name_regex": null,
            "owner_id": "801119661308",
            "owners": [
              "amazon"
            ],
            "platform": null,
            "product_codes": [],
            "public": true,
            "ramdisk_id": null,
            "root_device_name": "/dev/sda1",
            "root_device_type": "ebs",
            "root_snapshot_id": "snap-011fc9d52368bac53",
            "sriov_net_support": "simple",
            "state": "available",
            "state_reason": {
              "code": "UNSET",
              "message": "UNSET"
            },
            "tags": {},
            "virtualization_type": "hvm"
          }
        }
      ]
    },
    {
      "module": "module.cgw-team1",
      "mode": "data",
      "type": "aws_ami",
      "name": "ubuntu-1804",
      "provider": "provider.aws",
      "instances": [
        {
          "schema_version": 0,
          "attributes": {
            "architecture": "x86_64",
            "arn": "arn:aws:ec2:us-east-2::image/ami-f4f4cf91",
            "block_device_mappings": [
              {
                "device_name": "/dev/sda1",
                "ebs": {
                  "delete_on_termination": "true",
                  "encrypted": "false",
                  "iops": "0",
                  "snapshot_id": "snap-011fc9d52368bac53",
                  "volume_size": "8",
                  "volume_type": "gp2"
                },
                "no_device": "",
                "virtual_name": ""
              }
            ],
            "creation_date": "2018-07-14T01:18:32.000Z",
            "description": "Ubuntu 18.04 AMI with .NET Core 2.1",
            "executable_users": null,
            "filter": [
              {
                "name": "name",
                "values": [
                  "*ubuntu-bionic-*-amd64-server-*"
                ]
              },
              {
                "name": "root-device-type",
                "values": [
                  "ebs"
                ]
              },
              {
                "name": "virtualization-type",
                "values": [
                  "hvm"
                ]
              }
            ],
            "hypervisor": "xen",
            "id": "ami-f4f4cf91",
            "image_id": "ami-f4f4cf91",
            "image_location": "amazon/ubuntu-bionic-18.04-amd64-server-20180522-dotnetcore-2018.07.11",
            "image_owner_alias": "amazon",
            "image_type": "machine",
            "kernel_id": null,
            "most_recent": true,
            "name": "ubuntu-bionic-18.04-amd64-server-20180522-dotnetcore-2018.07.11",
            "name_regex": null,
            "owner_id": "801119661308",
            "owners": [
              "amazon"
            ],
            "platform": null,
            "product_codes": [],
            "public": true,
            "ramdisk_id": null,
            "root_device_name": "/dev/sda1",
            "root_device_type": "ebs",
            "root_snapshot_id": "snap-011fc9d52368bac53",
            "sriov_net_support": "simple",
            "state": "available",
            "state_reason": {
              "code": "UNSET",
              "message": "UNSET"
            },
            "tags": {},
            "virtualization_type": "hvm"
          }
        }
      ]
    },
    {
      "mode": "data",
      "type": "aws_ami",
      "name": "ubuntu-1804",
      "provider": "provider.aws",
      "instances": [
        {
          "schema_version": 0,
          "attributes": {
            "architecture": "x86_64",
            "arn": "arn:aws:ec2:us-east-2::image/ami-f4f4cf91",
            "block_device_mappings": [
              {
                "device_name": "/dev/sda1",
                "ebs": {
                  "delete_on_termination": "true",
                  "encrypted": "false",
                  "iops": "0",
                  "snapshot_id": "snap-011fc9d52368bac53",
                  "volume_size": "8",
                  "volume_type": "gp2"
                },
                "no_device": "",
                "virtual_name": ""
              }
            ],
            "creation_date": "2018-07-14T01:18:32.000Z",
            "description": "Ubuntu 18.04 AMI with .NET Core 2.1",
            "executable_users": null,
            "filter": [
              {
                "name": "name",
                "values": [
                  "*ubuntu-bionic-*-amd64-server-*"
                ]
              },
              {
                "name": "root-device-type",
                "values": [
                  "ebs"
                ]
              },
              {
                "name": "virtualization-type",
                "values": [
                  "hvm"
                ]
              }
            ],
            "hypervisor": "xen",
            "id": "ami-f4f4cf91",
            "image_id": "ami-f4f4cf91",
            "image_location": "amazon/ubuntu-bionic-18.04-amd64-server-20180522-dotnetcore-2018.07.11",
            "image_owner_alias": "amazon",
            "image_type": "machine",
            "kernel_id": null,
            "most_recent": true,
            "name": "ubuntu-bionic-18.04-amd64-server-20180522-dotnetcore-2018.07.11",
            "name_regex": null,
            "owner_id": "801119661308",
            "owners": [
              "amazon"
            ],
            "platform": null,
            "product_codes": [],
            "public": true,
            "ramdisk_id": null,
            "root_device_name": "/dev/sda1",
            "root_device_type": "ebs",
            "root_snapshot_id": "snap-011fc9d52368bac53",
            "sriov_net_support": "simple",
            "state": "available",
            "state_reason": {
              "code": "UNSET",
              "message": "UNSET"
            },
            "tags": {},
            "virtualization_type": "hvm"
          }
        }
      ]
    },
    {
      "module": "module.cgw-team2",
      "mode": "data",
      "type": "aws_iam_policy_document",
      "name": "cgw-iam-policy-doc",
      "provider": "provider.aws",
      "instances": [
        {
          "schema_version": 0,
          "attributes": {
            "id": "320522165",
            "json": "{\n  \"Version\": \"2012-10-17\",\n  \"Statement\": [\n    {\n      \"Sid\": \"\",\n      \"Effect\": \"Allow\",\n      \"Action\": \"s3:*\",\n      \"Resource\": \"arn:aws:s3:::*\",\n      \"Condition\": {\n        \"StringEquals\": {\n          \"aws:ResourceTag/Project\": \"cgw-wazq9s3p\"\n        }\n      }\n    },\n    {\n      \"Sid\": \"\",\n      \"Effect\": \"Allow\",\n      \"Action\": \"ec2:*\",\n      \"Resource\": \"arn:aws:ec2:*:*:instance/*\",\n      \"Condition\": {\n        \"StringLike\": {\n          \"ec2:ResourceTag/Project\": \"cgw-\"\n        }\n      }\n    }\n  ]\n}",
            "override_json": null,
            "policy_id": null,
            "source_json": null,
            "statement": [
              {
                "actions": [
                  "s3:*"
                ],
                "condition": [
                  {
                    "test": "StringEquals",
                    "values": [
                      "cgw-wazq9s3p"
                    ],
                    "variable": "aws:ResourceTag/Project"
                  }
                ],
                "effect": "Allow",
                "not_actions": [],
                "not_principals": [],
                "not_resources": [],
                "principals": [],
                "resources": [
                  "arn:aws:s3:::*"
                ],
                "sid": ""
              },
              {
                "actions": [
                  "ec2:*"
                ],
                "condition": [
                  {
                    "test": "StringLike",
                    "values": [
                      "cgw-"
                    ],
                    "variable": "ec2:ResourceTag/Project"
                  }
                ],
                "effect": "Allow",
                "not_actions": [],
                "not_principals": [],
                "not_resources": [],
                "principals": [],
                "resources": [
                  "arn:aws:ec2:*:*:instance/*"
                ],
                "sid": ""
              }
            ],
            "version": "2012-10-17"
          }
        }
      ]
    },
    {
      "module": "module.cgw-team1",
      "mode": "data",
      "type": "aws_iam_policy_document",
      "name": "cgw-iam-policy-doc",
      "provider": "provider.aws",
      "instances": [
        {
          "schema_version": 0,
          "attributes": {
            "id": "2752900574",
            "json": "{\n  \"Version\": \"2012-10-17\",\n  \"Statement\": [\n    {\n      \"Sid\": \"\",\n      \"Effect\": \"Allow\",\n      \"Action\": \"s3:*\",\n      \"Resource\": \"arn:aws:s3:::*\",\n      \"Condition\": {\n        \"StringEquals\": {\n          \"aws:ResourceTag/Project\": \"cgw-7b8mrjpb\"\n        }\n      }\n    },\n    {\n      \"Sid\": \"\",\n      \"Effect\": \"Allow\",\n      \"Action\": \"ec2:*\",\n      \"Resource\": \"arn:aws:ec2:*:*:instance/*\",\n      \"Condition\": {\n        \"StringLike\": {\n          \"ec2:ResourceTag/Project\": \"cgw-\"\n        }\n      }\n    }\n  ]\n}",
            "override_json": null,
            "policy_id": null,
            "source_json": null,
            "statement": [
              {
                "actions": [
                  "s3:*"
                ],
                "condition": [
                  {
                    "test": "StringEquals",
                    "values": [
                      "cgw-7b8mrjpb"
                    ],
                    "variable": "aws:ResourceTag/Project"
                  }
                ],
                "effect": "Allow",
                "not_actions": [],
                "not_principals": [],
                "not_resources": [],
                "principals": [],
                "resources": [
                  "arn:aws:s3:::*"
                ],
                "sid": ""
              },
              {
                "actions": [
                  "ec2:*"
                ],
                "condition": [
                  {
                    "test": "StringLike",
                    "values": [
                      "cgw-"
                    ],
                    "variable": "ec2:ResourceTag/Project"
                  }
                ],
                "effect": "Allow",
                "not_actions": [],
                "not_principals": [],
                "not_resources": [],
                "principals": [],
                "resources": [
                  "arn:aws:ec2:*:*:instance/*"
                ],
                "sid": ""
              }
            ],
            "version": "2012-10-17"
          }
        }
      ]
    },
    {
      "module": "module.cgw-team2",
      "mode": "managed",
      "type": "aws_ebs_volume",
      "name": "cgw-vol",
      "provider": "provider.aws",
      "instances": [
        {
          "schema_version": 0,
          "attributes": {
            "arn": "arn:aws:ec2:us-east-2:666402644145:volume/vol-0e70f27556a520f09",
            "availability_zone": "us-east-2a",
            "encrypted": false,
            "id": "vol-0e70f27556a520f09",
            "iops": 120,
            "kms_key_id": "",
            "multi_attach_enabled": false,
            "outpost_arn": "",
            "size": 40,
            "snapshot_id": "",
            "tags": {
              "InstanceId": "i-07e3126e4719489c7",
              "Name": "cgw-ebs-vol-wazq9s3p",
              "Owner": "george_davis@trendmicro.com",
              "Project": "cgw-wazq9s3p",
              "Team": "team2"
            },
            "type": "gp2"
          },
          "private": "bnVsbA==",
          "dependencies": [
            "module.cgw-team2.aws_instance.cgw-instance",
            "module.cgw-team2.aws_security_group.cgw-ssh-sg",
            "module.cgw-team2.random_string.unique-id"
          ]
        }
      ]
    },
    {
      "module": "module.cgw-team1",
      "mode": "managed",
      "type": "aws_ebs_volume",
      "name": "cgw-vol",
      "provider": "provider.aws",
      "instances": [
        {
          "schema_version": 0,
          "attributes": {
            "arn": "arn:aws:ec2:us-east-2:666402644145:volume/vol-0f3bc4ccf18e90a86",
            "availability_zone": "us-east-2a",
            "encrypted": false,
            "id": "vol-0f3bc4ccf18e90a86",
            "iops": 120,
            "kms_key_id": "",
            "multi_attach_enabled": false,
            "outpost_arn": "",
            "size": 40,
            "snapshot_id": "",
            "tags": {
              "InstanceId": "i-0dc854ca6d5126999",
              "Name": "cgw-ebs-vol-7b8mrjpb",
              "Owner": "george_davis@trendmicro.com",
              "Project": "cgw-7b8mrjpb",
              "Team": "team1"
            },
            "type": "gp2"
          },
          "private": "bnVsbA==",
          "dependencies": [
            "module.cgw-team1.aws_instance.cgw-instance",
            "module.cgw-team1.aws_security_group.cgw-ssh-sg",
            "module.cgw-team1.random_string.unique-id"
          ]
        }
      ]
    },
    {
      "mode": "managed",
      "type": "aws_ebs_volume",
      "name": "georged-tf-test-vol",
      "provider": "provider.aws",
      "instances": [
        {
          "schema_version": 0,
          "attributes": {
            "arn": "arn:aws:ec2:us-east-2:666402644145:volume/vol-007aa0b39b71ab812",
            "availability_zone": "us-east-2a",
            "encrypted": true,
            "id": "vol-007aa0b39b71ab812",
            "iops": 120,
            "kms_key_id": "arn:aws:kms:us-east-2:666402644145:key/c856b764-f01b-4d77-9109-c2d3868de978",
            "multi_attach_enabled": false,
            "outpost_arn": "",
            "size": 40,
            "snapshot_id": "",
            "tags": {
              "Name": "i-0f6dc94ad6857ba5b",
              "Owner": "george_davis@trendmicro.com"
            },
            "type": "gp2"
          },
          "private": "bnVsbA==",
          "dependencies": [
            "aws_instance.georged-tf-test"
          ]
        }
      ]
    },
    {
      "mode": "managed",
      "type": "aws_eip",
      "name": "georged-k8s-host-public-ip",
      "provider": "provider.aws",
      "instances": [
        {
          "schema_version": 0,
          "attributes": {
            "allocation_id": null,
            "associate_with_private_ip": null,
            "association_id": "eipassoc-0d9e497749a24a422",
            "customer_owned_ip": "",
            "customer_owned_ipv4_pool": "",
            "domain": "vpc",
            "id": "eipalloc-060efc6e98e504b87",
            "instance": "i-03fac6ecaae81be42",
            "network_interface": "eni-0c35e2528705a9768",
            "private_dns": "ip-172-31-6-145.us-east-2.compute.internal",
            "private_ip": "172.31.6.145",
            "public_dns": "ec2-3-21-177-184.us-east-2.compute.amazonaws.com",
            "public_ip": "3.21.177.184",
            "public_ipv4_pool": "amazon",
            "tags": {
              "Name": "georged-k8s-host-public-ip",
              "Owner": "george_davis@trendmicro.com"
            },
            "timeouts": null,
            "vpc": true
          },
          "private": "eyJlMmJmYjczMC1lY2FhLTExZTYtOGY4OC0zNDM2M2JjN2M0YzAiOnsiZGVsZXRlIjoxODAwMDAwMDAwMDAsInJlYWQiOjkwMDAwMDAwMDAwMCwidXBkYXRlIjozMDAwMDAwMDAwMDB9fQ==",
          "dependencies": [
            "aws_instance.georged-k8s-host",
            "aws_security_group.georged-ssh-sg"
          ]
        }
      ]
    },
    {
      "mode": "managed",
      "type": "aws_eip",
      "name": "georged-tf-test-public-ip",
      "provider": "provider.aws",
      "instances": [
        {
          "schema_version": 0,
          "attributes": {
            "allocation_id": null,
            "associate_with_private_ip": null,
            "association_id": "eipassoc-0d3586ac8e3b77476",
            "customer_owned_ip": "",
            "customer_owned_ipv4_pool": "",
            "domain": "vpc",
            "id": "eipalloc-0750c5f960aacc1ae",
            "instance": "i-0f6dc94ad6857ba5b",
            "network_interface": "eni-081585ebdf9e9a531",
            "private_dns": "ip-172-31-13-162.us-east-2.compute.internal",
            "private_ip": "172.31.13.162",
            "public_dns": "ec2-3-128-69-41.us-east-2.compute.amazonaws.com",
            "public_ip": "3.128.69.41",
            "public_ipv4_pool": "amazon",
            "tags": {
              "Name": "georged-tf-test-public-ip",
              "Owner": "george_davis@trendmicro.com"
            },
            "timeouts": null,
            "vpc": true
          },
          "private": "eyJlMmJmYjczMC1lY2FhLTExZTYtOGY4OC0zNDM2M2JjN2M0YzAiOnsiZGVsZXRlIjoxODAwMDAwMDAwMDAsInJlYWQiOjkwMDAwMDAwMDAwMCwidXBkYXRlIjozMDAwMDAwMDAwMDB9fQ==",
          "dependencies": [
            "aws_instance.georged-tf-test"
          ]
        }
      ]
    },
    {
      "module": "module.cgw-team2",
      "mode": "managed",
      "type": "aws_iam_instance_profile",
      "name": "cgw-iam-instance-profile",
      "provider": "provider.aws",
      "instances": [
        {
          "schema_version": 0,
          "attributes": {
            "arn": "arn:aws:iam::666402644145:instance-profile/cgw-iam-instance-profile-wazq9s3p",
            "create_date": "2020-07-26T23:24:56Z",
            "id": "cgw-iam-instance-profile-wazq9s3p",
            "name": "cgw-iam-instance-profile-wazq9s3p",
            "name_prefix": null,
            "path": "/",
            "role": "cgw-iam-role-wazq9s3p",
            "roles": [
              "cgw-iam-role-wazq9s3p"
            ],
            "unique_id": "AIPAZWKFRMCYUB5DLI3IZ"
          },
          "private": "bnVsbA==",
          "dependencies": [
            "module.cgw-team2.aws_iam_role.cgw-iam-role",
            "module.cgw-team2.random_string.unique-id"
          ]
        }
      ]
    },
    {
      "module": "module.cgw-team1",
      "mode": "managed",
      "type": "aws_iam_instance_profile",
      "name": "cgw-iam-instance-profile",
      "provider": "provider.aws",
      "instances": [
        {
          "schema_version": 0,
          "attributes": {
            "arn": "arn:aws:iam::666402644145:instance-profile/cgw-iam-instance-profile-7b8mrjpb",
            "create_date": "2020-07-26T23:24:56Z",
            "id": "cgw-iam-instance-profile-7b8mrjpb",
            "name": "cgw-iam-instance-profile-7b8mrjpb",
            "name_prefix": null,
            "path": "/",
            "role": "cgw-iam-role-7b8mrjpb",
            "roles": [
              "cgw-iam-role-7b8mrjpb"
            ],
            "unique_id": "AIPAZWKFRMCY4BT2WUYDS"
          },
          "private": "bnVsbA==",
          "dependencies": [
            "module.cgw-team1.aws_iam_role.cgw-iam-role",
            "module.cgw-team1.random_string.unique-id"
          ]
        }
      ]
    },
    {
      "module": "module.cgw-team2",
      "mode": "managed",
      "type": "aws_iam_policy",
      "name": "cgw-iam-policy",
      "provider": "provider.aws",
      "instances": [
        {
          "schema_version": 0,
          "attributes": {
            "arn": "arn:aws:iam::666402644145:policy/cgw-iam-policy-wazq9s3p",
            "description": "cgw-iam-policy-wazq9s3p for cgw-iam-user-wazq9s3p",
            "id": "arn:aws:iam::666402644145:policy/cgw-iam-policy-wazq9s3p",
            "name": "cgw-iam-policy-wazq9s3p",
            "name_prefix": null,
            "path": "/",
            "policy": "{\n  \"Version\": \"2012-10-17\",\n  \"Statement\": [\n    {\n      \"Sid\": \"\",\n      \"Effect\": \"Allow\",\n      \"Action\": \"s3:*\",\n      \"Resource\": \"arn:aws:s3:::*\",\n      \"Condition\": {\n        \"StringEquals\": {\n          \"aws:ResourceTag/Project\": \"cgw-wazq9s3p\"\n        }\n      }\n    },\n    {\n      \"Sid\": \"\",\n      \"Effect\": \"Allow\",\n      \"Action\": \"ec2:*\",\n      \"Resource\": \"arn:aws:ec2:*:*:instance/*\",\n      \"Condition\": {\n        \"StringLike\": {\n          \"ec2:ResourceTag/Project\": \"cgw-\"\n        }\n      }\n    }\n  ]\n}"
          },
          "private": "bnVsbA==",
          "dependencies": [
            "module.cgw-team2.aws_iam_user.cgw-iam-user",
            "module.cgw-team2.random_string.unique-id"
          ]
        }
      ]
    },
    {
      "module": "module.cgw-team1",
      "mode": "managed",
      "type": "aws_iam_policy",
      "name": "cgw-iam-policy",
      "provider": "provider.aws",
      "instances": [
        {
          "schema_version": 0,
          "attributes": {
            "arn": "arn:aws:iam::666402644145:policy/cgw-iam-policy-7b8mrjpb",
            "description": "cgw-iam-policy-7b8mrjpb for cgw-iam-user-7b8mrjpb",
            "id": "arn:aws:iam::666402644145:policy/cgw-iam-policy-7b8mrjpb",
            "name": "cgw-iam-policy-7b8mrjpb",
            "name_prefix": null,
            "path": "/",
            "policy": "{\n  \"Version\": \"2012-10-17\",\n  \"Statement\": [\n    {\n      \"Sid\": \"\",\n      \"Effect\": \"Allow\",\n      \"Action\": \"s3:*\",\n      \"Resource\": \"arn:aws:s3:::*\",\n      \"Condition\": {\n        \"StringEquals\": {\n          \"aws:ResourceTag/Project\": \"cgw-7b8mrjpb\"\n        }\n      }\n    },\n    {\n      \"Sid\": \"\",\n      \"Effect\": \"Allow\",\n      \"Action\": \"ec2:*\",\n      \"Resource\": \"arn:aws:ec2:*:*:instance/*\",\n      \"Condition\": {\n        \"StringLike\": {\n          \"ec2:ResourceTag/Project\": \"cgw-\"\n        }\n      }\n    }\n  ]\n}"
          },
          "private": "bnVsbA==",
          "dependencies": [
            "module.cgw-team1.aws_iam_user.cgw-iam-user",
            "module.cgw-team1.random_string.unique-id"
          ]
        }
      ]
    },
    {
      "module": "module.cgw-team2",
      "mode": "managed",
      "type": "aws_iam_role",
      "name": "cgw-iam-role",
      "provider": "provider.aws",
      "instances": [
        {
          "schema_version": 0,
          "attributes": {
            "arn": "arn:aws:iam::666402644145:role/cgw-iam-role-wazq9s3p",
            "assume_role_policy": "{\"Version\":\"2012-10-17\",\"Statement\":[{\"Effect\":\"Allow\",\"Principal\":{\"Service\":\"ec2.amazonaws.com\"},\"Action\":\"sts:AssumeRole\"}]}",
            "create_date": "2020-07-26T23:24:56Z",
            "description": "",
            "force_detach_policies": false,
            "id": "cgw-iam-role-wazq9s3p",
            "max_session_duration": 3600,
            "name": "cgw-iam-role-wazq9s3p",
            "name_prefix": null,
            "path": "/",
            "permissions_boundary": null,
            "tags": {
              "Name": "cgw-iam-role-wazq9s3p",
              "Owner": "george_davis@trendmicro.com",
              "Project": "cgw-wazq9s3p",
              "Team": "team2"
            },
            "unique_id": "AROAZWKFRMCYW46P7G54W"
          },
          "private": "bnVsbA==",
          "dependencies": [
            "module.cgw-team2.random_string.unique-id"
          ]
        }
      ]
    },
    {
      "module": "module.cgw-team1",
      "mode": "managed",
      "type": "aws_iam_role",
      "name": "cgw-iam-role",
      "provider": "provider.aws",
      "instances": [
        {
          "schema_version": 0,
          "attributes": {
            "arn": "arn:aws:iam::666402644145:role/cgw-iam-role-7b8mrjpb",
            "assume_role_policy": "{\"Version\":\"2012-10-17\",\"Statement\":[{\"Effect\":\"Allow\",\"Principal\":{\"Service\":\"ec2.amazonaws.com\"},\"Action\":\"sts:AssumeRole\"}]}",
            "create_date": "2020-07-26T23:24:56Z",
            "description": "",
            "force_detach_policies": false,
            "id": "cgw-iam-role-7b8mrjpb",
            "max_session_duration": 3600,
            "name": "cgw-iam-role-7b8mrjpb",
            "name_prefix": null,
            "path": "/",
            "permissions_boundary": null,
            "tags": {
              "Name": "cgw-iam-role-7b8mrjpb",
              "Owner": "george_davis@trendmicro.com",
              "Project": "cgw-7b8mrjpb",
              "Team": "team1"
            },
            "unique_id": "AROAZWKFRMCY6AF77IHIR"
          },
          "private": "bnVsbA==",
          "dependencies": [
            "module.cgw-team1.random_string.unique-id"
          ]
        }
      ]
    },
    {
      "module": "module.cgw-team2",
      "mode": "managed",
      "type": "aws_iam_role_policy_attachment",
      "name": "cgw-iam-role-policy-attach",
      "provider": "provider.aws",
      "instances": [
        {
          "schema_version": 0,
          "attributes": {
            "id": "cgw-iam-role-wazq9s3p-20200726232456471300000002",
            "policy_arn": "arn:aws:iam::666402644145:policy/cgw-iam-policy-wazq9s3p",
            "role": "cgw-iam-role-wazq9s3p"
          },
          "private": "bnVsbA==",
          "dependencies": [
            "module.cgw-team2.aws_iam_policy.cgw-iam-policy",
            "module.cgw-team2.aws_iam_role.cgw-iam-role",
            "module.cgw-team2.random_string.unique-id"
          ]
        }
      ]
    },
    {
      "module": "module.cgw-team1",
      "mode": "managed",
      "type": "aws_iam_role_policy_attachment",
      "name": "cgw-iam-role-policy-attach",
      "provider": "provider.aws",
      "instances": [
        {
          "schema_version": 0,
          "attributes": {
            "id": "cgw-iam-role-7b8mrjpb-20200726232456415800000001",
            "policy_arn": "arn:aws:iam::666402644145:policy/cgw-iam-policy-7b8mrjpb",
            "role": "cgw-iam-role-7b8mrjpb"
          },
          "private": "bnVsbA==",
          "dependencies": [
            "module.cgw-team1.aws_iam_policy.cgw-iam-policy",
            "module.cgw-team1.aws_iam_role.cgw-iam-role",
            "module.cgw-team1.random_string.unique-id"
          ]
        }
      ]
    },
    {
      "module": "module.cgw-team2",
      "mode": "managed",
      "type": "aws_iam_user",
      "name": "cgw-iam-user",
      "provider": "provider.aws",
      "instances": [
        {
          "schema_version": 0,
          "attributes": {
            "arn": "arn:aws:iam::666402644145:user/cgw-iam-user-wazq9s3p",
            "force_destroy": false,
            "id": "cgw-iam-user-wazq9s3p",
            "name": "cgw-iam-user-wazq9s3p",
            "path": "/",
            "permissions_boundary": null,
            "tags": {
              "Name": "cgw-iam-user-wazq9s3p",
              "Owner": "george_davis@trendmicro.com",
              "Project": "cgw-wazq9s3p",
              "Team": "team2"
            },
            "unique_id": "AIDAZWKFRMCY6AKWWSTPJ"
          },
          "private": "bnVsbA==",
          "dependencies": [
            "module.cgw-team2.random_string.unique-id"
          ]
        }
      ]
    },
    {
      "module": "module.cgw-team1",
      "mode": "managed",
      "type": "aws_iam_user",
      "name": "cgw-iam-user",
      "provider": "provider.aws",
      "instances": [
        {
          "schema_version": 0,
          "attributes": {
            "arn": "arn:aws:iam::666402644145:user/cgw-iam-user-7b8mrjpb",
            "force_destroy": false,
            "id": "cgw-iam-user-7b8mrjpb",
            "name": "cgw-iam-user-7b8mrjpb",
            "path": "/",
            "permissions_boundary": null,
            "tags": {
              "Name": "cgw-iam-user-7b8mrjpb",
              "Owner": "george_davis@trendmicro.com",
              "Project": "cgw-7b8mrjpb",
              "Team": "team1"
            },
            "unique_id": "AIDAZWKFRMCYZMUZ7BDWX"
          },
          "private": "bnVsbA==",
          "dependencies": [
            "module.cgw-team1.random_string.unique-id"
          ]
        }
      ]
    },
    {
      "module": "module.cgw-team2",
      "mode": "managed",
      "type": "aws_iam_user_login_profile",
      "name": "cgw-iam-user-login-profile",
      "provider": "provider.aws",
      "instances": [
        {
          "schema_version": 0,
          "attributes": {
            "encrypted_password": "wcBMA0sO1vRsBNNAAQgAA/Vq6iPGjNc82WLHOG9M7Y/cwbdEZvNVllAMy+uIUFUb/F6rJparykzaagawFxBkQP2DAXLGXvIwFdgfZVR3368lnvy1jHaql445YopZsLqfYjFuqG1g0wnkUHOA0f2ttylTAKtYxbld//+04VGy1qmE6BLZPf/V3bJQd2YZxhcnK0fBiFXLx1BiMFcN/Inkfl+3WUW0UgmsoQzECF5NgA+/ocyZeJHut9WXCFzuBuWrU7k1zSgAV/TY+bKCPHWE3xJwMYyUj86jjDNE2RT4n4DzG28PHV6PJkSAFo4ooJvUqKGyz/7+XOFg5pcKWdFB7VrOGb7T3S3d8RqlP6QnrdLgAeQOrywMlKrx00Rdcv8l4nCj4UoM4MzgN+FkuuBf4qB/xLbgNOTF0ynOf/ufA9KgaYlzwc2P4AXiG18GEuAA5GxT9e6beWxlKuWbYpBe31PioN+xm+EsiAA=",
            "id": "cgw-iam-user-wazq9s3p",
            "key_fingerprint": "ba6749b577d9e859d72f5bc52bcd5d4e757f6c29",
            "password_length": 20,
            "password_reset_required": false,
            "pgp_key": "mQENBF8eTOIBCADE0jkSx/Qg4944I6Jb0MTKGWRsHam5++Bwaa3yCDB36cR0jYRxhkXs2LKO5jF4z5RhdyKjGk/PfFAJc05TqOuHUGpIBWyzUd8r/ZCnoxGLlzj3rkPrP+7Bd9a8O0Y3L+wWKvzYzJ3rn3N9J10un5f7PFKrsIjQHT53oYfQVEnpABIF56cim+ZW+y5SO4l6VscW3htn9Sm+O6UE22o/Xe/sQH4QxU6rXLmJuFvlm6zLCrw+8rIiBZ275mfu8luEkL8iCdhE92Ou6Ed90tBJJCoWH7N7DBPtGpSCjv5l221UXsPj/oSVS49bxXna80ssmzm9tSJPQLVHkTHDV/V76lGTABEBAAG0R0dlb3JnZSBEYXZpcyAoVGVycmFmb3JtIElBTSBVc2VyIEdQRyBLZXkpIDxnZW9yZ2VfZGF2aXNAdHJlbmRtaWNyby5jb20+iQFOBBMBCAA4FiEEumdJtXfZ6FnXL1vFK81dTnV/bCkFAl8eTOICGwMFCwkIBwIGFQoJCAsCBBYCAwECHgECF4AACgkQK81dTnV/bClrUgf+JMXYtZeqXySPzv5hUl6tlHJSANuFYNgOIzcpi/ou6ChCpjzEq7FQmUIfWondBMVXubtwZEKx2KSmh8/+lilgsX8zpxMzZjOs+7uM7ViZezbKSeVaZlxpcYdIBGx3pGXzeDern51GH1+xYoOU6Om4LhHhHsS/aQcZkfTaPtsQuNnQzcVUuRbbH8dKXIjA1sjzazEJ4tjpuUl7JGAccEp+z0NTQol2gYZyA2bGbcbtQBwmsjYHbHlYXt7OV78pqQU8mkR7L/kmeMWR7KiEQhN9/hTJlAzdqBb6rpbMkT0cqOYh7HUHDxxSpc1XxW+oQZwPfa8/C2UWZCcD0Yvas3TK77kBDQRfHkziAQgAoykB5P435fsgLE39Uh8JCPZiLzkzijpyACfaDG3Bv2Rd0tSW733el8MEdDOtnNJpVC0N7k/Qj50nbh1kmfWM5kF+NoHBbjs2U6X6ChzHTU9BQT4D3jCMGdfuJXj7m+kqi08W4PYx6fruAWrDbrDCmFdK0y+XFVBXx0o0eFKdah7x8nyxP0MdxZNTD6HZXShATny3NXbNBaedEKn96hRgovo/1cOIfNzpPw8YuzBnA2n7h+vzrUsj46UPba97rpwxXOmARoUevxICWPPRaf7eRQoI7fORXPyFoCblQgivDsvuuZIGXRFKgSMeJQBYVOyEoCgTK4BfToPiC7W9zDnitQARAQABiQE2BBgBCAAgFiEEumdJtXfZ6FnXL1vFK81dTnV/bCkFAl8eTOICGwwACgkQK81dTnV/bClGyQf+JAFlrqZMgq4tSHTv7CfiMnFXvNshIly2/N74XPs+t/quB0ieJ8oM2Zktr6EgNIiPqjWI5gEgYTAfbddA7kcAc78SUPnE15B0x4fsVv0uhnWint8+5WqHug3O5D8e6nbAMgOrJvkHc5K0u9dNGbSrK+ATuVs4VtmBetoSC2hNPKUxj3N3VGxwepre8SxdsNqr6WRK/fcTB2XHEQaDV9N6f9KTON5gHwwQMpPxIOtq59uRCOza+Hdyd0S/IUVDpLnt/rBc9eyMeHNvughavijESFAwum6dNbeL9x9zlivRoGJSQ4C7TLoZHcggGOl9aybe14PDt9LCYNZn7xvUt19EZA==",
            "user": "cgw-iam-user-wazq9s3p"
          },
          "private": "bnVsbA==",
          "dependencies": [
            "module.cgw-team2.aws_iam_user.cgw-iam-user"
          ]
        }
      ]
    },
    {
      "module": "module.cgw-team1",
      "mode": "managed",
      "type": "aws_iam_user_login_profile",
      "name": "cgw-iam-user-login-profile",
      "provider": "provider.aws",
      "instances": [
        {
          "schema_version": 0,
          "attributes": {
            "encrypted_password": "wcBMA0sO1vRsBNNAAQgAYb5s4NFwuiWgT2HxeFJiHHC5sKlTsH5qTpmBCVZz8I5fdHQmVESEULpoXTQ4+a9vl5mUr1QnRVsYB+Yrssej/r8W4nqyV56MUHLFBkvijcMwcqZ3HlhuIBeUl+kMJU5NjPTzurQDQq6ZG/XWqZi5zNVMxHwag1ZYJS8Mo4L/t0M7oHaTdqlD2D5dGAoKkv46HO/RAkI1sXUkHl4kNyFzy4wo6u66XDah6bv9GkdsC7ap6ZWf4zFNs53UEexWZxBEX774U12JB2V1urAjI4ibFfQUEGpbTIQd+JrYMycWPY0nvk4w8M7EkGdYirsr6J5b0lu7CkS+vrN+PwrRnzTJI9LgAeStckhDaYC9Hi9T5dX3rv/64Wb94PngEeH9ReBr4hBv/IPgYOThlW8wba0liNBdnE6LVyy54ILiWNW4guAl5AXIB7lSI9AICxnExb9Y6ZXi9r/7YeGWswA=",
            "id": "cgw-iam-user-7b8mrjpb",
            "key_fingerprint": "ba6749b577d9e859d72f5bc52bcd5d4e757f6c29",
            "password_length": 20,
            "password_reset_required": false,
            "pgp_key": "mQENBF8eTOIBCADE0jkSx/Qg4944I6Jb0MTKGWRsHam5++Bwaa3yCDB36cR0jYRxhkXs2LKO5jF4z5RhdyKjGk/PfFAJc05TqOuHUGpIBWyzUd8r/ZCnoxGLlzj3rkPrP+7Bd9a8O0Y3L+wWKvzYzJ3rn3N9J10un5f7PFKrsIjQHT53oYfQVEnpABIF56cim+ZW+y5SO4l6VscW3htn9Sm+O6UE22o/Xe/sQH4QxU6rXLmJuFvlm6zLCrw+8rIiBZ275mfu8luEkL8iCdhE92Ou6Ed90tBJJCoWH7N7DBPtGpSCjv5l221UXsPj/oSVS49bxXna80ssmzm9tSJPQLVHkTHDV/V76lGTABEBAAG0R0dlb3JnZSBEYXZpcyAoVGVycmFmb3JtIElBTSBVc2VyIEdQRyBLZXkpIDxnZW9yZ2VfZGF2aXNAdHJlbmRtaWNyby5jb20+iQFOBBMBCAA4FiEEumdJtXfZ6FnXL1vFK81dTnV/bCkFAl8eTOICGwMFCwkIBwIGFQoJCAsCBBYCAwECHgECF4AACgkQK81dTnV/bClrUgf+JMXYtZeqXySPzv5hUl6tlHJSANuFYNgOIzcpi/ou6ChCpjzEq7FQmUIfWondBMVXubtwZEKx2KSmh8/+lilgsX8zpxMzZjOs+7uM7ViZezbKSeVaZlxpcYdIBGx3pGXzeDern51GH1+xYoOU6Om4LhHhHsS/aQcZkfTaPtsQuNnQzcVUuRbbH8dKXIjA1sjzazEJ4tjpuUl7JGAccEp+z0NTQol2gYZyA2bGbcbtQBwmsjYHbHlYXt7OV78pqQU8mkR7L/kmeMWR7KiEQhN9/hTJlAzdqBb6rpbMkT0cqOYh7HUHDxxSpc1XxW+oQZwPfa8/C2UWZCcD0Yvas3TK77kBDQRfHkziAQgAoykB5P435fsgLE39Uh8JCPZiLzkzijpyACfaDG3Bv2Rd0tSW733el8MEdDOtnNJpVC0N7k/Qj50nbh1kmfWM5kF+NoHBbjs2U6X6ChzHTU9BQT4D3jCMGdfuJXj7m+kqi08W4PYx6fruAWrDbrDCmFdK0y+XFVBXx0o0eFKdah7x8nyxP0MdxZNTD6HZXShATny3NXbNBaedEKn96hRgovo/1cOIfNzpPw8YuzBnA2n7h+vzrUsj46UPba97rpwxXOmARoUevxICWPPRaf7eRQoI7fORXPyFoCblQgivDsvuuZIGXRFKgSMeJQBYVOyEoCgTK4BfToPiC7W9zDnitQARAQABiQE2BBgBCAAgFiEEumdJtXfZ6FnXL1vFK81dTnV/bCkFAl8eTOICGwwACgkQK81dTnV/bClGyQf+JAFlrqZMgq4tSHTv7CfiMnFXvNshIly2/N74XPs+t/quB0ieJ8oM2Zktr6EgNIiPqjWI5gEgYTAfbddA7kcAc78SUPnE15B0x4fsVv0uhnWint8+5WqHug3O5D8e6nbAMgOrJvkHc5K0u9dNGbSrK+ATuVs4VtmBetoSC2hNPKUxj3N3VGxwepre8SxdsNqr6WRK/fcTB2XHEQaDV9N6f9KTON5gHwwQMpPxIOtq59uRCOza+Hdyd0S/IUVDpLnt/rBc9eyMeHNvughavijESFAwum6dNbeL9x9zlivRoGJSQ4C7TLoZHcggGOl9aybe14PDt9LCYNZn7xvUt19EZA==",
            "user": "cgw-iam-user-7b8mrjpb"
          },
          "private": "bnVsbA==",
          "dependencies": [
            "module.cgw-team1.aws_iam_user.cgw-iam-user"
          ]
        }
      ]
    },
    {
      "module": "module.cgw-team2",
      "mode": "managed",
      "type": "aws_iam_user_policy_attachment",
      "name": "cgw-iam-user-policy-attach",
      "provider": "provider.aws",
      "instances": [
        {
          "schema_version": 0,
          "attributes": {
            "id": "cgw-iam-user-wazq9s3p-20200727061011505500000001",
            "policy_arn": "arn:aws:iam::666402644145:policy/cgw-iam-policy-wazq9s3p",
            "user": "cgw-iam-user-wazq9s3p"
          },
          "private": "bnVsbA==",
          "dependencies": [
            "module.cgw-team2.aws_iam_policy.cgw-iam-policy",
            "module.cgw-team2.aws_iam_user.cgw-iam-user",
            "module.cgw-team2.random_string.unique-id"
          ]
        }
      ]
    },
    {
      "module": "module.cgw-team1",
      "mode": "managed",
      "type": "aws_iam_user_policy_attachment",
      "name": "cgw-iam-user-policy-attach",
      "provider": "provider.aws",
      "instances": [
        {
          "schema_version": 0,
          "attributes": {
            "id": "cgw-iam-user-7b8mrjpb-20200727061012199800000002",
            "policy_arn": "arn:aws:iam::666402644145:policy/cgw-iam-policy-7b8mrjpb",
            "user": "cgw-iam-user-7b8mrjpb"
          },
          "private": "bnVsbA==",
          "dependencies": [
            "module.cgw-team1.aws_iam_policy.cgw-iam-policy",
            "module.cgw-team1.aws_iam_user.cgw-iam-user",
            "module.cgw-team1.random_string.unique-id"
          ]
        }
      ]
    },
    {
      "module": "module.cgw-team2",
      "mode": "managed",
      "type": "aws_instance",
      "name": "cgw-instance",
      "provider": "provider.aws",
      "instances": [
        {
          "schema_version": 1,
          "attributes": {
            "ami": "ami-f4f4cf91",
            "arn": "arn:aws:ec2:us-east-2:666402644145:instance/i-07e3126e4719489c7",
            "associate_public_ip_address": true,
            "availability_zone": "us-east-2a",
            "cpu_core_count": 1,
            "cpu_threads_per_core": 1,
            "credit_specification": [
              {
                "cpu_credits": "standard"
              }
            ],
            "disable_api_termination": false,
            "ebs_block_device": [
              {
                "delete_on_termination": false,
                "device_name": "/dev/sdb",
                "encrypted": false,
                "iops": 120,
                "kms_key_id": "",
                "snapshot_id": "",
                "volume_id": "vol-0e70f27556a520f09",
                "volume_size": 40,
                "volume_type": "gp2"
              }
            ],
            "ebs_optimized": false,
            "ephemeral_block_device": [],
            "get_password_data": false,
            "hibernation": false,
            "host_id": null,
            "iam_instance_profile": "",
            "id": "i-07e3126e4719489c7",
            "instance_initiated_shutdown_behavior": null,
            "instance_state": "running",
            "instance_type": "t2.micro",
            "ipv6_address_count": 0,
            "ipv6_addresses": [],
            "key_name": "CloudOne",
            "metadata_options": [
              {
                "http_endpoint": "enabled",
                "http_put_response_hop_limit": 1,
                "http_tokens": "optional"
              }
            ],
            "monitoring": false,
            "network_interface": [],
            "network_interface_id": null,
            "outpost_arn": "",
            "password_data": "",
            "placement_group": "",
            "primary_network_interface_id": "eni-0f38a7b18e7fa2c28",
            "private_dns": "ip-172-31-14-40.us-east-2.compute.internal",
            "private_ip": "172.31.14.40",
            "public_dns": "ec2-3-15-2-169.us-east-2.compute.amazonaws.com",
            "public_ip": "3.15.2.169",
            "root_block_device": [
              {
                "delete_on_termination": true,
                "device_name": "/dev/sda1",
                "encrypted": false,
                "iops": 120,
                "kms_key_id": "",
                "volume_id": "vol-01e5cdf6f27d2b9fa",
                "volume_size": 40,
                "volume_type": "gp2"
              }
            ],
            "security_groups": [
              "cgw-ssh-sg-wazq9s3p"
            ],
            "source_dest_check": true,
            "subnet_id": "subnet-c1dc41a8",
            "tags": {
              "Name": "cgw-ec2-instance-wazq9s3p",
              "Owner": "george_davis@trendmicro.com",
              "Project": "cgw-wazq9s3p",
              "Team": "team2"
            },
            "tenancy": "default",
            "timeouts": null,
            "user_data": null,
            "user_data_base64": null,
            "volume_tags": {
              "InstanceId": "i-07e3126e4719489c7",
              "Name": "cgw-ebs-vol-wazq9s3p",
              "Owner": "george_davis@trendmicro.com",
              "Project": "cgw-wazq9s3p",
              "Team": "team2"
            },
            "vpc_security_group_ids": [
              "sg-02d279f43b0eda9ba"
            ]
          },
          "private": "eyJlMmJmYjczMC1lY2FhLTExZTYtOGY4OC0zNDM2M2JjN2M0YzAiOnsiY3JlYXRlIjo2MDAwMDAwMDAwMDAsImRlbGV0ZSI6MTIwMDAwMDAwMDAwMCwidXBkYXRlIjo2MDAwMDAwMDAwMDB9LCJzY2hlbWFfdmVyc2lvbiI6IjEifQ==",
          "dependencies": [
            "module.cgw-team2.aws_security_group.cgw-ssh-sg",
            "module.cgw-team2.random_string.unique-id"
          ]
        }
      ]
    },
    {
      "module": "module.cgw-team1",
      "mode": "managed",
      "type": "aws_instance",
      "name": "cgw-instance",
      "provider": "provider.aws",
      "instances": [
        {
          "schema_version": 1,
          "attributes": {
            "ami": "ami-f4f4cf91",
            "arn": "arn:aws:ec2:us-east-2:666402644145:instance/i-0dc854ca6d5126999",
            "associate_public_ip_address": true,
            "availability_zone": "us-east-2a",
            "cpu_core_count": 1,
            "cpu_threads_per_core": 1,
            "credit_specification": [
              {
                "cpu_credits": "standard"
              }
            ],
            "disable_api_termination": false,
            "ebs_block_device": [
              {
                "delete_on_termination": false,
                "device_name": "/dev/sdb",
                "encrypted": false,
                "iops": 120,
                "kms_key_id": "",
                "snapshot_id": "",
                "volume_id": "vol-0f3bc4ccf18e90a86",
                "volume_size": 40,
                "volume_type": "gp2"
              }
            ],
            "ebs_optimized": false,
            "ephemeral_block_device": [],
            "get_password_data": false,
            "hibernation": false,
            "host_id": null,
            "iam_instance_profile": "",
            "id": "i-0dc854ca6d5126999",
            "instance_initiated_shutdown_behavior": null,
            "instance_state": "running",
            "instance_type": "t2.micro",
            "ipv6_address_count": 0,
            "ipv6_addresses": [],
            "key_name": "CloudOne",
            "metadata_options": [
              {
                "http_endpoint": "enabled",
                "http_put_response_hop_limit": 1,
                "http_tokens": "optional"
              }
            ],
            "monitoring": false,
            "network_interface": [],
            "network_interface_id": null,
            "outpost_arn": "",
            "password_data": "",
            "placement_group": "",
            "primary_network_interface_id": "eni-0b67c713bd696ecd5",
            "private_dns": "ip-172-31-5-23.us-east-2.compute.internal",
            "private_ip": "172.31.5.23",
            "public_dns": "ec2-3-22-248-237.us-east-2.compute.amazonaws.com",
            "public_ip": "3.22.248.237",
            "root_block_device": [
              {
                "delete_on_termination": true,
                "device_name": "/dev/sda1",
                "encrypted": false,
                "iops": 120,
                "kms_key_id": "",
                "volume_id": "vol-06cbd39cd9de6031f",
                "volume_size": 40,
                "volume_type": "gp2"
              }
            ],
            "security_groups": [
              "cgw-ssh-sg-7b8mrjpb"
            ],
            "source_dest_check": true,
            "subnet_id": "subnet-c1dc41a8",
            "tags": {
              "Name": "cgw-ec2-instance-7b8mrjpb",
              "Owner": "george_davis@trendmicro.com",
              "Project": "cgw-7b8mrjpb",
              "Team": "team1"
            },
            "tenancy": "default",
            "timeouts": null,
            "user_data": null,
            "user_data_base64": null,
            "volume_tags": {
              "InstanceId": "i-0dc854ca6d5126999",
              "Name": "cgw-ebs-vol-7b8mrjpb",
              "Owner": "george_davis@trendmicro.com",
              "Project": "cgw-7b8mrjpb",
              "Team": "team1"
            },
            "vpc_security_group_ids": [
              "sg-097dc306efb2d4bed"
            ]
          },
          "private": "eyJlMmJmYjczMC1lY2FhLTExZTYtOGY4OC0zNDM2M2JjN2M0YzAiOnsiY3JlYXRlIjo2MDAwMDAwMDAwMDAsImRlbGV0ZSI6MTIwMDAwMDAwMDAwMCwidXBkYXRlIjo2MDAwMDAwMDAwMDB9LCJzY2hlbWFfdmVyc2lvbiI6IjEifQ==",
          "dependencies": [
            "module.cgw-team1.aws_security_group.cgw-ssh-sg",
            "module.cgw-team1.random_string.unique-id"
          ]
        }
      ]
    },
    {
      "mode": "managed",
      "type": "aws_instance",
      "name": "georged-k8s-host",
      "provider": "provider.aws",
      "instances": [
        {
          "schema_version": 1,
          "attributes": {
            "ami": "ami-f4f4cf91",
            "arn": "arn:aws:ec2:us-east-2:666402644145:instance/i-03fac6ecaae81be42",
            "associate_public_ip_address": true,
            "availability_zone": "us-east-2a",
            "cpu_core_count": 2,
            "cpu_threads_per_core": 1,
            "credit_specification": [
              {
                "cpu_credits": "standard"
              }
            ],
            "disable_api_termination": false,
            "ebs_block_device": [],
            "ebs_optimized": false,
            "ephemeral_block_device": [],
            "get_password_data": false,
            "hibernation": false,
            "host_id": null,
            "iam_instance_profile": "Cloud1",
            "id": "i-03fac6ecaae81be42",
            "instance_initiated_shutdown_behavior": null,
            "instance_state": "running",
            "instance_type": "t2.medium",
            "ipv6_address_count": 0,
            "ipv6_addresses": [],
            "key_name": "CloudOne",
            "metadata_options": [
              {
                "http_endpoint": "enabled",
                "http_put_response_hop_limit": 1,
                "http_tokens": "optional"
              }
            ],
            "monitoring": false,
            "network_interface": [],
            "network_interface_id": null,
            "outpost_arn": "",
            "password_data": "",
            "placement_group": "",
            "primary_network_interface_id": "eni-0c35e2528705a9768",
            "private_dns": "ip-172-31-6-145.us-east-2.compute.internal",
            "private_ip": "172.31.6.145",
            "public_dns": "ec2-3-21-177-184.us-east-2.compute.amazonaws.com",
            "public_ip": "3.21.177.184",
            "root_block_device": [
              {
                "delete_on_termination": true,
                "device_name": "/dev/sda1",
                "encrypted": false,
                "iops": 100,
                "kms_key_id": "",
                "volume_id": "vol-0a30c718b16d3b647",
                "volume_size": 8,
                "volume_type": "gp2"
              }
            ],
            "security_groups": [
              "georged-k8s-sg",
              "georged-ssh-sg"
            ],
            "source_dest_check": true,
            "subnet_id": "subnet-c1dc41a8",
            "tags": {
              "Name": "georged-k8s-host",
              "Owner": "george_davis@trendmicro.com",
              "Project": "C1-Demo",
              "Usecase": "C1-ContainerSecurity"
            },
            "tenancy": "default",
            "timeouts": null,
            "user_data": null,
            "user_data_base64": null,
            "volume_tags": {},
            "vpc_security_group_ids": [
              "sg-0674451093c4a63e8",
              "sg-0d55827be351fff41"
            ]
          },
          "private": "eyJlMmJmYjczMC1lY2FhLTExZTYtOGY4OC0zNDM2M2JjN2M0YzAiOnsiY3JlYXRlIjo2MDAwMDAwMDAwMDAsImRlbGV0ZSI6MTIwMDAwMDAwMDAwMCwidXBkYXRlIjo2MDAwMDAwMDAwMDB9LCJzY2hlbWFfdmVyc2lvbiI6IjEifQ==",
          "dependencies": [
            "aws_security_group.georged-k8s-sg",
            "aws_security_group.georged-ssh-sg"
          ]
        }
      ]
    },
    {
      "mode": "managed",
      "type": "aws_instance",
      "name": "georged-tf-test",
      "provider": "provider.aws",
      "instances": [
        {
          "schema_version": 1,
          "attributes": {
            "ami": "ami-f4f4cf91",
            "arn": "arn:aws:ec2:us-east-2:666402644145:instance/i-0f6dc94ad6857ba5b",
            "associate_public_ip_address": true,
            "availability_zone": "us-east-2a",
            "cpu_core_count": 2,
            "cpu_threads_per_core": 1,
            "credit_specification": [
              {
                "cpu_credits": "standard"
              }
            ],
            "disable_api_termination": false,
            "ebs_block_device": [
              {
                "delete_on_termination": false,
                "device_name": "/dev/sdb",
                "encrypted": true,
                "iops": 120,
                "kms_key_id": "arn:aws:kms:us-east-2:666402644145:key/c856b764-f01b-4d77-9109-c2d3868de978",
                "snapshot_id": "",
                "volume_id": "vol-007aa0b39b71ab812",
                "volume_size": 40,
                "volume_type": "gp2"
              }
            ],
            "ebs_optimized": false,
            "ephemeral_block_device": [],
            "get_password_data": false,
            "hibernation": false,
            "host_id": null,
            "iam_instance_profile": "Cloud1",
            "id": "i-0f6dc94ad6857ba5b",
            "instance_initiated_shutdown_behavior": null,
            "instance_state": "stopped",
            "instance_type": "t2.medium",
            "ipv6_address_count": 0,
            "ipv6_addresses": [],
            "key_name": "CloudOne",
            "metadata_options": [
              {
                "http_endpoint": "enabled",
                "http_put_response_hop_limit": 1,
                "http_tokens": "optional"
              }
            ],
            "monitoring": false,
            "network_interface": [],
            "network_interface_id": null,
            "outpost_arn": "",
            "password_data": "",
            "placement_group": "",
            "primary_network_interface_id": "eni-081585ebdf9e9a531",
            "private_dns": "ip-172-31-13-162.us-east-2.compute.internal",
            "private_ip": "172.31.13.162",
            "public_dns": "ec2-3-128-69-41.us-east-2.compute.amazonaws.com",
            "public_ip": "3.128.69.41",
            "root_block_device": [
              {
                "delete_on_termination": true,
                "device_name": "/dev/sda1",
                "encrypted": true,
                "iops": 120,
                "kms_key_id": "arn:aws:kms:us-east-2:666402644145:key/c856b764-f01b-4d77-9109-c2d3868de978",
                "volume_id": "vol-033769f8a0a83a166",
                "volume_size": 40,
                "volume_type": "gp2"
              }
            ],
            "security_groups": [
              "georged-ssh-sg"
            ],
            "source_dest_check": true,
            "subnet_id": "subnet-c1dc41a8",
            "tags": {
              "Name": "georged-tf-test",
              "Owner": "george_davis@trendmicro.com"
            },
            "tenancy": "default",
            "timeouts": null,
            "user_data": null,
            "user_data_base64": null,
            "volume_tags": {
              "Name": "i-0f6dc94ad6857ba5b",
              "Owner": "george_davis@trendmicro.com"
            },
            "vpc_security_group_ids": [
              "sg-0674451093c4a63e8"
            ]
          },
          "private": "eyJlMmJmYjczMC1lY2FhLTExZTYtOGY4OC0zNDM2M2JjN2M0YzAiOnsiY3JlYXRlIjo2MDAwMDAwMDAwMDAsImRlbGV0ZSI6MTIwMDAwMDAwMDAwMCwidXBkYXRlIjo2MDAwMDAwMDAwMDB9LCJzY2hlbWFfdmVyc2lvbiI6IjEifQ==",
          "dependencies": [
            "aws_security_group.georged-ssh-sg"
          ]
        }
      ]
    },
    {
      "module": "module.cgw-team2",
      "mode": "managed",
      "type": "aws_kms_key",
      "name": "cgw-kms-key",
      "provider": "provider.aws",
      "instances": [
        {
          "schema_version": 0,
          "attributes": {
            "arn": "arn:aws:kms:us-east-2:666402644145:key/71a38940-ca42-4380-9c9b-33401ed8373a",
            "customer_master_key_spec": "SYMMETRIC_DEFAULT",
            "deletion_window_in_days": null,
            "description": "cgw-kms-key-wazq9s3p for cgw-iam-user-wazq9s3p",
            "enable_key_rotation": false,
            "id": "71a38940-ca42-4380-9c9b-33401ed8373a",
            "is_enabled": true,
            "key_id": "71a38940-ca42-4380-9c9b-33401ed8373a",
            "key_usage": "ENCRYPT_DECRYPT",
            "policy": "{\"Id\":\"key-default-1\",\"Statement\":[{\"Action\":\"kms:*\",\"Effect\":\"Allow\",\"Principal\":{\"AWS\":\"arn:aws:iam::666402644145:root\"},\"Resource\":\"*\",\"Sid\":\"Enable IAM User Permissions\"}],\"Version\":\"2012-10-17\"}",
            "tags": {
              "Name": "cgw-kms-key-wazq9s3p",
              "Owner": "george_davis@trendmicro.com",
              "Project": "cgw-wazq9s3p",
              "Team": "team2"
            }
          },
          "private": "bnVsbA==",
          "dependencies": [
            "module.cgw-team2.aws_iam_user.cgw-iam-user",
            "module.cgw-team2.random_string.unique-id"
          ]
        }
      ]
    },
    {
      "module": "module.cgw-team1",
      "mode": "managed",
      "type": "aws_kms_key",
      "name": "cgw-kms-key",
      "provider": "provider.aws",
      "instances": [
        {
          "schema_version": 0,
          "attributes": {
            "arn": "arn:aws:kms:us-east-2:666402644145:key/8c40dbe6-8e6b-44b6-b6d5-2d01778f28b9",
            "customer_master_key_spec": "SYMMETRIC_DEFAULT",
            "deletion_window_in_days": null,
            "description": "cgw-kms-key-7b8mrjpb for cgw-iam-user-7b8mrjpb",
            "enable_key_rotation": false,
            "id": "8c40dbe6-8e6b-44b6-b6d5-2d01778f28b9",
            "is_enabled": true,
            "key_id": "8c40dbe6-8e6b-44b6-b6d5-2d01778f28b9",
            "key_usage": "ENCRYPT_DECRYPT",
            "policy": "{\"Id\":\"key-default-1\",\"Statement\":[{\"Action\":\"kms:*\",\"Effect\":\"Allow\",\"Principal\":{\"AWS\":\"arn:aws:iam::666402644145:root\"},\"Resource\":\"*\",\"Sid\":\"Enable IAM User Permissions\"}],\"Version\":\"2012-10-17\"}",
            "tags": {
              "Name": "cgw-kms-key-7b8mrjpb",
              "Owner": "george_davis@trendmicro.com",
              "Project": "cgw-7b8mrjpb",
              "Team": "team1"
            }
          },
          "private": "bnVsbA==",
          "dependencies": [
            "module.cgw-team1.aws_iam_user.cgw-iam-user",
            "module.cgw-team1.random_string.unique-id"
          ]
        }
      ]
    },
    {
      "module": "module.cgw-team2",
      "mode": "managed",
      "type": "aws_lb",
      "name": "cgw-elb",
      "provider": "provider.aws",
      "instances": [
        {
          "schema_version": 0,
          "attributes": {
            "access_logs": [
              {
                "bucket": "",
                "enabled": false,
                "prefix": ""
              }
            ],
            "arn": "arn:aws:elasticloadbalancing:us-east-2:666402644145:loadbalancer/net/cgw-elb-wazq9s3p/34e7ed6492146144",
            "arn_suffix": "net/cgw-elb-wazq9s3p/34e7ed6492146144",
            "dns_name": "cgw-elb-wazq9s3p-34e7ed6492146144.elb.us-east-2.amazonaws.com",
            "drop_invalid_header_fields": null,
            "enable_cross_zone_load_balancing": false,
            "enable_deletion_protection": false,
            "enable_http2": null,
            "id": "arn:aws:elasticloadbalancing:us-east-2:666402644145:loadbalancer/net/cgw-elb-wazq9s3p/34e7ed6492146144",
            "idle_timeout": null,
            "internal": false,
            "ip_address_type": "ipv4",
            "load_balancer_type": "network",
            "name": "cgw-elb-wazq9s3p",
            "name_prefix": null,
            "security_groups": [],
            "subnet_mapping": [
              {
                "allocation_id": "",
                "subnet_id": "subnet-c1dc41a8"
              }
            ],
            "subnets": [
              "subnet-c1dc41a8"
            ],
            "tags": {
              "Name": "cgw-elb-wazq9s3p",
              "Owner": "george_davis@trendmicro.com",
              "Project": "cgw-wazq9s3p",
              "Team": "team2"
            },
            "timeouts": null,
            "vpc_id": "vpc-67cf400e",
            "zone_id": "ZLMOA37VPKANP"
          },
          "private": "eyJlMmJmYjczMC1lY2FhLTExZTYtOGY4OC0zNDM2M2JjN2M0YzAiOnsiY3JlYXRlIjo2MDAwMDAwMDAwMDAsImRlbGV0ZSI6NjAwMDAwMDAwMDAwLCJ1cGRhdGUiOjYwMDAwMDAwMDAwMH19",
          "dependencies": [
            "module.cgw-team2.random_string.unique-id"
          ]
        }
      ]
    },
    {
      "module": "module.cgw-team1",
      "mode": "managed",
      "type": "aws_lb",
      "name": "cgw-elb",
      "provider": "provider.aws",
      "instances": [
        {
          "schema_version": 0,
          "attributes": {
            "access_logs": [
              {
                "bucket": "",
                "enabled": false,
                "prefix": ""
              }
            ],
            "arn": "arn:aws:elasticloadbalancing:us-east-2:666402644145:loadbalancer/net/cgw-elb-7b8mrjpb/8f33ddf17914ca8f",
            "arn_suffix": "net/cgw-elb-7b8mrjpb/8f33ddf17914ca8f",
            "dns_name": "cgw-elb-7b8mrjpb-8f33ddf17914ca8f.elb.us-east-2.amazonaws.com",
            "drop_invalid_header_fields": null,
            "enable_cross_zone_load_balancing": false,
            "enable_deletion_protection": false,
            "enable_http2": null,
            "id": "arn:aws:elasticloadbalancing:us-east-2:666402644145:loadbalancer/net/cgw-elb-7b8mrjpb/8f33ddf17914ca8f",
            "idle_timeout": null,
            "internal": false,
            "ip_address_type": "ipv4",
            "load_balancer_type": "network",
            "name": "cgw-elb-7b8mrjpb",
            "name_prefix": null,
            "security_groups": [],
            "subnet_mapping": [
              {
                "allocation_id": "",
                "subnet_id": "subnet-c1dc41a8"
              }
            ],
            "subnets": [
              "subnet-c1dc41a8"
            ],
            "tags": {
              "Name": "cgw-elb-7b8mrjpb",
              "Owner": "george_davis@trendmicro.com",
              "Project": "cgw-7b8mrjpb",
              "Team": "team1"
            },
            "timeouts": null,
            "vpc_id": "vpc-67cf400e",
            "zone_id": "ZLMOA37VPKANP"
          },
          "private": "eyJlMmJmYjczMC1lY2FhLTExZTYtOGY4OC0zNDM2M2JjN2M0YzAiOnsiY3JlYXRlIjo2MDAwMDAwMDAwMDAsImRlbGV0ZSI6NjAwMDAwMDAwMDAwLCJ1cGRhdGUiOjYwMDAwMDAwMDAwMH19",
          "dependencies": [
            "module.cgw-team1.random_string.unique-id"
          ]
        }
      ]
    },
    {
      "module": "module.cgw-team2",
      "mode": "managed",
      "type": "aws_s3_bucket",
      "name": "cgw-s3-bucket",
      "provider": "provider.aws",
      "instances": [
        {
          "schema_version": 0,
          "attributes": {
            "acceleration_status": "",
            "acl": "public-read",
            "arn": "arn:aws:s3:::cgw-s3-bucket-wazq9s3p",
            "bucket": "cgw-s3-bucket-wazq9s3p",
            "bucket_domain_name": "cgw-s3-bucket-wazq9s3p.s3.amazonaws.com",
            "bucket_prefix": null,
            "bucket_regional_domain_name": "cgw-s3-bucket-wazq9s3p.s3.us-east-2.amazonaws.com",
            "cors_rule": [
              {
                "allowed_headers": [
                  "*"
                ],
                "allowed_methods": [
                  "GET",
                  "POST",
                  "PUT",
                  "DELETE",
                  "HEAD"
                ],
                "allowed_origins": [
                  "*"
                ],
                "expose_headers": [
                  "ETag"
                ],
                "max_age_seconds": 0
              }
            ],
            "force_destroy": false,
            "grant": [],
            "hosted_zone_id": "Z2O1EMRO9K5GLX",
            "id": "cgw-s3-bucket-wazq9s3p",
            "lifecycle_rule": [],
            "logging": [],
            "object_lock_configuration": [],
            "policy": null,
            "region": "us-east-2",
            "replication_configuration": [],
            "request_payer": "BucketOwner",
            "server_side_encryption_configuration": [],
            "tags": {
              "Name": "cgw-s3-bucket-wazq9s3p",
              "Owner": "george_davis@trendmicro.com",
              "Project": "cgw-wazq9s3p",
              "Team": "team2"
            },
            "versioning": [
              {
                "enabled": false,
                "mfa_delete": false
              }
            ],
            "website": [],
            "website_domain": null,
            "website_endpoint": null
          },
          "private": "bnVsbA==",
          "dependencies": [
            "module.cgw-team2.random_string.unique-id"
          ]
        }
      ]
    },
    {
      "module": "module.cgw-team1",
      "mode": "managed",
      "type": "aws_s3_bucket",
      "name": "cgw-s3-bucket",
      "provider": "provider.aws",
      "instances": [
        {
          "schema_version": 0,
          "attributes": {
            "acceleration_status": "",
            "acl": "public-read",
            "arn": "arn:aws:s3:::cgw-s3-bucket-7b8mrjpb",
            "bucket": "cgw-s3-bucket-7b8mrjpb",
            "bucket_domain_name": "cgw-s3-bucket-7b8mrjpb.s3.amazonaws.com",
            "bucket_prefix": null,
            "bucket_regional_domain_name": "cgw-s3-bucket-7b8mrjpb.s3.us-east-2.amazonaws.com",
            "cors_rule": [
              {
                "allowed_headers": [
                  "*"
                ],
                "allowed_methods": [
                  "GET",
                  "POST",
                  "PUT",
                  "DELETE",
                  "HEAD"
                ],
                "allowed_origins": [
                  "*"
                ],
                "expose_headers": [
                  "ETag"
                ],
                "max_age_seconds": 0
              }
            ],
            "force_destroy": false,
            "grant": [],
            "hosted_zone_id": "Z2O1EMRO9K5GLX",
            "id": "cgw-s3-bucket-7b8mrjpb",
            "lifecycle_rule": [],
            "logging": [],
            "object_lock_configuration": [],
            "policy": null,
            "region": "us-east-2",
            "replication_configuration": [],
            "request_payer": "BucketOwner",
            "server_side_encryption_configuration": [],
            "tags": {
              "Name": "cgw-s3-bucket-7b8mrjpb",
              "Owner": "george_davis@trendmicro.com",
              "Project": "cgw-7b8mrjpb",
              "Team": "team1"
            },
            "versioning": [
              {
                "enabled": false,
                "mfa_delete": false
              }
            ],
            "website": [],
            "website_domain": null,
            "website_endpoint": null
          },
          "private": "bnVsbA==",
          "dependencies": [
            "module.cgw-team1.random_string.unique-id"
          ]
        }
      ]
    },
    {
      "module": "module.cgw-team2",
      "mode": "managed",
      "type": "aws_security_group",
      "name": "cgw-ssh-sg",
      "provider": "provider.aws",
      "instances": [
        {
          "schema_version": 1,
          "attributes": {
            "arn": "arn:aws:ec2:us-east-2:666402644145:security-group/sg-02d279f43b0eda9ba",
            "description": "Allow SSH traffic",
            "egress": [
              {
                "cidr_blocks": [
                  "0.0.0.0/0"
                ],
                "description": "",
                "from_port": 0,
                "ipv6_cidr_blocks": [],
                "prefix_list_ids": [],
                "protocol": "-1",
                "security_groups": [],
                "self": false,
                "to_port": 0
              }
            ],
            "id": "sg-02d279f43b0eda9ba",
            "ingress": [
              {
                "cidr_blocks": [
                  "0.0.0.0/0"
                ],
                "description": "",
                "from_port": 22,
                "ipv6_cidr_blocks": [],
                "prefix_list_ids": [],
                "protocol": "tcp",
                "security_groups": [],
                "self": false,
                "to_port": 22
              }
            ],
            "name": "cgw-ssh-sg-wazq9s3p",
            "name_prefix": null,
            "owner_id": "666402644145",
            "revoke_rules_on_delete": false,
            "tags": {
              "Name": "cgw-ssh-sg-wazq9s3p",
              "Owner": "george_davis@trendmicro.com",
              "Project": "cgw-wazq9s3p",
              "Team": "team2"
            },
            "timeouts": null,
            "vpc_id": "vpc-67cf400e"
          },
          "private": "eyJlMmJmYjczMC1lY2FhLTExZTYtOGY4OC0zNDM2M2JjN2M0YzAiOnsiY3JlYXRlIjo2MDAwMDAwMDAwMDAsImRlbGV0ZSI6NjAwMDAwMDAwMDAwfSwic2NoZW1hX3ZlcnNpb24iOiIxIn0=",
          "dependencies": [
            "module.cgw-team2.random_string.unique-id"
          ]
        }
      ]
    },
    {
      "module": "module.cgw-team1",
      "mode": "managed",
      "type": "aws_security_group",
      "name": "cgw-ssh-sg",
      "provider": "provider.aws",
      "instances": [
        {
          "schema_version": 1,
          "attributes": {
            "arn": "arn:aws:ec2:us-east-2:666402644145:security-group/sg-097dc306efb2d4bed",
            "description": "Allow SSH traffic",
            "egress": [
              {
                "cidr_blocks": [
                  "0.0.0.0/0"
                ],
                "description": "",
                "from_port": 0,
                "ipv6_cidr_blocks": [],
                "prefix_list_ids": [],
                "protocol": "-1",
                "security_groups": [],
                "self": false,
                "to_port": 0
              }
            ],
            "id": "sg-097dc306efb2d4bed",
            "ingress": [
              {
                "cidr_blocks": [
                  "0.0.0.0/0"
                ],
                "description": "",
                "from_port": 22,
                "ipv6_cidr_blocks": [],
                "prefix_list_ids": [],
                "protocol": "tcp",
                "security_groups": [],
                "self": false,
                "to_port": 22
              }
            ],
            "name": "cgw-ssh-sg-7b8mrjpb",
            "name_prefix": null,
            "owner_id": "666402644145",
            "revoke_rules_on_delete": false,
            "tags": {
              "Name": "cgw-ssh-sg-7b8mrjpb",
              "Owner": "george_davis@trendmicro.com",
              "Project": "cgw-7b8mrjpb",
              "Team": "team1"
            },
            "timeouts": null,
            "vpc_id": "vpc-67cf400e"
          },
          "private": "eyJlMmJmYjczMC1lY2FhLTExZTYtOGY4OC0zNDM2M2JjN2M0YzAiOnsiY3JlYXRlIjo2MDAwMDAwMDAwMDAsImRlbGV0ZSI6NjAwMDAwMDAwMDAwfSwic2NoZW1hX3ZlcnNpb24iOiIxIn0=",
          "dependencies": [
            "module.cgw-team1.random_string.unique-id"
          ]
        }
      ]
    },
    {
      "mode": "managed",
      "type": "aws_security_group",
      "name": "georged-k8s-sg",
      "provider": "provider.aws",
      "instances": [
        {
          "schema_version": 1,
          "attributes": {
            "arn": "arn:aws:ec2:us-east-2:666402644145:security-group/sg-0d55827be351fff41",
            "description": "Allow k8s traffic",
            "egress": [
              {
                "cidr_blocks": [
                  "0.0.0.0/0"
                ],
                "description": "",
                "from_port": 0,
                "ipv6_cidr_blocks": [],
                "prefix_list_ids": [],
                "protocol": "-1",
                "security_groups": [],
                "self": false,
                "to_port": 0
              }
            ],
            "id": "sg-0d55827be351fff41",
            "ingress": [
              {
                "cidr_blocks": [
                  "142.116.0.0/15"
                ],
                "description": "",
                "from_port": 8000,
                "ipv6_cidr_blocks": [],
                "prefix_list_ids": [],
                "protocol": "tcp",
                "security_groups": [],
                "self": false,
                "to_port": 8000
              }
            ],
            "name": "georged-k8s-sg",
            "name_prefix": null,
            "owner_id": "666402644145",
            "revoke_rules_on_delete": false,
            "tags": {
              "Name": "georged-k8s-sg",
              "Owner": "george_davis@trendmicro.com"
            },
            "timeouts": null,
            "vpc_id": "vpc-67cf400e"
          },
          "private": "eyJlMmJmYjczMC1lY2FhLTExZTYtOGY4OC0zNDM2M2JjN2M0YzAiOnsiY3JlYXRlIjo2MDAwMDAwMDAwMDAsImRlbGV0ZSI6NjAwMDAwMDAwMDAwfSwic2NoZW1hX3ZlcnNpb24iOiIxIn0="
        }
      ]
    },
    {
      "mode": "managed",
      "type": "aws_security_group",
      "name": "georged-nodejs-sg",
      "provider": "provider.aws",
      "instances": [
        {
          "schema_version": 1,
          "attributes": {
            "arn": "arn:aws:ec2:us-east-2:666402644145:security-group/sg-0280537564d3133f7",
            "description": "Allow NodeJs traffic",
            "egress": [
              {
                "cidr_blocks": [
                  "0.0.0.0/0"
                ],
                "description": "",
                "from_port": 0,
                "ipv6_cidr_blocks": [],
                "prefix_list_ids": [],
                "protocol": "-1",
                "security_groups": [],
                "self": false,
                "to_port": 0
              }
            ],
            "id": "sg-0280537564d3133f7",
            "ingress": [
              {
                "cidr_blocks": [
                  "142.116.27.242/32"
                ],
                "description": "",
                "from_port": 22,
                "ipv6_cidr_blocks": [],
                "prefix_list_ids": [],
                "protocol": "tcp",
                "security_groups": [],
                "self": false,
                "to_port": 22
              },
              {
                "cidr_blocks": [
                  "142.116.27.242/32"
                ],
                "description": "",
                "from_port": 3000,
                "ipv6_cidr_blocks": [],
                "prefix_list_ids": [],
                "protocol": "tcp",
                "security_groups": [],
                "self": false,
                "to_port": 3000
              }
            ],
            "name": "georged-nodejs-sg",
            "name_prefix": null,
            "owner_id": "666402644145",
            "revoke_rules_on_delete": false,
            "tags": {
              "Name": "georged-nodejs-sg",
              "Owner": "george_davis@trendmicro.com"
            },
            "timeouts": null,
            "vpc_id": "vpc-67cf400e"
          },
          "private": "eyJlMmJmYjczMC1lY2FhLTExZTYtOGY4OC0zNDM2M2JjN2M0YzAiOnsiY3JlYXRlIjo2MDAwMDAwMDAwMDAsImRlbGV0ZSI6NjAwMDAwMDAwMDAwfSwic2NoZW1hX3ZlcnNpb24iOiIxIn0="
        }
      ]
    },
    {
      "mode": "managed",
      "type": "aws_security_group",
      "name": "georged-ssh-sg",
      "provider": "provider.aws",
      "instances": [
        {
          "schema_version": 1,
          "attributes": {
            "arn": "arn:aws:ec2:us-east-2:666402644145:security-group/sg-0674451093c4a63e8",
            "description": "Allow SSH traffic",
            "egress": [
              {
                "cidr_blocks": [
                  "0.0.0.0/0"
                ],
                "description": "",
                "from_port": 0,
                "ipv6_cidr_blocks": [],
                "prefix_list_ids": [],
                "protocol": "-1",
                "security_groups": [],
                "self": false,
                "to_port": 0
              }
            ],
            "id": "sg-0674451093c4a63e8",
            "ingress": [
              {
                "cidr_blocks": [
                  "142.116.0.0/15"
                ],
                "description": "",
                "from_port": 22,
                "ipv6_cidr_blocks": [],
                "prefix_list_ids": [],
                "protocol": "tcp",
                "security_groups": [],
                "self": false,
                "to_port": 22
              }
            ],
            "name": "georged-ssh-sg",
            "name_prefix": null,
            "owner_id": "666402644145",
            "revoke_rules_on_delete": false,
            "tags": {
              "Name": "georged-ssh-sg",
              "Owner": "george_davis@trendmicro.com"
            },
            "timeouts": null,
            "vpc_id": "vpc-67cf400e"
          },
          "private": "eyJlMmJmYjczMC1lY2FhLTExZTYtOGY4OC0zNDM2M2JjN2M0YzAiOnsiY3JlYXRlIjo2MDAwMDAwMDAwMDAsImRlbGV0ZSI6NjAwMDAwMDAwMDAwfSwic2NoZW1hX3ZlcnNpb24iOiIxIn0="
        }
      ]
    },
    {
      "module": "module.cgw-team2",
      "mode": "managed",
      "type": "aws_volume_attachment",
      "name": "cgw-vol-attach",
      "provider": "provider.aws",
      "instances": [
        {
          "schema_version": 0,
          "attributes": {
            "device_name": "/dev/sdb",
            "force_detach": null,
            "id": "vai-4282388493",
            "instance_id": "i-07e3126e4719489c7",
            "skip_destroy": null,
            "volume_id": "vol-0e70f27556a520f09"
          },
          "private": "bnVsbA==",
          "dependencies": [
            "module.cgw-team2.aws_ebs_volume.cgw-vol",
            "module.cgw-team2.aws_instance.cgw-instance",
            "module.cgw-team2.aws_security_group.cgw-ssh-sg",
            "module.cgw-team2.random_string.unique-id"
          ]
        }
      ]
    },
    {
      "module": "module.cgw-team1",
      "mode": "managed",
      "type": "aws_volume_attachment",
      "name": "cgw-vol-attach",
      "provider": "provider.aws",
      "instances": [
        {
          "schema_version": 0,
          "attributes": {
            "device_name": "/dev/sdb",
            "force_detach": null,
            "id": "vai-1044250102",
            "instance_id": "i-0dc854ca6d5126999",
            "skip_destroy": null,
            "volume_id": "vol-0f3bc4ccf18e90a86"
          },
          "private": "bnVsbA==",
          "dependencies": [
            "module.cgw-team1.aws_ebs_volume.cgw-vol",
            "module.cgw-team1.aws_instance.cgw-instance",
            "module.cgw-team1.aws_security_group.cgw-ssh-sg",
            "module.cgw-team1.random_string.unique-id"
          ]
        }
      ]
    },
    {
      "mode": "managed",
      "type": "aws_volume_attachment",
      "name": "georged-tf-test-vol-att",
      "provider": "provider.aws",
      "instances": [
        {
          "schema_version": 0,
          "attributes": {
            "device_name": "/dev/sdb",
            "force_detach": null,
            "id": "vai-301047972",
            "instance_id": "i-0f6dc94ad6857ba5b",
            "skip_destroy": null,
            "volume_id": "vol-007aa0b39b71ab812"
          },
          "private": "bnVsbA==",
          "dependencies": [
            "aws_ebs_volume.georged-tf-test-vol",
            "aws_instance.georged-tf-test"
          ]
        }
      ]
    },
    {
      "mode": "managed",
      "type": "azurerm_linux_virtual_machine",
      "name": "georged-tf-test",
      "provider": "provider.azurerm",
      "instances": [
        {
          "schema_version": 0,
          "attributes": {
            "additional_capabilities": [],
            "admin_password": "Windows1!",
            "admin_ssh_key": [],
            "admin_username": "ubuntu",
            "allow_extension_operations": true,
            "availability_set_id": "",
            "boot_diagnostics": [],
            "computer_name": "georged-tf-test",
            "custom_data": null,
            "dedicated_host_id": "",
            "disable_password_authentication": false,
            "eviction_policy": "",
            "id": "/subscriptions/18cb46c3-ea58-41c2-8cc6-71d8662f1203/resourceGroups/cloudone/providers/Microsoft.Compute/virtualMachines/georged-tf-test",
            "identity": [],
            "location": "canadacentral",
            "max_bid_price": -1,
            "name": "georged-tf-test",
            "network_interface_ids": [
              "/subscriptions/18cb46c3-ea58-41c2-8cc6-71d8662f1203/resourceGroups/cloudone/providers/Microsoft.Network/networkInterfaces/georged-tf-test-nic"
            ],
            "os_disk": [
              {
                "caching": "ReadWrite",
                "diff_disk_settings": [],
                "disk_encryption_set_id": "",
                "disk_size_gb": 30,
                "name": "georged-tf-test_OsDisk_1_ba22ebabe89f4ea786ab24f7265e37c5",
                "storage_account_type": "Standard_LRS",
                "write_accelerator_enabled": false
              }
            ],
            "plan": [],
            "priority": "Regular",
            "private_ip_address": "10.1.0.8",
            "private_ip_addresses": [
              "10.1.0.8"
            ],
            "provision_vm_agent": true,
            "proximity_placement_group_id": "",
            "public_ip_address": "20.43.14.118",
            "public_ip_addresses": [
              "20.43.14.118"
            ],
            "resource_group_name": "cloudone",
            "secret": [],
            "size": "Standard_D2s_v3",
            "source_image_id": "",
            "source_image_reference": [
              {
                "offer": "UbuntuServer",
                "publisher": "Canonical",
                "sku": "18.04-LTS",
                "version": "latest"
              }
            ],
            "tags": {
              "Owner": "george_davis@trendmicro.com"
            },
            "timeouts": null,
            "virtual_machine_id": "45241189-3228-4947-b97a-8e36430bc3e8",
            "virtual_machine_scale_set_id": "",
            "zone": ""
          },
          "private": "eyJlMmJmYjczMC1lY2FhLTExZTYtOGY4OC0zNDM2M2JjN2M0YzAiOnsiY3JlYXRlIjoyNzAwMDAwMDAwMDAwLCJkZWxldGUiOjI3MDAwMDAwMDAwMDAsInJlYWQiOjMwMDAwMDAwMDAwMCwidXBkYXRlIjoyNzAwMDAwMDAwMDAwfX0=",
          "dependencies": [
            "azurerm_network_interface.georged-tf-test-nic"
          ]
        }
      ]
    },
    {
      "mode": "managed",
      "type": "azurerm_network_interface",
      "name": "georged-tf-test-nic",
      "provider": "provider.azurerm",
      "instances": [
        {
          "schema_version": 0,
          "attributes": {
            "applied_dns_servers": [],
            "dns_servers": [],
            "enable_accelerated_networking": false,
            "enable_ip_forwarding": false,
            "id": "/subscriptions/18cb46c3-ea58-41c2-8cc6-71d8662f1203/resourceGroups/cloudone/providers/Microsoft.Network/networkInterfaces/georged-tf-test-nic",
            "internal_dns_name_label": "",
            "internal_domain_name_suffix": "4tx4bprgml0ehns3f5jjc2j1vb.ux.internal.cloudapp.net",
            "ip_configuration": [
              {
                "name": "public",
                "primary": true,
                "private_ip_address": "10.1.0.8",
                "private_ip_address_allocation": "Dynamic",
                "private_ip_address_version": "IPv4",
                "public_ip_address_id": "/subscriptions/18cb46c3-ea58-41c2-8cc6-71d8662f1203/resourceGroups/cloudone/providers/Microsoft.Network/publicIPAddresses/george-tf-test-public-ip",
                "subnet_id": "/subscriptions/18cb46c3-ea58-41c2-8cc6-71d8662f1203/resourceGroups/cloudone/providers/Microsoft.Network/virtualNetworks/cloudone-vnet/subnets/default"
              }
            ],
            "location": "canadacentral",
            "mac_address": "00-0D-3A-E8-56-EA",
            "name": "georged-tf-test-nic",
            "private_ip_address": "10.1.0.8",
            "private_ip_addresses": [
              "10.1.0.8"
            ],
            "resource_group_name": "cloudone",
            "tags": {
              "Owner": "george_davis@trendmicro.com"
            },
            "timeouts": null,
            "virtual_machine_id": "/subscriptions/18cb46c3-ea58-41c2-8cc6-71d8662f1203/resourceGroups/cloudone/providers/Microsoft.Compute/virtualMachines/georged-tf-test"
          },
          "private": "eyJlMmJmYjczMC1lY2FhLTExZTYtOGY4OC0zNDM2M2JjN2M0YzAiOnsiY3JlYXRlIjoxODAwMDAwMDAwMDAwLCJkZWxldGUiOjE4MDAwMDAwMDAwMDAsInJlYWQiOjMwMDAwMDAwMDAwMCwidXBkYXRlIjoxODAwMDAwMDAwMDAwfX0=",
          "dependencies": [
            "azurerm_public_ip.george-tf-test-public-ip"
          ]
        }
      ]
    },
    {
      "mode": "managed",
      "type": "azurerm_network_security_group",
      "name": "georged-ssh-sg",
      "provider": "provider.azurerm",
      "instances": [
        {
          "schema_version": 0,
          "attributes": {
            "id": "/subscriptions/18cb46c3-ea58-41c2-8cc6-71d8662f1203/resourceGroups/cloudone/providers/Microsoft.Network/networkSecurityGroups/georged-ssh-sg",
            "location": "canadacentral",
            "name": "georged-ssh-sg",
            "resource_group_name": "cloudone",
            "security_rule": [
              {
                "access": "Allow",
                "description": "",
                "destination_address_prefix": "*",
                "destination_address_prefixes": [],
                "destination_application_security_group_ids": [],
                "destination_port_range": "22",
                "destination_port_ranges": [],
                "direction": "Inbound",
                "name": "ssh-access-rule",
                "priority": 200,
                "protocol": "Tcp",
                "source_address_prefix": "142.116.0.0/15",
                "source_address_prefixes": [],
                "source_application_security_group_ids": [],
                "source_port_range": "*",
                "source_port_ranges": []
              }
            ],
            "tags": {
              "Owner": "george_davis@trendmicro.com"
            },
            "timeouts": null
          },
          "private": "eyJlMmJmYjczMC1lY2FhLTExZTYtOGY4OC0zNDM2M2JjN2M0YzAiOnsiY3JlYXRlIjoxODAwMDAwMDAwMDAwLCJkZWxldGUiOjE4MDAwMDAwMDAwMDAsInJlYWQiOjMwMDAwMDAwMDAwMCwidXBkYXRlIjoxODAwMDAwMDAwMDAwfX0="
        }
      ]
    },
    {
      "mode": "managed",
      "type": "azurerm_public_ip",
      "name": "george-tf-test-public-ip",
      "provider": "provider.azurerm",
      "instances": [
        {
          "schema_version": 0,
          "attributes": {
            "allocation_method": "Static",
            "domain_name_label": null,
            "fqdn": null,
            "id": "/subscriptions/18cb46c3-ea58-41c2-8cc6-71d8662f1203/resourceGroups/cloudone/providers/Microsoft.Network/publicIPAddresses/george-tf-test-public-ip",
            "idle_timeout_in_minutes": 4,
            "ip_address": "20.43.14.118",
            "ip_version": "IPv4",
            "location": "canadacentral",
            "name": "george-tf-test-public-ip",
            "public_ip_prefix_id": null,
            "resource_group_name": "cloudone",
            "reverse_fqdn": null,
            "sku": "Basic",
            "tags": {
              "Owner": "george_davis@trendmicro.com"
            },
            "timeouts": null,
            "zones": []
          },
          "private": "eyJlMmJmYjczMC1lY2FhLTExZTYtOGY4OC0zNDM2M2JjN2M0YzAiOnsiY3JlYXRlIjoxODAwMDAwMDAwMDAwLCJkZWxldGUiOjE4MDAwMDAwMDAwMDAsInJlYWQiOjMwMDAwMDAwMDAwMCwidXBkYXRlIjoxODAwMDAwMDAwMDAwfX0="
        }
      ]
    },
    {
      "module": "module.cgw-team2",
      "mode": "managed",
      "type": "random_string",
      "name": "unique-id",
      "provider": "provider.random",
      "instances": [
        {
          "schema_version": 1,
          "attributes": {
            "id": "wazq9s3p",
            "keepers": null,
            "length": 8,
            "lower": true,
            "min_lower": 0,
            "min_numeric": 0,
            "min_special": 0,
            "min_upper": 0,
            "number": true,
            "override_special": null,
            "result": "wazq9s3p",
            "special": false,
            "upper": false
          },
          "private": "eyJzY2hlbWFfdmVyc2lvbiI6IjEifQ=="
        }
      ]
    },
    {
      "module": "module.cgw-team1",
      "mode": "managed",
      "type": "random_string",
      "name": "unique-id",
      "provider": "provider.random",
      "instances": [
        {
          "schema_version": 1,
          "attributes": {
            "id": "7b8mrjpb",
            "keepers": null,
            "length": 8,
            "lower": true,
            "min_lower": 0,
            "min_numeric": 0,
            "min_special": 0,
            "min_upper": 0,
            "number": true,
            "override_special": null,
            "result": "7b8mrjpb",
            "special": false,
            "upper": false
          },
          "private": "eyJzY2hlbWFfdmVyc2lvbiI6IjEifQ=="
        }
      ]
    }
  ]
}
