{
  "version": 4,
  "terraform_version": "0.12.29",
  "serial": 5424,
  "lineage": "b56c0cf0-8b63-a99c-d604-8bb86ba5d6be",
  "outputs": {
    "cgw-common-db-instance-id": {
      "value": "i-00975873156ca6ecc",
      "type": "string"
    },
    "cgw-common-db-instance-ip": {
      "value": "3.20.89.105",
      "type": "string"
    },
    "georged-k8s-host-ip": {
      "value": "3.21.177.184",
      "type": "string"
    },
    "georged-tf-test-vip": {
      "value": "20.43.14.118",
      "type": "string"
    }
  },
  "resources": [
    {
      "mode": "data",
      "type": "aws_ami",
      "name": "amzn-linux-2",
      "provider": "provider.aws",
      "instances": [
        {
          "schema_version": 0,
          "attributes": {
            "architecture": "x86_64",
            "arn": "arn:aws:ec2:us-east-2::image/ami-0f4665edc97a93bea",
            "block_device_mappings": [
              {
                "device_name": "/dev/xvda",
                "ebs": {
                  "delete_on_termination": "true",
                  "encrypted": "false",
                  "iops": "0",
                  "snapshot_id": "snap-00a3ac8046ab803ef",
                  "volume_size": "8",
                  "volume_type": "standard"
                },
                "no_device": "",
                "virtual_name": ""
              }
            ],
            "creation_date": "2020-07-24T20:37:45.000Z",
            "description": "Amazon Linux 2 AMI 2.0.20200722.0 x86_64 HVM ebs",
            "executable_users": null,
            "filter": [
              {
                "name": "name",
                "values": [
                  "amzn2-ami-hvm-*-x86_64-ebs"
                ]
              },
              {
                "name": "root-device-type",
                "values": [
                  "ebs"
                ]
              },
              {
                "name": "virtualization-type",
                "values": [
                  "hvm"
                ]
              }
            ],
            "hypervisor": "xen",
            "id": "ami-0f4665edc97a93bea",
            "image_id": "ami-0f4665edc97a93bea",
            "image_location": "amazon/amzn2-ami-hvm-2.0.20200722.0-x86_64-ebs",
            "image_owner_alias": "amazon",
            "image_type": "machine",
            "kernel_id": null,
            "most_recent": true,
            "name": "amzn2-ami-hvm-2.0.20200722.0-x86_64-ebs",
            "name_regex": null,
            "owner_id": "137112412989",
            "owners": [
              "amazon"
            ],
            "platform": null,
            "product_codes": [],
            "public": true,
            "ramdisk_id": null,
            "root_device_name": "/dev/xvda",
            "root_device_type": "ebs",
            "root_snapshot_id": "snap-00a3ac8046ab803ef",
            "sriov_net_support": "simple",
            "state": "available",
            "state_reason": {
              "code": "UNSET",
              "message": "UNSET"
            },
            "tags": {},
            "virtualization_type": "hvm"
          }
        }
      ]
    },
    {
      "module": "module.cgw-team2",
      "mode": "data",
      "type": "aws_ami",
      "name": "amzn-linux-2",
      "provider": "provider.aws.use1",
      "instances": [
        {
          "schema_version": 0,
          "attributes": {
            "architecture": "x86_64",
            "arn": "arn:aws:ec2:us-east-1::image/ami-0beafb294c86717a8",
            "block_device_mappings": [
              {
                "device_name": "/dev/xvda",
                "ebs": {
                  "delete_on_termination": "true",
                  "encrypted": "false",
                  "iops": "0",
                  "snapshot_id": "snap-06d919bfeced8496a",
                  "volume_size": "8",
                  "volume_type": "standard"
                },
                "no_device": "",
                "virtual_name": ""
              }
            ],
            "creation_date": "2020-07-24T20:36:15.000Z",
            "description": "Amazon Linux 2 AMI 2.0.20200722.0 x86_64 HVM ebs",
            "executable_users": null,
            "filter": [
              {
                "name": "name",
                "values": [
                  "amzn2-ami-hvm-*-x86_64-ebs"
                ]
              },
              {
                "name": "root-device-type",
                "values": [
                  "ebs"
                ]
              },
              {
                "name": "virtualization-type",
                "values": [
                  "hvm"
                ]
              }
            ],
            "hypervisor": "xen",
            "id": "ami-0beafb294c86717a8",
            "image_id": "ami-0beafb294c86717a8",
            "image_location": "amazon/amzn2-ami-hvm-2.0.20200722.0-x86_64-ebs",
            "image_owner_alias": "amazon",
            "image_type": "machine",
            "kernel_id": null,
            "most_recent": true,
            "name": "amzn2-ami-hvm-2.0.20200722.0-x86_64-ebs",
            "name_regex": null,
            "owner_id": "137112412989",
            "owners": [
              "amazon"
            ],
            "platform": null,
            "product_codes": [],
            "public": true,
            "ramdisk_id": null,
            "root_device_name": "/dev/xvda",
            "root_device_type": "ebs",
            "root_snapshot_id": "snap-06d919bfeced8496a",
            "sriov_net_support": "simple",
            "state": "available",
            "state_reason": {
              "code": "UNSET",
              "message": "UNSET"
            },
            "tags": {},
            "virtualization_type": "hvm"
          }
        }
      ]
    },
    {
      "mode": "data",
      "type": "aws_ami",
      "name": "ubuntu-1804",
      "provider": "provider.aws",
      "instances": [
        {
          "schema_version": 0,
          "attributes": {
            "architecture": "x86_64",
            "arn": "arn:aws:ec2:us-east-2::image/ami-f4f4cf91",
            "block_device_mappings": [
              {
                "device_name": "/dev/sda1",
                "ebs": {
                  "delete_on_termination": "true",
                  "encrypted": "false",
                  "iops": "0",
                  "snapshot_id": "snap-011fc9d52368bac53",
                  "volume_size": "8",
                  "volume_type": "gp2"
                },
                "no_device": "",
                "virtual_name": ""
              }
            ],
            "creation_date": "2018-07-14T01:18:32.000Z",
            "description": "Ubuntu 18.04 AMI with .NET Core 2.1",
            "executable_users": null,
            "filter": [
              {
                "name": "name",
                "values": [
                  "*ubuntu-bionic-*-amd64-server-*"
                ]
              },
              {
                "name": "root-device-type",
                "values": [
                  "ebs"
                ]
              },
              {
                "name": "virtualization-type",
                "values": [
                  "hvm"
                ]
              }
            ],
            "hypervisor": "xen",
            "id": "ami-f4f4cf91",
            "image_id": "ami-f4f4cf91",
            "image_location": "amazon/ubuntu-bionic-18.04-amd64-server-20180522-dotnetcore-2018.07.11",
            "image_owner_alias": "amazon",
            "image_type": "machine",
            "kernel_id": null,
            "most_recent": true,
            "name": "ubuntu-bionic-18.04-amd64-server-20180522-dotnetcore-2018.07.11",
            "name_regex": null,
            "owner_id": "801119661308",
            "owners": [
              "amazon"
            ],
            "platform": null,
            "product_codes": [],
            "public": true,
            "ramdisk_id": null,
            "root_device_name": "/dev/sda1",
            "root_device_type": "ebs",
            "root_snapshot_id": "snap-011fc9d52368bac53",
            "sriov_net_support": "simple",
            "state": "available",
            "state_reason": {
              "code": "UNSET",
              "message": "UNSET"
            },
            "tags": {},
            "virtualization_type": "hvm"
          }
        }
      ]
    },
    {
      "module": "module.cgw-team2",
      "mode": "data",
      "type": "aws_ami",
      "name": "ubuntu-1804",
      "provider": "provider.aws.use1",
      "instances": [
        {
          "schema_version": 0,
          "attributes": {
            "architecture": "x86_64",
            "arn": "arn:aws:ec2:us-east-1::image/ami-e24b7d9d",
            "block_device_mappings": [
              {
                "device_name": "/dev/sda1",
                "ebs": {
                  "delete_on_termination": "true",
                  "encrypted": "false",
                  "iops": "0",
                  "snapshot_id": "snap-052526bdc8adce099",
                  "volume_size": "8",
                  "volume_type": "gp2"
                },
                "no_device": "",
                "virtual_name": ""
              }
            ],
            "creation_date": "2018-07-11T19:40:53.000Z",
            "description": "Ubuntu 18.04 AMI with .NET Core 2.1",
            "executable_users": null,
            "filter": [
              {
                "name": "name",
                "values": [
                  "*ubuntu-bionic-*-amd64-server-*"
                ]
              },
              {
                "name": "root-device-type",
                "values": [
                  "ebs"
                ]
              },
              {
                "name": "virtualization-type",
                "values": [
                  "hvm"
                ]
              }
            ],
            "hypervisor": "xen",
            "id": "ami-e24b7d9d",
            "image_id": "ami-e24b7d9d",
            "image_location": "amazon/ubuntu-bionic-18.04-amd64-server-20180522-dotnetcore-2018.07.11",
            "image_owner_alias": "amazon",
            "image_type": "machine",
            "kernel_id": null,
            "most_recent": true,
            "name": "ubuntu-bionic-18.04-amd64-server-20180522-dotnetcore-2018.07.11",
            "name_regex": null,
            "owner_id": "801119661308",
            "owners": [
              "amazon"
            ],
            "platform": null,
            "product_codes": [],
            "public": true,
            "ramdisk_id": null,
            "root_device_name": "/dev/sda1",
            "root_device_type": "ebs",
            "root_snapshot_id": "snap-052526bdc8adce099",
            "sriov_net_support": "simple",
            "state": "available",
            "state_reason": {
              "code": "UNSET",
              "message": "UNSET"
            },
            "tags": {},
            "virtualization_type": "hvm"
          }
        }
      ]
    },
    {
      "module": "module.cgw-team2",
      "mode": "data",
      "type": "aws_iam_policy_document",
      "name": "cgw-aws-iam-policy-doc",
      "provider": "provider.aws.use1",
      "instances": [
        {
          "schema_version": 0,
          "attributes": {
            "id": "2091516548",
            "json": "{\n  \"Version\": \"2012-10-17\",\n  \"Statement\": [\n    {\n      \"Sid\": \"CGWS3Rolep3mdecbm\",\n      \"Effect\": \"Allow\",\n      \"Action\": \"s3:*\",\n      \"Resource\": \"*\",\n      \"Condition\": {\n        \"StringEquals\": {\n          \"aws:ResourceTag/Team-UUID\": \"cgw-aws-p3mdecbm\"\n        }\n      }\n    },\n    {\n      \"Sid\": \"CGWEc2Rolep3mdecbm\",\n      \"Effect\": \"Allow\",\n      \"Action\": \"ec2:*\",\n      \"Resource\": \"*\",\n      \"Condition\": {\n        \"StringEquals\": {\n          \"ec2:ResourceTag/Team-UUID\": \"cgw-aws-p3mdecbm\"\n        }\n      }\n    },\n    {\n      \"Sid\": \"CGWKmsRolep3mdecbm\",\n      \"Effect\": \"Allow\",\n      \"Action\": \"kms:*\",\n      \"Resource\": \"*\",\n      \"Condition\": {\n        \"StringEquals\": {\n          \"aws:ResourceTag/Team-UUID\": \"cgw-aws-p3mdecbm\"\n        }\n      }\n    },\n    {\n      \"Sid\": \"CGWIamRolep3mdecbm\",\n      \"Effect\": \"Allow\",\n      \"Action\": \"iam:*\",\n      \"Resource\": \"*\",\n      \"Condition\": {\n        \"StringEquals\": {\n          \"iam:ResourceTag/Team-UUID\": \"cgw-aws-p3mdecbm\"\n        }\n      }\n    },\n    {\n      \"Sid\": \"CGWLambdaRolep3mdecbm\",\n      \"Effect\": \"Allow\",\n      \"Action\": \"lambda:*\",\n      \"Resource\": \"*\",\n      \"Condition\": {\n        \"StringEquals\": {\n          \"iam:ResourceTag/Team-UUID\": \"cgw-aws-p3mdecbm\"\n        }\n      }\n    },\n    {\n      \"Sid\": \"CGWSnsRolep3mdecbm\",\n      \"Effect\": \"Allow\",\n      \"Action\": \"SNS:Publish\",\n      \"Resource\": \"*\",\n      \"Condition\": {\n        \"StringEquals\": {\n          \"iam:ResourceTag/Team-UUID\": \"cgw-aws-p3mdecbm\"\n        }\n      }\n    }\n  ]\n}",
            "override_json": null,
            "policy_id": null,
            "source_json": null,
            "statement": [
              {
                "actions": [
                  "s3:*"
                ],
                "condition": [
                  {
                    "test": "StringEquals",
                    "values": [
                      "cgw-aws-p3mdecbm"
                    ],
                    "variable": "aws:ResourceTag/Team-UUID"
                  }
                ],
                "effect": "Allow",
                "not_actions": [],
                "not_principals": [],
                "not_resources": [],
                "principals": [],
                "resources": [
                  "*"
                ],
                "sid": "CGWS3Rolep3mdecbm"
              },
              {
                "actions": [
                  "ec2:*"
                ],
                "condition": [
                  {
                    "test": "StringEquals",
                    "values": [
                      "cgw-aws-p3mdecbm"
                    ],
                    "variable": "ec2:ResourceTag/Team-UUID"
                  }
                ],
                "effect": "Allow",
                "not_actions": [],
                "not_principals": [],
                "not_resources": [],
                "principals": [],
                "resources": [
                  "*"
                ],
                "sid": "CGWEc2Rolep3mdecbm"
              },
              {
                "actions": [
                  "kms:*"
                ],
                "condition": [
                  {
                    "test": "StringEquals",
                    "values": [
                      "cgw-aws-p3mdecbm"
                    ],
                    "variable": "aws:ResourceTag/Team-UUID"
                  }
                ],
                "effect": "Allow",
                "not_actions": [],
                "not_principals": [],
                "not_resources": [],
                "principals": [],
                "resources": [
                  "*"
                ],
                "sid": "CGWKmsRolep3mdecbm"
              },
              {
                "actions": [
                  "iam:*"
                ],
                "condition": [
                  {
                    "test": "StringEquals",
                    "values": [
                      "cgw-aws-p3mdecbm"
                    ],
                    "variable": "iam:ResourceTag/Team-UUID"
                  }
                ],
                "effect": "Allow",
                "not_actions": [],
                "not_principals": [],
                "not_resources": [],
                "principals": [],
                "resources": [
                  "*"
                ],
                "sid": "CGWIamRolep3mdecbm"
              },
              {
                "actions": [
                  "lambda:*"
                ],
                "condition": [
                  {
                    "test": "StringEquals",
                    "values": [
                      "cgw-aws-p3mdecbm"
                    ],
                    "variable": "iam:ResourceTag/Team-UUID"
                  }
                ],
                "effect": "Allow",
                "not_actions": [],
                "not_principals": [],
                "not_resources": [],
                "principals": [],
                "resources": [
                  "*"
                ],
                "sid": "CGWLambdaRolep3mdecbm"
              },
              {
                "actions": [
                  "SNS:Publish"
                ],
                "condition": [
                  {
                    "test": "StringEquals",
                    "values": [
                      "cgw-aws-p3mdecbm"
                    ],
                    "variable": "iam:ResourceTag/Team-UUID"
                  }
                ],
                "effect": "Allow",
                "not_actions": [],
                "not_principals": [],
                "not_resources": [],
                "principals": [],
                "resources": [
                  "*"
                ],
                "sid": "CGWSnsRolep3mdecbm"
              }
            ],
            "version": "2012-10-17"
          }
        }
      ]
    },
    {
      "module": "module.cgw-team2",
      "mode": "data",
      "type": "aws_iam_policy_document",
      "name": "cgw-aws-lambda-sns-policy-doc",
      "provider": "provider.aws.use1",
      "instances": [
        {
          "schema_version": 0,
          "attributes": {
            "id": "2693259466",
            "json": "{\n  \"Version\": \"2012-10-17\",\n  \"Statement\": [\n    {\n      \"Sid\": \"CGWLambdaSnsServiceRolep3mdecbm\",\n      \"Effect\": \"Allow\",\n      \"Action\": [\n        \"SNS:Subscribe\",\n        \"SNS:SetTopicAttributes\",\n        \"SNS:RemovePermission\",\n        \"SNS:Receive\",\n        \"SNS:Publish\",\n        \"SNS:ListSubscriptionsByTopic\",\n        \"SNS:GetTopicAttributes\",\n        \"SNS:DeleteTopic\",\n        \"SNS:AddPermission\"\n      ],\n      \"Resource\": \"arn:aws:sns:us-east-1:666402644145:cgw-aws-sns-p3mdecbm-EmailSNSTopic-1HK6NZQ861G0L\"\n    },\n    {\n      \"Sid\": \"CGWLambdaBasicExecutionRolep3mdecbm\",\n      \"Effect\": \"Allow\",\n      \"Action\": [\n        \"logs:PutLogEvents\",\n        \"logs:CreateLogStream\",\n        \"logs:CreateLogGroup\"\n      ],\n      \"Resource\": \"arn:aws:logs:*:*:*\"\n    }\n  ]\n}",
            "override_json": null,
            "policy_id": null,
            "source_json": null,
            "statement": [
              {
                "actions": [
                  "SNS:AddPermission",
                  "SNS:DeleteTopic",
                  "SNS:GetTopicAttributes",
                  "SNS:ListSubscriptionsByTopic",
                  "SNS:Publish",
                  "SNS:Receive",
                  "SNS:RemovePermission",
                  "SNS:SetTopicAttributes",
                  "SNS:Subscribe"
                ],
                "condition": [],
                "effect": "Allow",
                "not_actions": [],
                "not_principals": [],
                "not_resources": [],
                "principals": [],
                "resources": [
                  "arn:aws:sns:us-east-1:666402644145:cgw-aws-sns-p3mdecbm-EmailSNSTopic-1HK6NZQ861G0L"
                ],
                "sid": "CGWLambdaSnsServiceRolep3mdecbm"
              },
              {
                "actions": [
                  "logs:CreateLogGroup",
                  "logs:CreateLogStream",
                  "logs:PutLogEvents"
                ],
                "condition": [],
                "effect": "Allow",
                "not_actions": [],
                "not_principals": [],
                "not_resources": [],
                "principals": [],
                "resources": [
                  "arn:aws:logs:*:*:*"
                ],
                "sid": "CGWLambdaBasicExecutionRolep3mdecbm"
              }
            ],
            "version": "2012-10-17"
          }
        }
      ]
    },
    {
      "module": "module.cgw-team2",
      "mode": "data",
      "type": "aws_iam_policy_document",
      "name": "cgw-aws-sns-policy-doc",
      "provider": "provider.aws.use1",
      "instances": [
        {
          "schema_version": 0,
          "attributes": {
            "id": "4109231922",
            "json": "{\n  \"Version\": \"2012-10-17\",\n  \"Statement\": [\n    {\n      \"Sid\": \"CGWConformityCrossAccountRolep3mdecbm\",\n      \"Effect\": \"Allow\",\n      \"Action\": \"SNS:Publish\",\n      \"Resource\": \"arn:aws:sns:us-east-1:666402644145:cgw-aws-sns-p3mdecbm-EmailSNSTopic-1HK6NZQ861G0L\",\n      \"Principal\": {\n        \"AWS\": \"arn:aws:iam::717210094962:root\"\n      }\n    },\n    {\n      \"Sid\": \"CGWSnsRolep3mdecbm\",\n      \"Effect\": \"Allow\",\n      \"Action\": [\n        \"SNS:Subscribe\",\n        \"SNS:SetTopicAttributes\",\n        \"SNS:RemovePermission\",\n        \"SNS:Receive\",\n        \"SNS:Publish\",\n        \"SNS:ListSubscriptionsByTopic\",\n        \"SNS:GetTopicAttributes\",\n        \"SNS:DeleteTopic\",\n        \"SNS:AddPermission\"\n      ],\n      \"Resource\": \"arn:aws:sns:us-east-1:666402644145:cgw-aws-sns-p3mdecbm-EmailSNSTopic-1HK6NZQ861G0L\",\n      \"Principal\": {\n        \"AWS\": \"arn:aws:iam::666402644145:user/georged\"\n      }\n    }\n  ]\n}",
            "override_json": null,
            "policy_id": null,
            "source_json": null,
            "statement": [
              {
                "actions": [
                  "SNS:Publish"
                ],
                "condition": [],
                "effect": "Allow",
                "not_actions": [],
                "not_principals": [],
                "not_resources": [],
                "principals": [
                  {
                    "identifiers": [
                      "arn:aws:iam::717210094962:root"
                    ],
                    "type": "AWS"
                  }
                ],
                "resources": [
                  "arn:aws:sns:us-east-1:666402644145:cgw-aws-sns-p3mdecbm-EmailSNSTopic-1HK6NZQ861G0L"
                ],
                "sid": "CGWConformityCrossAccountRolep3mdecbm"
              },
              {
                "actions": [
                  "SNS:AddPermission",
                  "SNS:DeleteTopic",
                  "SNS:GetTopicAttributes",
                  "SNS:ListSubscriptionsByTopic",
                  "SNS:Publish",
                  "SNS:Receive",
                  "SNS:RemovePermission",
                  "SNS:SetTopicAttributes",
                  "SNS:Subscribe"
                ],
                "condition": [],
                "effect": "Allow",
                "not_actions": [],
                "not_principals": [],
                "not_resources": [],
                "principals": [
                  {
                    "identifiers": [
                      "arn:aws:iam::666402644145:user/georged"
                    ],
                    "type": "AWS"
                  }
                ],
                "resources": [
                  "arn:aws:sns:us-east-1:666402644145:cgw-aws-sns-p3mdecbm-EmailSNSTopic-1HK6NZQ861G0L"
                ],
                "sid": "CGWSnsRolep3mdecbm"
              }
            ],
            "version": "2012-10-17"
          }
        }
      ]
    },
    {
      "module": "module.cgw-team2",
      "mode": "managed",
      "type": "aws_cloudformation_stack",
      "name": "cgw-aws-sns",
      "provider": "provider.aws.use1",
      "instances": [
        {
          "schema_version": 0,
          "attributes": {
            "capabilities": null,
            "disable_rollback": false,
            "iam_role_arn": "",
            "id": "arn:aws:cloudformation:us-east-1:666402644145:stack/cgw-aws-sns-p3mdecbm/7137af80-e8de-11ea-9bc3-0e9c0517557f",
            "name": "cgw-aws-sns-p3mdecbm",
            "notification_arns": null,
            "on_failure": null,
            "outputs": {
              "ARN": "arn:aws:sns:us-east-1:666402644145:cgw-aws-sns-p3mdecbm-EmailSNSTopic-1HK6NZQ861G0L"
            },
            "parameters": {},
            "policy_body": null,
            "policy_url": null,
            "tags": {
              "Name": "cgw-aws-sns-p3mdecbm",
              "Owner": "george_davis@trendmicro.com",
              "Project": "cgw",
              "Team": "team2",
              "Team-UUID": "cgw-aws-p3mdecbm"
            },
            "template_body": "{\"AWSTemplateFormatVersion\":\"2010-09-09\",\"Outputs\":{\"ARN\":{\"Description\":\"Email SNS Topic ARN\",\"Value\":{\"Ref\":\"EmailSNSTopic\"}}},\"Resources\":{\"EmailSNSTopic\":{\"Properties\":{\"DisplayName\":\"Cloud Governance Workshop - Team UUID: p3mdecbm\",\"Subscription\":[{\"Endpoint\":\"george_davis@trendmicro.com\",\"Protocol\":\"email\"}]},\"Type\":\"AWS::SNS::Topic\"}}}",
            "template_url": null,
            "timeout_in_minutes": null,
            "timeouts": null
          },
          "private": "eyJlMmJmYjczMC1lY2FhLTExZTYtOGY4OC0zNDM2M2JjN2M0YzAiOnsiY3JlYXRlIjoxODAwMDAwMDAwMDAwLCJkZWxldGUiOjE4MDAwMDAwMDAwMDAsInVwZGF0ZSI6MTgwMDAwMDAwMDAwMH19",
          "dependencies": [
            "module.cgw-team2.random_string.unique-id"
          ]
        }
      ]
    },
    {
      "module": "module.cgw-team2",
      "mode": "managed",
      "type": "aws_ebs_volume",
      "name": "cgw-aws-vol",
      "provider": "provider.aws.use1",
      "instances": [
        {
          "schema_version": 0,
          "attributes": {
            "arn": "arn:aws:ec2:us-east-1:666402644145:volume/vol-039de48362eb31787",
            "availability_zone": "us-east-1a",
            "encrypted": false,
            "id": "vol-039de48362eb31787",
            "iops": 120,
            "kms_key_id": "",
            "multi_attach_enabled": false,
            "outpost_arn": "",
            "size": 40,
            "snapshot_id": "",
            "tags": {
              "InstanceId": "i-0a30e32c6bc1838d1",
              "Name": "cgw-aws-ebs-vol-p3mdecbm",
              "Owner": "george_davis@trendmicro.com",
              "Project": "cgw",
              "Team": "team2",
              "Team-UUID": "cgw-aws-p3mdecbm"
            },
            "type": "gp2"
          },
          "private": "bnVsbA==",
          "dependencies": [
            "module.cgw-team2.aws_iam_instance_profile.cgw-aws-iam-instance-profile",
            "module.cgw-team2.aws_iam_role.cgw-aws-iam-role",
            "module.cgw-team2.aws_instance.cgw-aws-instance",
            "module.cgw-team2.aws_security_group.cgw-aws-ssh-sg",
            "module.cgw-team2.random_string.unique-id"
          ]
        }
      ]
    },
    {
      "mode": "managed",
      "type": "aws_eip",
      "name": "cgw-common-db-instance-public-ip",
      "provider": "provider.aws",
      "instances": [
        {
          "schema_version": 0,
          "attributes": {
            "allocation_id": null,
            "associate_with_private_ip": null,
            "association_id": "eipassoc-08ff8e2aeae615426",
            "customer_owned_ip": "",
            "customer_owned_ipv4_pool": "",
            "domain": "vpc",
            "id": "eipalloc-0b446d11d3cce8684",
            "instance": "i-00975873156ca6ecc",
            "network_interface": "eni-07b81ffb7a935d892",
            "private_dns": "ip-172-31-11-211.us-east-2.compute.internal",
            "private_ip": "172.31.11.211",
            "public_dns": "ec2-3-20-89-105.us-east-2.compute.amazonaws.com",
            "public_ip": "3.20.89.105",
            "public_ipv4_pool": "amazon",
            "tags": {
              "Name": "cgw-common-db-instance-public-ip",
              "Owner": "george_davis@trendmicro.com",
              "Project": "cgw-common"
            },
            "timeouts": null,
            "vpc": true
          },
          "private": "eyJlMmJmYjczMC1lY2FhLTExZTYtOGY4OC0zNDM2M2JjN2M0YzAiOnsiZGVsZXRlIjoxODAwMDAwMDAwMDAsInJlYWQiOjkwMDAwMDAwMDAwMCwidXBkYXRlIjozMDAwMDAwMDAwMDB9fQ==",
          "dependencies": [
            "aws_instance.cgw-common-db-instance"
          ]
        }
      ]
    },
    {
      "mode": "managed",
      "type": "aws_eip",
      "name": "georged-k8s-host-public-ip",
      "provider": "provider.aws",
      "instances": [
        {
          "schema_version": 0,
          "attributes": {
            "allocation_id": null,
            "associate_with_private_ip": null,
            "association_id": "eipassoc-0d9e497749a24a422",
            "customer_owned_ip": "",
            "customer_owned_ipv4_pool": "",
            "domain": "vpc",
            "id": "eipalloc-060efc6e98e504b87",
            "instance": "i-03fac6ecaae81be42",
            "network_interface": "eni-0c35e2528705a9768",
            "private_dns": "ip-172-31-6-145.us-east-2.compute.internal",
            "private_ip": "172.31.6.145",
            "public_dns": "ec2-3-21-177-184.us-east-2.compute.amazonaws.com",
            "public_ip": "3.21.177.184",
            "public_ipv4_pool": "amazon",
            "tags": {
              "Name": "georged-k8s-host-public-ip",
              "Owner": "george_davis@trendmicro.com"
            },
            "timeouts": null,
            "vpc": true
          },
          "private": "eyJlMmJmYjczMC1lY2FhLTExZTYtOGY4OC0zNDM2M2JjN2M0YzAiOnsiZGVsZXRlIjoxODAwMDAwMDAwMDAsInJlYWQiOjkwMDAwMDAwMDAwMCwidXBkYXRlIjozMDAwMDAwMDAwMDB9fQ==",
          "dependencies": [
            "aws_instance.georged-k8s-host",
            "aws_security_group.georged-ssh-sg"
          ]
        }
      ]
    },
    {
      "module": "module.cgw-team2",
      "mode": "managed",
      "type": "aws_iam_instance_profile",
      "name": "cgw-aws-iam-instance-profile",
      "provider": "provider.aws.use1",
      "instances": [
        {
          "schema_version": 0,
          "attributes": {
            "arn": "arn:aws:iam::666402644145:instance-profile/cgw-aws-iam-instance-profile-p3mdecbm",
            "create_date": "2020-08-28T03:27:47Z",
            "id": "cgw-aws-iam-instance-profile-p3mdecbm",
            "name": "cgw-aws-iam-instance-profile-p3mdecbm",
            "name_prefix": null,
            "path": "/",
            "role": "cgw-aws-iam-role-p3mdecbm",
            "roles": [
              "cgw-aws-iam-role-p3mdecbm"
            ],
            "unique_id": "AIPAZWKFRMCY55J6NGA2C"
          },
          "private": "bnVsbA==",
          "dependencies": [
            "module.cgw-team2.aws_iam_role.cgw-aws-iam-role",
            "module.cgw-team2.random_string.unique-id"
          ]
        }
      ]
    },
    {
      "module": "module.cgw-team2",
      "mode": "managed",
      "type": "aws_iam_policy",
      "name": "cgw-aws-iam-policy",
      "provider": "provider.aws.use1",
      "instances": [
        {
          "schema_version": 0,
          "attributes": {
            "arn": "arn:aws:iam::666402644145:policy/cgw-aws-iam-policy-p3mdecbm",
            "description": "cgw-aws-iam-policy-p3mdecbm for cgw-aws-iam-user-p3mdecbm",
            "id": "arn:aws:iam::666402644145:policy/cgw-aws-iam-policy-p3mdecbm",
            "name": "cgw-aws-iam-policy-p3mdecbm",
            "name_prefix": null,
            "path": "/",
            "policy": "{\n  \"Version\": \"2012-10-17\",\n  \"Statement\": [\n    {\n      \"Sid\": \"CGWS3Rolep3mdecbm\",\n      \"Effect\": \"Allow\",\n      \"Action\": \"s3:*\",\n      \"Resource\": \"*\",\n      \"Condition\": {\n        \"StringEquals\": {\n          \"aws:ResourceTag/Team-UUID\": \"cgw-aws-p3mdecbm\"\n        }\n      }\n    },\n    {\n      \"Sid\": \"CGWEc2Rolep3mdecbm\",\n      \"Effect\": \"Allow\",\n      \"Action\": \"ec2:*\",\n      \"Resource\": \"*\",\n      \"Condition\": {\n        \"StringEquals\": {\n          \"ec2:ResourceTag/Team-UUID\": \"cgw-aws-p3mdecbm\"\n        }\n      }\n    },\n    {\n      \"Sid\": \"CGWKmsRolep3mdecbm\",\n      \"Effect\": \"Allow\",\n      \"Action\": \"kms:*\",\n      \"Resource\": \"*\",\n      \"Condition\": {\n        \"StringEquals\": {\n          \"aws:ResourceTag/Team-UUID\": \"cgw-aws-p3mdecbm\"\n        }\n      }\n    },\n    {\n      \"Sid\": \"CGWIamRolep3mdecbm\",\n      \"Effect\": \"Allow\",\n      \"Action\": \"iam:*\",\n      \"Resource\": \"*\",\n      \"Condition\": {\n        \"StringEquals\": {\n          \"iam:ResourceTag/Team-UUID\": \"cgw-aws-p3mdecbm\"\n        }\n      }\n    },\n    {\n      \"Sid\": \"CGWLambdaRolep3mdecbm\",\n      \"Effect\": \"Allow\",\n      \"Action\": \"lambda:*\",\n      \"Resource\": \"*\",\n      \"Condition\": {\n        \"StringEquals\": {\n          \"iam:ResourceTag/Team-UUID\": \"cgw-aws-p3mdecbm\"\n        }\n      }\n    },\n    {\n      \"Sid\": \"CGWSnsRolep3mdecbm\",\n      \"Effect\": \"Allow\",\n      \"Action\": \"SNS:Publish\",\n      \"Resource\": \"*\",\n      \"Condition\": {\n        \"StringEquals\": {\n          \"iam:ResourceTag/Team-UUID\": \"cgw-aws-p3mdecbm\"\n        }\n      }\n    }\n  ]\n}"
          },
          "private": "bnVsbA==",
          "dependencies": [
            "module.cgw-team2.aws_iam_user.cgw-aws-iam-user",
            "module.cgw-team2.random_string.unique-id"
          ]
        }
      ]
    },
    {
      "module": "module.cgw-team2",
      "mode": "managed",
      "type": "aws_iam_policy",
      "name": "cgw-aws-iam-service-role-lambda-policy",
      "provider": "provider.aws.use1",
      "instances": [
        {
          "schema_version": 0,
          "attributes": {
            "arn": "arn:aws:iam::666402644145:policy/cgw-aws-iam-service-role-lambda-policy-p3mdecbm",
            "description": "cgw-aws-iam-service-role-lambda-policy-p3mdecbm for cgw-aws-iam-user-p3mdecbm",
            "id": "arn:aws:iam::666402644145:policy/cgw-aws-iam-service-role-lambda-policy-p3mdecbm",
            "name": "cgw-aws-iam-service-role-lambda-policy-p3mdecbm",
            "name_prefix": null,
            "path": "/",
            "policy": "{\n  \"Version\": \"2012-10-17\",\n  \"Statement\": [\n    {\n      \"Sid\": \"CGWLambdaSnsServiceRolep3mdecbm\",\n      \"Effect\": \"Allow\",\n      \"Action\": [\n        \"SNS:Subscribe\",\n        \"SNS:SetTopicAttributes\",\n        \"SNS:RemovePermission\",\n        \"SNS:Receive\",\n        \"SNS:Publish\",\n        \"SNS:ListSubscriptionsByTopic\",\n        \"SNS:GetTopicAttributes\",\n        \"SNS:DeleteTopic\",\n        \"SNS:AddPermission\"\n      ],\n      \"Resource\": \"arn:aws:sns:us-east-1:666402644145:cgw-aws-sns-p3mdecbm-EmailSNSTopic-1HK6NZQ861G0L\"\n    },\n    {\n      \"Sid\": \"CGWLambdaBasicExecutionRolep3mdecbm\",\n      \"Effect\": \"Allow\",\n      \"Action\": [\n        \"logs:PutLogEvents\",\n        \"logs:CreateLogStream\",\n        \"logs:CreateLogGroup\"\n      ],\n      \"Resource\": \"arn:aws:logs:*:*:*\"\n    }\n  ]\n}"
          },
          "private": "bnVsbA==",
          "dependencies": [
            "module.cgw-team2.aws_cloudformation_stack.cgw-aws-sns",
            "module.cgw-team2.aws_iam_user.cgw-aws-iam-user",
            "module.cgw-team2.random_string.unique-id"
          ]
        }
      ]
    },
    {
      "module": "module.cgw-team2",
      "mode": "managed",
      "type": "aws_iam_role",
      "name": "cgw-aws-iam-role",
      "provider": "provider.aws.use1",
      "instances": [
        {
          "schema_version": 0,
          "attributes": {
            "arn": "arn:aws:iam::666402644145:role/cgw-aws-iam-role-p3mdecbm",
            "assume_role_policy": "{\"Version\":\"2012-10-17\",\"Statement\":[{\"Effect\":\"Allow\",\"Principal\":{\"Service\":\"ec2.amazonaws.com\"},\"Action\":\"sts:AssumeRole\"}]}",
            "create_date": "2020-08-28T03:27:46Z",
            "description": "",
            "force_detach_policies": false,
            "id": "cgw-aws-iam-role-p3mdecbm",
            "max_session_duration": 3600,
            "name": "cgw-aws-iam-role-p3mdecbm",
            "name_prefix": null,
            "path": "/",
            "permissions_boundary": null,
            "tags": {
              "Name": "cgw-aws-iam-role-p3mdecbm",
              "Owner": "george_davis@trendmicro.com",
              "Project": "cgw",
              "Team": "team2",
              "Team-UUID": "cgw-aws-p3mdecbm"
            },
            "unique_id": "AROAZWKFRMCY4WEST7YUD"
          },
          "private": "bnVsbA==",
          "dependencies": [
            "module.cgw-team2.random_string.unique-id"
          ]
        }
      ]
    },
    {
      "module": "module.cgw-team2",
      "mode": "managed",
      "type": "aws_iam_role",
      "name": "cgw-aws-iam-service-role-lambda",
      "provider": "provider.aws.use1",
      "instances": [
        {
          "schema_version": 0,
          "attributes": {
            "arn": "arn:aws:iam::666402644145:role/cgw-aws-iam-service-role-lambda-p3mdecbm",
            "assume_role_policy": "{\"Version\":\"2012-10-17\",\"Statement\":[{\"Sid\":\"CGWStsRole\",\"Effect\":\"Allow\",\"Principal\":{\"Service\":\"lambda.amazonaws.com\"},\"Action\":\"sts:AssumeRole\"}]}",
            "create_date": "2020-08-28T03:27:46Z",
            "description": "",
            "force_detach_policies": false,
            "id": "cgw-aws-iam-service-role-lambda-p3mdecbm",
            "max_session_duration": 3600,
            "name": "cgw-aws-iam-service-role-lambda-p3mdecbm",
            "name_prefix": null,
            "path": "/",
            "permissions_boundary": null,
            "tags": {
              "Name": "cgw-aws-iam-service-role-lambda-p3mdecbm",
              "Owner": "george_davis@trendmicro.com",
              "Project": "cgw",
              "Team": "team2",
              "Team-UUID": "cgw-aws-p3mdecbm"
            },
            "unique_id": "AROAZWKFRMCYSNU6THYYG"
          },
          "private": "bnVsbA==",
          "dependencies": [
            "module.cgw-team2.random_string.unique-id"
          ]
        }
      ]
    },
    {
      "module": "module.cgw-team2",
      "mode": "managed",
      "type": "aws_iam_role_policy_attachment",
      "name": "cgw-aws-iam-role-policy-attach",
      "provider": "provider.aws.use1",
      "instances": [
        {
          "schema_version": 0,
          "attributes": {
            "id": "cgw-aws-iam-role-p3mdecbm-20200828032749059800000001",
            "policy_arn": "arn:aws:iam::666402644145:policy/cgw-aws-iam-policy-p3mdecbm",
            "role": "cgw-aws-iam-role-p3mdecbm"
          },
          "private": "bnVsbA==",
          "dependencies": [
            "module.cgw-team2.aws_iam_policy.cgw-aws-iam-policy",
            "module.cgw-team2.aws_iam_role.cgw-aws-iam-role",
            "module.cgw-team2.aws_iam_user.cgw-aws-iam-user",
            "module.cgw-team2.random_string.unique-id"
          ]
        }
      ]
    },
    {
      "module": "module.cgw-team2",
      "mode": "managed",
      "type": "aws_iam_role_policy_attachment",
      "name": "cgw-aws-iam-service-role-lambda-policy-attach",
      "provider": "provider.aws.use1",
      "instances": [
        {
          "schema_version": 0,
          "attributes": {
            "id": "cgw-aws-iam-service-role-lambda-p3mdecbm-20200828032814146300000003",
            "policy_arn": "arn:aws:iam::666402644145:policy/cgw-aws-iam-service-role-lambda-policy-p3mdecbm",
            "role": "cgw-aws-iam-service-role-lambda-p3mdecbm"
          },
          "private": "bnVsbA==",
          "dependencies": [
            "module.cgw-team2.aws_cloudformation_stack.cgw-aws-sns",
            "module.cgw-team2.aws_iam_policy.cgw-aws-iam-service-role-lambda-policy",
            "module.cgw-team2.aws_iam_role.cgw-aws-iam-service-role-lambda",
            "module.cgw-team2.aws_iam_user.cgw-aws-iam-user",
            "module.cgw-team2.random_string.unique-id"
          ]
        }
      ]
    },
    {
      "module": "module.cgw-team2",
      "mode": "managed",
      "type": "aws_iam_user",
      "name": "cgw-aws-iam-user",
      "provider": "provider.aws.use1",
      "instances": [
        {
          "schema_version": 0,
          "attributes": {
            "arn": "arn:aws:iam::666402644145:user/cgw-aws-iam-user-p3mdecbm",
            "force_destroy": false,
            "id": "cgw-aws-iam-user-p3mdecbm",
            "name": "cgw-aws-iam-user-p3mdecbm",
            "path": "/",
            "permissions_boundary": null,
            "tags": {
              "Name": "cgw-aws-iam-user-p3mdecbm",
              "Owner": "george_davis@trendmicro.com",
              "Project": "cgw",
              "Team": "team2",
              "Team-UUID": "cgw-aws-p3mdecbm"
            },
            "unique_id": "AIDAZWKFRMCYXTZLZS5LO"
          },
          "private": "bnVsbA==",
          "dependencies": [
            "module.cgw-team2.random_string.unique-id"
          ]
        }
      ]
    },
    {
      "module": "module.cgw-team2",
      "mode": "managed",
      "type": "aws_iam_user_login_profile",
      "name": "cgw-aws-iam-user-login-profile",
      "provider": "provider.aws.use1",
      "instances": [
        {
          "schema_version": 0,
          "attributes": {
            "encrypted_password": "wcFMA/Bn0ilqZW0GARAAce6I2coTAPVz39q8SOdi0ePoalo3hLKiuCVG3eJGP61Uh6SVBkkExcAZhLNOIywqf3yO1Egu6bypnkPhF03FaN8oK20yDGQh65Z0CUMiKBicT7z7TreEy8bfzs+yRDI6/S2Nd/e07zPIsC/H94DSP20NiTq1hdDBKqkNcSqCCtTHj+1iF29x7+zp1nhrUHCtbuTQngqTOxniiQIzPPDTw+6B4hrl0WWO0fQ+reodgKC0VqmuFt9qMVnIQ2aB+78O3m/XMuM894CiIWRJzaATQQQbKChaqK36wsLDDSCpL/TPDMcY0Z5c229A1mlKY+Y0d43fMvdCEIK9792Przu2R3kQsRtCikIn5dd7Vuv21OSJHaVwq7Ckb52Y6KxhHCBtAIb129K6KkmlU+adbMmqeK4CSodUgrOgF34FaUxlGyrnsgmLDE2EZ+d/ESRik1JpLCb2yj7I0TgegfoQyG5HgDFzroR3mAygDBMj2Ufl47R7TLxZclSYIFR+5RlPvQ0hT4uo5tC9knaGglwqBSRzsVAlpm4CC5/kV+Ymb0nKi8HXQ5/Y4Mw4iuAbG05YHo2/6w5qu0FCouEW2C1OKTqLaHrGEOIVIPxFZrYZ6zWciv9NCIkEImdYM5s151KKs0ES/vfp6WzZWkYqZTYHB4G7Sr9R/xQQpkerzQIHkVSDfVbS4AHk0w7ANEJm+JkHHkOhJ4m5huE1LOAI4PTh0ELgG+Le9lA94ITkVinwrkQWj7eVrw57HF1+x+A34m6UKxfgVuTQ5/9ftqC3AcB4p+iT8GVm4qrhnb7hIs8A",
            "id": "cgw-aws-iam-user-p3mdecbm",
            "key_fingerprint": "927551101a897a3a53b39811251fa006ca2c4747",
            "password_length": 20,
            "password_reset_required": false,
            "pgp_key": "keybase:georgedavistm",
            "user": "cgw-aws-iam-user-p3mdecbm"
          },
          "private": "bnVsbA==",
          "dependencies": [
            "module.cgw-team2.aws_iam_user.cgw-aws-iam-user",
            "module.cgw-team2.random_string.unique-id"
          ]
        }
      ]
    },
    {
      "module": "module.cgw-team2",
      "mode": "managed",
      "type": "aws_iam_user_policy_attachment",
      "name": "cgw-aws-iam-user-policy-attach",
      "provider": "provider.aws.use1",
      "instances": [
        {
          "schema_version": 0,
          "attributes": {
            "id": "cgw-aws-iam-user-p3mdecbm-20200828032749463700000002",
            "policy_arn": "arn:aws:iam::666402644145:policy/cgw-aws-iam-policy-p3mdecbm",
            "user": "cgw-aws-iam-user-p3mdecbm"
          },
          "private": "bnVsbA==",
          "dependencies": [
            "module.cgw-team2.aws_iam_policy.cgw-aws-iam-policy",
            "module.cgw-team2.aws_iam_user.cgw-aws-iam-user",
            "module.cgw-team2.random_string.unique-id"
          ]
        }
      ]
    },
    {
      "module": "module.cgw-team2",
      "mode": "managed",
      "type": "aws_instance",
      "name": "cgw-aws-instance",
      "provider": "provider.aws.use1",
      "instances": [
        {
          "schema_version": 1,
          "attributes": {
            "ami": "ami-0beafb294c86717a8",
            "arn": "arn:aws:ec2:us-east-1:666402644145:instance/i-0a30e32c6bc1838d1",
            "associate_public_ip_address": true,
            "availability_zone": "us-east-1a",
            "cpu_core_count": 1,
            "cpu_threads_per_core": 1,
            "credit_specification": [
              {
                "cpu_credits": "standard"
              }
            ],
            "disable_api_termination": false,
            "ebs_block_device": [
              {
                "delete_on_termination": false,
                "device_name": "/dev/sdb",
                "encrypted": false,
                "iops": 120,
                "kms_key_id": "",
                "snapshot_id": "",
                "volume_id": "vol-039de48362eb31787",
                "volume_size": 40,
                "volume_type": "gp2"
              }
            ],
            "ebs_optimized": false,
            "ephemeral_block_device": [],
            "get_password_data": false,
            "hibernation": false,
            "host_id": null,
            "iam_instance_profile": "cgw-aws-iam-instance-profile-p3mdecbm",
            "id": "i-0a30e32c6bc1838d1",
            "instance_initiated_shutdown_behavior": null,
            "instance_state": "running",
            "instance_type": "t2.micro",
            "ipv6_address_count": 0,
            "ipv6_addresses": [],
            "key_name": "CGW-Keypair",
            "metadata_options": [
              {
                "http_endpoint": "enabled",
                "http_put_response_hop_limit": 1,
                "http_tokens": "optional"
              }
            ],
            "monitoring": false,
            "network_interface": [],
            "network_interface_id": null,
            "outpost_arn": "",
            "password_data": "",
            "placement_group": "",
            "primary_network_interface_id": "eni-04df4d640d9a95170",
            "private_dns": "ip-172-31-67-209.ec2.internal",
            "private_ip": "172.31.67.209",
            "public_dns": "ec2-54-172-159-80.compute-1.amazonaws.com",
            "public_ip": "54.172.159.80",
            "root_block_device": [
              {
                "delete_on_termination": true,
                "device_name": "/dev/xvda",
                "encrypted": false,
                "iops": 120,
                "kms_key_id": "",
                "volume_id": "vol-0afa71623e40d0e10",
                "volume_size": 40,
                "volume_type": "gp2"
              }
            ],
            "security_groups": [
              "cgw-aws-ssh-sg-p3mdecbm"
            ],
            "source_dest_check": true,
            "subnet_id": "subnet-aaf41586",
            "tags": {
              "Name": "cgw-aws-ec2-p3mdecbm",
              "Owner": "george_davis@trendmicro.com",
              "Project": "cgw",
              "Team": "team2",
              "Team-UUID": "cgw-aws-p3mdecbm"
            },
            "tenancy": "default",
            "timeouts": null,
            "user_data": null,
            "user_data_base64": null,
            "volume_tags": {
              "InstanceId": "i-0a30e32c6bc1838d1",
              "Name": "cgw-aws-ebs-vol-p3mdecbm",
              "Owner": "george_davis@trendmicro.com",
              "Project": "cgw",
              "Team": "team2",
              "Team-UUID": "cgw-aws-p3mdecbm"
            },
            "vpc_security_group_ids": [
              "sg-0bba186d4fbd6276c"
            ]
          },
          "private": "eyJlMmJmYjczMC1lY2FhLTExZTYtOGY4OC0zNDM2M2JjN2M0YzAiOnsiY3JlYXRlIjo2MDAwMDAwMDAwMDAsImRlbGV0ZSI6MTIwMDAwMDAwMDAwMCwidXBkYXRlIjo2MDAwMDAwMDAwMDB9LCJzY2hlbWFfdmVyc2lvbiI6IjEifQ==",
          "dependencies": [
            "module.cgw-team2.aws_iam_instance_profile.cgw-aws-iam-instance-profile",
            "module.cgw-team2.aws_iam_role.cgw-aws-iam-role",
            "module.cgw-team2.aws_security_group.cgw-aws-ssh-sg",
            "module.cgw-team2.random_string.unique-id"
          ]
        }
      ]
    },
    {
      "mode": "managed",
      "type": "aws_instance",
      "name": "cgw-common-db-instance",
      "provider": "provider.aws",
      "instances": [
        {
          "schema_version": 1,
          "attributes": {
            "ami": "ami-0f4665edc97a93bea",
            "arn": "arn:aws:ec2:us-east-2:666402644145:instance/i-00975873156ca6ecc",
            "associate_public_ip_address": true,
            "availability_zone": "us-east-2a",
            "cpu_core_count": 1,
            "cpu_threads_per_core": 1,
            "credit_specification": [
              {
                "cpu_credits": "standard"
              }
            ],
            "disable_api_termination": false,
            "ebs_block_device": [],
            "ebs_optimized": false,
            "ephemeral_block_device": [],
            "get_password_data": false,
            "hibernation": false,
            "host_id": null,
            "iam_instance_profile": "",
            "id": "i-00975873156ca6ecc",
            "instance_initiated_shutdown_behavior": null,
            "instance_state": "running",
            "instance_type": "t2.micro",
            "ipv6_address_count": 0,
            "ipv6_addresses": [],
            "key_name": "CloudOne",
            "metadata_options": [
              {
                "http_endpoint": "enabled",
                "http_put_response_hop_limit": 1,
                "http_tokens": "optional"
              }
            ],
            "monitoring": false,
            "network_interface": [],
            "network_interface_id": null,
            "outpost_arn": "",
            "password_data": "",
            "placement_group": "",
            "primary_network_interface_id": "eni-07b81ffb7a935d892",
            "private_dns": "ip-172-31-11-211.us-east-2.compute.internal",
            "private_ip": "172.31.11.211",
            "public_dns": "ec2-3-20-89-105.us-east-2.compute.amazonaws.com",
            "public_ip": "3.20.89.105",
            "root_block_device": [
              {
                "delete_on_termination": true,
                "device_name": "/dev/xvda",
                "encrypted": false,
                "iops": 120,
                "kms_key_id": "",
                "volume_id": "vol-08a255998f25479e4",
                "volume_size": 40,
                "volume_type": "gp2"
              }
            ],
            "security_groups": [
              "cgw-common-db-sg",
              "georged-ssh-sg"
            ],
            "source_dest_check": true,
            "subnet_id": "subnet-c1dc41a8",
            "tags": {
              "Name": "cgw-common-db-ec2-instance",
              "Owner": "george_davis@trendmicro.com",
              "Project": "cgw-common"
            },
            "tenancy": "default",
            "timeouts": null,
            "user_data": null,
            "user_data_base64": null,
            "volume_tags": {},
            "vpc_security_group_ids": [
              "sg-0674451093c4a63e8",
              "sg-07f60225ce03d424a"
            ]
          },
          "private": "eyJlMmJmYjczMC1lY2FhLTExZTYtOGY4OC0zNDM2M2JjN2M0YzAiOnsiY3JlYXRlIjo2MDAwMDAwMDAwMDAsImRlbGV0ZSI6MTIwMDAwMDAwMDAwMCwidXBkYXRlIjo2MDAwMDAwMDAwMDB9LCJzY2hlbWFfdmVyc2lvbiI6IjEifQ==",
          "dependencies": [
            "aws_security_group.cgw-common-db-sg",
            "aws_security_group.georged-ssh-sg"
          ]
        }
      ]
    },
    {
      "mode": "managed",
      "type": "aws_instance",
      "name": "georged-k8s-host",
      "provider": "provider.aws",
      "instances": [
        {
          "schema_version": 1,
          "attributes": {
            "ami": "ami-f4f4cf91",
            "arn": "arn:aws:ec2:us-east-2:666402644145:instance/i-03fac6ecaae81be42",
            "associate_public_ip_address": true,
            "availability_zone": "us-east-2a",
            "cpu_core_count": 2,
            "cpu_threads_per_core": 1,
            "credit_specification": [
              {
                "cpu_credits": "standard"
              }
            ],
            "disable_api_termination": false,
            "ebs_block_device": [],
            "ebs_optimized": false,
            "ephemeral_block_device": [],
            "get_password_data": false,
            "hibernation": false,
            "host_id": null,
            "iam_instance_profile": "Cloud1",
            "id": "i-03fac6ecaae81be42",
            "instance_initiated_shutdown_behavior": null,
            "instance_state": "stopped",
            "instance_type": "t2.medium",
            "ipv6_address_count": 0,
            "ipv6_addresses": [],
            "key_name": "CloudOne",
            "metadata_options": [
              {
                "http_endpoint": "enabled",
                "http_put_response_hop_limit": 1,
                "http_tokens": "optional"
              }
            ],
            "monitoring": false,
            "network_interface": [],
            "network_interface_id": null,
            "outpost_arn": "",
            "password_data": "",
            "placement_group": "",
            "primary_network_interface_id": "eni-0c35e2528705a9768",
            "private_dns": "ip-172-31-6-145.us-east-2.compute.internal",
            "private_ip": "172.31.6.145",
            "public_dns": "ec2-3-21-177-184.us-east-2.compute.amazonaws.com",
            "public_ip": "3.21.177.184",
            "root_block_device": [
              {
                "delete_on_termination": true,
                "device_name": "/dev/sda1",
                "encrypted": false,
                "iops": 100,
                "kms_key_id": "",
                "volume_id": "vol-0a30c718b16d3b647",
                "volume_size": 8,
                "volume_type": "gp2"
              }
            ],
            "security_groups": [
              "georged-k8s-sg",
              "georged-ssh-sg"
            ],
            "source_dest_check": true,
            "subnet_id": "subnet-c1dc41a8",
            "tags": {
              "Name": "georged-k8s-host",
              "Owner": "george_davis@trendmicro.com",
              "Project": "C1-Demo",
              "Usecase": "C1-ContainerSecurity"
            },
            "tenancy": "default",
            "timeouts": null,
            "user_data": null,
            "user_data_base64": null,
            "volume_tags": {},
            "vpc_security_group_ids": [
              "sg-0674451093c4a63e8",
              "sg-0d55827be351fff41"
            ]
          },
          "private": "eyJlMmJmYjczMC1lY2FhLTExZTYtOGY4OC0zNDM2M2JjN2M0YzAiOnsiY3JlYXRlIjo2MDAwMDAwMDAwMDAsImRlbGV0ZSI6MTIwMDAwMDAwMDAwMCwidXBkYXRlIjo2MDAwMDAwMDAwMDB9LCJzY2hlbWFfdmVyc2lvbiI6IjEifQ==",
          "dependencies": [
            "aws_security_group.georged-k8s-sg",
            "aws_security_group.georged-ssh-sg"
          ]
        }
      ]
    },
    {
      "module": "module.cgw-team2",
      "mode": "managed",
      "type": "aws_kms_key",
      "name": "cgw-aws-kms-key",
      "provider": "provider.aws.use1",
      "instances": [
        {
          "schema_version": 0,
          "attributes": {
            "arn": "arn:aws:kms:us-east-1:666402644145:key/c643efda-2987-46a7-8472-239f73ba2e6e",
            "customer_master_key_spec": "SYMMETRIC_DEFAULT",
            "deletion_window_in_days": null,
            "description": "cgw-aws-kms-key-p3mdecbm for cgw-aws-iam-user-p3mdecbm",
            "enable_key_rotation": false,
            "id": "c643efda-2987-46a7-8472-239f73ba2e6e",
            "is_enabled": true,
            "key_id": "c643efda-2987-46a7-8472-239f73ba2e6e",
            "key_usage": "ENCRYPT_DECRYPT",
            "policy": "{\"Id\":\"key-default-1\",\"Statement\":[{\"Action\":\"kms:*\",\"Effect\":\"Allow\",\"Principal\":{\"AWS\":\"arn:aws:iam::666402644145:root\"},\"Resource\":\"*\",\"Sid\":\"Enable IAM User Permissions\"}],\"Version\":\"2012-10-17\"}",
            "tags": {
              "Name": "cgw-aws-kms-key-p3mdecbm",
              "Owner": "george_davis@trendmicro.com",
              "Project": "cgw",
              "Team": "team2",
              "Team-UUID": "cgw-aws-p3mdecbm"
            }
          },
          "private": "bnVsbA==",
          "dependencies": [
            "module.cgw-team2.aws_iam_user.cgw-aws-iam-user",
            "module.cgw-team2.random_string.unique-id"
          ]
        }
      ]
    },
    {
      "module": "module.cgw-team2",
      "mode": "managed",
      "type": "aws_lambda_function",
      "name": "cgw-aws-lambda-sendmail",
      "provider": "provider.aws.use1",
      "instances": [
        {
          "schema_version": 0,
          "attributes": {
            "arn": "arn:aws:lambda:us-east-1:666402644145:function:cgw-aws-lambda-sendmail-p3mdecbm",
            "dead_letter_config": [],
            "description": "",
            "environment": [
              {
                "variables": {
                  "MSG_SENSITIVE_TEXT": "Team UUID : cgw-p3mdecbm AWS Console URL : https://us-east-1.signin.aws.amazon.com/  AWS Account Id : 666402644145 AWS IAM User : cgw-aws-iam-user-p3mdecbm AWS Console Password : VFrk0$Xupf\u0026QDu-j8w_|",
                  "MSG_SUBJECT": "Cloud Governance Workshop - Team Confidential - Team UUID: cgw-aws-p3mdecbm",
                  "SNS_TOPIC_ARN": "arn:aws:sns:us-east-1:666402644145:cgw-aws-sns-p3mdecbm-EmailSNSTopic-1HK6NZQ861G0L"
                }
              }
            ],
            "file_system_config": [],
            "filename": "modules/aws-cloud-governance-workshop/cgw-aws-lambda-sendmail/cgw-aws-lambda-sendmail.zip",
            "function_name": "cgw-aws-lambda-sendmail-p3mdecbm",
            "handler": "lambda_function.send_to_sns",
            "id": "cgw-aws-lambda-sendmail-p3mdecbm",
            "invoke_arn": "arn:aws:apigateway:us-east-1:lambda:path/2015-03-31/functions/arn:aws:lambda:us-east-1:666402644145:function:cgw-aws-lambda-sendmail-p3mdecbm/invocations",
            "kms_key_arn": "",
            "last_modified": "2020-08-28T03:28:13.692+0000",
            "layers": [],
            "memory_size": 128,
            "publish": false,
            "qualified_arn": "arn:aws:lambda:us-east-1:666402644145:function:cgw-aws-lambda-sendmail-p3mdecbm:$LATEST",
            "reserved_concurrent_executions": -1,
            "role": "arn:aws:iam::666402644145:role/cgw-aws-iam-service-role-lambda-p3mdecbm",
            "runtime": "python2.7",
            "s3_bucket": null,
            "s3_key": null,
            "s3_object_version": null,
            "source_code_hash": "AoZ89nEJuA/KD8IZZaaZ5MwRF8DIurw5jWQ1DBePZA8=",
            "source_code_size": 602,
            "tags": {
              "Name": "cgw-aws-lambda-sendmail-p3mdecbm",
              "Owner": "george_davis@trendmicro.com",
              "Project": "cgw",
              "Team": "team2",
              "Team-UUID": "cgw-aws-p3mdecbm"
            },
            "timeout": 3,
            "timeouts": null,
            "tracing_config": [
              {
                "mode": "PassThrough"
              }
            ],
            "version": "$LATEST",
            "vpc_config": []
          },
          "private": "eyJlMmJmYjczMC1lY2FhLTExZTYtOGY4OC0zNDM2M2JjN2M0YzAiOnsiY3JlYXRlIjo2MDAwMDAwMDAwMDB9fQ==",
          "dependencies": [
            "module.cgw-team2.aws_cloudformation_stack.cgw-aws-sns",
            "module.cgw-team2.aws_iam_role.cgw-aws-iam-service-role-lambda",
            "module.cgw-team2.aws_iam_user.cgw-aws-iam-user",
            "module.cgw-team2.random_string.unique-id"
          ]
        }
      ]
    },
    {
      "module": "module.cgw-team2",
      "mode": "managed",
      "type": "aws_lb",
      "name": "cgw-aws-elb",
      "provider": "provider.aws.use1",
      "instances": [
        {
          "schema_version": 0,
          "attributes": {
            "access_logs": [
              {
                "bucket": "",
                "enabled": false,
                "prefix": ""
              }
            ],
            "arn": "arn:aws:elasticloadbalancing:us-east-1:666402644145:loadbalancer/net/cgw-aws-elb-p3mdecbm/b68df1f836185fe0",
            "arn_suffix": "net/cgw-aws-elb-p3mdecbm/b68df1f836185fe0",
            "dns_name": "cgw-aws-elb-p3mdecbm-b68df1f836185fe0.elb.us-east-1.amazonaws.com",
            "drop_invalid_header_fields": null,
            "enable_cross_zone_load_balancing": false,
            "enable_deletion_protection": false,
            "enable_http2": null,
            "id": "arn:aws:elasticloadbalancing:us-east-1:666402644145:loadbalancer/net/cgw-aws-elb-p3mdecbm/b68df1f836185fe0",
            "idle_timeout": null,
            "internal": false,
            "ip_address_type": "ipv4",
            "load_balancer_type": "network",
            "name": "cgw-aws-elb-p3mdecbm",
            "name_prefix": null,
            "security_groups": [],
            "subnet_mapping": [
              {
                "allocation_id": "",
                "subnet_id": "subnet-aaf41586"
              }
            ],
            "subnets": [
              "subnet-aaf41586"
            ],
            "tags": {
              "Name": "cgw-aws-elb-p3mdecbm",
              "Owner": "george_davis@trendmicro.com",
              "Project": "cgw",
              "Team": "team2",
              "Team-UUID": "cgw-aws-p3mdecbm"
            },
            "timeouts": null,
            "vpc_id": "vpc-96c5c8f0",
            "zone_id": "Z26RNL4JYFTOTI"
          },
          "private": "eyJlMmJmYjczMC1lY2FhLTExZTYtOGY4OC0zNDM2M2JjN2M0YzAiOnsiY3JlYXRlIjo2MDAwMDAwMDAwMDAsImRlbGV0ZSI6NjAwMDAwMDAwMDAwLCJ1cGRhdGUiOjYwMDAwMDAwMDAwMH19",
          "dependencies": [
            "module.cgw-team2.random_string.unique-id"
          ]
        }
      ]
    },
    {
      "module": "module.cgw-team2",
      "mode": "managed",
      "type": "aws_s3_bucket",
      "name": "cgw-aws-s3-bucket",
      "provider": "provider.aws.use1",
      "instances": [
        {
          "schema_version": 0,
          "attributes": {
            "acceleration_status": "",
            "acl": "public-read",
            "arn": "arn:aws:s3:::cgw-aws-s3-bucket-p3mdecbm",
            "bucket": "cgw-aws-s3-bucket-p3mdecbm",
            "bucket_domain_name": "cgw-aws-s3-bucket-p3mdecbm.s3.amazonaws.com",
            "bucket_prefix": null,
            "bucket_regional_domain_name": "cgw-aws-s3-bucket-p3mdecbm.s3.amazonaws.com",
            "cors_rule": [
              {
                "allowed_headers": [
                  "*"
                ],
                "allowed_methods": [
                  "GET",
                  "POST",
                  "PUT",
                  "DELETE",
                  "HEAD"
                ],
                "allowed_origins": [
                  "*"
                ],
                "expose_headers": [
                  "ETag"
                ],
                "max_age_seconds": 0
              }
            ],
            "force_destroy": false,
            "grant": [],
            "hosted_zone_id": "Z3AQBSTGFYJSTF",
            "id": "cgw-aws-s3-bucket-p3mdecbm",
            "lifecycle_rule": [],
            "logging": [],
            "object_lock_configuration": [],
            "policy": null,
            "region": "us-east-1",
            "replication_configuration": [],
            "request_payer": "BucketOwner",
            "server_side_encryption_configuration": [],
            "tags": {
              "Name": "cgw-aws-s3-bucket-p3mdecbm",
              "Owner": "george_davis@trendmicro.com",
              "Project": "cgw",
              "Team": "team2",
              "Team-UUID": "cgw-aws-p3mdecbm"
            },
            "versioning": [
              {
                "enabled": false,
                "mfa_delete": false
              }
            ],
            "website": [],
            "website_domain": null,
            "website_endpoint": null
          },
          "private": "bnVsbA==",
          "dependencies": [
            "module.cgw-team2.random_string.unique-id"
          ]
        }
      ]
    },
    {
      "module": "module.cgw-team2",
      "mode": "managed",
      "type": "aws_security_group",
      "name": "cgw-aws-codeserver-sg",
      "provider": "provider.aws.use1",
      "instances": [
        {
          "schema_version": 1,
          "attributes": {
            "arn": "arn:aws:ec2:us-east-1:666402644145:security-group/sg-04c37c56837a5434b",
            "description": "Allow Code Server traffic",
            "egress": [
              {
                "cidr_blocks": [
                  "0.0.0.0/0"
                ],
                "description": "",
                "from_port": 0,
                "ipv6_cidr_blocks": [],
                "prefix_list_ids": [],
                "protocol": "-1",
                "security_groups": [],
                "self": false,
                "to_port": 0
              }
            ],
            "id": "sg-04c37c56837a5434b",
            "ingress": [
              {
                "cidr_blocks": [
                  "0.0.0.0/0"
                ],
                "description": "",
                "from_port": 8080,
                "ipv6_cidr_blocks": [],
                "prefix_list_ids": [],
                "protocol": "tcp",
                "security_groups": [],
                "self": false,
                "to_port": 8080
              }
            ],
            "name": "cgw-aws-codeserver-sg-p3mdecbm",
            "name_prefix": null,
            "owner_id": "666402644145",
            "revoke_rules_on_delete": false,
            "tags": {
              "Name": "cgw-aws-codeserver-sg-p3mdecbm",
              "Owner": "george_davis@trendmicro.com",
              "Project": "cgw",
              "Team": "team2",
              "Team-UUID": "cgw-aws-p3mdecbm"
            },
            "timeouts": null,
            "vpc_id": "vpc-96c5c8f0"
          },
          "private": "eyJlMmJmYjczMC1lY2FhLTExZTYtOGY4OC0zNDM2M2JjN2M0YzAiOnsiY3JlYXRlIjo2MDAwMDAwMDAwMDAsImRlbGV0ZSI6NjAwMDAwMDAwMDAwfSwic2NoZW1hX3ZlcnNpb24iOiIxIn0=",
          "dependencies": [
            "module.cgw-team2.random_string.unique-id"
          ]
        }
      ]
    },
    {
      "module": "module.cgw-team2",
      "mode": "managed",
      "type": "aws_security_group",
      "name": "cgw-aws-https-sg",
      "provider": "provider.aws.use1",
      "instances": [
        {
          "schema_version": 1,
          "attributes": {
            "arn": "arn:aws:ec2:us-east-1:666402644145:security-group/sg-05c94d82f7335f56e",
            "description": "Allow HTTPS traffic",
            "egress": [
              {
                "cidr_blocks": [
                  "0.0.0.0/0"
                ],
                "description": "",
                "from_port": 0,
                "ipv6_cidr_blocks": [],
                "prefix_list_ids": [],
                "protocol": "-1",
                "security_groups": [],
                "self": false,
                "to_port": 0
              }
            ],
            "id": "sg-05c94d82f7335f56e",
            "ingress": [
              {
                "cidr_blocks": [
                  "0.0.0.0/0"
                ],
                "description": "",
                "from_port": 443,
                "ipv6_cidr_blocks": [],
                "prefix_list_ids": [],
                "protocol": "tcp",
                "security_groups": [],
                "self": false,
                "to_port": 443
              }
            ],
            "name": "cgw-aws-https-sg-p3mdecbm",
            "name_prefix": null,
            "owner_id": "666402644145",
            "revoke_rules_on_delete": false,
            "tags": {
              "Name": "cgw-aws-https-sg-p3mdecbm",
              "Owner": "george_davis@trendmicro.com",
              "Project": "cgw",
              "Team": "team2",
              "Team-UUID": "cgw-aws-p3mdecbm"
            },
            "timeouts": null,
            "vpc_id": "vpc-96c5c8f0"
          },
          "private": "eyJlMmJmYjczMC1lY2FhLTExZTYtOGY4OC0zNDM2M2JjN2M0YzAiOnsiY3JlYXRlIjo2MDAwMDAwMDAwMDAsImRlbGV0ZSI6NjAwMDAwMDAwMDAwfSwic2NoZW1hX3ZlcnNpb24iOiIxIn0=",
          "dependencies": [
            "module.cgw-team2.random_string.unique-id"
          ]
        }
      ]
    },
    {
      "module": "module.cgw-team2",
      "mode": "managed",
      "type": "aws_security_group",
      "name": "cgw-aws-ssh-sg",
      "provider": "provider.aws.use1",
      "instances": [
        {
          "schema_version": 1,
          "attributes": {
            "arn": "arn:aws:ec2:us-east-1:666402644145:security-group/sg-0bba186d4fbd6276c",
            "description": "Allow SSH traffic",
            "egress": [
              {
                "cidr_blocks": [
                  "0.0.0.0/0"
                ],
                "description": "",
                "from_port": 0,
                "ipv6_cidr_blocks": [],
                "prefix_list_ids": [],
                "protocol": "-1",
                "security_groups": [],
                "self": false,
                "to_port": 0
              }
            ],
            "id": "sg-0bba186d4fbd6276c",
            "ingress": [
              {
                "cidr_blocks": [
                  "0.0.0.0/0"
                ],
                "description": "",
                "from_port": 22,
                "ipv6_cidr_blocks": [],
                "prefix_list_ids": [],
                "protocol": "tcp",
                "security_groups": [],
                "self": false,
                "to_port": 22
              }
            ],
            "name": "cgw-aws-ssh-sg-p3mdecbm",
            "name_prefix": null,
            "owner_id": "666402644145",
            "revoke_rules_on_delete": false,
            "tags": {
              "Name": "cgw-aws-ssh-sg-p3mdecbm",
              "Owner": "george_davis@trendmicro.com",
              "Project": "cgw",
              "Team": "team2",
              "Team-UUID": "cgw-aws-p3mdecbm"
            },
            "timeouts": null,
            "vpc_id": "vpc-96c5c8f0"
          },
          "private": "eyJlMmJmYjczMC1lY2FhLTExZTYtOGY4OC0zNDM2M2JjN2M0YzAiOnsiY3JlYXRlIjo2MDAwMDAwMDAwMDAsImRlbGV0ZSI6NjAwMDAwMDAwMDAwfSwic2NoZW1hX3ZlcnNpb24iOiIxIn0=",
          "dependencies": [
            "module.cgw-team2.random_string.unique-id"
          ]
        }
      ]
    },
    {
      "mode": "managed",
      "type": "aws_security_group",
      "name": "cgw-common-db-sg",
      "provider": "provider.aws",
      "instances": [
        {
          "schema_version": 1,
          "attributes": {
            "arn": "arn:aws:ec2:us-east-2:666402644145:security-group/sg-07f60225ce03d424a",
            "description": "Allow CGW DB \u0026 Services traffic",
            "egress": [
              {
                "cidr_blocks": [
                  "0.0.0.0/0"
                ],
                "description": "",
                "from_port": 0,
                "ipv6_cidr_blocks": [],
                "prefix_list_ids": [],
                "protocol": "-1",
                "security_groups": [],
                "self": false,
                "to_port": 0
              }
            ],
            "id": "sg-07f60225ce03d424a",
            "ingress": [
              {
                "cidr_blocks": [
                  "0.0.0.0/0"
                ],
                "description": "",
                "from_port": 3000,
                "ipv6_cidr_blocks": [],
                "prefix_list_ids": [],
                "protocol": "tcp",
                "security_groups": [],
                "self": false,
                "to_port": 3000
              },
              {
                "cidr_blocks": [
                  "142.116.0.0/15"
                ],
                "description": "",
                "from_port": 3306,
                "ipv6_cidr_blocks": [],
                "prefix_list_ids": [],
                "protocol": "tcp",
                "security_groups": [],
                "self": false,
                "to_port": 3306
              }
            ],
            "name": "cgw-common-db-sg",
            "name_prefix": null,
            "owner_id": "666402644145",
            "revoke_rules_on_delete": false,
            "tags": {
              "Name": "cgw-common-db-sg",
              "Owner": "george_davis@trendmicro.com",
              "Project": "cgw-common"
            },
            "timeouts": null,
            "vpc_id": "vpc-67cf400e"
          },
          "private": "eyJlMmJmYjczMC1lY2FhLTExZTYtOGY4OC0zNDM2M2JjN2M0YzAiOnsiY3JlYXRlIjo2MDAwMDAwMDAwMDAsImRlbGV0ZSI6NjAwMDAwMDAwMDAwfSwic2NoZW1hX3ZlcnNpb24iOiIxIn0="
        }
      ]
    },
    {
      "mode": "managed",
      "type": "aws_security_group",
      "name": "georged-https-sg",
      "provider": "provider.aws",
      "instances": [
        {
          "schema_version": 1,
          "attributes": {
            "arn": "arn:aws:ec2:us-east-2:666402644145:security-group/sg-082da6ab61abfd8dd",
            "description": "Allow HTTPS traffic",
            "egress": [
              {
                "cidr_blocks": [
                  "0.0.0.0/0"
                ],
                "description": "",
                "from_port": 0,
                "ipv6_cidr_blocks": [],
                "prefix_list_ids": [],
                "protocol": "-1",
                "security_groups": [],
                "self": false,
                "to_port": 0
              }
            ],
            "id": "sg-082da6ab61abfd8dd",
            "ingress": [
              {
                "cidr_blocks": [
                  "0.0.0.0/0"
                ],
                "description": "",
                "from_port": 443,
                "ipv6_cidr_blocks": [],
                "prefix_list_ids": [],
                "protocol": "tcp",
                "security_groups": [],
                "self": false,
                "to_port": 443
              }
            ],
            "name": "georged-https-sg",
            "name_prefix": null,
            "owner_id": "666402644145",
            "revoke_rules_on_delete": false,
            "tags": {
              "Name": "georged-https-sg",
              "Owner": "george_davis@trendmicro.com"
            },
            "timeouts": null,
            "vpc_id": "vpc-67cf400e"
          },
          "private": "eyJlMmJmYjczMC1lY2FhLTExZTYtOGY4OC0zNDM2M2JjN2M0YzAiOnsiY3JlYXRlIjo2MDAwMDAwMDAwMDAsImRlbGV0ZSI6NjAwMDAwMDAwMDAwfSwic2NoZW1hX3ZlcnNpb24iOiIxIn0="
        }
      ]
    },
    {
      "mode": "managed",
      "type": "aws_security_group",
      "name": "georged-k8s-sg",
      "provider": "provider.aws",
      "instances": [
        {
          "schema_version": 1,
          "attributes": {
            "arn": "arn:aws:ec2:us-east-2:666402644145:security-group/sg-0d55827be351fff41",
            "description": "Allow k8s traffic",
            "egress": [
              {
                "cidr_blocks": [
                  "0.0.0.0/0"
                ],
                "description": "",
                "from_port": 0,
                "ipv6_cidr_blocks": [],
                "prefix_list_ids": [],
                "protocol": "-1",
                "security_groups": [],
                "self": false,
                "to_port": 0
              }
            ],
            "id": "sg-0d55827be351fff41",
            "ingress": [
              {
                "cidr_blocks": [
                  "142.116.0.0/15"
                ],
                "description": "",
                "from_port": 8000,
                "ipv6_cidr_blocks": [],
                "prefix_list_ids": [],
                "protocol": "tcp",
                "security_groups": [],
                "self": false,
                "to_port": 8000
              }
            ],
            "name": "georged-k8s-sg",
            "name_prefix": null,
            "owner_id": "666402644145",
            "revoke_rules_on_delete": false,
            "tags": {
              "Name": "georged-k8s-sg",
              "Owner": "george_davis@trendmicro.com"
            },
            "timeouts": null,
            "vpc_id": "vpc-67cf400e"
          },
          "private": "eyJlMmJmYjczMC1lY2FhLTExZTYtOGY4OC0zNDM2M2JjN2M0YzAiOnsiY3JlYXRlIjo2MDAwMDAwMDAwMDAsImRlbGV0ZSI6NjAwMDAwMDAwMDAwfSwic2NoZW1hX3ZlcnNpb24iOiIxIn0="
        }
      ]
    },
    {
      "mode": "managed",
      "type": "aws_security_group",
      "name": "georged-nodejs-sg",
      "provider": "provider.aws",
      "instances": [
        {
          "schema_version": 1,
          "attributes": {
            "arn": "arn:aws:ec2:us-east-2:666402644145:security-group/sg-0280537564d3133f7",
            "description": "Allow NodeJs traffic",
            "egress": [
              {
                "cidr_blocks": [
                  "0.0.0.0/0"
                ],
                "description": "",
                "from_port": 0,
                "ipv6_cidr_blocks": [],
                "prefix_list_ids": [],
                "protocol": "-1",
                "security_groups": [],
                "self": false,
                "to_port": 0
              }
            ],
            "id": "sg-0280537564d3133f7",
            "ingress": [
              {
                "cidr_blocks": [
                  "142.116.0.0/15"
                ],
                "description": "",
                "from_port": 22,
                "ipv6_cidr_blocks": [],
                "prefix_list_ids": [],
                "protocol": "tcp",
                "security_groups": [],
                "self": false,
                "to_port": 22
              },
              {
                "cidr_blocks": [
                  "142.116.0.0/15"
                ],
                "description": "",
                "from_port": 3000,
                "ipv6_cidr_blocks": [],
                "prefix_list_ids": [],
                "protocol": "tcp",
                "security_groups": [],
                "self": false,
                "to_port": 3000
              }
            ],
            "name": "georged-nodejs-sg",
            "name_prefix": null,
            "owner_id": "666402644145",
            "revoke_rules_on_delete": false,
            "tags": {
              "Name": "georged-nodejs-sg",
              "Owner": "george_davis@trendmicro.com"
            },
            "timeouts": null,
            "vpc_id": "vpc-67cf400e"
          },
          "private": "eyJlMmJmYjczMC1lY2FhLTExZTYtOGY4OC0zNDM2M2JjN2M0YzAiOnsiY3JlYXRlIjo2MDAwMDAwMDAwMDAsImRlbGV0ZSI6NjAwMDAwMDAwMDAwfSwic2NoZW1hX3ZlcnNpb24iOiIxIn0="
        }
      ]
    },
    {
      "mode": "managed",
      "type": "aws_security_group",
      "name": "georged-ssh-sg",
      "provider": "provider.aws",
      "instances": [
        {
          "schema_version": 1,
          "attributes": {
            "arn": "arn:aws:ec2:us-east-2:666402644145:security-group/sg-0674451093c4a63e8",
            "description": "Allow SSH traffic",
            "egress": [
              {
                "cidr_blocks": [
                  "0.0.0.0/0"
                ],
                "description": "",
                "from_port": 0,
                "ipv6_cidr_blocks": [],
                "prefix_list_ids": [],
                "protocol": "-1",
                "security_groups": [],
                "self": false,
                "to_port": 0
              }
            ],
            "id": "sg-0674451093c4a63e8",
            "ingress": [
              {
                "cidr_blocks": [
                  "142.116.0.0/15"
                ],
                "description": "",
                "from_port": 22,
                "ipv6_cidr_blocks": [],
                "prefix_list_ids": [],
                "protocol": "tcp",
                "security_groups": [],
                "self": false,
                "to_port": 22
              }
            ],
            "name": "georged-ssh-sg",
            "name_prefix": null,
            "owner_id": "666402644145",
            "revoke_rules_on_delete": false,
            "tags": {
              "Name": "georged-ssh-sg",
              "Owner": "george_davis@trendmicro.com"
            },
            "timeouts": null,
            "vpc_id": "vpc-67cf400e"
          },
          "private": "eyJlMmJmYjczMC1lY2FhLTExZTYtOGY4OC0zNDM2M2JjN2M0YzAiOnsiY3JlYXRlIjo2MDAwMDAwMDAwMDAsImRlbGV0ZSI6NjAwMDAwMDAwMDAwfSwic2NoZW1hX3ZlcnNpb24iOiIxIn0="
        }
      ]
    },
    {
      "mode": "managed",
      "type": "aws_ses_configuration_set",
      "name": "cgw-aws-conformity-ses-config-set",
      "provider": "provider.aws.use1",
      "instances": [
        {
          "schema_version": 0,
          "attributes": {
            "id": "CgwConformitySesConfigSet",
            "name": "CgwConformitySesConfigSet"
          },
          "private": "bnVsbA=="
        }
      ]
    },
    {
      "mode": "managed",
      "type": "aws_ses_configuration_set",
      "name": "cgw-aws-iam-user-ses-config-set",
      "provider": "provider.aws.use1",
      "instances": [
        {
          "schema_version": 0,
          "attributes": {
            "id": "CgwIamUserSesConfigSet",
            "name": "CgwIamUserSesConfigSet"
          },
          "private": "bnVsbA=="
        }
      ]
    },
    {
      "mode": "managed",
      "type": "aws_ses_email_identity",
      "name": "cgw-aws-ses-email-identity",
      "each": "list",
      "provider": "provider.aws.use1",
      "instances": [
        {
          "index_key": 0,
          "schema_version": 0,
          "attributes": {
            "arn": "arn:aws:ses:us-east-1:666402644145:identity/george_davis@trendmicro.com",
            "email": "george_davis@trendmicro.com",
            "id": "george_davis@trendmicro.com"
          },
          "private": "bnVsbA=="
        },
        {
          "index_key": 1,
          "schema_version": 0,
          "attributes": {
            "arn": "arn:aws:ses:us-east-1:666402644145:identity/antoine_saikaley@tclabs.ca",
            "email": "antoine_saikaley@tclabs.ca",
            "id": "antoine_saikaley@tclabs.ca"
          },
          "private": "bnVsbA=="
        },
        {
          "index_key": 2,
          "schema_version": 0,
          "attributes": {
            "arn": "arn:aws:ses:us-east-1:666402644145:identity/yama_saadat@tclabs.ca",
            "email": "yama_saadat@tclabs.ca",
            "id": "yama_saadat@tclabs.ca"
          },
          "private": "bnVsbA=="
        }
      ]
    },
    {
      "mode": "managed",
      "type": "aws_ses_template",
      "name": "cgw-aws-conformity-ses-template",
      "provider": "provider.aws.use1",
      "instances": [
        {
          "schema_version": 0,
          "attributes": {
            "html": "\u003cstyle\u003e.email-footer{font-family: 'Arial'; font-size: 1rem; padding-top: 1rem; font-weight: bold;}p{font-family: 'Arial';}table{border-collapse: collapse; font-family: 'Arial';}.marginLeft{margin-left: 2rem;}table, th, td{border: 0; padding: 1rem; color: black;}tr:nth-child(even){background: #ffb3b3;}tr:nth-child(odd){background: #ffcccc;}td:first-child{font-weight: bold;}.link{text-decoration: none;}.logo{max-height: 3rem; max-width: auto;}.title{margin: 0 1rem 3rem 0; font-size: 1.5rem; font-weight: bold; font-family: 'Arial'; width: 100%;}.alertTitle{padding: 1rem 1.5rem; background-color: #ff3333; font-size: 1.25rem; font-weight: bold; font-family: 'Arial';}\u003c/style\u003e\u003ctable\u003e \u003ctr\u003e \u003ctd\u003e\u003cimg class='logo' src='https://www.trendmicro.com/content/dam/trendmicro/global/en/global/logo/logo-desktop.png'/\u003e\u003c/td\u003e\u003ctd class='title'\u003eCloud Governance Workshop\u003c/td\u003e\u003c/tr\u003e\u003c/table\u003e\u003cp class='alertTitle'\u003e Trend Micro Cloud One Conformity Alert\u003c/p\u003e\u003ctable class='marginLeft'\u003e \u003ctr\u003e \u003ctd\u003eTeam ID\u003c/td\u003e\u003ctd\u003e{{teamUuid}}\u003c/td\u003e\u003c/tr\u003e\u003ctr\u003e \u003ctd\u003eRule ID\u003c/td\u003e\u003ctd\u003e\u003ca href='{{resolutionPageUrl}}' class='link'\u003e{{ruleId}}\u003c/a\u003e \u003c/td\u003e\u003c/tr\u003e\u003ctr\u003e \u003ctd\u003eRule Title\u003c/td\u003e\u003ctd\u003e{{ruleTitle}}\u003c/td\u003e\u003c/tr\u003e\u003ctr\u003e \u003ctd\u003eResource\u003c/td\u003e\u003ctd\u003e\u003ca href='{{link}}' class='link'\u003e{{resource}}\u003c/a\u003e\u003c/td\u003e\u003c/tr\u003e\u003ctr\u003e \u003ctd\u003eStatus\u003c/td\u003e\u003ctd\u003e{{status}}\u003c/td\u003e\u003c/tr\u003e\u003ctr\u003e \u003ctd\u003eMessage\u003c/td\u003e\u003ctd\u003e{{message}}\u003c/td\u003e\u003c/tr\u003e\u003ctr\u003e \u003ctd\u003eRisk Level\u003c/td\u003e\u003ctd\u003e{{riskLevel}}\u003c/td\u003e\u003c/tr\u003e\u003ctr\u003e \u003ctd\u003eCategory\u003c/td\u003e\u003ctd\u003e{{categories}}\u003c/td\u003e\u003c/tr\u003e\u003c/table\u003e\u003cp class='email-footer marginLeft'\u003e\u003ca href='{{resolutionPageUrl}}' class='link' target='_blank'\u003eClick here to open Cloud One Conformity \u0026#187;\u003c/a\u003e\u003c/p\u003e",
            "id": "CgwConformitySesTemplate",
            "name": "CgwConformitySesTemplate",
            "subject": "Cloud One Conformity Alert! - Cloud Governance Workshop",
            "text": "\nCloud Governance Workshop\n\n\tTrend Micro Cloud One Conformity Alert!\n\n\tTeam ID - {{teamUuid}}\n\tRule ID - {{ruleId}} [{{resolutionPageUrl}}]\n\tRule Title - {{ruleTitle}}\n\tResource - {{resource}} [{{link}}]\n\tStatus - {{status}}\n\tMessage - {{message}}\n\tRisk Level - {{riskLevel}}\n\tCategory - {{categories}}\n\n\nCopy this URL to open Cloud One Conformity for the related audit and remediation knowledge base - {{resolutionPageUrl}}\n"
          },
          "private": "bnVsbA=="
        }
      ]
    },
    {
      "mode": "managed",
      "type": "aws_ses_template",
      "name": "cgw-aws-iam-user-ses-template",
      "provider": "provider.aws.use1",
      "instances": [
        {
          "schema_version": 0,
          "attributes": {
            "html": "\u003cstyle\u003e.email-footer{font-family: 'Monotype Corsiva'; font-size: 1.5rem; padding-left: 0.5rem;}p{font-family: 'Arial';}table{border-collapse: collapse; font-family: 'Arial';}.marginLeft{margin-left: 2rem;}table, th, td{border: 0; padding: 1rem; color: black;}.color-purple{background-color: #b3b3ff;}tr:nth-child(even){background: #ffd699;}tr:nth-child(odd){background: #ffb84d;}td:first-child{font-weight: bold;}.link{text-decoration: none;}.bg-yellow{background-color: #FFFF00; padding: 0.5rem;}.logo{max-height: 3rem; max-width: auto;}.title{margin: 0 1rem 3rem 0; font-size: 1.5rem; font-weight: bold; font-family: 'Arial'; width: 100%;}\u003c/style\u003e\u003ctable class='color-green'\u003e \u003ctr\u003e \u003ctd\u003e\u003cimg class='logo' src='https://www.trendmicro.com/content/dam/trendmicro/global/en/global/logo/logo-desktop.png'/\u003e\u003c/td\u003e\u003ctd class='title'\u003eCloud Governance Workshop\u003c/td\u003e\u003c/tr\u003e\u003c/table\u003e\u003cp\u003e Welcome to the workshop hosted by Trend Micro!\u003c/p\u003e\u003cp\u003e The workshop is a piece of work that needs fixing. \u003cspan class='bg-yellow'\u003eKeep in mind, you can't fix what you cant see.\u003c/span\u003e\u003c/p\u003e\u003cp\u003e You can login to the workshop \u003ca href='{{cgwWorkshopWebUrl}}'\u003ehere\u003c/a\u003e\u003c/p\u003e\u003cp\u003e Here is your Team ID\u003c/p\u003e\u003ctable class='marginLeft'\u003e \u003ctr\u003e \u003ctd class='color-purple'\u003eTeam ID\u003c/td\u003e\u003ctd class='color-purple'\u003e{{teamUuid}}\u003c/td\u003e\u003c/tr\u003e\u003c/table\u003e\u003cp\u003e You can login with the following AWS credentials to access your personalized environment.\u003c/p\u003e\u003ctable class='marginLeft'\u003e \u003ccol\u003e \u003ccol\u003e \u003ctr\u003e \u003ctd\u003eAWS Console URL\u003c/td\u003e\u003ctd\u003e\u003ca href='{{awsConsoleUrl}}' class='link'\u003e{{awsConsoleUrl}}\u003c/a\u003e \u003c/td\u003e\u003c/tr\u003e\u003ctr\u003e \u003ctd\u003eAWS Account Id\u003c/td\u003e\u003ctd\u003e{{awsAccountId}}\u003c/td\u003e\u003c/tr\u003e\u003ctr\u003e \u003ctd\u003eAWS IAM User Name\u003c/td\u003e\u003ctd\u003e{{awsIamUserName}}\u003c/td\u003e\u003c/tr\u003e\u003ctr\u003e \u003ctd\u003eAWS Console Password\u003c/td\u003e\u003ctd\u003e{{awsIamUserConsolePassword}}\u003c/td\u003e\u003c/tr\u003e\u003c/table\u003e\u003cp class='email-footer'\u003e\u003ci\u003eHappy hunting!\u003c/i\u003e\u003c/p\u003e\u003cimg src='https://camo.githubusercontent.com/f27ba69fc07b16e7850d29721e1966e86a7a3818/68747470733a2f2f692e696d6775722e636f6d2f4c6d5876784e312e676966'/\u003e",
            "id": "CgwIamUserSesTemplate",
            "name": "CgwIamUserSesTemplate",
            "subject": "Greetings, Welcome to Cloud Governance Workshop!",
            "text": "\nCloud Governance Workshop\n\nWelcome to the workshop hosted by Trend Micro!\n\nThe workshop is a piece of work that needs fixing.\n\nKeep in mind, you can't fix what you cant see.\n\n\tYou can login to the workshop here - {{cgwWorkshopWebUrl}}\n\nHere is your Team ID - {{teamUuid}}\n\nYou can login with the following AWS credentials to access your personalized environment.\n\n\tAWS Console URL - {{awsConsoleUrl}}\n\n\tAWS Account Id - {{awsAccountId}}\n\n\tAWS IAM User Name - {{awsIamUserName}}\n\n\tAWS Console Password - {{awsIamUserConsolePassword}}\n\n\tHappy hunting!\n"
          },
          "private": "bnVsbA=="
        }
      ]
    },
    {
      "module": "module.cgw-team2",
      "mode": "managed",
      "type": "aws_sns_topic_policy",
      "name": "cgw-aws-sns-policy",
      "provider": "provider.aws.use1",
      "instances": [
        {
          "schema_version": 0,
          "attributes": {
            "arn": "arn:aws:sns:us-east-1:666402644145:cgw-aws-sns-p3mdecbm-EmailSNSTopic-1HK6NZQ861G0L",
            "id": "arn:aws:sns:us-east-1:666402644145:cgw-aws-sns-p3mdecbm-EmailSNSTopic-1HK6NZQ861G0L",
            "policy": "{\"Version\":\"2012-10-17\",\"Statement\":[{\"Sid\":\"CGWConformityCrossAccountRolep3mdecbm\",\"Effect\":\"Allow\",\"Principal\":{\"AWS\":\"arn:aws:iam::717210094962:root\"},\"Action\":\"SNS:Publish\",\"Resource\":\"arn:aws:sns:us-east-1:666402644145:cgw-aws-sns-p3mdecbm-EmailSNSTopic-1HK6NZQ861G0L\"},{\"Sid\":\"CGWSnsRolep3mdecbm\",\"Effect\":\"Allow\",\"Principal\":{\"AWS\":\"arn:aws:iam::666402644145:user/georged\"},\"Action\":[\"SNS:Subscribe\",\"SNS:SetTopicAttributes\",\"SNS:RemovePermission\",\"SNS:Receive\",\"SNS:Publish\",\"SNS:ListSubscriptionsByTopic\",\"SNS:GetTopicAttributes\",\"SNS:DeleteTopic\",\"SNS:AddPermission\"],\"Resource\":\"arn:aws:sns:us-east-1:666402644145:cgw-aws-sns-p3mdecbm-EmailSNSTopic-1HK6NZQ861G0L\"}]}"
          },
          "private": "bnVsbA==",
          "dependencies": [
            "module.cgw-team2.aws_cloudformation_stack.cgw-aws-sns",
            "module.cgw-team2.random_string.unique-id"
          ]
        }
      ]
    },
    {
      "module": "module.cgw-team2",
      "mode": "managed",
      "type": "aws_volume_attachment",
      "name": "cgw-aws-vol-attach",
      "provider": "provider.aws.use1",
      "instances": [
        {
          "schema_version": 0,
          "attributes": {
            "device_name": "/dev/sdb",
            "force_detach": null,
            "id": "vai-1335108149",
            "instance_id": "i-0a30e32c6bc1838d1",
            "skip_destroy": null,
            "volume_id": "vol-039de48362eb31787"
          },
          "private": "bnVsbA==",
          "dependencies": [
            "module.cgw-team2.aws_ebs_volume.cgw-aws-vol",
            "module.cgw-team2.aws_iam_instance_profile.cgw-aws-iam-instance-profile",
            "module.cgw-team2.aws_iam_role.cgw-aws-iam-role",
            "module.cgw-team2.aws_instance.cgw-aws-instance",
            "module.cgw-team2.aws_security_group.cgw-aws-ssh-sg",
            "module.cgw-team2.random_string.unique-id"
          ]
        }
      ]
    },
    {
      "mode": "managed",
      "type": "azurerm_linux_virtual_machine",
      "name": "georged-tf-test",
      "provider": "provider.azurerm",
      "instances": [
        {
          "schema_version": 0,
          "attributes": {
            "additional_capabilities": [],
            "admin_password": "Windows1!",
            "admin_ssh_key": [],
            "admin_username": "ubuntu",
            "allow_extension_operations": true,
            "availability_set_id": "",
            "boot_diagnostics": [],
            "computer_name": "georged-tf-test",
            "custom_data": null,
            "dedicated_host_id": "",
            "disable_password_authentication": false,
            "eviction_policy": "",
            "id": "/subscriptions/18cb46c3-ea58-41c2-8cc6-71d8662f1203/resourceGroups/cloudone/providers/Microsoft.Compute/virtualMachines/georged-tf-test",
            "identity": [],
            "location": "canadacentral",
            "max_bid_price": -1,
            "name": "georged-tf-test",
            "network_interface_ids": [
              "/subscriptions/18cb46c3-ea58-41c2-8cc6-71d8662f1203/resourceGroups/cloudone/providers/Microsoft.Network/networkInterfaces/georged-tf-test-nic"
            ],
            "os_disk": [
              {
                "caching": "ReadWrite",
                "diff_disk_settings": [],
                "disk_encryption_set_id": "",
                "disk_size_gb": 30,
                "name": "georged-tf-test_OsDisk_1_ba22ebabe89f4ea786ab24f7265e37c5",
                "storage_account_type": "Standard_LRS",
                "write_accelerator_enabled": false
              }
            ],
            "plan": [],
            "priority": "Regular",
            "private_ip_address": "10.1.0.8",
            "private_ip_addresses": [
              "10.1.0.8"
            ],
            "provision_vm_agent": true,
            "proximity_placement_group_id": "",
            "public_ip_address": "20.43.14.118",
            "public_ip_addresses": [
              "20.43.14.118"
            ],
            "resource_group_name": "cloudone",
            "secret": [],
            "size": "Standard_D2s_v3",
            "source_image_id": "",
            "source_image_reference": [
              {
                "offer": "UbuntuServer",
                "publisher": "Canonical",
                "sku": "18.04-LTS",
                "version": "latest"
              }
            ],
            "tags": {
              "Owner": "george_davis@trendmicro.com"
            },
            "timeouts": null,
            "virtual_machine_id": "45241189-3228-4947-b97a-8e36430bc3e8",
            "virtual_machine_scale_set_id": "",
            "zone": ""
          },
          "private": "eyJlMmJmYjczMC1lY2FhLTExZTYtOGY4OC0zNDM2M2JjN2M0YzAiOnsiY3JlYXRlIjoyNzAwMDAwMDAwMDAwLCJkZWxldGUiOjI3MDAwMDAwMDAwMDAsInJlYWQiOjMwMDAwMDAwMDAwMCwidXBkYXRlIjoyNzAwMDAwMDAwMDAwfX0=",
          "dependencies": [
            "azurerm_network_interface.georged-tf-test-nic"
          ]
        }
      ]
    },
    {
      "mode": "managed",
      "type": "azurerm_network_interface",
      "name": "georged-tf-test-nic",
      "provider": "provider.azurerm",
      "instances": [
        {
          "schema_version": 0,
          "attributes": {
            "applied_dns_servers": [],
            "dns_servers": [],
            "enable_accelerated_networking": false,
            "enable_ip_forwarding": false,
            "id": "/subscriptions/18cb46c3-ea58-41c2-8cc6-71d8662f1203/resourceGroups/cloudone/providers/Microsoft.Network/networkInterfaces/georged-tf-test-nic",
            "internal_dns_name_label": "",
            "internal_domain_name_suffix": "4tx4bprgml0ehns3f5jjc2j1vb.ux.internal.cloudapp.net",
            "ip_configuration": [
              {
                "name": "public",
                "primary": true,
                "private_ip_address": "10.1.0.8",
                "private_ip_address_allocation": "Dynamic",
                "private_ip_address_version": "IPv4",
                "public_ip_address_id": "/subscriptions/18cb46c3-ea58-41c2-8cc6-71d8662f1203/resourceGroups/cloudone/providers/Microsoft.Network/publicIPAddresses/george-tf-test-public-ip",
                "subnet_id": "/subscriptions/18cb46c3-ea58-41c2-8cc6-71d8662f1203/resourceGroups/cloudone/providers/Microsoft.Network/virtualNetworks/cloudone-vnet/subnets/default"
              }
            ],
            "location": "canadacentral",
            "mac_address": "00-0D-3A-E8-56-EA",
            "name": "georged-tf-test-nic",
            "private_ip_address": "10.1.0.8",
            "private_ip_addresses": [
              "10.1.0.8"
            ],
            "resource_group_name": "cloudone",
            "tags": {
              "Owner": "george_davis@trendmicro.com"
            },
            "timeouts": null,
            "virtual_machine_id": "/subscriptions/18cb46c3-ea58-41c2-8cc6-71d8662f1203/resourceGroups/cloudone/providers/Microsoft.Compute/virtualMachines/georged-tf-test"
          },
          "private": "eyJlMmJmYjczMC1lY2FhLTExZTYtOGY4OC0zNDM2M2JjN2M0YzAiOnsiY3JlYXRlIjoxODAwMDAwMDAwMDAwLCJkZWxldGUiOjE4MDAwMDAwMDAwMDAsInJlYWQiOjMwMDAwMDAwMDAwMCwidXBkYXRlIjoxODAwMDAwMDAwMDAwfX0=",
          "dependencies": [
            "azurerm_public_ip.george-tf-test-public-ip"
          ]
        }
      ]
    },
    {
      "mode": "managed",
      "type": "azurerm_network_interface_security_group_association",
      "name": "georged-tf-test-nic",
      "provider": "provider.azurerm",
      "instances": [
        {
          "schema_version": 0,
          "attributes": {
            "id": "/subscriptions/18cb46c3-ea58-41c2-8cc6-71d8662f1203/resourceGroups/cloudone/providers/Microsoft.Network/networkInterfaces/georged-tf-test-nic|/subscriptions/18cb46c3-ea58-41c2-8cc6-71d8662f1203/resourceGroups/cloudone/providers/Microsoft.Network/networkSecurityGroups/georged-ssh-sg",
            "network_interface_id": "/subscriptions/18cb46c3-ea58-41c2-8cc6-71d8662f1203/resourceGroups/cloudone/providers/Microsoft.Network/networkInterfaces/georged-tf-test-nic",
            "network_security_group_id": "/subscriptions/18cb46c3-ea58-41c2-8cc6-71d8662f1203/resourceGroups/cloudone/providers/Microsoft.Network/networkSecurityGroups/georged-ssh-sg",
            "timeouts": null
          },
          "private": "eyJlMmJmYjczMC1lY2FhLTExZTYtOGY4OC0zNDM2M2JjN2M0YzAiOnsiY3JlYXRlIjoxODAwMDAwMDAwMDAwLCJkZWxldGUiOjE4MDAwMDAwMDAwMDAsInJlYWQiOjMwMDAwMDAwMDAwMCwidXBkYXRlIjoxODAwMDAwMDAwMDAwfX0=",
          "dependencies": [
            "azurerm_network_interface.georged-tf-test-nic",
            "azurerm_network_security_group.georged-ssh-sg"
          ]
        }
      ]
    },
    {
      "mode": "managed",
      "type": "azurerm_network_security_group",
      "name": "georged-ssh-sg",
      "provider": "provider.azurerm",
      "instances": [
        {
          "schema_version": 0,
          "attributes": {
            "id": "/subscriptions/18cb46c3-ea58-41c2-8cc6-71d8662f1203/resourceGroups/cloudone/providers/Microsoft.Network/networkSecurityGroups/georged-ssh-sg",
            "location": "canadacentral",
            "name": "georged-ssh-sg",
            "resource_group_name": "cloudone",
            "security_rule": [
              {
                "access": "Allow",
                "description": "",
                "destination_address_prefix": "*",
                "destination_address_prefixes": [],
                "destination_application_security_group_ids": [],
                "destination_port_range": "22",
                "destination_port_ranges": [],
                "direction": "Inbound",
                "name": "ssh-access-rule",
                "priority": 200,
                "protocol": "Tcp",
                "source_address_prefix": "142.116.0.0/15",
                "source_address_prefixes": [],
                "source_application_security_group_ids": [],
                "source_port_range": "*",
                "source_port_ranges": []
              }
            ],
            "tags": {
              "Owner": "george_davis@trendmicro.com"
            },
            "timeouts": null
          },
          "private": "eyJlMmJmYjczMC1lY2FhLTExZTYtOGY4OC0zNDM2M2JjN2M0YzAiOnsiY3JlYXRlIjoxODAwMDAwMDAwMDAwLCJkZWxldGUiOjE4MDAwMDAwMDAwMDAsInJlYWQiOjMwMDAwMDAwMDAwMCwidXBkYXRlIjoxODAwMDAwMDAwMDAwfX0="
        }
      ]
    },
    {
      "mode": "managed",
      "type": "azurerm_public_ip",
      "name": "george-tf-test-public-ip",
      "provider": "provider.azurerm",
      "instances": [
        {
          "schema_version": 0,
          "attributes": {
            "allocation_method": "Static",
            "domain_name_label": null,
            "fqdn": null,
            "id": "/subscriptions/18cb46c3-ea58-41c2-8cc6-71d8662f1203/resourceGroups/cloudone/providers/Microsoft.Network/publicIPAddresses/george-tf-test-public-ip",
            "idle_timeout_in_minutes": 4,
            "ip_address": "20.43.14.118",
            "ip_version": "IPv4",
            "location": "canadacentral",
            "name": "george-tf-test-public-ip",
            "public_ip_prefix_id": null,
            "resource_group_name": "cloudone",
            "reverse_fqdn": null,
            "sku": "Basic",
            "tags": {
              "Owner": "george_davis@trendmicro.com"
            },
            "timeouts": null,
            "zones": []
          },
          "private": "eyJlMmJmYjczMC1lY2FhLTExZTYtOGY4OC0zNDM2M2JjN2M0YzAiOnsiY3JlYXRlIjoxODAwMDAwMDAwMDAwLCJkZWxldGUiOjE4MDAwMDAwMDAwMDAsInJlYWQiOjMwMDAwMDAwMDAwMCwidXBkYXRlIjoxODAwMDAwMDAwMDAwfX0="
        }
      ]
    },
    {
      "module": "module.cgw-team2",
      "mode": "managed",
      "type": "local_file",
      "name": "cgw-aws-conformity-ses-email-destinations",
      "provider": "provider.local",
      "instances": [
        {
          "schema_version": 0,
          "attributes": {
            "content": "{ \"Destination\": { \"ToAddresses\": [ \"george_davis@trendmicro.com\" ] } }",
            "content_base64": null,
            "directory_permission": "0777",
            "file_permission": "0777",
            "filename": "modules/aws-cloud-governance-workshop/cgw-aws-conformity-ses-email-destinations-p3mdecbm.json",
            "id": "d648088eec826082480a99a6255bfe245bcea1c0",
            "sensitive_content": null
          },
          "private": "bnVsbA==",
          "dependencies": [
            "module.cgw-team2.aws_iam_user.cgw-aws-iam-user",
            "module.cgw-team2.aws_iam_user_login_profile.cgw-aws-iam-user-login-profile",
            "module.cgw-team2.local_file.cgw-aws-iam-user-password-decrypt",
            "module.cgw-team2.null_resource.cgw-aws-iam-user-password-decrypt-run",
            "module.cgw-team2.random_string.unique-id"
          ]
        }
      ]
    },
    {
      "module": "module.cgw-team2",
      "mode": "managed",
      "type": "local_file",
      "name": "cgw-aws-conformity-ses-send-templated-email-script",
      "provider": "provider.local",
      "instances": [
        {
          "schema_version": 0,
          "attributes": {
            "content": "cd modules/aws-cloud-governance-workshop\naws ses send-bulk-templated-email --cli-input-json file://cgw-aws-conformity-ses-email-p3mdecbm.json\n",
            "content_base64": null,
            "directory_permission": "0777",
            "file_permission": "0777",
            "filename": "modules/aws-cloud-governance-workshop/cgw-aws-conformity-ses-send-templated-email-script-p3mdecbm.sh",
            "id": "58353211caee8780d20ea13135cda37073574da9",
            "sensitive_content": null
          },
          "private": "bnVsbA==",
          "dependencies": [
            "module.cgw-team2.random_string.unique-id"
          ]
        }
      ]
    },
    {
      "module": "module.cgw-team2",
      "mode": "managed",
      "type": "local_file",
      "name": "cgw-aws-conformity-ses-template-json",
      "provider": "provider.local",
      "instances": [
        {
          "schema_version": 0,
          "attributes": {
            "content": "{\n  \"Source\":\"Cloud Governance Workshop Team \u003cgeorge_davis@trendmicro.com\u003e\",\n  \"Template\":\"CgwConformitySesTemplate\",\n  \"ConfigurationSetName\": \"CgwConformitySesConfigSet\",\n  \"Destinations\": [\n    { \"Destination\": { \"ToAddresses\": [ \"george_davis@trendmicro.com\" ] } }\n  ],\n  \"DefaultTemplateData\": \"{ \\\"teamUuid\\\":\\\"cgw-aws-p3mdecbm\\\", \\\"resolutionPageUrl\\\":\\\"p3mdecbm\\\", \\\"ruleId\\\": \\\"p3mdecbm\\\", \\\"ruleTitle\\\": \\\"p3mdecbm\\\", \\\"link\\\": \\\"p3mdecbm\\\", \\\"status\\\": \\\"p3mdecbm\\\", \\\"message\\\": \\\"p3mdecbm\\\", \\\"riskLevel\\\": \\\"p3mdecbm\\\", \\\"categories\\\": \\\"p3mdecbm\\\" }\"\n}",
            "content_base64": null,
            "directory_permission": "0777",
            "file_permission": "0777",
            "filename": "modules/aws-cloud-governance-workshop/cgw-aws-conformity-ses-email-p3mdecbm.json",
            "id": "4938f42c88728eadaa1a1208c4a327554576c52b",
            "sensitive_content": null
          },
          "private": "bnVsbA==",
          "dependencies": [
            "module.cgw-team2.aws_iam_user.cgw-aws-iam-user",
            "module.cgw-team2.aws_iam_user_login_profile.cgw-aws-iam-user-login-profile",
            "module.cgw-team2.local_file.cgw-aws-iam-user-password-decrypt",
            "module.cgw-team2.local_file.cgw-aws-iam-user-ses-email-destinations",
            "module.cgw-team2.null_resource.cgw-aws-iam-user-password-decrypt-run",
            "module.cgw-team2.random_string.unique-id"
          ]
        }
      ]
    },
    {
      "module": "module.cgw-team2",
      "mode": "managed",
      "type": "local_file",
      "name": "cgw-aws-iam-user-password-decrypt",
      "provider": "provider.local",
      "instances": [
        {
          "schema_version": 0,
          "attributes": {
            "content": "echo wcFMA/Bn0ilqZW0GARAAce6I2coTAPVz39q8SOdi0ePoalo3hLKiuCVG3eJGP61Uh6SVBkkExcAZhLNOIywqf3yO1Egu6bypnkPhF03FaN8oK20yDGQh65Z0CUMiKBicT7z7TreEy8bfzs+yRDI6/S2Nd/e07zPIsC/H94DSP20NiTq1hdDBKqkNcSqCCtTHj+1iF29x7+zp1nhrUHCtbuTQngqTOxniiQIzPPDTw+6B4hrl0WWO0fQ+reodgKC0VqmuFt9qMVnIQ2aB+78O3m/XMuM894CiIWRJzaATQQQbKChaqK36wsLDDSCpL/TPDMcY0Z5c229A1mlKY+Y0d43fMvdCEIK9792Przu2R3kQsRtCikIn5dd7Vuv21OSJHaVwq7Ckb52Y6KxhHCBtAIb129K6KkmlU+adbMmqeK4CSodUgrOgF34FaUxlGyrnsgmLDE2EZ+d/ESRik1JpLCb2yj7I0TgegfoQyG5HgDFzroR3mAygDBMj2Ufl47R7TLxZclSYIFR+5RlPvQ0hT4uo5tC9knaGglwqBSRzsVAlpm4CC5/kV+Ymb0nKi8HXQ5/Y4Mw4iuAbG05YHo2/6w5qu0FCouEW2C1OKTqLaHrGEOIVIPxFZrYZ6zWciv9NCIkEImdYM5s151KKs0ES/vfp6WzZWkYqZTYHB4G7Sr9R/xQQpkerzQIHkVSDfVbS4AHk0w7ANEJm+JkHHkOhJ4m5huE1LOAI4PTh0ELgG+Le9lA94ITkVinwrkQWj7eVrw57HF1+x+A34m6UKxfgVuTQ5/9ftqC3AcB4p+iT8GVm4qrhnb7hIs8A | base64 --decode | keybase pgp decrypt \u003e modules/aws-cloud-governance-workshop/cgw-aws-iam-user-password-p3mdecbm.decrypt\n",
            "content_base64": null,
            "directory_permission": "0777",
            "file_permission": "0777",
            "filename": "modules/aws-cloud-governance-workshop/cgw-aws-iam-user-password-decrypt-p3mdecbm.sh",
            "id": "fdb1edda95ce088061eedd42c29f9606395fde4e",
            "sensitive_content": null
          },
          "private": "bnVsbA==",
          "dependencies": [
            "module.cgw-team2.aws_iam_user.cgw-aws-iam-user",
            "module.cgw-team2.aws_iam_user_login_profile.cgw-aws-iam-user-login-profile",
            "module.cgw-team2.random_string.unique-id"
          ]
        }
      ]
    },
    {
      "module": "module.cgw-team2",
      "mode": "managed",
      "type": "local_file",
      "name": "cgw-aws-iam-user-ses-email-destinations",
      "provider": "provider.local",
      "instances": [
        {
          "schema_version": 0,
          "attributes": {
            "content": "{ \"Destination\": { \"ToAddresses\": [ \"george_davis@trendmicro.com\" ] } }",
            "content_base64": null,
            "directory_permission": "0777",
            "file_permission": "0777",
            "filename": "modules/aws-cloud-governance-workshop/cgw-aws-iam-user-ses-email-destinations-p3mdecbm.json",
            "id": "d648088eec826082480a99a6255bfe245bcea1c0",
            "sensitive_content": null
          },
          "private": "bnVsbA==",
          "dependencies": [
            "module.cgw-team2.aws_iam_user.cgw-aws-iam-user",
            "module.cgw-team2.aws_iam_user_login_profile.cgw-aws-iam-user-login-profile",
            "module.cgw-team2.local_file.cgw-aws-iam-user-password-decrypt",
            "module.cgw-team2.null_resource.cgw-aws-iam-user-password-decrypt-run",
            "module.cgw-team2.random_string.unique-id"
          ]
        }
      ]
    },
    {
      "module": "module.cgw-team2",
      "mode": "managed",
      "type": "local_file",
      "name": "cgw-aws-iam-user-ses-send-templated-email-script",
      "provider": "provider.local",
      "instances": [
        {
          "schema_version": 0,
          "attributes": {
            "content": "cd modules/aws-cloud-governance-workshop\naws ses send-bulk-templated-email --cli-input-json file://cgw-aws-iam-user-ses-email-p3mdecbm.json\n",
            "content_base64": null,
            "directory_permission": "0777",
            "file_permission": "0777",
            "filename": "modules/aws-cloud-governance-workshop/cgw-aws-iam-user-ses-send-templated-email-script-p3mdecbm.sh",
            "id": "ba6f05093ec558649763620f1a56f2cf87368bf7",
            "sensitive_content": null
          },
          "private": "bnVsbA==",
          "dependencies": [
            "module.cgw-team2.random_string.unique-id"
          ]
        }
      ]
    },
    {
      "module": "module.cgw-team2",
      "mode": "managed",
      "type": "local_file",
      "name": "cgw-aws-iam-user-ses-template-json",
      "provider": "provider.local",
      "instances": [
        {
          "schema_version": 0,
          "attributes": {
            "content": "{\n    \"Source\":\"Cloud Governance Workshop Team \u003cgeorge_davis@trendmicro.com\u003e\",\n    \"Template\":\"CgwIamUserSesTemplate\",\n    \"ConfigurationSetName\": \"CgwIamUserSesConfigSet\",\n    \"Destinations\": [\n      { \"Destination\": { \"ToAddresses\": [ \"george_davis@trendmicro.com\" ] } }\n    ],\n    \"DefaultTemplateData\": \"{ \\\"cgwWorkshopWebUrl\\\":\\\"http://3.20.89.105:4200\\\", \\\"teamUuid\\\":\\\"cgw-aws-p3mdecbm\\\", \\\"awsConsoleUrl\\\": \\\"https://us-east-1.signin.aws.amazon.com/\\\", \\\"awsAccountId\\\": \\\"666402644145\\\", \\\"awsIamUserName\\\": \\\"cgw-aws-iam-user-p3mdecbm\\\", \\\"awsIamUserConsolePassword\\\": \\\"VFrk0$Xupf\u0026QDu-j8w_|\\\" }\"\n  }",
            "content_base64": null,
            "directory_permission": "0777",
            "file_permission": "0777",
            "filename": "modules/aws-cloud-governance-workshop/cgw-aws-iam-user-ses-email-p3mdecbm.json",
            "id": "c3766ee53c4501a2c36ac7d7091992e79f3b058e",
            "sensitive_content": null
          },
          "private": "bnVsbA==",
          "dependencies": [
            "module.cgw-team2.aws_iam_user.cgw-aws-iam-user",
            "module.cgw-team2.aws_iam_user_login_profile.cgw-aws-iam-user-login-profile",
            "module.cgw-team2.local_file.cgw-aws-iam-user-password-decrypt",
            "module.cgw-team2.local_file.cgw-aws-iam-user-ses-email-destinations",
            "module.cgw-team2.null_resource.cgw-aws-iam-user-password-decrypt-run",
            "module.cgw-team2.random_string.unique-id"
          ]
        }
      ]
    },
    {
      "module": "module.cgw-team2",
      "mode": "managed",
      "type": "local_file",
      "name": "cgw-aws-lambda-invoke-function-sendmail-script",
      "provider": "provider.local",
      "instances": [
        {
          "schema_version": 0,
          "attributes": {
            "content": "aws lambda invoke --function-name cgw-aws-lambda-sendmail-p3mdecbm --region us-east-1 modules/aws-cloud-governance-workshop/cgw-aws-lambda-invoke-function-sendmail-script-response-p3mdecbm.json\ncat modules/aws-cloud-governance-workshop/cgw-aws-lambda-invoke-function-sendmail-script-response-p3mdecbm.json\n",
            "content_base64": null,
            "directory_permission": "0777",
            "file_permission": "0777",
            "filename": "modules/aws-cloud-governance-workshop/cgw-aws-lambda-invoke-function-sendmail-p3mdecbm.sh",
            "id": "8afad46498584fec6b96d620608036b055263d4d",
            "sensitive_content": null
          },
          "private": "bnVsbA==",
          "dependencies": [
            "module.cgw-team2.aws_cloudformation_stack.cgw-aws-sns",
            "module.cgw-team2.aws_iam_role.cgw-aws-iam-service-role-lambda",
            "module.cgw-team2.aws_iam_user.cgw-aws-iam-user",
            "module.cgw-team2.aws_lambda_function.cgw-aws-lambda-sendmail",
            "module.cgw-team2.random_string.unique-id"
          ]
        }
      ]
    },
    {
      "module": "module.cgw-team2",
      "mode": "managed",
      "type": "local_file",
      "name": "cgw-conformity-api-aws-script",
      "provider": "provider.local",
      "instances": [
        {
          "schema_version": 0,
          "attributes": {
            "content": "#!/bin/bash\ncurl -L -X POST 'https://us-west-2-api.cloudconformity.com/v1/settings/communication' \\\n-H 'Authorization: ApiKey 3psDUjz38cLwhgRtm12BiRH8vrjSGvVHH8gF6nePpahgVUvnZ9Dm4f1VkJ1bv7kP' \\\n-H 'Content-Type: application/vnd.api+json' \\\n--data-raw '{\n    \"data\": [\n        {\n            \"type\": \"settings\",\n            \"attributes\": {\n                \"type\": \"communication\",\n                \"enabled\": true,\n                \"filter\": {\n                    \"riskLevels\": [\n                        \"HIGH\",\n                        \"VERY_HIGH\",\n                        \"EXTREME\"\n                    ],\n                    \"statuses\": [\n                        \"FAILURE\"\n                    ],\n                    \"tags\": [\n                        \"p3mdecbm\"\n                    ]\n                },\n                \"configuration\": {\n                    \"arn\": \"arn:aws:sns:us-east-1:666402644145:cgw-aws-sns-p3mdecbm-EmailSNSTopic-1HK6NZQ861G0L\"\n                },\n                \"channel\": \"sns\",\n                \"manual\": true\n            },\n            \"relationships\": {\n                \"account\": {\n                    \"data\": {\n                        \"type\": \"accounts\",\n                        \"id\": \"1oQb4IA7\"\n                    }\n                }\n            }\n        }\n    ]\n}'",
            "content_base64": null,
            "directory_permission": "0777",
            "file_permission": "0777",
            "filename": "modules/aws-cloud-governance-workshop/aws-conformity-api-cmd-p3mdecbm.sh",
            "id": "23ff73fcf1e3157ab23c6cb544edbb41fd156026",
            "sensitive_content": null
          },
          "private": "bnVsbA==",
          "dependencies": [
            "module.cgw-team2.aws_cloudformation_stack.cgw-aws-sns",
            "module.cgw-team2.random_string.unique-id"
          ]
        }
      ]
    },
    {
      "module": "module.cgw-team2",
      "mode": "managed",
      "type": "local_file",
      "name": "mysql-script",
      "provider": "provider.local",
      "instances": [
        {
          "schema_version": 0,
          "attributes": {
            "content": "CREATE DATABASE IF NOT EXISTS tm_cgw_db;\n\n-- SET GLOBAL validate_password_length = 1;\n-- SET GLOBAL validate_password_mixed_case_count = 0;\n-- SET GLOBAL validate_password_number_count = 0;\n-- SET GLOBAL validate_password_special_char_count = 0;\n\n-- CREATE USER IF NOT EXISTS 'tm_db_user'@'localhost' IDENTIFIED BY 'tm_db_pass';\n-- CREATE USER IF NOT EXISTS 'tm_db_user'@'%' IDENTIFIED BY 'tm_db_pass';\n\n-- GRANT ALL ON tm_cgw_db.* TO 'tm_db_user'@'localhost';\n-- GRANT ALL ON tm_cgw_db.* TO 'tm_db_user'@'%';\n\nUSE tm_cgw_db;\n\nCREATE TABLE IF NOT EXISTS tbl_cgw_aws_resources (\n    cgw_aws_uuid VARCHAR(15) PRIMARY KEY NOT NULL,           \n    cgw_aws_instance_public_ip VARCHAR(25),\n    cgw_aws_instance_id VARCHAR(40) NOT NULL,\n    cgw_aws_vol VARCHAR(40) NOT NULL,\n    cgw_aws_s3_bucket VARCHAR(50) NOT NULL,          \n    cgw_aws_iam_user VARCHAR(50) NOT NULL,           \n    cgw_aws_iam_user_password VARCHAR(500) NOT NULL, \n    cgw_aws_iam_role VARCHAR(50) NOT NULL,     \n    cgw_aws_iam_instance_profile VARCHAR(50) NOT NULL,\n    cgw_aws_iam_policy VARCHAR(50) NOT NULL,  \n    cgw_aws_ssh_sg VARCHAR(50) NOT NULL,\n    cgw_aws_kms_key VARCHAR(200) NOT NULL,\n    cgw_aws_elb VARCHAR(50) NOT NULL,\n    cgw_aws_sns_topic VARCHAR(200) NOT NULL\n);\n\nDROP PROCEDURE IF EXISTS CgwAwsUpdateOrInsert;\n\nDELIMITER $$\nCREATE PROCEDURE CgwAwsUpdateOrInsert(\n    IN _cgw_aws_uuid VARCHAR(15),           \n    IN _cgw_aws_instance_public_ip VARCHAR(25),\n    IN _cgw_aws_instance_id VARCHAR(40),\n    IN _cgw_aws_vol VARCHAR(40),\n    IN _cgw_aws_s3_bucket VARCHAR(50),          \n    IN _cgw_aws_iam_user VARCHAR(50),           \n    IN _cgw_aws_iam_user_password VARCHAR(500), \n    IN _cgw_aws_iam_role VARCHAR(50),     \n    IN _cgw_aws_iam_instance_profile VARCHAR(50),\n    IN _cgw_aws_iam_policy VARCHAR(50),  \n    IN _cgw_aws_ssh_sg VARCHAR(50),\n    IN _cgw_aws_kms_key VARCHAR(100),\n    IN _cgw_aws_elb VARCHAR(100),\n    IN _cgw_aws_sns_topic VARCHAR(200)\n)\nBEGIN\n  IF EXISTS (SELECT cgw_aws_uuid FROM tbl_cgw_aws_resources WHERE cgw_aws_uuid = _cgw_aws_uuid) THEN\n    UPDATE tbl_cgw_aws_resources SET\n        cgw_aws_instance_public_ip = _cgw_aws_instance_public_ip,\n        cgw_aws_instance_id = _cgw_aws_instance_id,\n        cgw_aws_vol = _cgw_aws_vol,\n        cgw_aws_s3_bucket = _cgw_aws_s3_bucket,\n        cgw_aws_iam_user = _cgw_aws_iam_user,\n        cgw_aws_iam_user_password = _cgw_aws_iam_user_password,\n        cgw_aws_iam_role = _cgw_aws_iam_role,\n        cgw_aws_iam_instance_profile = _cgw_aws_iam_instance_profile,\n        cgw_aws_iam_policy = _cgw_aws_iam_policy,\n        cgw_aws_ssh_sg = _cgw_aws_ssh_sg,\n        cgw_aws_kms_key = _cgw_aws_kms_key,\n        cgw_aws_elb = _cgw_aws_elb,\n        cgw_aws_sns_topic = _cgw_aws_sns_topic\n    WHERE \n        cgw_aws_uuid = _cgw_aws_uuid;\n  ELSE \n    INSERT INTO tbl_cgw_aws_resources (`cgw_aws_uuid`, `cgw_aws_instance_public_ip`, `cgw_aws_instance_id`, `cgw_aws_vol`, `cgw_aws_s3_bucket`, `cgw_aws_iam_user`, `cgw_aws_iam_user_password`, `cgw_aws_iam_role`, `cgw_aws_iam_instance_profile`, `cgw_aws_iam_policy`, `cgw_aws_ssh_sg`, `cgw_aws_kms_key`, `cgw_aws_elb`, `cgw_aws_sns_topic`) VALUES (_cgw_aws_uuid, _cgw_aws_instance_public_ip, _cgw_aws_instance_id, _cgw_aws_vol, _cgw_aws_s3_bucket, _cgw_aws_iam_user, _cgw_aws_iam_user_password, _cgw_aws_iam_role, _cgw_aws_iam_instance_profile, _cgw_aws_iam_policy, _cgw_aws_ssh_sg, _cgw_aws_kms_key, _cgw_aws_elb, _cgw_aws_sns_topic);\n  END IF;\nEND $$\nDELIMITER ;\n\nGRANT EXECUTE ON PROCEDURE tm_cgw_db.CgwAwsUpdateOrInsert TO 'tm_db_user'@'localhost';  \nGRANT EXECUTE ON PROCEDURE tm_cgw_db.CgwAwsUpdateOrInsert TO 'tm_db_user'@'%'; \n\nCALL CgwAwsUpdateOrInsert(\"p3mdecbm\", \"54.172.159.80\", \"i-0a30e32c6bc1838d1\", \"vol-039de48362eb31787\", \"cgw-aws-s3-bucket-p3mdecbm.s3.amazonaws.com\", \"cgw-aws-iam-user-p3mdecbm\",\" wcFMA/Bn0ilqZW0GARAAce6I2coTAPVz39q8SOdi0ePoalo3hLKiuCVG3eJGP61Uh6SVBkkExcAZhLNOIywqf3yO1Egu6bypnkPhF03FaN8oK20yDGQh65Z0CUMiKBicT7z7TreEy8bfzs+yRDI6/S2Nd/e07zPIsC/H94DSP20NiTq1hdDBKqkNcSqCCtTHj+1iF29x7+zp1nhrUHCtbuTQngqTOxniiQIzPPDTw+6B4hrl0WWO0fQ+reodgKC0VqmuFt9qMVnIQ2aB+78O3m/XMuM894CiIWRJzaATQQQbKChaqK36wsLDDSCpL/TPDMcY0Z5c229A1mlKY+Y0d43fMvdCEIK9792Przu2R3kQsRtCikIn5dd7Vuv21OSJHaVwq7Ckb52Y6KxhHCBtAIb129K6KkmlU+adbMmqeK4CSodUgrOgF34FaUxlGyrnsgmLDE2EZ+d/ESRik1JpLCb2yj7I0TgegfoQyG5HgDFzroR3mAygDBMj2Ufl47R7TLxZclSYIFR+5RlPvQ0hT4uo5tC9knaGglwqBSRzsVAlpm4CC5/kV+Ymb0nKi8HXQ5/Y4Mw4iuAbG05YHo2/6w5qu0FCouEW2C1OKTqLaHrGEOIVIPxFZrYZ6zWciv9NCIkEImdYM5s151KKs0ES/vfp6WzZWkYqZTYHB4G7Sr9R/xQQpkerzQIHkVSDfVbS4AHk0w7ANEJm+JkHHkOhJ4m5huE1LOAI4PTh0ELgG+Le9lA94ITkVinwrkQWj7eVrw57HF1+x+A34m6UKxfgVuTQ5/9ftqC3AcB4p+iT8GVm4qrhnb7hIs8A\", \"cgw-aws-iam-role-p3mdecbm\", \"cgw-aws-iam-instance-profile-p3mdecbm\", \"cgw-aws-iam-policy-p3mdecbm\", \"cgw-aws-ssh-sg-p3mdecbm\", \"arn:aws:kms:us-east-1:666402644145:key/c643efda-2987-46a7-8472-239f73ba2e6e\", \"arn:aws:elasticloadbalancing:us-east-1:666402644145:loadbalancer/net/cgw-aws-elb-p3mdecbm/b68df1f836185fe0\", \"arn:aws:sns:us-east-1:666402644145:cgw-aws-sns-p3mdecbm-EmailSNSTopic-1HK6NZQ861G0L\");",
            "content_base64": null,
            "directory_permission": "0777",
            "file_permission": "0777",
            "filename": "modules/aws-cloud-governance-workshop/mysql-script-p3mdecbm.sql",
            "id": "032d45ac2fbc8eb66679726705f8014c471a27a8",
            "sensitive_content": null
          },
          "private": "bnVsbA==",
          "dependencies": [
            "module.cgw-team2.aws_cloudformation_stack.cgw-aws-sns",
            "module.cgw-team2.aws_ebs_volume.cgw-aws-vol",
            "module.cgw-team2.aws_iam_instance_profile.cgw-aws-iam-instance-profile",
            "module.cgw-team2.aws_iam_policy.cgw-aws-iam-policy",
            "module.cgw-team2.aws_iam_role.cgw-aws-iam-role",
            "module.cgw-team2.aws_iam_user.cgw-aws-iam-user",
            "module.cgw-team2.aws_iam_user_login_profile.cgw-aws-iam-user-login-profile",
            "module.cgw-team2.aws_instance.cgw-aws-instance",
            "module.cgw-team2.aws_kms_key.cgw-aws-kms-key",
            "module.cgw-team2.aws_lb.cgw-aws-elb",
            "module.cgw-team2.aws_s3_bucket.cgw-aws-s3-bucket",
            "module.cgw-team2.aws_security_group.cgw-aws-ssh-sg",
            "module.cgw-team2.random_string.unique-id"
          ]
        }
      ]
    },
    {
      "module": "module.cgw-team2",
      "mode": "managed",
      "type": "null_resource",
      "name": "cgw-aws-conformity-ses-send-templated-email-script-run",
      "provider": "provider.null",
      "instances": [
        {
          "schema_version": 0,
          "attributes": {
            "id": "4468176646112346023",
            "triggers": null
          },
          "private": "bnVsbA==",
          "dependencies": [
            "module.cgw-team2.local_file.cgw-aws-conformity-ses-send-templated-email-script",
            "module.cgw-team2.local_file.cgw-aws-iam-user-ses-template-json",
            "module.cgw-team2.random_string.unique-id"
          ]
        }
      ]
    },
    {
      "module": "module.cgw-team2",
      "mode": "managed",
      "type": "null_resource",
      "name": "cgw-aws-iam-user-password-decrypt-run",
      "provider": "provider.null",
      "instances": [
        {
          "schema_version": 0,
          "attributes": {
            "id": "8709045609224090432",
            "triggers": null
          },
          "dependencies": [
            "module.cgw-team2.aws_iam_user.cgw-aws-iam-user",
            "module.cgw-team2.aws_iam_user_login_profile.cgw-aws-iam-user-login-profile",
            "module.cgw-team2.local_file.cgw-aws-iam-user-password-decrypt",
            "module.cgw-team2.random_string.unique-id"
          ]
        }
      ]
    },
    {
      "module": "module.cgw-team2",
      "mode": "managed",
      "type": "null_resource",
      "name": "cgw-aws-iam-user-ses-send-templated-email-script-run",
      "provider": "provider.null",
      "instances": [
        {
          "schema_version": 0,
          "attributes": {
            "id": "5047431580381166409",
            "triggers": null
          },
          "private": "bnVsbA==",
          "dependencies": [
            "module.cgw-team2.local_file.cgw-aws-iam-user-ses-send-templated-email-script",
            "module.cgw-team2.local_file.cgw-aws-iam-user-ses-template-json",
            "module.cgw-team2.random_string.unique-id"
          ]
        }
      ]
    },
    {
      "module": "module.cgw-team2",
      "mode": "managed",
      "type": "null_resource",
      "name": "cgw-aws-lambda-invoke-function-sendmail-script-run",
      "provider": "provider.null",
      "instances": [
        {
          "schema_version": 0,
          "attributes": {
            "id": "257463508171347046",
            "triggers": null
          },
          "dependencies": [
            "module.cgw-team2.aws_cloudformation_stack.cgw-aws-sns",
            "module.cgw-team2.aws_iam_role.cgw-aws-iam-service-role-lambda",
            "module.cgw-team2.aws_iam_user.cgw-aws-iam-user",
            "module.cgw-team2.aws_lambda_function.cgw-aws-lambda-sendmail",
            "module.cgw-team2.local_file.cgw-aws-lambda-invoke-function-sendmail-script",
            "module.cgw-team2.random_string.unique-id"
          ]
        }
      ]
    },
    {
      "module": "module.cgw-team2",
      "mode": "managed",
      "type": "null_resource",
      "name": "cgw-conformity-api-aws-script-run",
      "provider": "provider.null",
      "instances": [
        {
          "schema_version": 0,
          "attributes": {
            "id": "7971855564671772259",
            "triggers": null
          },
          "dependencies": [
            "module.cgw-team2.aws_cloudformation_stack.cgw-aws-sns",
            "module.cgw-team2.local_file.cgw-conformity-api-aws-script",
            "module.cgw-team2.random_string.unique-id"
          ]
        }
      ]
    },
    {
      "mode": "managed",
      "type": "null_resource",
      "name": "cgw-init",
      "provider": "provider.null",
      "instances": [
        {
          "schema_version": 0,
          "attributes": {
            "id": "5453287136186021355",
            "triggers": {
              "always_run": "2020-08-28T03:38:13Z"
            }
          },
          "private": "bnVsbA=="
        }
      ]
    },
    {
      "module": "module.cgw-team2",
      "mode": "managed",
      "type": "null_resource",
      "name": "mysql-run",
      "provider": "provider.null",
      "instances": [
        {
          "schema_version": 0,
          "attributes": {
            "id": "206596110873217420",
            "triggers": null
          },
          "dependencies": [
            "module.cgw-team2.aws_cloudformation_stack.cgw-aws-sns",
            "module.cgw-team2.aws_ebs_volume.cgw-aws-vol",
            "module.cgw-team2.aws_iam_instance_profile.cgw-aws-iam-instance-profile",
            "module.cgw-team2.aws_iam_policy.cgw-aws-iam-policy",
            "module.cgw-team2.aws_iam_role.cgw-aws-iam-role",
            "module.cgw-team2.aws_iam_user.cgw-aws-iam-user",
            "module.cgw-team2.aws_iam_user_login_profile.cgw-aws-iam-user-login-profile",
            "module.cgw-team2.aws_instance.cgw-aws-instance",
            "module.cgw-team2.aws_kms_key.cgw-aws-kms-key",
            "module.cgw-team2.aws_lb.cgw-aws-elb",
            "module.cgw-team2.aws_s3_bucket.cgw-aws-s3-bucket",
            "module.cgw-team2.aws_security_group.cgw-aws-ssh-sg",
            "module.cgw-team2.random_string.unique-id"
          ]
        }
      ]
    },
    {
      "module": "module.cgw-team2",
      "mode": "managed",
      "type": "random_string",
      "name": "unique-id",
      "provider": "provider.random",
      "instances": [
        {
          "schema_version": 1,
          "attributes": {
            "id": "p3mdecbm",
            "keepers": null,
            "length": 8,
            "lower": true,
            "min_lower": 0,
            "min_numeric": 0,
            "min_special": 0,
            "min_upper": 0,
            "number": true,
            "override_special": null,
            "result": "p3mdecbm",
            "special": false,
            "upper": false
          },
          "private": "eyJzY2hlbWFfdmVyc2lvbiI6IjEifQ=="
        }
      ]
    }
  ]
}
